{
  "version": 4,
  "terraform_version": "1.11.4",
  "serial": 8,
  "lineage": "094d6910-b966-ce37-d44d-9efb3890d271",
  "outputs": {},
  "resources": [
    {
      "mode": "managed",
      "type": "aws_ssm_parameter",
      "name": "mysql_root_password",
      "provider": "provider[\"registry.terraform.io/hashicorp/aws\"]",
      "instances": [
        {
          "schema_version": 0,
          "attributes": {
            "allowed_pattern": "",
            "arn": "arn:aws:ssm:ap-northeast-1:058898200941:parameter/spot-ondemand-failover/dev/mysql_root_password",
            "data_type": "text",
            "description": "MySQL root password for EC2",
            "has_value_wo": null,
            "id": "/spot-ondemand-failover/dev/mysql_root_password",
            "insecure_value": null,
            "key_id": "alias/aws/ssm",
            "name": "/spot-ondemand-failover/dev/mysql_root_password",
            "overwrite": null,
            "tags": null,
            "tags_all": {},
            "tier": "Standard",
            "type": "SecureString",
            "value": "Hitandrun48.",
            "value_wo": null,
            "value_wo_version": null,
            "version": 1
          },
          "sensitive_attributes": [
            [
              {
                "type": "get_attr",
                "value": "value"
              }
            ],
            [
              {
                "type": "get_attr",
                "value": "value_wo"
              }
            ]
          ],
          "private": "bnVsbA=="
        }
      ]
    },
    {
      "mode": "managed",
      "type": "aws_ssm_parameter",
      "name": "ssh_private_key",
      "provider": "provider[\"registry.terraform.io/hashicorp/aws\"]",
      "instances": [
        {
          "schema_version": 0,
          "attributes": {
            "allowed_pattern": "",
            "arn": "arn:aws:ssm:ap-northeast-1:058898200941:parameter/spot-ondemand-failover/dev/ssh_private_key",
            "data_type": "text",
            "description": "Private SSH key for connecting to EC2",
            "has_value_wo": null,
            "id": "/spot-ondemand-failover/dev/ssh_private_key",
            "insecure_value": null,
            "key_id": "alias/aws/ssm",
            "name": "/spot-ondemand-failover/dev/ssh_private_key",
            "overwrite": null,
            "tags": {},
            "tags_all": {},
            "tier": "Standard",
            "type": "SecureString",
            "value": "-----BEGIN OPENSSH PRIVATE KEY-----\r\nb3BlbnNzaC1rZXktdjEAAAAABG5vbmUAAAAEbm9uZQAAAAAAAAABAAABFwAAAAdzc2gtcn\r\nNhAAAAAwEAAQAAAQEA0jje26PL0ErMcNRLwKplVQQuGRSQh6gg0bJjvFIlScocYEUO/Qdd\r\ndjESo8PUlKqEzTFAf4C9GlbsR0M/RlRcDTd9+ZFywHEiym8kKuP3nreQJ+Rx1xcmM/7Vpk\r\nxp9Dv9ANxOQZCi3Ny1bE0jNjwQV4W1kp2RDoAfgk5V/fkz/F+eKCKnp17NYd+gmcbwQrss\r\nyeufrHWiHc8mnU4jNK/Rz0Di9YzoPtsHP+T8dLHhzUz1GOajLbPOYD2yaIGhzc3bIbLpZ0\r\n6O8cWmR1fkpapkmZRZJCBDA2HVKSYVWE/9t7JRbBKIuYT3uSS1+W2pourxPgoUvxY140eG\r\nwYeRdf6t2QAAA9C/dNjKv3TYygAAAAdzc2gtcnNhAAABAQDSON7bo8vQSsxw1EvAqmVVBC\r\n4ZFJCHqCDRsmO8UiVJyhxgRQ79B112MRKjw9SUqoTNMUB/gL0aVuxHQz9GVFwNN335kXLA\r\ncSLKbyQq4/eet5An5HHXFyYz/tWmTGn0O/0A3E5BkKLc3LVsTSM2PBBXhbWSnZEOgB+CTl\r\nX9+TP8X54oIqenXs1h36CZxvBCuyzJ65+sdaIdzyadTiM0r9HPQOL1jOg+2wc/5Px0seHN\r\nTPUY5qMts85gPbJogaHNzdshsulnTo7xxaZHV+SlqmSZlFkkIEMDYdUpJhVYT/23slFsEo\r\ni5hPe5JLX5bami6vE+ChS/FjXjR4bBh5F1/q3ZAAAAAwEAAQAAAQAVmsUihv6hATLqDJNd\r\ncVWZK2UObEvfOTLoQiBYYAvXfcc1SJud+vYKucfb3zoXbj/YM63YfLNSg+jj+QAFexF7xT\r\n5z2dQUfXwRGGN76fJOlDhjNSnS7FzffprX7KX99PVPM5TyTYpDTwZxIytRfVJDoGj08K8R\r\n8a5rTqAtSgFi+APRkjipDvcfK6wy7XQ8QmraycGVhFj3wriKbVQIpml5XEZLxveKQvz7ne\r\nwhPNiXjvHxonF2YYlbI4CRzbX6YWhCSYUFlDBzZn5ELeM17SQTCQNUC5pCMdM8W4+RvhKk\r\nrY4fpiQEbjwv4Vat7aMVeNYZnyFPgwoZTWZKaqkN5IS1AAAAgQC8XyS3aLGRhuuW2PdN8P\r\nyatsG64O1Hfgf3WgHsAf7e7vpsNaIPUvbqrDUi/P7MrOqpmbp8jtkUkuAXeax5dsFf/1NG\r\nBgXQHiACYLrqTcZJGWe7L4M2nEOwnYjrZakLityzhKbUrvTxzYlIkcOt94mlINM45clUky\r\nazJRur/QGDRAAAAIEA/c7YyIQ6M178f/ZUqfhgjsxNVTFIej7ddhbekG+eB+odmr4qRhES\r\nQRN7TfiAXeODM2N4CIWsVyqjr65yyPscOLWKgE06+1o/oq5NxPWQWAUP72ZmxczbdR1Fjo\r\nPItb4TmAAgBOYQE+j4Dp9An/E0JRP2lWZBKLKRKnk1lLfp74UAAACBANQJqIFUeU6pra6s\r\nmcnIrjasqhtqaFOpoRvKVZh9sNBCvpchamTwDA9KDc3zUvDvpktRNOcePLUNhsoIxgBler\r\nwUpoz1p+VdZBDRgWtN6UO75pYAF0PFJoJ5v+/PGOXdRtrmWs4mXRURhTjNb4ZNcJx29adJ\r\n/tQlEnjCGlfd9VNFAAAAE25hb2tpQHN1cmZhY2UtbmFva2kBAgMEBQYH\r\n-----END OPENSSH PRIVATE KEY-----\r\n",
            "value_wo": null,
            "value_wo_version": null,
            "version": 1
          },
          "sensitive_attributes": [
            [
              {
                "type": "get_attr",
                "value": "value"
              }
            ],
            [
              {
                "type": "get_attr",
                "value": "value_wo"
              }
            ]
          ],
          "private": "bnVsbA=="
        }
      ]
    }
  ],
  "check_results": null
}
