{
  "version": 4,
  "terraform_version": "1.11.4",
  "serial": 46,
  "lineage": "48397c1e-cd8b-0ce0-321c-f81ee04ba6a1",
  "outputs": {},
  "resources": [
    {
      "module": "module.ec2_server",
      "mode": "data",
      "type": "aws_ami",
      "name": "al2023",
      "provider": "provider[\"registry.terraform.io/hashicorp/aws\"]",
      "instances": [
        {
          "schema_version": 0,
          "attributes": {
            "allow_unsafe_filter": null,
            "architecture": "x86_64",
            "arn": "arn:aws:ec2:ap-northeast-1::image/ami-01d6ecabaf6c75836",
            "block_device_mappings": [
              {
                "device_name": "/dev/xvda",
                "ebs": {
                  "delete_on_termination": "true",
                  "encrypted": "false",
                  "iops": "3000",
                  "snapshot_id": "snap-069d989d99d69899c",
                  "throughput": "125",
                  "volume_initialization_rate": "0",
                  "volume_size": "2",
                  "volume_type": "gp3"
                },
                "no_device": "",
                "virtual_name": ""
              }
            ],
            "boot_mode": "uefi-preferred",
            "creation_date": "2025-12-03T22:49:09.000Z",
            "deprecation_time": "2026-03-03T00:00:00.000Z",
            "description": "Amazon Linux 2023 AMI 2023.9.20251208.0 x86_64 Minimal HVM kernel-6.12",
            "ena_support": true,
            "executable_users": null,
            "filter": [
              {
                "name": "name",
                "values": [
                  "al2023-ami-*-x86_64"
                ]
              }
            ],
            "hypervisor": "xen",
            "id": "ami-01d6ecabaf6c75836",
            "image_id": "ami-01d6ecabaf6c75836",
            "image_location": "amazon/al2023-ami-minimal-2023.9.20251208.0-kernel-6.12-x86_64",
            "image_owner_alias": "amazon",
            "image_type": "machine",
            "imds_support": "v2.0",
            "include_deprecated": false,
            "kernel_id": "",
            "last_launched_time": "",
            "most_recent": true,
            "name": "al2023-ami-minimal-2023.9.20251208.0-kernel-6.12-x86_64",
            "name_regex": null,
            "owner_id": "137112412989",
            "owners": [
              "amazon"
            ],
            "platform": "",
            "platform_details": "Linux/UNIX",
            "product_codes": [],
            "public": true,
            "ramdisk_id": "",
            "region": "ap-northeast-1",
            "root_device_name": "/dev/xvda",
            "root_device_type": "ebs",
            "root_snapshot_id": "snap-069d989d99d69899c",
            "sriov_net_support": "simple",
            "state": "available",
            "state_reason": {
              "code": "UNSET",
              "message": "UNSET"
            },
            "tags": {},
            "timeouts": null,
            "tpm_support": "",
            "uefi_data": null,
            "usage_operation": "RunInstances",
            "virtualization_type": "hvm"
          },
          "sensitive_attributes": []
        }
      ]
    },
    {
      "module": "module.ec2_server",
      "mode": "managed",
      "type": "aws_iam_instance_profile",
      "name": "ec2_ebs_profile",
      "provider": "provider[\"registry.terraform.io/hashicorp/aws\"]",
      "instances": [
        {
          "schema_version": 0,
          "attributes": {
            "arn": "arn:aws:iam::058898200941:instance-profile/multi_region_spot-dev-ec2-ebs-profile",
            "create_date": "2025-12-09T13:33:32Z",
            "id": "multi_region_spot-dev-ec2-ebs-profile",
            "name": "multi_region_spot-dev-ec2-ebs-profile",
            "name_prefix": "",
            "path": "/",
            "role": "multi_region_spot-dev-ec2-ebs-role",
            "tags": null,
            "tags_all": {},
            "unique_id": "AIPAQ3NU3HFW7RGL26THM"
          },
          "sensitive_attributes": [],
          "private": "bnVsbA==",
          "dependencies": [
            "module.ec2_server.aws_iam_role.ec2_ebs_role"
          ]
        }
      ]
    },
    {
      "module": "module.ec2_server",
      "mode": "managed",
      "type": "aws_iam_role",
      "name": "ec2_ebs_role",
      "provider": "provider[\"registry.terraform.io/hashicorp/aws\"]",
      "instances": [
        {
          "schema_version": 0,
          "attributes": {
            "arn": "arn:aws:iam::058898200941:role/multi_region_spot-dev-ec2-ebs-role",
            "assume_role_policy": "{\"Statement\":[{\"Action\":\"sts:AssumeRole\",\"Effect\":\"Allow\",\"Principal\":{\"Service\":\"ec2.amazonaws.com\"}}],\"Version\":\"2012-10-17\"}",
            "create_date": "2025-12-09T13:33:31Z",
            "description": "",
            "force_detach_policies": false,
            "id": "multi_region_spot-dev-ec2-ebs-role",
            "inline_policy": [],
            "managed_policy_arns": [],
            "max_session_duration": 3600,
            "name": "multi_region_spot-dev-ec2-ebs-role",
            "name_prefix": "",
            "path": "/",
            "permissions_boundary": "",
            "tags": null,
            "tags_all": {},
            "unique_id": "AROAQ3NU3HFWX5KO624G7"
          },
          "sensitive_attributes": [],
          "private": "bnVsbA=="
        }
      ]
    },
    {
      "module": "module.ec2_server",
      "mode": "managed",
      "type": "aws_iam_role_policy",
      "name": "ec2_ebs_policy",
      "provider": "provider[\"registry.terraform.io/hashicorp/aws\"]",
      "instances": [
        {
          "schema_version": 0,
          "attributes": {
            "id": "multi_region_spot-dev-ec2-ebs-role:multi_region_spot-dev-ec2-ebs-policy",
            "name": "multi_region_spot-dev-ec2-ebs-policy",
            "name_prefix": "",
            "policy": "{\"Version\":\"2012-10-17\",\"Statement\":[{\"Action\":[\"ssm:SendCommand\",\"ssm:GetCommandInvocation\",\"ssm:DescribeInstanceInformation\",\"ec2:CreateImage\",\"ec2:CreateTags\",\"ec2:DetachVolume\",\"ec2:AttachVolume\",\"ec2:DescribeVolumes\",\"ec2:DescribeVolumeStatus\"],\"Effect\":\"Allow\",\"Resource\":\"*\"}]}",
            "role": "multi_region_spot-dev-ec2-ebs-role"
          },
          "sensitive_attributes": [],
          "private": "bnVsbA==",
          "dependencies": [
            "module.ec2_server.aws_iam_role.ec2_ebs_role"
          ]
        }
      ]
    },
    {
      "module": "module.ec2_server",
      "mode": "managed",
      "type": "aws_instance",
      "name": "base_ami",
      "provider": "provider[\"registry.terraform.io/hashicorp/aws\"]",
      "instances": [
        {
          "schema_version": 2,
          "attributes": {
            "ami": "ami-01d6ecabaf6c75836",
            "arn": "arn:aws:ec2:ap-northeast-1:058898200941:instance/i-0a0d98cc2f5dd031d",
            "associate_public_ip_address": true,
            "availability_zone": "ap-northeast-1c",
            "capacity_reservation_specification": [
              {
                "capacity_reservation_preference": "open",
                "capacity_reservation_target": []
              }
            ],
            "cpu_options": [
              {
                "amd_sev_snp": "",
                "core_count": 1,
                "threads_per_core": 2
              }
            ],
            "credit_specification": [
              {
                "cpu_credits": "unlimited"
              }
            ],
            "disable_api_stop": false,
            "disable_api_termination": false,
            "ebs_block_device": [],
            "ebs_optimized": false,
            "enable_primary_ipv6": null,
            "enclave_options": [
              {
                "enabled": false
              }
            ],
            "ephemeral_block_device": [],
            "force_destroy": false,
            "get_password_data": false,
            "hibernation": false,
            "host_id": "",
            "host_resource_group_arn": null,
            "iam_instance_profile": "multi_region_spot-dev-ec2-ebs-profile",
            "id": "i-0a0d98cc2f5dd031d",
            "instance_initiated_shutdown_behavior": "stop",
            "instance_lifecycle": "",
            "instance_market_options": [],
            "instance_state": "running",
            "instance_type": "t3.small",
            "ipv6_address_count": 0,
            "ipv6_addresses": [],
            "key_name": "multi_region_spot-dev-keypair",
            "launch_template": [],
            "maintenance_options": [
              {
                "auto_recovery": "default"
              }
            ],
            "metadata_options": [
              {
                "http_endpoint": "enabled",
                "http_protocol_ipv6": "disabled",
                "http_put_response_hop_limit": 2,
                "http_tokens": "required",
                "instance_metadata_tags": "disabled"
              }
            ],
            "monitoring": false,
            "network_interface": [],
            "outpost_arn": "",
            "password_data": "",
            "placement_group": "",
            "placement_group_id": "",
            "placement_partition_number": 0,
            "primary_network_interface": [
              {
                "delete_on_termination": true,
                "network_interface_id": "eni-0b076cc7b550b0a4c"
              }
            ],
            "primary_network_interface_id": "eni-0b076cc7b550b0a4c",
            "private_dns": "ip-192-168-1-91.ap-northeast-1.compute.internal",
            "private_dns_name_options": [
              {
                "enable_resource_name_dns_a_record": false,
                "enable_resource_name_dns_aaaa_record": false,
                "hostname_type": "ip-name"
              }
            ],
            "private_ip": "192.168.1.91",
            "public_dns": "ec2-54-238-83-218.ap-northeast-1.compute.amazonaws.com",
            "public_ip": "54.238.83.218",
            "region": "ap-northeast-1",
            "root_block_device": [
              {
                "delete_on_termination": true,
                "device_name": "/dev/xvda",
                "encrypted": false,
                "iops": 3000,
                "kms_key_id": "",
                "tags": {},
                "tags_all": {},
                "throughput": 125,
                "volume_id": "vol-0d418fe6e6241e160",
                "volume_size": 2,
                "volume_type": "gp3"
              }
            ],
            "secondary_private_ips": [],
            "security_groups": [],
            "source_dest_check": true,
            "spot_instance_request_id": "",
            "subnet_id": "subnet-0f3ee1a2c35b8c3fe",
            "tags": {
              "Env": "dev",
              "Name": "multi_region_spot-dev-ondemand-db",
              "Project": "multi_region_spot",
              "Type": "ondemand"
            },
            "tags_all": {
              "Env": "dev",
              "Name": "multi_region_spot-dev-ondemand-db",
              "Project": "multi_region_spot",
              "Type": "ondemand"
            },
            "tenancy": "default",
            "timeouts": null,
            "user_data": "#!/bin/bash\r\n\r\n# パッケージの更新\r\ndnf update -y\r\n\r\n# 既存パッケージの削除\r\n# sudo dnf remove -y mariadb-*\r\n\r\n# # MySQLのリポジトリをyumに追加\r\n# sudo dnf install -y https://dev.mysql.com/get/mysql80-community-release-el9-1.noarch.rpm\r\n\r\n# # MySQLのインストール\r\n# sudo dnf install -y wget\r\n# wget https://repo.mysql.com/RPM-GPG-KEY-mysql-2023\r\n# sudo rpm --import RPM-GPG-KEY-mysql-2023\r\n# sudo dnf --enablerepo=mysql80-community install -y mysql-community-server mysql-community-devel\r\n\r\n# # MySQL起動\r\n# sudo systemctl start mysqld\r\n\r\n",
            "user_data_base64": null,
            "user_data_replace_on_change": false,
            "volume_tags": null,
            "vpc_security_group_ids": [
              "sg-015e7fd742db8dfd7"
            ]
          },
          "sensitive_attributes": [],
          "private": "eyJlMmJmYjczMC1lY2FhLTExZTYtOGY4OC0zNDM2M2JjN2M0YzAiOnsiY3JlYXRlIjo2MDAwMDAwMDAwMDAsImRlbGV0ZSI6MTIwMDAwMDAwMDAwMCwicmVhZCI6OTAwMDAwMDAwMDAwLCJ1cGRhdGUiOjYwMDAwMDAwMDAwMH0sInNjaGVtYV92ZXJzaW9uIjoiMiJ9",
          "dependencies": [
            "module.ec2_server.aws_iam_instance_profile.ec2_ebs_profile",
            "module.ec2_server.aws_iam_role.ec2_ebs_role",
            "module.ec2_server.aws_key_pair.keypair",
            "module.ec2_server.aws_security_group.db_sg",
            "module.ec2_server.data.aws_ami.al2023",
            "module.network.aws_subnet.public_subnet_1",
            "module.network.aws_vpc.vpc"
          ]
        }
      ]
    },
    {
      "module": "module.ec2_server",
      "mode": "managed",
      "type": "aws_key_pair",
      "name": "keypair",
      "provider": "provider[\"registry.terraform.io/hashicorp/aws\"]",
      "instances": [
        {
          "schema_version": 1,
          "attributes": {
            "arn": "arn:aws:ec2:ap-northeast-1:058898200941:key-pair/multi_region_spot-dev-keypair",
            "fingerprint": "75:88:b5:8c:fd:96:bb:6f:37:1a:2c:d4:dd:92:db:dd",
            "id": "multi_region_spot-dev-keypair",
            "key_name": "multi_region_spot-dev-keypair",
            "key_name_prefix": "",
            "key_pair_id": "key-0250df16df0cda78d",
            "key_type": "rsa",
            "public_key": "ssh-rsa AAAAB3NzaC1yc2EAAAADAQABAAABAQDSON7bo8vQSsxw1EvAqmVVBC4ZFJCHqCDRsmO8UiVJyhxgRQ79B112MRKjw9SUqoTNMUB/gL0aVuxHQz9GVFwNN335kXLAcSLKbyQq4/eet5An5HHXFyYz/tWmTGn0O/0A3E5BkKLc3LVsTSM2PBBXhbWSnZEOgB+CTlX9+TP8X54oIqenXs1h36CZxvBCuyzJ65+sdaIdzyadTiM0r9HPQOL1jOg+2wc/5Px0seHNTPUY5qMts85gPbJogaHNzdshsulnTo7xxaZHV+SlqmSZlFkkIEMDYdUpJhVYT/23slFsEoi5hPe5JLX5bami6vE+ChS/FjXjR4bBh5F1/q3Z naoki@surface-naoki",
            "region": "ap-northeast-1",
            "tags": {
              "Env": "dev",
              "Name": "multi_region_spot-dev-keypair",
              "Project": "multi_region_spot"
            },
            "tags_all": {
              "Env": "dev",
              "Name": "multi_region_spot-dev-keypair",
              "Project": "multi_region_spot"
            }
          },
          "sensitive_attributes": [],
          "private": "eyJzY2hlbWFfdmVyc2lvbiI6IjEifQ=="
        }
      ]
    },
    {
      "module": "module.ec2_server",
      "mode": "managed",
      "type": "aws_security_group",
      "name": "db_sg",
      "provider": "provider[\"registry.terraform.io/hashicorp/aws\"]",
      "instances": [
        {
          "schema_version": 1,
          "attributes": {
            "arn": "arn:aws:ec2:ap-northeast-1:058898200941:security-group/sg-015e7fd742db8dfd7",
            "description": "Security group for DB server",
            "egress": [
              {
                "cidr_blocks": [
                  "0.0.0.0/0"
                ],
                "description": "",
                "from_port": 0,
                "ipv6_cidr_blocks": [],
                "prefix_list_ids": [],
                "protocol": "-1",
                "security_groups": [],
                "self": false,
                "to_port": 0
              }
            ],
            "id": "sg-015e7fd742db8dfd7",
            "ingress": [
              {
                "cidr_blocks": [
                  "0.0.0.0/0"
                ],
                "description": "",
                "from_port": 22,
                "ipv6_cidr_blocks": [],
                "prefix_list_ids": [],
                "protocol": "tcp",
                "security_groups": [],
                "self": false,
                "to_port": 22
              },
              {
                "cidr_blocks": [
                  "10.0.0.0/16"
                ],
                "description": "",
                "from_port": 3306,
                "ipv6_cidr_blocks": [],
                "prefix_list_ids": [],
                "protocol": "tcp",
                "security_groups": [],
                "self": false,
                "to_port": 3306
              }
            ],
            "name": "multi_region_spot-dev-db-sg",
            "name_prefix": "",
            "owner_id": "058898200941",
            "region": "ap-northeast-1",
            "revoke_rules_on_delete": false,
            "tags": null,
            "tags_all": {},
            "timeouts": null,
            "vpc_id": "vpc-07e4c73827badbcc0"
          },
          "sensitive_attributes": [],
          "private": "eyJlMmJmYjczMC1lY2FhLTExZTYtOGY4OC0zNDM2M2JjN2M0YzAiOnsiY3JlYXRlIjo2MDAwMDAwMDAwMDAsImRlbGV0ZSI6OTAwMDAwMDAwMDAwfSwic2NoZW1hX3ZlcnNpb24iOiIxIn0=",
          "dependencies": [
            "module.network.aws_vpc.vpc"
          ]
        }
      ]
    },
    {
      "module": "module.network",
      "mode": "managed",
      "type": "aws_internet_gateway",
      "name": "igw",
      "provider": "provider[\"registry.terraform.io/hashicorp/aws\"]",
      "instances": [
        {
          "schema_version": 0,
          "attributes": {
            "arn": "arn:aws:ec2:ap-northeast-1:058898200941:internet-gateway/igw-0b53bfb46c0f0bef3",
            "id": "igw-0b53bfb46c0f0bef3",
            "owner_id": "058898200941",
            "region": "ap-northeast-1",
            "tags": {
              "Environment": "dev",
              "Name": "multi_region_spot-dev-igw",
              "Project": "multi_region_spot"
            },
            "tags_all": {
              "Environment": "dev",
              "Name": "multi_region_spot-dev-igw",
              "Project": "multi_region_spot"
            },
            "timeouts": null,
            "vpc_id": "vpc-07e4c73827badbcc0"
          },
          "sensitive_attributes": [],
          "private": "eyJlMmJmYjczMC1lY2FhLTExZTYtOGY4OC0zNDM2M2JjN2M0YzAiOnsiY3JlYXRlIjoxMjAwMDAwMDAwMDAwLCJkZWxldGUiOjEyMDAwMDAwMDAwMDAsInVwZGF0ZSI6MTIwMDAwMDAwMDAwMH19",
          "dependencies": [
            "module.network.aws_vpc.vpc"
          ]
        }
      ]
    },
    {
      "module": "module.network",
      "mode": "managed",
      "type": "aws_route",
      "name": "public-route",
      "provider": "provider[\"registry.terraform.io/hashicorp/aws\"]",
      "instances": [
        {
          "schema_version": 0,
          "attributes": {
            "carrier_gateway_id": "",
            "core_network_arn": "",
            "destination_cidr_block": "0.0.0.0/0",
            "destination_ipv6_cidr_block": "",
            "destination_prefix_list_id": "",
            "egress_only_gateway_id": "",
            "gateway_id": "igw-0b53bfb46c0f0bef3",
            "id": "r-rtb-078610118db48b9811080289494",
            "instance_id": "",
            "instance_owner_id": "",
            "local_gateway_id": "",
            "nat_gateway_id": "",
            "network_interface_id": "",
            "origin": "CreateRoute",
            "region": "ap-northeast-1",
            "route_table_id": "rtb-078610118db48b981",
            "state": "active",
            "timeouts": null,
            "transit_gateway_id": "",
            "vpc_endpoint_id": "",
            "vpc_peering_connection_id": ""
          },
          "sensitive_attributes": [],
          "private": "eyJlMmJmYjczMC1lY2FhLTExZTYtOGY4OC0zNDM2M2JjN2M0YzAiOnsiY3JlYXRlIjozMDAwMDAwMDAwMDAsImRlbGV0ZSI6MzAwMDAwMDAwMDAwLCJ1cGRhdGUiOjEyMDAwMDAwMDAwMH19",
          "dependencies": [
            "module.network.aws_internet_gateway.igw",
            "module.network.aws_route_table.public_rt",
            "module.network.aws_vpc.vpc"
          ]
        }
      ]
    },
    {
      "module": "module.network",
      "mode": "managed",
      "type": "aws_route_table",
      "name": "public_rt",
      "provider": "provider[\"registry.terraform.io/hashicorp/aws\"]",
      "instances": [
        {
          "schema_version": 0,
          "attributes": {
            "arn": "arn:aws:ec2:ap-northeast-1:058898200941:route-table/rtb-078610118db48b981",
            "id": "rtb-078610118db48b981",
            "owner_id": "058898200941",
            "propagating_vgws": [],
            "region": "ap-northeast-1",
            "route": [],
            "tags": {
              "Environment": "dev",
              "Name": "multi_region_spot-dev-public-route-table",
              "Project": "multi_region_spot"
            },
            "tags_all": {
              "Environment": "dev",
              "Name": "multi_region_spot-dev-public-route-table",
              "Project": "multi_region_spot"
            },
            "timeouts": null,
            "vpc_id": "vpc-07e4c73827badbcc0"
          },
          "sensitive_attributes": [],
          "private": "eyJlMmJmYjczMC1lY2FhLTExZTYtOGY4OC0zNDM2M2JjN2M0YzAiOnsiY3JlYXRlIjozMDAwMDAwMDAwMDAsImRlbGV0ZSI6MzAwMDAwMDAwMDAwLCJ1cGRhdGUiOjEyMDAwMDAwMDAwMH19",
          "dependencies": [
            "module.network.aws_vpc.vpc"
          ]
        }
      ]
    },
    {
      "module": "module.network",
      "mode": "managed",
      "type": "aws_route_table_association",
      "name": "public_rt_association_1",
      "provider": "provider[\"registry.terraform.io/hashicorp/aws\"]",
      "instances": [
        {
          "schema_version": 0,
          "attributes": {
            "gateway_id": "",
            "id": "rtbassoc-0bc62eed5d4aac5e2",
            "region": "ap-northeast-1",
            "route_table_id": "rtb-078610118db48b981",
            "subnet_id": "subnet-0f3ee1a2c35b8c3fe",
            "timeouts": null
          },
          "sensitive_attributes": [],
          "private": "eyJlMmJmYjczMC1lY2FhLTExZTYtOGY4OC0zNDM2M2JjN2M0YzAiOnsiY3JlYXRlIjozMDAwMDAwMDAwMDAsImRlbGV0ZSI6MzAwMDAwMDAwMDAwLCJ1cGRhdGUiOjEyMDAwMDAwMDAwMH19",
          "dependencies": [
            "module.network.aws_route_table.public_rt",
            "module.network.aws_subnet.public_subnet_1",
            "module.network.aws_vpc.vpc"
          ]
        }
      ]
    },
    {
      "module": "module.network",
      "mode": "managed",
      "type": "aws_route_table_association",
      "name": "public_rt_association_2",
      "provider": "provider[\"registry.terraform.io/hashicorp/aws\"]",
      "instances": [
        {
          "schema_version": 0,
          "attributes": {
            "gateway_id": "",
            "id": "rtbassoc-0640395b8639a3d13",
            "region": "ap-northeast-1",
            "route_table_id": "rtb-078610118db48b981",
            "subnet_id": "subnet-0d16d1d522f148776",
            "timeouts": null
          },
          "sensitive_attributes": [],
          "private": "eyJlMmJmYjczMC1lY2FhLTExZTYtOGY4OC0zNDM2M2JjN2M0YzAiOnsiY3JlYXRlIjozMDAwMDAwMDAwMDAsImRlbGV0ZSI6MzAwMDAwMDAwMDAwLCJ1cGRhdGUiOjEyMDAwMDAwMDAwMH19",
          "dependencies": [
            "module.network.aws_route_table.public_rt",
            "module.network.aws_subnet.public_subnet_2",
            "module.network.aws_vpc.vpc"
          ]
        }
      ]
    },
    {
      "module": "module.network",
      "mode": "managed",
      "type": "aws_subnet",
      "name": "public_subnet_1",
      "provider": "provider[\"registry.terraform.io/hashicorp/aws\"]",
      "instances": [
        {
          "schema_version": 1,
          "attributes": {
            "arn": "arn:aws:ec2:ap-northeast-1:058898200941:subnet/subnet-0f3ee1a2c35b8c3fe",
            "assign_ipv6_address_on_creation": false,
            "availability_zone": "ap-northeast-1c",
            "availability_zone_id": "apne1-az1",
            "cidr_block": "192.168.1.0/24",
            "customer_owned_ipv4_pool": "",
            "enable_dns64": false,
            "enable_lni_at_device_index": 0,
            "enable_resource_name_dns_a_record_on_launch": false,
            "enable_resource_name_dns_aaaa_record_on_launch": false,
            "id": "subnet-0f3ee1a2c35b8c3fe",
            "ipv6_cidr_block": "",
            "ipv6_cidr_block_association_id": "",
            "ipv6_native": false,
            "map_customer_owned_ip_on_launch": false,
            "map_public_ip_on_launch": false,
            "outpost_arn": "",
            "owner_id": "058898200941",
            "private_dns_hostname_type_on_launch": "ip-name",
            "region": "ap-northeast-1",
            "tags": {
              "Environment": "dev",
              "Name": "multi_region_spot-dev-public-subnet-1",
              "Project": "multi_region_spot",
              "Type": "public"
            },
            "tags_all": {
              "Environment": "dev",
              "Name": "multi_region_spot-dev-public-subnet-1",
              "Project": "multi_region_spot",
              "Type": "public"
            },
            "timeouts": null,
            "vpc_id": "vpc-07e4c73827badbcc0"
          },
          "sensitive_attributes": [],
          "private": "eyJlMmJmYjczMC1lY2FhLTExZTYtOGY4OC0zNDM2M2JjN2M0YzAiOnsiY3JlYXRlIjo2MDAwMDAwMDAwMDAsImRlbGV0ZSI6MTIwMDAwMDAwMDAwMH0sInNjaGVtYV92ZXJzaW9uIjoiMSJ9",
          "dependencies": [
            "module.network.aws_vpc.vpc"
          ]
        }
      ]
    },
    {
      "module": "module.network",
      "mode": "managed",
      "type": "aws_subnet",
      "name": "public_subnet_2",
      "provider": "provider[\"registry.terraform.io/hashicorp/aws\"]",
      "instances": [
        {
          "schema_version": 1,
          "attributes": {
            "arn": "arn:aws:ec2:ap-northeast-1:058898200941:subnet/subnet-0d16d1d522f148776",
            "assign_ipv6_address_on_creation": false,
            "availability_zone": "ap-northeast-1d",
            "availability_zone_id": "apne1-az2",
            "cidr_block": "192.168.2.0/24",
            "customer_owned_ipv4_pool": "",
            "enable_dns64": false,
            "enable_lni_at_device_index": 0,
            "enable_resource_name_dns_a_record_on_launch": false,
            "enable_resource_name_dns_aaaa_record_on_launch": false,
            "id": "subnet-0d16d1d522f148776",
            "ipv6_cidr_block": "",
            "ipv6_cidr_block_association_id": "",
            "ipv6_native": false,
            "map_customer_owned_ip_on_launch": false,
            "map_public_ip_on_launch": false,
            "outpost_arn": "",
            "owner_id": "058898200941",
            "private_dns_hostname_type_on_launch": "ip-name",
            "region": "ap-northeast-1",
            "tags": {
              "Environment": "dev",
              "Name": "multi_region_spot-dev-public-subnet-2",
              "Project": "multi_region_spot",
              "Type": "public"
            },
            "tags_all": {
              "Environment": "dev",
              "Name": "multi_region_spot-dev-public-subnet-2",
              "Project": "multi_region_spot",
              "Type": "public"
            },
            "timeouts": null,
            "vpc_id": "vpc-07e4c73827badbcc0"
          },
          "sensitive_attributes": [],
          "private": "eyJlMmJmYjczMC1lY2FhLTExZTYtOGY4OC0zNDM2M2JjN2M0YzAiOnsiY3JlYXRlIjo2MDAwMDAwMDAwMDAsImRlbGV0ZSI6MTIwMDAwMDAwMDAwMH0sInNjaGVtYV92ZXJzaW9uIjoiMSJ9",
          "dependencies": [
            "module.network.aws_vpc.vpc"
          ]
        }
      ]
    },
    {
      "module": "module.network",
      "mode": "managed",
      "type": "aws_vpc",
      "name": "vpc",
      "provider": "provider[\"registry.terraform.io/hashicorp/aws\"]",
      "instances": [
        {
          "schema_version": 1,
          "attributes": {
            "arn": "arn:aws:ec2:ap-northeast-1:058898200941:vpc/vpc-07e4c73827badbcc0",
            "assign_generated_ipv6_cidr_block": false,
            "cidr_block": "192.168.0.0/16",
            "default_network_acl_id": "acl-0f7a51578910ccbe9",
            "default_route_table_id": "rtb-016cf5c61d7208105",
            "default_security_group_id": "sg-0201800c78dcffaa3",
            "dhcp_options_id": "dopt-64708a0c",
            "enable_dns_hostnames": true,
            "enable_dns_support": true,
            "enable_network_address_usage_metrics": false,
            "id": "vpc-07e4c73827badbcc0",
            "instance_tenancy": "default",
            "ipv4_ipam_pool_id": null,
            "ipv4_netmask_length": null,
            "ipv6_association_id": "",
            "ipv6_cidr_block": "",
            "ipv6_cidr_block_network_border_group": "",
            "ipv6_ipam_pool_id": "",
            "ipv6_netmask_length": 0,
            "main_route_table_id": "rtb-016cf5c61d7208105",
            "owner_id": "058898200941",
            "region": "ap-northeast-1",
            "tags": {
              "Environment": "dev",
              "Name": "multi_region_spot-dev-vpc",
              "Project": "multi_region_spot"
            },
            "tags_all": {
              "Environment": "dev",
              "Name": "multi_region_spot-dev-vpc",
              "Project": "multi_region_spot"
            }
          },
          "sensitive_attributes": [],
          "private": "eyJzY2hlbWFfdmVyc2lvbiI6IjEifQ=="
        }
      ]
    }
  ],
  "check_results": null
}
