{
  "version": 4,
  "terraform_version": "1.11.4",
  "serial": 127,
  "lineage": "3d1b986d-e916-e812-585f-78ba2f70c128",
  "outputs": {},
  "resources": [
    {
      "module": "module.spot_interruption_notice",
      "mode": "managed",
      "type": "aws_sns_topic",
      "name": "topic",
      "provider": "provider[\"registry.terraform.io/hashicorp/aws\"]",
      "instances": [
        {
          "schema_version": 0,
          "attributes": {
            "application_failure_feedback_role_arn": "",
            "application_success_feedback_role_arn": "",
            "application_success_feedback_sample_rate": 0,
            "arn": "arn:aws:sns:ap-northeast-1:058898200941:spotinstance-interruption-test-dev-spot-interruption-topic",
            "content_based_deduplication": false,
            "delivery_policy": "",
            "display_name": "",
            "fifo_topic": false,
            "firehose_failure_feedback_role_arn": "",
            "firehose_success_feedback_role_arn": "",
            "firehose_success_feedback_sample_rate": 0,
            "http_failure_feedback_role_arn": "",
            "http_success_feedback_role_arn": "",
            "http_success_feedback_sample_rate": 0,
            "id": "arn:aws:sns:ap-northeast-1:058898200941:spotinstance-interruption-test-dev-spot-interruption-topic",
            "kms_master_key_id": "",
            "lambda_failure_feedback_role_arn": "",
            "lambda_success_feedback_role_arn": "",
            "lambda_success_feedback_sample_rate": 0,
            "name": "spotinstance-interruption-test-dev-spot-interruption-topic",
            "name_prefix": "",
            "owner": "058898200941",
            "policy": "{\"Version\":\"2012-10-17\",\"Statement\":[{\"Sid\":\"\",\"Effect\":\"Allow\",\"Principal\":{\"Service\":\"events.amazonaws.com\"},\"Action\":\"SNS:Publish\",\"Resource\":\"arn:aws:sns:ap-northeast-1:058898200941:spotinstance-interruption-test-dev-spot-interruption-topic\"}]}",
            "sqs_failure_feedback_role_arn": "",
            "sqs_success_feedback_role_arn": "",
            "sqs_success_feedback_sample_rate": 0,
            "tags": null,
            "tags_all": null
          },
          "sensitive_attributes": [],
          "private": "bnVsbA=="
        }
      ]
    },
    {
      "module": "module.spot_interruption_notice",
      "mode": "managed",
      "type": "aws_sns_topic_subscription",
      "name": "topic_subscription",
      "provider": "provider[\"registry.terraform.io/hashicorp/aws\"]",
      "instances": [
        {
          "schema_version": 0,
          "attributes": {
            "arn": "arn:aws:sns:ap-northeast-1:058898200941:spotinstance-interruption-test-dev-spot-interruption-topic:52bfb553-8f20-4ce0-b4c6-0ba25bc3161e",
            "confirmation_timeout_in_minutes": 5,
            "confirmation_was_authenticated": false,
            "delivery_policy": "",
            "endpoint": "naoki.1121.hit.and.run48@gmail.com",
            "endpoint_auto_confirms": false,
            "filter_policy": "",
            "id": "arn:aws:sns:ap-northeast-1:058898200941:spotinstance-interruption-test-dev-spot-interruption-topic:52bfb553-8f20-4ce0-b4c6-0ba25bc3161e",
            "owner_id": "058898200941",
            "pending_confirmation": false,
            "protocol": "email",
            "raw_message_delivery": false,
            "redrive_policy": "",
            "subscription_role_arn": "",
            "topic_arn": "arn:aws:sns:ap-northeast-1:058898200941:spotinstance-interruption-test-dev-spot-interruption-topic"
          },
          "sensitive_attributes": [],
          "private": "bnVsbA==",
          "dependencies": [
            "module.spot_interruption_notice.aws_sns_topic.topic"
          ]
        }
      ]
    }
  ],
  "check_results": null
}
