{
  "version": 4,
  "terraform_version": "1.11.4",
  "serial": 157,
  "lineage": "3d1b986d-e916-e812-585f-78ba2f70c128",
  "outputs": {},
  "resources": [
    {
      "module": "module.network",
      "mode": "managed",
      "type": "aws_internet_gateway",
      "name": "igw",
      "provider": "provider[\"registry.terraform.io/hashicorp/aws\"]",
      "instances": [
        {
          "schema_version": 0,
          "attributes": {
            "arn": "arn:aws:ec2:ap-northeast-1:058898200941:internet-gateway/igw-0839e362357a505f4",
            "id": "igw-0839e362357a505f4",
            "owner_id": "058898200941",
            "tags": {
              "Environment": "dev",
              "Name": "SpotinstanceInterruptionTest-dev-igw",
              "Project": "SpotinstanceInterruptionTest"
            },
            "tags_all": {
              "Environment": "dev",
              "Name": "SpotinstanceInterruptionTest-dev-igw",
              "Project": "SpotinstanceInterruptionTest"
            },
            "vpc_id": "vpc-0ead2fa3e251954af"
          },
          "sensitive_attributes": [],
          "private": "bnVsbA==",
          "dependencies": [
            "module.network.aws_vpc.vpc"
          ]
        }
      ]
    },
    {
      "module": "module.network",
      "mode": "managed",
      "type": "aws_route",
      "name": "public-route",
      "provider": "provider[\"registry.terraform.io/hashicorp/aws\"]",
      "instances": [
        {
          "schema_version": 0,
          "attributes": {
            "carrier_gateway_id": "",
            "destination_cidr_block": "0.0.0.0/0",
            "destination_ipv6_cidr_block": "",
            "destination_prefix_list_id": "",
            "egress_only_gateway_id": "",
            "gateway_id": "igw-0839e362357a505f4",
            "id": "r-rtb-038e026fadb208c8b1080289494",
            "instance_id": "",
            "instance_owner_id": "",
            "local_gateway_id": "",
            "nat_gateway_id": "",
            "network_interface_id": "",
            "origin": "CreateRoute",
            "route_table_id": "rtb-038e026fadb208c8b",
            "state": "active",
            "timeouts": null,
            "transit_gateway_id": "",
            "vpc_endpoint_id": "",
            "vpc_peering_connection_id": ""
          },
          "sensitive_attributes": [],
          "private": "eyJlMmJmYjczMC1lY2FhLTExZTYtOGY4OC0zNDM2M2JjN2M0YzAiOnsiY3JlYXRlIjozMDAwMDAwMDAwMDAsImRlbGV0ZSI6MzAwMDAwMDAwMDAwLCJ1cGRhdGUiOjEyMDAwMDAwMDAwMH19",
          "dependencies": [
            "module.network.aws_internet_gateway.igw",
            "module.network.aws_route_table.public_rt",
            "module.network.aws_vpc.vpc"
          ]
        }
      ]
    },
    {
      "module": "module.network",
      "mode": "managed",
      "type": "aws_route_table",
      "name": "public_rt",
      "provider": "provider[\"registry.terraform.io/hashicorp/aws\"]",
      "instances": [
        {
          "schema_version": 0,
          "attributes": {
            "arn": "arn:aws:ec2:ap-northeast-1:058898200941:route-table/rtb-038e026fadb208c8b",
            "id": "rtb-038e026fadb208c8b",
            "owner_id": "058898200941",
            "propagating_vgws": [],
            "route": [
              {
                "carrier_gateway_id": "",
                "cidr_block": "0.0.0.0/0",
                "destination_prefix_list_id": "",
                "egress_only_gateway_id": "",
                "gateway_id": "igw-0839e362357a505f4",
                "instance_id": "",
                "ipv6_cidr_block": "",
                "local_gateway_id": "",
                "nat_gateway_id": "",
                "network_interface_id": "",
                "transit_gateway_id": "",
                "vpc_endpoint_id": "",
                "vpc_peering_connection_id": ""
              }
            ],
            "tags": {
              "Environment": "dev",
              "Name": "SpotinstanceInterruptionTest-dev-public-route-table",
              "Project": "SpotinstanceInterruptionTest"
            },
            "tags_all": {
              "Environment": "dev",
              "Name": "SpotinstanceInterruptionTest-dev-public-route-table",
              "Project": "SpotinstanceInterruptionTest"
            },
            "timeouts": null,
            "vpc_id": "vpc-0ead2fa3e251954af"
          },
          "sensitive_attributes": [],
          "private": "eyJlMmJmYjczMC1lY2FhLTExZTYtOGY4OC0zNDM2M2JjN2M0YzAiOnsiY3JlYXRlIjozMDAwMDAwMDAwMDAsImRlbGV0ZSI6MzAwMDAwMDAwMDAwLCJ1cGRhdGUiOjEyMDAwMDAwMDAwMH19",
          "dependencies": [
            "module.network.aws_vpc.vpc"
          ]
        }
      ]
    },
    {
      "module": "module.network",
      "mode": "managed",
      "type": "aws_route_table_association",
      "name": "public_rt_association_1",
      "provider": "provider[\"registry.terraform.io/hashicorp/aws\"]",
      "instances": [
        {
          "schema_version": 0,
          "attributes": {
            "gateway_id": "",
            "id": "rtbassoc-05e5edf6b752b3cd7",
            "route_table_id": "rtb-038e026fadb208c8b",
            "subnet_id": "subnet-01cb83bf426ce6056"
          },
          "sensitive_attributes": [],
          "private": "bnVsbA==",
          "dependencies": [
            "module.network.aws_route_table.public_rt",
            "module.network.aws_subnet.public_subnet_1",
            "module.network.aws_vpc.vpc"
          ]
        }
      ]
    },
    {
      "module": "module.network",
      "mode": "managed",
      "type": "aws_route_table_association",
      "name": "public_rt_association_2",
      "provider": "provider[\"registry.terraform.io/hashicorp/aws\"]",
      "instances": [
        {
          "schema_version": 0,
          "attributes": {
            "gateway_id": "",
            "id": "rtbassoc-09d02ab182c27b0d0",
            "route_table_id": "rtb-038e026fadb208c8b",
            "subnet_id": "subnet-09803b5d6c814a54d"
          },
          "sensitive_attributes": [],
          "private": "bnVsbA==",
          "dependencies": [
            "module.network.aws_route_table.public_rt",
            "module.network.aws_subnet.public_subnet_2",
            "module.network.aws_vpc.vpc"
          ]
        }
      ]
    },
    {
      "module": "module.network",
      "mode": "managed",
      "type": "aws_subnet",
      "name": "public_subnet_1",
      "provider": "provider[\"registry.terraform.io/hashicorp/aws\"]",
      "instances": [
        {
          "schema_version": 1,
          "attributes": {
            "arn": "arn:aws:ec2:ap-northeast-1:058898200941:subnet/subnet-01cb83bf426ce6056",
            "assign_ipv6_address_on_creation": false,
            "availability_zone": "ap-northeast-1c",
            "availability_zone_id": "apne1-az1",
            "cidr_block": "192.168.1.0/24",
            "customer_owned_ipv4_pool": "",
            "enable_dns64": false,
            "enable_resource_name_dns_a_record_on_launch": false,
            "enable_resource_name_dns_aaaa_record_on_launch": false,
            "id": "subnet-01cb83bf426ce6056",
            "ipv6_cidr_block": "",
            "ipv6_cidr_block_association_id": "",
            "ipv6_native": false,
            "map_customer_owned_ip_on_launch": false,
            "map_public_ip_on_launch": false,
            "outpost_arn": "",
            "owner_id": "058898200941",
            "private_dns_hostname_type_on_launch": "ip-name",
            "tags": {
              "Environment": "dev",
              "Name": "SpotinstanceInterruptionTest-dev-public-subnet-1",
              "Project": "SpotinstanceInterruptionTest",
              "Type": "public"
            },
            "tags_all": {
              "Environment": "dev",
              "Name": "SpotinstanceInterruptionTest-dev-public-subnet-1",
              "Project": "SpotinstanceInterruptionTest",
              "Type": "public"
            },
            "timeouts": null,
            "vpc_id": "vpc-0ead2fa3e251954af"
          },
          "sensitive_attributes": [],
          "private": "eyJlMmJmYjczMC1lY2FhLTExZTYtOGY4OC0zNDM2M2JjN2M0YzAiOnsiY3JlYXRlIjo2MDAwMDAwMDAwMDAsImRlbGV0ZSI6MTIwMDAwMDAwMDAwMH0sInNjaGVtYV92ZXJzaW9uIjoiMSJ9",
          "dependencies": [
            "module.network.aws_vpc.vpc"
          ]
        }
      ]
    },
    {
      "module": "module.network",
      "mode": "managed",
      "type": "aws_subnet",
      "name": "public_subnet_2",
      "provider": "provider[\"registry.terraform.io/hashicorp/aws\"]",
      "instances": [
        {
          "schema_version": 1,
          "attributes": {
            "arn": "arn:aws:ec2:ap-northeast-1:058898200941:subnet/subnet-09803b5d6c814a54d",
            "assign_ipv6_address_on_creation": false,
            "availability_zone": "ap-northeast-1d",
            "availability_zone_id": "apne1-az2",
            "cidr_block": "192.168.2.0/24",
            "customer_owned_ipv4_pool": "",
            "enable_dns64": false,
            "enable_resource_name_dns_a_record_on_launch": false,
            "enable_resource_name_dns_aaaa_record_on_launch": false,
            "id": "subnet-09803b5d6c814a54d",
            "ipv6_cidr_block": "",
            "ipv6_cidr_block_association_id": "",
            "ipv6_native": false,
            "map_customer_owned_ip_on_launch": false,
            "map_public_ip_on_launch": false,
            "outpost_arn": "",
            "owner_id": "058898200941",
            "private_dns_hostname_type_on_launch": "ip-name",
            "tags": {
              "Environment": "dev",
              "Name": "SpotinstanceInterruptionTest-dev-public-subnet-2",
              "Project": "SpotinstanceInterruptionTest",
              "Type": "public"
            },
            "tags_all": {
              "Environment": "dev",
              "Name": "SpotinstanceInterruptionTest-dev-public-subnet-2",
              "Project": "SpotinstanceInterruptionTest",
              "Type": "public"
            },
            "timeouts": null,
            "vpc_id": "vpc-0ead2fa3e251954af"
          },
          "sensitive_attributes": [],
          "private": "eyJlMmJmYjczMC1lY2FhLTExZTYtOGY4OC0zNDM2M2JjN2M0YzAiOnsiY3JlYXRlIjo2MDAwMDAwMDAwMDAsImRlbGV0ZSI6MTIwMDAwMDAwMDAwMH0sInNjaGVtYV92ZXJzaW9uIjoiMSJ9",
          "dependencies": [
            "module.network.aws_vpc.vpc"
          ]
        }
      ]
    },
    {
      "module": "module.network",
      "mode": "managed",
      "type": "aws_vpc",
      "name": "vpc",
      "provider": "provider[\"registry.terraform.io/hashicorp/aws\"]",
      "instances": [
        {
          "schema_version": 1,
          "attributes": {
            "arn": "arn:aws:ec2:ap-northeast-1:058898200941:vpc/vpc-0ead2fa3e251954af",
            "assign_generated_ipv6_cidr_block": false,
            "cidr_block": "192.168.0.0/16",
            "default_network_acl_id": "acl-0f3afe2bf3d9dff25",
            "default_route_table_id": "rtb-03dc0413a953293ca",
            "default_security_group_id": "sg-023700f3efc9e9afc",
            "dhcp_options_id": "dopt-64708a0c",
            "enable_classiclink": false,
            "enable_classiclink_dns_support": false,
            "enable_dns_hostnames": true,
            "enable_dns_support": true,
            "id": "vpc-0ead2fa3e251954af",
            "instance_tenancy": "default",
            "ipv4_ipam_pool_id": null,
            "ipv4_netmask_length": null,
            "ipv6_association_id": "",
            "ipv6_cidr_block": "",
            "ipv6_cidr_block_network_border_group": "",
            "ipv6_ipam_pool_id": "",
            "ipv6_netmask_length": 0,
            "main_route_table_id": "rtb-03dc0413a953293ca",
            "owner_id": "058898200941",
            "tags": {
              "Environment": "dev",
              "Name": "SpotinstanceInterruptionTest-dev-vpc",
              "Project": "SpotinstanceInterruptionTest"
            },
            "tags_all": {
              "Environment": "dev",
              "Name": "SpotinstanceInterruptionTest-dev-vpc",
              "Project": "SpotinstanceInterruptionTest"
            }
          },
          "sensitive_attributes": [],
          "private": "eyJzY2hlbWFfdmVyc2lvbiI6IjEifQ=="
        }
      ]
    },
    {
      "module": "module.spot_instance",
      "mode": "managed",
      "type": "aws_cloudwatch_log_group",
      "name": "spot_log_group",
      "provider": "provider[\"registry.terraform.io/hashicorp/aws\"]",
      "instances": [
        {
          "schema_version": 0,
          "attributes": {
            "arn": "arn:aws:logs:ap-northeast-1:058898200941:log-group:/fis/logs/",
            "id": "/fis/logs/",
            "kms_key_id": "",
            "name": "/fis/logs/",
            "name_prefix": null,
            "retention_in_days": 1,
            "tags": {},
            "tags_all": {}
          },
          "sensitive_attributes": [],
          "private": "bnVsbA=="
        }
      ]
    },
    {
      "module": "module.spot_instance",
      "mode": "managed",
      "type": "aws_ec2_tag",
      "name": "tmp_spot_tag",
      "provider": "provider[\"registry.terraform.io/hashicorp/aws\"]",
      "instances": [
        {
          "schema_version": 0,
          "attributes": {
            "id": "i-0a8f61dafbfadcb32,Name",
            "key": "Name",
            "resource_id": "i-0a8f61dafbfadcb32",
            "value": "SpotTest"
          },
          "sensitive_attributes": [],
          "private": "bnVsbA==",
          "dependencies": [
            "module.network.aws_subnet.public_subnet_1",
            "module.network.aws_vpc.vpc",
            "module.spot_instance.aws_iam_instance_profile.ssm_profile",
            "module.spot_instance.aws_iam_role.ssm_role",
            "module.spot_instance.aws_security_group.spot_sg",
            "module.spot_instance.aws_spot_instance_request.tmp_spot"
          ]
        }
      ]
    },
    {
      "module": "module.spot_instance",
      "mode": "managed",
      "type": "aws_iam_instance_profile",
      "name": "ssm_profile",
      "provider": "provider[\"registry.terraform.io/hashicorp/aws\"]",
      "instances": [
        {
          "schema_version": 0,
          "attributes": {
            "arn": "arn:aws:iam::058898200941:instance-profile/SpotinstanceInterruptionTest-dev-ssm-profile",
            "create_date": "2025-05-21T14:38:36Z",
            "id": "SpotinstanceInterruptionTest-dev-ssm-profile",
            "name": "SpotinstanceInterruptionTest-dev-ssm-profile",
            "name_prefix": null,
            "path": "/",
            "role": "SpotinstanceInterruptionTest-dev-ssm-role",
            "tags": {},
            "tags_all": {},
            "unique_id": "AIPAQ3NU3HFW2YLKVI77L"
          },
          "sensitive_attributes": [],
          "private": "bnVsbA==",
          "dependencies": [
            "module.spot_instance.aws_iam_role.ssm_role"
          ]
        }
      ]
    },
    {
      "module": "module.spot_instance",
      "mode": "managed",
      "type": "aws_iam_policy_attachment",
      "name": "ssm_policy_attachment",
      "provider": "provider[\"registry.terraform.io/hashicorp/aws\"]",
      "instances": [
        {
          "schema_version": 0,
          "attributes": {
            "groups": [],
            "id": "SpotinstanceInterruptionTest-dev-ssm-policy-attachment",
            "name": "SpotinstanceInterruptionTest-dev-ssm-policy-attachment",
            "policy_arn": "arn:aws:iam::aws:policy/AmazonSSMManagedInstanceCore",
            "roles": [
              "SpotinstanceInterruptionTest-dev-ssm-role"
            ],
            "users": []
          },
          "sensitive_attributes": [],
          "private": "bnVsbA==",
          "dependencies": [
            "module.spot_instance.aws_iam_role.ssm_role"
          ]
        }
      ]
    },
    {
      "module": "module.spot_instance",
      "mode": "managed",
      "type": "aws_iam_role",
      "name": "fis_role",
      "provider": "provider[\"registry.terraform.io/hashicorp/aws\"]",
      "instances": [
        {
          "schema_version": 0,
          "attributes": {
            "arn": "arn:aws:iam::058898200941:role/SpotinstanceInterruptionTest-dev-fis-role",
            "assume_role_policy": "{\"Version\":\"2012-10-17\",\"Statement\":[{\"Effect\":\"Allow\",\"Principal\":{\"Service\":\"fis.amazonaws.com\"},\"Action\":\"sts:AssumeRole\"}]}",
            "create_date": "2025-05-21T14:38:32Z",
            "description": "",
            "force_detach_policies": false,
            "id": "SpotinstanceInterruptionTest-dev-fis-role",
            "inline_policy": [
              {
                "name": "",
                "policy": ""
              }
            ],
            "managed_policy_arns": [
              "arn:aws:iam::aws:policy/CloudWatchLogsFullAccess",
              "arn:aws:iam::aws:policy/service-role/AWSFaultInjectionSimulatorEC2Access"
            ],
            "max_session_duration": 3600,
            "name": "SpotinstanceInterruptionTest-dev-fis-role",
            "name_prefix": "",
            "path": "/",
            "permissions_boundary": null,
            "tags": {},
            "tags_all": {},
            "unique_id": "AROAQ3NU3HFWSACGWL7ZS"
          },
          "sensitive_attributes": [],
          "private": "bnVsbA=="
        }
      ]
    },
    {
      "module": "module.spot_instance",
      "mode": "managed",
      "type": "aws_iam_role",
      "name": "ssm_role",
      "provider": "provider[\"registry.terraform.io/hashicorp/aws\"]",
      "instances": [
        {
          "schema_version": 0,
          "attributes": {
            "arn": "arn:aws:iam::058898200941:role/SpotinstanceInterruptionTest-dev-ssm-role",
            "assume_role_policy": "{\"Version\":\"2012-10-17\",\"Statement\":[{\"Effect\":\"Allow\",\"Principal\":{\"Service\":\"ec2.amazonaws.com\"},\"Action\":\"sts:AssumeRole\"}]}",
            "create_date": "2025-05-21T14:38:32Z",
            "description": "",
            "force_detach_policies": false,
            "id": "SpotinstanceInterruptionTest-dev-ssm-role",
            "inline_policy": [
              {
                "name": "",
                "policy": ""
              }
            ],
            "managed_policy_arns": [
              "arn:aws:iam::aws:policy/AmazonSSMManagedInstanceCore"
            ],
            "max_session_duration": 3600,
            "name": "SpotinstanceInterruptionTest-dev-ssm-role",
            "name_prefix": "",
            "path": "/",
            "permissions_boundary": null,
            "tags": {},
            "tags_all": {},
            "unique_id": "AROAQ3NU3HFWVQHKGUNBD"
          },
          "sensitive_attributes": [],
          "private": "bnVsbA=="
        }
      ]
    },
    {
      "module": "module.spot_instance",
      "mode": "managed",
      "type": "aws_iam_role_policy_attachment",
      "name": "FIS-Logs-policy-attachment",
      "provider": "provider[\"registry.terraform.io/hashicorp/aws\"]",
      "instances": [
        {
          "schema_version": 0,
          "attributes": {
            "id": "SpotinstanceInterruptionTest-dev-fis-role-20250521143840769600000002",
            "policy_arn": "arn:aws:iam::aws:policy/CloudWatchLogsFullAccess",
            "role": "SpotinstanceInterruptionTest-dev-fis-role"
          },
          "sensitive_attributes": [],
          "private": "bnVsbA==",
          "dependencies": [
            "module.spot_instance.aws_iam_role.fis_role"
          ]
        }
      ]
    },
    {
      "module": "module.spot_instance",
      "mode": "managed",
      "type": "aws_iam_role_policy_attachment",
      "name": "FIS-policy-attachment",
      "provider": "provider[\"registry.terraform.io/hashicorp/aws\"]",
      "instances": [
        {
          "schema_version": 0,
          "attributes": {
            "id": "SpotinstanceInterruptionTest-dev-fis-role-20250521143840809100000003",
            "policy_arn": "arn:aws:iam::aws:policy/service-role/AWSFaultInjectionSimulatorEC2Access",
            "role": "SpotinstanceInterruptionTest-dev-fis-role"
          },
          "sensitive_attributes": [],
          "private": "bnVsbA==",
          "dependencies": [
            "module.spot_instance.aws_iam_role.fis_role"
          ]
        }
      ]
    },
    {
      "module": "module.spot_instance",
      "mode": "managed",
      "type": "aws_security_group",
      "name": "spot_sg",
      "provider": "provider[\"registry.terraform.io/hashicorp/aws\"]",
      "instances": [
        {
          "schema_version": 1,
          "attributes": {
            "arn": "arn:aws:ec2:ap-northeast-1:058898200941:security-group/sg-0162073a2d7dca833",
            "description": "Security group for spot instances",
            "egress": [
              {
                "cidr_blocks": [
                  "0.0.0.0/0"
                ],
                "description": "",
                "from_port": 0,
                "ipv6_cidr_blocks": [],
                "prefix_list_ids": [],
                "protocol": "-1",
                "security_groups": [],
                "self": false,
                "to_port": 0
              }
            ],
            "id": "sg-0162073a2d7dca833",
            "ingress": [],
            "name": "SpotinstanceInterruptionTest-dev-spot-sg",
            "name_prefix": "",
            "owner_id": "058898200941",
            "revoke_rules_on_delete": false,
            "tags": {},
            "tags_all": {},
            "timeouts": null,
            "vpc_id": "vpc-0ead2fa3e251954af"
          },
          "sensitive_attributes": [],
          "private": "eyJlMmJmYjczMC1lY2FhLTExZTYtOGY4OC0zNDM2M2JjN2M0YzAiOnsiY3JlYXRlIjo2MDAwMDAwMDAwMDAsImRlbGV0ZSI6OTAwMDAwMDAwMDAwfSwic2NoZW1hX3ZlcnNpb24iOiIxIn0=",
          "dependencies": [
            "module.network.aws_vpc.vpc"
          ]
        }
      ]
    },
    {
      "module": "module.spot_instance",
      "mode": "managed",
      "type": "aws_spot_instance_request",
      "name": "tmp_spot",
      "provider": "provider[\"registry.terraform.io/hashicorp/aws\"]",
      "instances": [
        {
          "schema_version": 0,
          "attributes": {
            "ami": "ami-0c16ff0f860575572",
            "arn": null,
            "associate_public_ip_address": true,
            "availability_zone": null,
            "block_duration_minutes": 0,
            "capacity_reservation_specification": [],
            "cpu_core_count": null,
            "cpu_threads_per_core": null,
            "credit_specification": [],
            "disable_api_termination": null,
            "ebs_block_device": [],
            "ebs_optimized": null,
            "enclave_options": [],
            "ephemeral_block_device": [],
            "get_password_data": false,
            "hibernation": null,
            "host_id": null,
            "iam_instance_profile": "SpotinstanceInterruptionTest-dev-ssm-profile",
            "id": "sir-ccpz4wnh",
            "instance_initiated_shutdown_behavior": null,
            "instance_interruption_behavior": "terminate",
            "instance_interruption_behaviour": "terminate",
            "instance_state": null,
            "instance_type": "t2.micro",
            "ipv6_address_count": 0,
            "ipv6_addresses": [],
            "key_name": "",
            "launch_group": "",
            "launch_template": [],
            "metadata_options": [],
            "monitoring": null,
            "network_interface": [],
            "outpost_arn": null,
            "password_data": "",
            "placement_group": null,
            "placement_partition_number": null,
            "primary_network_interface_id": "eni-053381cd75e8af276",
            "private_dns": "ip-192-168-1-216.ap-northeast-1.compute.internal",
            "private_ip": "192.168.1.216",
            "public_dns": "ec2-35-77-188-90.ap-northeast-1.compute.amazonaws.com",
            "public_ip": "35.77.188.90",
            "root_block_device": [
              {
                "delete_on_termination": true,
                "device_name": "/dev/sda1",
                "encrypted": false,
                "iops": 3000,
                "kms_key_id": "",
                "tags": {},
                "throughput": 125,
                "volume_id": "vol-07843798aac463fae",
                "volume_size": 20,
                "volume_type": "gp3"
              }
            ],
            "secondary_private_ips": [],
            "security_groups": [],
            "source_dest_check": true,
            "spot_bid_status": "fulfilled",
            "spot_instance_id": "i-0a8f61dafbfadcb32",
            "spot_price": "0.015200",
            "spot_request_state": "active",
            "spot_type": "one-time",
            "subnet_id": "subnet-01cb83bf426ce6056",
            "tags": {
              "Name": "SpotinstanceInterruptionTest-dev-tmp-spot"
            },
            "tags_all": {
              "Name": "SpotinstanceInterruptionTest-dev-tmp-spot"
            },
            "tenancy": null,
            "timeouts": null,
            "user_data": null,
            "user_data_base64": null,
            "valid_from": "0001-01-01T00:00:00Z",
            "valid_until": "2025-05-28T14:38:50Z",
            "volume_tags": null,
            "vpc_security_group_ids": [
              "sg-0162073a2d7dca833"
            ],
            "wait_for_fulfillment": false
          },
          "sensitive_attributes": [],
          "private": "eyJlMmJmYjczMC1lY2FhLTExZTYtOGY4OC0zNDM2M2JjN2M0YzAiOnsiY3JlYXRlIjo2MDAwMDAwMDAwMDAsImRlbGV0ZSI6MTIwMDAwMDAwMDAwMH19",
          "dependencies": [
            "module.network.aws_subnet.public_subnet_1",
            "module.network.aws_vpc.vpc",
            "module.spot_instance.aws_iam_instance_profile.ssm_profile",
            "module.spot_instance.aws_iam_role.ssm_role",
            "module.spot_instance.aws_security_group.spot_sg"
          ]
        }
      ]
    },
    {
      "module": "module.spot_interruption_notice",
      "mode": "data",
      "type": "aws_iam_policy_document",
      "name": "sns_topic_policy",
      "provider": "provider[\"registry.terraform.io/hashicorp/aws\"]",
      "instances": [
        {
          "schema_version": 0,
          "attributes": {
            "id": "2889180886",
            "json": "{\n  \"Version\": \"2012-10-17\",\n  \"Statement\": [\n    {\n      \"Sid\": \"\",\n      \"Effect\": \"Allow\",\n      \"Action\": \"SNS:Publish\",\n      \"Resource\": \"arn:aws:sns:ap-northeast-1:058898200941:SpotinstanceInterruptionTest-dev-spot-interruption-topic\",\n      \"Principal\": {\n        \"Service\": \"events.amazonaws.com\"\n      }\n    }\n  ]\n}",
            "override_json": null,
            "override_policy_documents": null,
            "policy_id": null,
            "source_json": null,
            "source_policy_documents": null,
            "statement": [
              {
                "actions": [
                  "SNS:Publish"
                ],
                "condition": [],
                "effect": "Allow",
                "not_actions": [],
                "not_principals": [],
                "not_resources": [],
                "principals": [
                  {
                    "identifiers": [
                      "events.amazonaws.com"
                    ],
                    "type": "Service"
                  }
                ],
                "resources": [
                  "arn:aws:sns:ap-northeast-1:058898200941:SpotinstanceInterruptionTest-dev-spot-interruption-topic"
                ],
                "sid": ""
              }
            ],
            "version": "2012-10-17"
          },
          "sensitive_attributes": []
        }
      ]
    },
    {
      "module": "module.spot_interruption_notice",
      "mode": "managed",
      "type": "aws_cloudwatch_event_rule",
      "name": "spot-interruption-rule",
      "provider": "provider[\"registry.terraform.io/hashicorp/aws\"]",
      "instances": [
        {
          "schema_version": 0,
          "attributes": {
            "arn": "arn:aws:events:ap-northeast-1:058898200941:rule/spot-interruption-rule",
            "description": "",
            "event_bus_name": "default",
            "event_pattern": "{\"detail-type\":[\"EC2 Spot Instance Interruption Warning\"],\"source\":[\"aws.ec2\"]}",
            "id": "spot-interruption-rule",
            "is_enabled": true,
            "name": "spot-interruption-rule",
            "name_prefix": "",
            "role_arn": "",
            "schedule_expression": "",
            "tags": {
              "Name": "spot-interruption-rule"
            },
            "tags_all": {
              "Name": "spot-interruption-rule"
            }
          },
          "sensitive_attributes": [],
          "private": "bnVsbA=="
        }
      ]
    },
    {
      "module": "module.spot_interruption_notice",
      "mode": "managed",
      "type": "aws_cloudwatch_event_target",
      "name": "sns",
      "provider": "provider[\"registry.terraform.io/hashicorp/aws\"]",
      "instances": [
        {
          "schema_version": 1,
          "attributes": {
            "arn": "arn:aws:sns:ap-northeast-1:058898200941:SpotinstanceInterruptionTest-dev-spot-interruption-topic",
            "batch_target": [],
            "dead_letter_config": [],
            "ecs_target": [],
            "event_bus_name": "default",
            "http_target": [],
            "id": "spot-interruption-rule-terraform-20250521143837445800000001",
            "input": "",
            "input_path": "",
            "input_transformer": [],
            "kinesis_target": [],
            "redshift_target": [],
            "retry_policy": [],
            "role_arn": "",
            "rule": "spot-interruption-rule",
            "run_command_targets": [],
            "sqs_target": [],
            "target_id": "terraform-20250521143837445800000001"
          },
          "sensitive_attributes": [],
          "private": "eyJzY2hlbWFfdmVyc2lvbiI6IjEifQ==",
          "dependencies": [
            "module.spot_interruption_notice.aws_cloudwatch_event_rule.spot-interruption-rule",
            "module.spot_interruption_notice.aws_sns_topic.topic"
          ]
        }
      ]
    },
    {
      "module": "module.spot_interruption_notice",
      "mode": "managed",
      "type": "aws_sns_topic",
      "name": "topic",
      "provider": "provider[\"registry.terraform.io/hashicorp/aws\"]",
      "instances": [
        {
          "schema_version": 0,
          "attributes": {
            "application_failure_feedback_role_arn": "",
            "application_success_feedback_role_arn": "",
            "application_success_feedback_sample_rate": 0,
            "arn": "arn:aws:sns:ap-northeast-1:058898200941:SpotinstanceInterruptionTest-dev-spot-interruption-topic",
            "content_based_deduplication": false,
            "delivery_policy": "",
            "display_name": "",
            "fifo_topic": false,
            "firehose_failure_feedback_role_arn": "",
            "firehose_success_feedback_role_arn": "",
            "firehose_success_feedback_sample_rate": 0,
            "http_failure_feedback_role_arn": "",
            "http_success_feedback_role_arn": "",
            "http_success_feedback_sample_rate": 0,
            "id": "arn:aws:sns:ap-northeast-1:058898200941:SpotinstanceInterruptionTest-dev-spot-interruption-topic",
            "kms_master_key_id": "",
            "lambda_failure_feedback_role_arn": "",
            "lambda_success_feedback_role_arn": "",
            "lambda_success_feedback_sample_rate": 0,
            "name": "SpotinstanceInterruptionTest-dev-spot-interruption-topic",
            "name_prefix": "",
            "owner": "058898200941",
            "policy": "{\"Version\":\"2012-10-17\",\"Statement\":[{\"Sid\":\"\",\"Effect\":\"Allow\",\"Principal\":{\"Service\":\"events.amazonaws.com\"},\"Action\":\"SNS:Publish\",\"Resource\":\"arn:aws:sns:ap-northeast-1:058898200941:SpotinstanceInterruptionTest-dev-spot-interruption-topic\"}]}",
            "sqs_failure_feedback_role_arn": "",
            "sqs_success_feedback_role_arn": "",
            "sqs_success_feedback_sample_rate": 0,
            "tags": null,
            "tags_all": null
          },
          "sensitive_attributes": [],
          "private": "bnVsbA=="
        }
      ]
    },
    {
      "module": "module.spot_interruption_notice",
      "mode": "managed",
      "type": "aws_sns_topic_policy",
      "name": "policy",
      "provider": "provider[\"registry.terraform.io/hashicorp/aws\"]",
      "instances": [
        {
          "schema_version": 0,
          "attributes": {
            "arn": "arn:aws:sns:ap-northeast-1:058898200941:SpotinstanceInterruptionTest-dev-spot-interruption-topic",
            "id": "arn:aws:sns:ap-northeast-1:058898200941:SpotinstanceInterruptionTest-dev-spot-interruption-topic",
            "owner": "058898200941",
            "policy": "{\"Statement\":[{\"Action\":\"SNS:Publish\",\"Effect\":\"Allow\",\"Principal\":{\"Service\":\"events.amazonaws.com\"},\"Resource\":\"arn:aws:sns:ap-northeast-1:058898200941:SpotinstanceInterruptionTest-dev-spot-interruption-topic\",\"Sid\":\"\"}],\"Version\":\"2012-10-17\"}"
          },
          "sensitive_attributes": [],
          "private": "bnVsbA==",
          "dependencies": [
            "module.spot_interruption_notice.aws_sns_topic.topic",
            "module.spot_interruption_notice.data.aws_iam_policy_document.sns_topic_policy"
          ]
        }
      ]
    },
    {
      "module": "module.spot_interruption_notice",
      "mode": "managed",
      "type": "aws_sns_topic_subscription",
      "name": "topic_subscription",
      "provider": "provider[\"registry.terraform.io/hashicorp/aws\"]",
      "instances": [
        {
          "schema_version": 0,
          "attributes": {
            "arn": "arn:aws:sns:ap-northeast-1:058898200941:SpotinstanceInterruptionTest-dev-spot-interruption-topic:647ae3a7-da82-4e6f-bfe9-9624c637aab0",
            "confirmation_timeout_in_minutes": 5,
            "confirmation_was_authenticated": false,
            "delivery_policy": "",
            "endpoint": "naoki.1121.hit.and.run48@gmail.com",
            "endpoint_auto_confirms": false,
            "filter_policy": "",
            "id": "arn:aws:sns:ap-northeast-1:058898200941:SpotinstanceInterruptionTest-dev-spot-interruption-topic:647ae3a7-da82-4e6f-bfe9-9624c637aab0",
            "owner_id": "058898200941",
            "pending_confirmation": false,
            "protocol": "email",
            "raw_message_delivery": false,
            "redrive_policy": "",
            "subscription_role_arn": "",
            "topic_arn": "arn:aws:sns:ap-northeast-1:058898200941:SpotinstanceInterruptionTest-dev-spot-interruption-topic"
          },
          "sensitive_attributes": [],
          "private": "bnVsbA==",
          "dependencies": [
            "module.spot_interruption_notice.aws_sns_topic.topic"
          ]
        }
      ]
    }
  ],
  "check_results": null
}
