{
  "version": 4,
  "terraform_version": "1.11.4",
  "serial": 128,
  "lineage": "3d1b986d-e916-e812-585f-78ba2f70c128",
  "outputs": {},
  "resources": [
    {
      "module": "module.spot_interruption_notice",
      "mode": "managed",
      "type": "aws_sns_topic_subscription",
      "name": "topic_subscription",
      "provider": "provider[\"registry.terraform.io/hashicorp/aws\"]",
      "instances": [
        {
          "schema_version": 0,
          "attributes": {
            "arn": "arn:aws:sns:ap-northeast-1:058898200941:spotinstance-interruption-test-dev-spot-interruption-topic:52bfb553-8f20-4ce0-b4c6-0ba25bc3161e",
            "confirmation_timeout_in_minutes": 5,
            "confirmation_was_authenticated": false,
            "delivery_policy": "",
            "endpoint": "naoki.1121.hit.and.run48@gmail.com",
            "endpoint_auto_confirms": false,
            "filter_policy": "",
            "id": "arn:aws:sns:ap-northeast-1:058898200941:spotinstance-interruption-test-dev-spot-interruption-topic:52bfb553-8f20-4ce0-b4c6-0ba25bc3161e",
            "owner_id": "058898200941",
            "pending_confirmation": false,
            "protocol": "email",
            "raw_message_delivery": false,
            "redrive_policy": "",
            "subscription_role_arn": "",
            "topic_arn": "arn:aws:sns:ap-northeast-1:058898200941:spotinstance-interruption-test-dev-spot-interruption-topic"
          },
          "sensitive_attributes": [],
          "private": "bnVsbA==",
          "dependencies": [
            "module.spot_interruption_notice.aws_sns_topic.topic"
          ]
        }
      ]
    }
  ],
  "check_results": null
}
