{
  "version": 4,
  "terraform_version": "1.11.4",
  "serial": 4487,
  "lineage": "6c44888d-3af1-53e1-2ecf-5ae8f27c0a53",
  "outputs": {},
  "resources": [
    {
      "mode": "managed",
      "type": "aws_key_pair",
      "name": "frankfurt",
      "provider": "provider[\"registry.terraform.io/hashicorp/aws\"].euc1",
      "instances": [
        {
          "schema_version": 1,
          "attributes": {
            "arn": "arn:aws:ec2:eu-central-1:058898200941:key-pair/multi-region-spot-dev-keypair",
            "fingerprint": "75:88:b5:8c:fd:96:bb:6f:37:1a:2c:d4:dd:92:db:dd",
            "id": "multi-region-spot-dev-keypair",
            "key_name": "multi-region-spot-dev-keypair",
            "key_name_prefix": "",
            "key_pair_id": "key-0896345511d733b2f",
            "key_type": "rsa",
            "public_key": "ssh-rsa AAAAB3NzaC1yc2EAAAADAQABAAABAQDSON7bo8vQSsxw1EvAqmVVBC4ZFJCHqCDRsmO8UiVJyhxgRQ79B112MRKjw9SUqoTNMUB/gL0aVuxHQz9GVFwNN335kXLAcSLKbyQq4/eet5An5HHXFyYz/tWmTGn0O/0A3E5BkKLc3LVsTSM2PBBXhbWSnZEOgB+CTlX9+TP8X54oIqenXs1h36CZxvBCuyzJ65+sdaIdzyadTiM0r9HPQOL1jOg+2wc/5Px0seHNTPUY5qMts85gPbJogaHNzdshsulnTo7xxaZHV+SlqmSZlFkkIEMDYdUpJhVYT/23slFsEoi5hPe5JLX5bami6vE+ChS/FjXjR4bBh5F1/q3Z naoki@surface-naoki",
            "region": "eu-central-1",
            "tags": null,
            "tags_all": {}
          },
          "sensitive_attributes": [],
          "private": "eyJzY2hlbWFfdmVyc2lvbiI6IjEifQ=="
        }
      ]
    },
    {
      "mode": "managed",
      "type": "aws_key_pair",
      "name": "korea",
      "provider": "provider[\"registry.terraform.io/hashicorp/aws\"].apne2",
      "instances": [
        {
          "schema_version": 1,
          "attributes": {
            "arn": "arn:aws:ec2:ap-northeast-2:058898200941:key-pair/multi-region-spot-dev-keypair",
            "fingerprint": "75:88:b5:8c:fd:96:bb:6f:37:1a:2c:d4:dd:92:db:dd",
            "id": "multi-region-spot-dev-keypair",
            "key_name": "multi-region-spot-dev-keypair",
            "key_name_prefix": "",
            "key_pair_id": "key-079f7b2c56e64ddc6",
            "key_type": "rsa",
            "public_key": "ssh-rsa AAAAB3NzaC1yc2EAAAADAQABAAABAQDSON7bo8vQSsxw1EvAqmVVBC4ZFJCHqCDRsmO8UiVJyhxgRQ79B112MRKjw9SUqoTNMUB/gL0aVuxHQz9GVFwNN335kXLAcSLKbyQq4/eet5An5HHXFyYz/tWmTGn0O/0A3E5BkKLc3LVsTSM2PBBXhbWSnZEOgB+CTlX9+TP8X54oIqenXs1h36CZxvBCuyzJ65+sdaIdzyadTiM0r9HPQOL1jOg+2wc/5Px0seHNTPUY5qMts85gPbJogaHNzdshsulnTo7xxaZHV+SlqmSZlFkkIEMDYdUpJhVYT/23slFsEoi5hPe5JLX5bami6vE+ChS/FjXjR4bBh5F1/q3Z naoki@surface-naoki",
            "region": "ap-northeast-2",
            "tags": null,
            "tags_all": {}
          },
          "sensitive_attributes": [],
          "private": "eyJzY2hlbWFfdmVyc2lvbiI6IjEifQ=="
        }
      ]
    },
    {
      "mode": "managed",
      "type": "aws_key_pair",
      "name": "oregon",
      "provider": "provider[\"registry.terraform.io/hashicorp/aws\"].usw2",
      "instances": [
        {
          "schema_version": 1,
          "attributes": {
            "arn": "arn:aws:ec2:us-west-2:058898200941:key-pair/multi-region-spot-dev-keypair",
            "fingerprint": "75:88:b5:8c:fd:96:bb:6f:37:1a:2c:d4:dd:92:db:dd",
            "id": "multi-region-spot-dev-keypair",
            "key_name": "multi-region-spot-dev-keypair",
            "key_name_prefix": "",
            "key_pair_id": "key-053abd00f2893538c",
            "key_type": "rsa",
            "public_key": "ssh-rsa AAAAB3NzaC1yc2EAAAADAQABAAABAQDSON7bo8vQSsxw1EvAqmVVBC4ZFJCHqCDRsmO8UiVJyhxgRQ79B112MRKjw9SUqoTNMUB/gL0aVuxHQz9GVFwNN335kXLAcSLKbyQq4/eet5An5HHXFyYz/tWmTGn0O/0A3E5BkKLc3LVsTSM2PBBXhbWSnZEOgB+CTlX9+TP8X54oIqenXs1h36CZxvBCuyzJ65+sdaIdzyadTiM0r9HPQOL1jOg+2wc/5Px0seHNTPUY5qMts85gPbJogaHNzdshsulnTo7xxaZHV+SlqmSZlFkkIEMDYdUpJhVYT/23slFsEoi5hPe5JLX5bami6vE+ChS/FjXjR4bBh5F1/q3Z naoki@surface-naoki",
            "region": "us-west-2",
            "tags": null,
            "tags_all": {}
          },
          "sensitive_attributes": [],
          "private": "eyJzY2hlbWFfdmVyc2lvbiI6IjEifQ=="
        }
      ]
    },
    {
      "mode": "managed",
      "type": "aws_key_pair",
      "name": "tokyo",
      "provider": "provider[\"registry.terraform.io/hashicorp/aws\"]",
      "instances": [
        {
          "schema_version": 1,
          "attributes": {
            "arn": "arn:aws:ec2:ap-northeast-1:058898200941:key-pair/multi-region-spot-dev-keypair",
            "fingerprint": "75:88:b5:8c:fd:96:bb:6f:37:1a:2c:d4:dd:92:db:dd",
            "id": "multi-region-spot-dev-keypair",
            "key_name": "multi-region-spot-dev-keypair",
            "key_name_prefix": "",
            "key_pair_id": "key-0775fe5eb2f5b1ccd",
            "key_type": "rsa",
            "public_key": "ssh-rsa AAAAB3NzaC1yc2EAAAADAQABAAABAQDSON7bo8vQSsxw1EvAqmVVBC4ZFJCHqCDRsmO8UiVJyhxgRQ79B112MRKjw9SUqoTNMUB/gL0aVuxHQz9GVFwNN335kXLAcSLKbyQq4/eet5An5HHXFyYz/tWmTGn0O/0A3E5BkKLc3LVsTSM2PBBXhbWSnZEOgB+CTlX9+TP8X54oIqenXs1h36CZxvBCuyzJ65+sdaIdzyadTiM0r9HPQOL1jOg+2wc/5Px0seHNTPUY5qMts85gPbJogaHNzdshsulnTo7xxaZHV+SlqmSZlFkkIEMDYdUpJhVYT/23slFsEoi5hPe5JLX5bami6vE+ChS/FjXjR4bBh5F1/q3Z naoki@surface-naoki",
            "region": "ap-northeast-1",
            "tags": null,
            "tags_all": {}
          },
          "sensitive_attributes": [],
          "private": "eyJzY2hlbWFfdmVyc2lvbiI6IjEifQ=="
        }
      ]
    },
    {
      "mode": "managed",
      "type": "aws_key_pair",
      "name": "virginia",
      "provider": "provider[\"registry.terraform.io/hashicorp/aws\"].use1",
      "instances": [
        {
          "schema_version": 1,
          "attributes": {
            "arn": "arn:aws:ec2:us-east-1:058898200941:key-pair/multi-region-spot-dev-keypair",
            "fingerprint": "75:88:b5:8c:fd:96:bb:6f:37:1a:2c:d4:dd:92:db:dd",
            "id": "multi-region-spot-dev-keypair",
            "key_name": "multi-region-spot-dev-keypair",
            "key_name_prefix": "",
            "key_pair_id": "key-0bb7d249582a47bbb",
            "key_type": "rsa",
            "public_key": "ssh-rsa AAAAB3NzaC1yc2EAAAADAQABAAABAQDSON7bo8vQSsxw1EvAqmVVBC4ZFJCHqCDRsmO8UiVJyhxgRQ79B112MRKjw9SUqoTNMUB/gL0aVuxHQz9GVFwNN335kXLAcSLKbyQq4/eet5An5HHXFyYz/tWmTGn0O/0A3E5BkKLc3LVsTSM2PBBXhbWSnZEOgB+CTlX9+TP8X54oIqenXs1h36CZxvBCuyzJ65+sdaIdzyadTiM0r9HPQOL1jOg+2wc/5Px0seHNTPUY5qMts85gPbJogaHNzdshsulnTo7xxaZHV+SlqmSZlFkkIEMDYdUpJhVYT/23slFsEoi5hPe5JLX5bami6vE+ChS/FjXjR4bBh5F1/q3Z naoki@surface-naoki",
            "region": "us-east-1",
            "tags": null,
            "tags_all": {}
          },
          "sensitive_attributes": [],
          "private": "eyJzY2hlbWFfdmVyc2lvbiI6IjEifQ=="
        }
      ]
    },
    {
      "module": "module.event_bridge",
      "mode": "data",
      "type": "aws_iam_policy_document",
      "name": "sns_topic_policy",
      "provider": "provider[\"registry.terraform.io/hashicorp/aws\"]",
      "instances": [
        {
          "schema_version": 0,
          "attributes": {
            "id": "2664651463",
            "json": "{\n  \"Version\": \"2012-10-17\",\n  \"Statement\": [\n    {\n      \"Effect\": \"Allow\",\n      \"Action\": \"SNS:Publish\",\n      \"Resource\": \"arn:aws:sns:ap-northeast-1:058898200941:multi-region-spot-dev-spot-interruption-topic\",\n      \"Principal\": {\n        \"Service\": \"events.amazonaws.com\"\n      }\n    }\n  ]\n}",
            "minified_json": "{\"Version\":\"2012-10-17\",\"Statement\":[{\"Effect\":\"Allow\",\"Action\":\"SNS:Publish\",\"Resource\":\"arn:aws:sns:ap-northeast-1:058898200941:multi-region-spot-dev-spot-interruption-topic\",\"Principal\":{\"Service\":\"events.amazonaws.com\"}}]}",
            "override_json": null,
            "override_policy_documents": null,
            "policy_id": null,
            "source_json": null,
            "source_policy_documents": null,
            "statement": [
              {
                "actions": [
                  "SNS:Publish"
                ],
                "condition": [],
                "effect": "Allow",
                "not_actions": [],
                "not_principals": [],
                "not_resources": [],
                "principals": [
                  {
                    "identifiers": [
                      "events.amazonaws.com"
                    ],
                    "type": "Service"
                  }
                ],
                "resources": [
                  "arn:aws:sns:ap-northeast-1:058898200941:multi-region-spot-dev-spot-interruption-topic"
                ],
                "sid": ""
              }
            ],
            "version": "2012-10-17"
          },
          "sensitive_attributes": []
        }
      ]
    },
    {
      "module": "module.event_bridge",
      "mode": "managed",
      "type": "aws_cloudwatch_event_bus",
      "name": "central",
      "provider": "provider[\"registry.terraform.io/hashicorp/aws\"]",
      "instances": [
        {
          "schema_version": 0,
          "attributes": {
            "arn": "arn:aws:events:ap-northeast-1:058898200941:event-bus/central-spot-events",
            "dead_letter_config": [],
            "description": "",
            "event_source_name": null,
            "id": "central-spot-events",
            "kms_key_identifier": "",
            "log_config": [],
            "name": "central-spot-events",
            "region": "ap-northeast-1",
            "tags": null,
            "tags_all": {}
          },
          "sensitive_attributes": [],
          "private": "bnVsbA=="
        }
      ]
    },
    {
      "module": "module.event_bridge",
      "mode": "managed",
      "type": "aws_cloudwatch_event_bus_policy",
      "name": "allow_put_from_regions",
      "provider": "provider[\"registry.terraform.io/hashicorp/aws\"]",
      "instances": [
        {
          "schema_version": 0,
          "attributes": {
            "event_bus_name": "central-spot-events",
            "id": "central-spot-events",
            "policy": "{\"Statement\":[{\"Action\":\"events:PutEvents\",\"Effect\":\"Allow\",\"Principal\":{\"AWS\":\"*\"},\"Resource\":\"arn:aws:events:ap-northeast-1:058898200941:event-bus/central-spot-events\",\"Sid\":\"AllowPutEventsFromSameAccount\"}],\"Version\":\"2012-10-17\"}",
            "region": "ap-northeast-1"
          },
          "sensitive_attributes": [],
          "private": "bnVsbA==",
          "dependencies": [
            "module.event_bridge.aws_cloudwatch_event_bus.central"
          ]
        }
      ]
    },
    {
      "module": "module.event_bridge",
      "mode": "managed",
      "type": "aws_cloudwatch_event_rule",
      "name": "central_rule",
      "provider": "provider[\"registry.terraform.io/hashicorp/aws\"]",
      "instances": [
        {
          "schema_version": 1,
          "attributes": {
            "arn": "arn:aws:events:ap-northeast-1:058898200941:rule/central-spot-events/spot-interruption-central",
            "description": "",
            "event_bus_name": "central-spot-events",
            "event_pattern": "{\"detail-type\":[\"EC2 Spot Instance Interruption Warning\"],\"source\":[\"aws.ec2\"]}",
            "force_destroy": false,
            "id": "central-spot-events/spot-interruption-central",
            "is_enabled": true,
            "name": "spot-interruption-central",
            "name_prefix": "",
            "region": "ap-northeast-1",
            "role_arn": "",
            "schedule_expression": "",
            "state": "ENABLED",
            "tags": null,
            "tags_all": {}
          },
          "sensitive_attributes": [],
          "private": "eyJzY2hlbWFfdmVyc2lvbiI6IjEifQ==",
          "dependencies": [
            "module.event_bridge.aws_cloudwatch_event_bus.central"
          ]
        }
      ]
    },
    {
      "module": "module.event_bridge",
      "mode": "managed",
      "type": "aws_cloudwatch_event_rule",
      "name": "daily_boot_spot",
      "provider": "provider[\"registry.terraform.io/hashicorp/aws\"]",
      "instances": [
        {
          "schema_version": 1,
          "attributes": {
            "arn": "arn:aws:events:ap-northeast-1:058898200941:rule/multi-region-spot-dev-daily-boot-spot",
            "description": "Run boot_spot every day at 9:00 JST",
            "event_bus_name": "default",
            "event_pattern": null,
            "force_destroy": false,
            "id": "multi-region-spot-dev-daily-boot-spot",
            "is_enabled": true,
            "name": "multi-region-spot-dev-daily-boot-spot",
            "name_prefix": "",
            "region": "ap-northeast-1",
            "role_arn": "",
            "schedule_expression": "cron(0 0 * * ? *)",
            "state": "ENABLED",
            "tags": null,
            "tags_all": {}
          },
          "sensitive_attributes": [],
          "private": "eyJzY2hlbWFfdmVyc2lvbiI6IjEifQ=="
        }
      ]
    },
    {
      "module": "module.event_bridge",
      "mode": "managed",
      "type": "aws_cloudwatch_event_target",
      "name": "central_lambda",
      "provider": "provider[\"registry.terraform.io/hashicorp/aws\"]",
      "instances": [
        {
          "schema_version": 1,
          "attributes": {
            "appsync_target": [],
            "arn": "arn:aws:lambda:ap-northeast-1:058898200941:function:multi-region-spot-dev-boot-spot",
            "batch_target": [],
            "dead_letter_config": [],
            "ecs_target": [],
            "event_bus_name": "central-spot-events",
            "force_destroy": false,
            "http_target": [],
            "id": "central-spot-events-spot-interruption-central-terraform-20260105115232376800000005",
            "input": "",
            "input_path": "",
            "input_transformer": [],
            "kinesis_target": [],
            "redshift_target": [],
            "region": "ap-northeast-1",
            "retry_policy": [],
            "role_arn": "",
            "rule": "spot-interruption-central",
            "run_command_targets": [],
            "sagemaker_pipeline_target": [],
            "sqs_target": [],
            "target_id": "terraform-20260105115232376800000005"
          },
          "sensitive_attributes": [],
          "private": "eyJzY2hlbWFfdmVyc2lvbiI6IjEifQ==",
          "dependencies": [
            "aws_key_pair.frankfurt",
            "aws_key_pair.korea",
            "aws_key_pair.oregon",
            "aws_key_pair.tokyo",
            "aws_key_pair.virginia",
            "module.event_bridge.aws_cloudwatch_event_bus.central",
            "module.event_bridge.aws_cloudwatch_event_rule.central_rule",
            "module.event_bridge.aws_iam_role.lambda_role",
            "module.event_bridge.aws_lambda_function.boot_spot",
            "module.network_frankfurt.aws_subnet.public_subnet_1",
            "module.network_frankfurt.aws_vpc.vpc",
            "module.network_korea.aws_subnet.public_subnet_1",
            "module.network_korea.aws_vpc.vpc",
            "module.network_oregon.aws_subnet.public_subnet_1",
            "module.network_oregon.aws_vpc.vpc",
            "module.network_tokyo.aws_subnet.public_subnet_1",
            "module.network_tokyo.aws_vpc.vpc",
            "module.network_virginia.aws_subnet.public_subnet_1",
            "module.network_virginia.aws_vpc.vpc",
            "module.security_frankfurt.aws_security_group.db_sg",
            "module.security_korea.aws_security_group.db_sg",
            "module.security_oregon.aws_security_group.db_sg",
            "module.security_tokyo.aws_security_group.db_sg",
            "module.security_virginia.aws_security_group.db_sg"
          ]
        }
      ]
    },
    {
      "module": "module.event_bridge",
      "mode": "managed",
      "type": "aws_cloudwatch_event_target",
      "name": "daily_boot_spot_target",
      "provider": "provider[\"registry.terraform.io/hashicorp/aws\"]",
      "instances": [
        {
          "schema_version": 1,
          "attributes": {
            "appsync_target": [],
            "arn": "arn:aws:lambda:ap-northeast-1:058898200941:function:multi-region-spot-dev-boot-spot",
            "batch_target": [],
            "dead_letter_config": [],
            "ecs_target": [],
            "event_bus_name": "default",
            "force_destroy": false,
            "http_target": [],
            "id": "multi-region-spot-dev-daily-boot-spot-DailyBootSpotLambda",
            "input": "",
            "input_path": "",
            "input_transformer": [],
            "kinesis_target": [],
            "redshift_target": [],
            "region": "ap-northeast-1",
            "retry_policy": [],
            "role_arn": "",
            "rule": "multi-region-spot-dev-daily-boot-spot",
            "run_command_targets": [],
            "sagemaker_pipeline_target": [],
            "sqs_target": [],
            "target_id": "DailyBootSpotLambda"
          },
          "sensitive_attributes": [],
          "private": "eyJzY2hlbWFfdmVyc2lvbiI6IjEifQ==",
          "dependencies": [
            "aws_key_pair.frankfurt",
            "aws_key_pair.korea",
            "aws_key_pair.oregon",
            "aws_key_pair.tokyo",
            "aws_key_pair.virginia",
            "module.event_bridge.aws_cloudwatch_event_rule.daily_boot_spot",
            "module.event_bridge.aws_iam_role.lambda_role",
            "module.event_bridge.aws_lambda_function.boot_spot",
            "module.network_frankfurt.aws_subnet.public_subnet_1",
            "module.network_frankfurt.aws_vpc.vpc",
            "module.network_korea.aws_subnet.public_subnet_1",
            "module.network_korea.aws_vpc.vpc",
            "module.network_oregon.aws_subnet.public_subnet_1",
            "module.network_oregon.aws_vpc.vpc",
            "module.network_tokyo.aws_subnet.public_subnet_1",
            "module.network_tokyo.aws_vpc.vpc",
            "module.network_virginia.aws_subnet.public_subnet_1",
            "module.network_virginia.aws_vpc.vpc",
            "module.security_frankfurt.aws_security_group.db_sg",
            "module.security_korea.aws_security_group.db_sg",
            "module.security_oregon.aws_security_group.db_sg",
            "module.security_tokyo.aws_security_group.db_sg",
            "module.security_virginia.aws_security_group.db_sg"
          ]
        }
      ]
    },
    {
      "module": "module.event_bridge",
      "mode": "managed",
      "type": "aws_cloudwatch_event_target",
      "name": "sns",
      "provider": "provider[\"registry.terraform.io/hashicorp/aws\"]",
      "instances": [
        {
          "schema_version": 1,
          "attributes": {
            "appsync_target": [],
            "arn": "arn:aws:sns:ap-northeast-1:058898200941:multi-region-spot-dev-spot-interruption-topic",
            "batch_target": [],
            "dead_letter_config": [],
            "ecs_target": [],
            "event_bus_name": "default",
            "force_destroy": false,
            "http_target": [],
            "id": "multi-region-spot-dev-daily-boot-spot-terraform-20260105115151882300000001",
            "input": "",
            "input_path": "",
            "input_transformer": [],
            "kinesis_target": [],
            "redshift_target": [],
            "region": "ap-northeast-1",
            "retry_policy": [],
            "role_arn": "",
            "rule": "multi-region-spot-dev-daily-boot-spot",
            "run_command_targets": [],
            "sagemaker_pipeline_target": [],
            "sqs_target": [],
            "target_id": "terraform-20260105115151882300000001"
          },
          "sensitive_attributes": [],
          "private": "eyJzY2hlbWFfdmVyc2lvbiI6IjEifQ==",
          "dependencies": [
            "module.event_bridge.aws_cloudwatch_event_rule.daily_boot_spot",
            "module.event_bridge.aws_sns_topic.topic"
          ]
        }
      ]
    },
    {
      "module": "module.event_bridge",
      "mode": "managed",
      "type": "aws_cloudwatch_log_group",
      "name": "spot_log_group",
      "provider": "provider[\"registry.terraform.io/hashicorp/aws\"]",
      "instances": [
        {
          "schema_version": 0,
          "attributes": {
            "arn": "arn:aws:logs:ap-northeast-1:058898200941:log-group:/fis/logs/",
            "deletion_protection_enabled": false,
            "id": "/fis/logs/",
            "kms_key_id": "",
            "log_group_class": "STANDARD",
            "name": "/fis/logs/",
            "name_prefix": "",
            "region": "ap-northeast-1",
            "retention_in_days": 1,
            "skip_destroy": false,
            "tags": null,
            "tags_all": {}
          },
          "sensitive_attributes": [],
          "private": "bnVsbA=="
        }
      ]
    },
    {
      "module": "module.event_bridge",
      "mode": "managed",
      "type": "aws_iam_role",
      "name": "eventbridge_putevents_local",
      "provider": "provider[\"registry.terraform.io/hashicorp/aws\"]",
      "instances": [
        {
          "schema_version": 0,
          "attributes": {
            "arn": "arn:aws:iam::058898200941:role/dev-multi-region-spot-eventbridge-putevents-central",
            "assume_role_policy": "{\"Statement\":[{\"Action\":\"sts:AssumeRole\",\"Effect\":\"Allow\",\"Principal\":{\"Service\":\"events.amazonaws.com\"}}],\"Version\":\"2012-10-17\"}",
            "create_date": "2026-01-05T11:51:50Z",
            "description": "",
            "force_detach_policies": false,
            "id": "dev-multi-region-spot-eventbridge-putevents-central",
            "inline_policy": [],
            "managed_policy_arns": [],
            "max_session_duration": 3600,
            "name": "dev-multi-region-spot-eventbridge-putevents-central",
            "name_prefix": "",
            "path": "/",
            "permissions_boundary": "",
            "tags": null,
            "tags_all": {},
            "unique_id": "AROAQ3NU3HFWQ72IEXCC4"
          },
          "sensitive_attributes": [],
          "private": "bnVsbA=="
        }
      ]
    },
    {
      "module": "module.event_bridge",
      "mode": "managed",
      "type": "aws_iam_role",
      "name": "fis_role",
      "provider": "provider[\"registry.terraform.io/hashicorp/aws\"]",
      "instances": [
        {
          "schema_version": 0,
          "attributes": {
            "arn": "arn:aws:iam::058898200941:role/multi-region-spot-dev-fis-role",
            "assume_role_policy": "{\"Statement\":[{\"Action\":\"sts:AssumeRole\",\"Effect\":\"Allow\",\"Principal\":{\"Service\":\"fis.amazonaws.com\"}}],\"Version\":\"2012-10-17\"}",
            "create_date": "2026-01-05T11:51:50Z",
            "description": "",
            "force_detach_policies": false,
            "id": "multi-region-spot-dev-fis-role",
            "inline_policy": [],
            "managed_policy_arns": [],
            "max_session_duration": 3600,
            "name": "multi-region-spot-dev-fis-role",
            "name_prefix": "",
            "path": "/",
            "permissions_boundary": "",
            "tags": null,
            "tags_all": {},
            "unique_id": "AROAQ3NU3HFW4ELE33Q7E"
          },
          "sensitive_attributes": [],
          "private": "bnVsbA=="
        }
      ]
    },
    {
      "module": "module.event_bridge",
      "mode": "managed",
      "type": "aws_iam_role",
      "name": "lambda_role",
      "provider": "provider[\"registry.terraform.io/hashicorp/aws\"]",
      "instances": [
        {
          "schema_version": 0,
          "attributes": {
            "arn": "arn:aws:iam::058898200941:role/multi-region-spot-dev-lambda-role",
            "assume_role_policy": "{\"Statement\":[{\"Action\":\"sts:AssumeRole\",\"Effect\":\"Allow\",\"Principal\":{\"Service\":\"lambda.amazonaws.com\"}}],\"Version\":\"2012-10-17\"}",
            "create_date": "2026-01-05T11:51:50Z",
            "description": "",
            "force_detach_policies": false,
            "id": "multi-region-spot-dev-lambda-role",
            "inline_policy": [],
            "managed_policy_arns": [],
            "max_session_duration": 3600,
            "name": "multi-region-spot-dev-lambda-role",
            "name_prefix": "",
            "path": "/",
            "permissions_boundary": "",
            "tags": null,
            "tags_all": {},
            "unique_id": "AROAQ3NU3HFWZOVRTAEHE"
          },
          "sensitive_attributes": [],
          "private": "bnVsbA=="
        }
      ]
    },
    {
      "module": "module.event_bridge",
      "mode": "managed",
      "type": "aws_iam_role_policy",
      "name": "lambda_policy",
      "provider": "provider[\"registry.terraform.io/hashicorp/aws\"]",
      "instances": [
        {
          "schema_version": 0,
          "attributes": {
            "id": "multi-region-spot-dev-lambda-role:multi-region-spot-dev-lambda-policy",
            "name": "multi-region-spot-dev-lambda-policy",
            "name_prefix": "",
            "policy": "{\"Version\":\"2012-10-17\",\"Statement\":[{\"Action\":[\"ec2:RunInstances\",\"ec2:CreateTags\",\"ec2:DescribeInstances\",\"ec2:DetachVolume\",\"ec2:AttachVolume\",\"ec2:StartInstances\",\"ec2:StopInstances\",\"ec2:DescribeVolumes\",\"ec2:DescribeVolumeStatus\",\"ec2:DescribeImages\",\"ec2:DescribeSubnets\",\"ec2:DescribeSecurityGroups\",\"ec2:CopyImage\",\"ec2:RegisterImage\",\"ec2:GetSpotPlacementScores\",\"logs:CreateLogGroup\",\"logs:CreateLogStream\",\"logs:PutLogEvents\",\"logs:DescribeLogStreams\",\"ssm:GetParameter\",\"s3:GetObject\",\"iam:PassRole\",\"s3:PutObject\",\"s3:PutObjectAcl\",\"cloudwatch:PutMetricData\"],\"Effect\":\"Allow\",\"Resource\":\"*\"},{\"Action\":[\"logs:CreateLogGroup\",\"logs:CreateLogStream\",\"logs:PutLogEvents\"],\"Effect\":\"Allow\",\"Resource\":\"*\"},{\"Action\":[\"s3:GetObject\"],\"Effect\":\"Allow\",\"Resource\":\"*\"},{\"Action\":[\"ssm:GetParameter\",\"ssm:GetParameters\",\"ssm:DescribeParameters\",\"kms:Decrypt\"],\"Effect\":\"Allow\",\"Resource\":\"*\"}]}",
            "role": "multi-region-spot-dev-lambda-role"
          },
          "sensitive_attributes": [],
          "private": "bnVsbA==",
          "dependencies": [
            "module.event_bridge.aws_iam_role.lambda_role"
          ]
        }
      ]
    },
    {
      "module": "module.event_bridge",
      "mode": "managed",
      "type": "aws_iam_role_policy",
      "name": "putevents_policy",
      "provider": "provider[\"registry.terraform.io/hashicorp/aws\"]",
      "instances": [
        {
          "schema_version": 0,
          "attributes": {
            "id": "dev-multi-region-spot-eventbridge-putevents-central:terraform-20260105115153215900000002",
            "name": "terraform-20260105115153215900000002",
            "name_prefix": "terraform-",
            "policy": "{\"Version\":\"2012-10-17\",\"Statement\":[{\"Action\":\"events:PutEvents\",\"Effect\":\"Allow\",\"Resource\":\"arn:aws:events:ap-northeast-1:058898200941:event-bus/central-spot-events\"}]}",
            "role": "dev-multi-region-spot-eventbridge-putevents-central"
          },
          "sensitive_attributes": [],
          "private": "bnVsbA==",
          "dependencies": [
            "module.event_bridge.aws_cloudwatch_event_bus.central",
            "module.event_bridge.aws_iam_role.eventbridge_putevents_local"
          ]
        }
      ]
    },
    {
      "module": "module.event_bridge",
      "mode": "managed",
      "type": "aws_iam_role_policy_attachment",
      "name": "FIS-Logs-policy-attachment",
      "provider": "provider[\"registry.terraform.io/hashicorp/aws\"]",
      "instances": [
        {
          "schema_version": 0,
          "attributes": {
            "id": "multi-region-spot-dev-fis-role/arn:aws:iam::aws:policy/CloudWatchLogsFullAccess",
            "policy_arn": "arn:aws:iam::aws:policy/CloudWatchLogsFullAccess",
            "role": "multi-region-spot-dev-fis-role"
          },
          "sensitive_attributes": [],
          "private": "bnVsbA==",
          "dependencies": [
            "module.event_bridge.aws_iam_role.fis_role"
          ]
        }
      ]
    },
    {
      "module": "module.event_bridge",
      "mode": "managed",
      "type": "aws_iam_role_policy_attachment",
      "name": "FIS-policy-attachment",
      "provider": "provider[\"registry.terraform.io/hashicorp/aws\"]",
      "instances": [
        {
          "schema_version": 0,
          "attributes": {
            "id": "multi-region-spot-dev-fis-role/arn:aws:iam::aws:policy/service-role/AWSFaultInjectionSimulatorEC2Access",
            "policy_arn": "arn:aws:iam::aws:policy/service-role/AWSFaultInjectionSimulatorEC2Access",
            "role": "multi-region-spot-dev-fis-role"
          },
          "sensitive_attributes": [],
          "private": "bnVsbA==",
          "dependencies": [
            "module.event_bridge.aws_iam_role.fis_role"
          ]
        }
      ]
    },
    {
      "module": "module.event_bridge",
      "mode": "managed",
      "type": "aws_lambda_function",
      "name": "boot_spot",
      "provider": "provider[\"registry.terraform.io/hashicorp/aws\"]",
      "instances": [
        {
          "schema_version": 0,
          "attributes": {
            "architectures": [
              "x86_64"
            ],
            "arn": "arn:aws:lambda:ap-northeast-1:058898200941:function:multi-region-spot-dev-boot-spot",
            "capacity_provider_config": [],
            "code_sha256": "Badnq5oUb63MoDVuXcKDKNt3S50XMhoF8Wx325UNHnY=",
            "code_signing_config_arn": "",
            "dead_letter_config": [],
            "description": "",
            "durable_config": [],
            "environment": [
              {
                "variables": {
                  "KEYNAME_MAP": "{\"ap-northeast-1\":\"multi-region-spot-dev-keypair\",\"ap-northeast-2\":\"multi-region-spot-dev-keypair\",\"eu-central-1\":\"multi-region-spot-dev-keypair\",\"us-east-1\":\"multi-region-spot-dev-keypair\",\"us-west-2\":\"multi-region-spot-dev-keypair\"}",
                  "NETWORK_MAP": "{\"ap-northeast-1\":{\"subnet_id\":\"subnet-0cba420eb7fe2d481\",\"vpc_id\":\"vpc-0f10b5c11825e4113\"},\"ap-northeast-2\":{\"subnet_id\":\"subnet-0de8a21d29510faa8\",\"vpc_id\":\"vpc-0298c02d50cd5f258\"},\"eu-central-1\":{\"subnet_id\":\"subnet-0c5d2d93b4f0ae8b7\",\"vpc_id\":\"vpc-091bb7eda63812b86\"},\"us-east-1\":{\"subnet_id\":\"subnet-06b7f9fc759c38c48\",\"vpc_id\":\"vpc-00a916704e52f2425\"},\"us-west-2\":{\"subnet_id\":\"subnet-0a14ec24f35219386\",\"vpc_id\":\"vpc-07cc01187f42d45bf\"}}",
                  "S3_DATA_PATH": "s3://dev-multi-region-spot-data-source/data_source/employee_data.csv",
                  "SECURITY_GROUP_MAP": "{\"ap-northeast-1\":\"sg-0778f94d813199c65\",\"ap-northeast-2\":\"sg-0a386ba3ca10b75bf\",\"eu-central-1\":\"sg-029427f4d7c94ee6e\",\"us-east-1\":\"sg-0720d96b9ca8349c8\",\"us-west-2\":\"sg-0dc5ab39f9d99b17b\"}",
                  "SUBNETID": "subnet-0cba420eb7fe2d481"
                }
              }
            ],
            "ephemeral_storage": [
              {
                "size": 512
              }
            ],
            "file_system_config": [],
            "filename": null,
            "function_name": "multi-region-spot-dev-boot-spot",
            "handler": "boot_spot.lambda_handler",
            "id": "multi-region-spot-dev-boot-spot",
            "image_config": [],
            "image_uri": "",
            "invoke_arn": "arn:aws:apigateway:ap-northeast-1:lambda:path/2015-03-31/functions/arn:aws:lambda:ap-northeast-1:058898200941:function:multi-region-spot-dev-boot-spot/invocations",
            "kms_key_arn": "",
            "last_modified": "2026-01-05T11:52:26.302+0000",
            "layers": [
              "arn:aws:lambda:ap-northeast-1:058898200941:layer:paramiko-layer:5"
            ],
            "logging_config": [
              {
                "application_log_level": "",
                "log_format": "Text",
                "log_group": "/aws/lambda/multi-region-spot-dev-boot-spot",
                "system_log_level": ""
              }
            ],
            "memory_size": 128,
            "package_type": "Zip",
            "publish": false,
            "publish_to": null,
            "qualified_arn": "arn:aws:lambda:ap-northeast-1:058898200941:function:multi-region-spot-dev-boot-spot:$LATEST",
            "qualified_invoke_arn": "arn:aws:apigateway:ap-northeast-1:lambda:path/2015-03-31/functions/arn:aws:lambda:ap-northeast-1:058898200941:function:multi-region-spot-dev-boot-spot:$LATEST/invocations",
            "region": "ap-northeast-1",
            "replace_security_groups_on_destroy": null,
            "replacement_security_group_ids": null,
            "reserved_concurrent_executions": -1,
            "role": "arn:aws:iam::058898200941:role/multi-region-spot-dev-lambda-role",
            "runtime": "python3.9",
            "s3_bucket": "dev-multi-region-spot-lambda-source",
            "s3_key": "lambda_source/boot_spot.zip",
            "s3_object_version": null,
            "signing_job_arn": "",
            "signing_profile_version_arn": "",
            "skip_destroy": false,
            "snap_start": [],
            "source_code_hash": "",
            "source_code_size": 5365,
            "source_kms_key_arn": "",
            "tags": {
              "Env": "dev",
              "Name": "multi-region-spot-dev-lambda",
              "Project": "multi-region-spot"
            },
            "tags_all": {
              "Env": "dev",
              "Name": "multi-region-spot-dev-lambda",
              "Project": "multi-region-spot"
            },
            "tenancy_config": [],
            "timeout": 120,
            "timeouts": null,
            "tracing_config": [
              {
                "mode": "PassThrough"
              }
            ],
            "version": "$LATEST",
            "vpc_config": []
          },
          "sensitive_attributes": [],
          "private": "eyJlMmJmYjczMC1lY2FhLTExZTYtOGY4OC0zNDM2M2JjN2M0YzAiOnsiY3JlYXRlIjo2MDAwMDAwMDAwMDAsImRlbGV0ZSI6NjAwMDAwMDAwMDAwLCJ1cGRhdGUiOjYwMDAwMDAwMDAwMH19",
          "dependencies": [
            "aws_key_pair.frankfurt",
            "aws_key_pair.korea",
            "aws_key_pair.oregon",
            "aws_key_pair.tokyo",
            "aws_key_pair.virginia",
            "module.event_bridge.aws_iam_role.lambda_role",
            "module.network_frankfurt.aws_subnet.public_subnet_1",
            "module.network_frankfurt.aws_vpc.vpc",
            "module.network_korea.aws_subnet.public_subnet_1",
            "module.network_korea.aws_vpc.vpc",
            "module.network_oregon.aws_subnet.public_subnet_1",
            "module.network_oregon.aws_vpc.vpc",
            "module.network_tokyo.aws_subnet.public_subnet_1",
            "module.network_tokyo.aws_vpc.vpc",
            "module.network_virginia.aws_subnet.public_subnet_1",
            "module.network_virginia.aws_vpc.vpc",
            "module.security_frankfurt.aws_security_group.db_sg",
            "module.security_korea.aws_security_group.db_sg",
            "module.security_oregon.aws_security_group.db_sg",
            "module.security_tokyo.aws_security_group.db_sg",
            "module.security_virginia.aws_security_group.db_sg"
          ]
        }
      ]
    },
    {
      "module": "module.event_bridge",
      "mode": "managed",
      "type": "aws_lambda_permission",
      "name": "allow_eventbridge_central",
      "provider": "provider[\"registry.terraform.io/hashicorp/aws\"]",
      "instances": [
        {
          "schema_version": 0,
          "attributes": {
            "action": "lambda:InvokeFunction",
            "event_source_token": null,
            "function_name": "multi-region-spot-dev-boot-spot",
            "function_url_auth_type": null,
            "id": "AllowCentralEventBus",
            "principal": "events.amazonaws.com",
            "principal_org_id": null,
            "qualifier": "",
            "region": "ap-northeast-1",
            "source_account": null,
            "source_arn": "arn:aws:events:ap-northeast-1:058898200941:rule/central-spot-events/spot-interruption-central",
            "statement_id": "AllowCentralEventBus",
            "statement_id_prefix": ""
          },
          "sensitive_attributes": [],
          "private": "bnVsbA==",
          "dependencies": [
            "aws_key_pair.frankfurt",
            "aws_key_pair.korea",
            "aws_key_pair.oregon",
            "aws_key_pair.tokyo",
            "aws_key_pair.virginia",
            "module.event_bridge.aws_cloudwatch_event_bus.central",
            "module.event_bridge.aws_cloudwatch_event_rule.central_rule",
            "module.event_bridge.aws_iam_role.lambda_role",
            "module.event_bridge.aws_lambda_function.boot_spot",
            "module.network_frankfurt.aws_subnet.public_subnet_1",
            "module.network_frankfurt.aws_vpc.vpc",
            "module.network_korea.aws_subnet.public_subnet_1",
            "module.network_korea.aws_vpc.vpc",
            "module.network_oregon.aws_subnet.public_subnet_1",
            "module.network_oregon.aws_vpc.vpc",
            "module.network_tokyo.aws_subnet.public_subnet_1",
            "module.network_tokyo.aws_vpc.vpc",
            "module.network_virginia.aws_subnet.public_subnet_1",
            "module.network_virginia.aws_vpc.vpc",
            "module.security_frankfurt.aws_security_group.db_sg",
            "module.security_korea.aws_security_group.db_sg",
            "module.security_oregon.aws_security_group.db_sg",
            "module.security_tokyo.aws_security_group.db_sg",
            "module.security_virginia.aws_security_group.db_sg"
          ]
        }
      ]
    },
    {
      "module": "module.event_bridge",
      "mode": "managed",
      "type": "aws_lambda_permission",
      "name": "allow_eventbridge_daily",
      "provider": "provider[\"registry.terraform.io/hashicorp/aws\"]",
      "instances": [
        {
          "schema_version": 0,
          "attributes": {
            "action": "lambda:InvokeFunction",
            "event_source_token": null,
            "function_name": "multi-region-spot-dev-boot-spot",
            "function_url_auth_type": null,
            "id": "AllowExecutionFromEventBridgeDaily",
            "principal": "events.amazonaws.com",
            "principal_org_id": null,
            "qualifier": "",
            "region": "ap-northeast-1",
            "source_account": null,
            "source_arn": "arn:aws:events:ap-northeast-1:058898200941:rule/multi-region-spot-dev-daily-boot-spot",
            "statement_id": "AllowExecutionFromEventBridgeDaily",
            "statement_id_prefix": ""
          },
          "sensitive_attributes": [],
          "private": "bnVsbA==",
          "dependencies": [
            "aws_key_pair.frankfurt",
            "aws_key_pair.korea",
            "aws_key_pair.oregon",
            "aws_key_pair.tokyo",
            "aws_key_pair.virginia",
            "module.event_bridge.aws_cloudwatch_event_rule.daily_boot_spot",
            "module.event_bridge.aws_iam_role.lambda_role",
            "module.event_bridge.aws_lambda_function.boot_spot",
            "module.network_frankfurt.aws_subnet.public_subnet_1",
            "module.network_frankfurt.aws_vpc.vpc",
            "module.network_korea.aws_subnet.public_subnet_1",
            "module.network_korea.aws_vpc.vpc",
            "module.network_oregon.aws_subnet.public_subnet_1",
            "module.network_oregon.aws_vpc.vpc",
            "module.network_tokyo.aws_subnet.public_subnet_1",
            "module.network_tokyo.aws_vpc.vpc",
            "module.network_virginia.aws_subnet.public_subnet_1",
            "module.network_virginia.aws_vpc.vpc",
            "module.security_frankfurt.aws_security_group.db_sg",
            "module.security_korea.aws_security_group.db_sg",
            "module.security_oregon.aws_security_group.db_sg",
            "module.security_tokyo.aws_security_group.db_sg",
            "module.security_virginia.aws_security_group.db_sg"
          ]
        }
      ]
    },
    {
      "module": "module.event_bridge",
      "mode": "managed",
      "type": "aws_sns_topic",
      "name": "topic",
      "provider": "provider[\"registry.terraform.io/hashicorp/aws\"]",
      "instances": [
        {
          "schema_version": 0,
          "attributes": {
            "application_failure_feedback_role_arn": "",
            "application_success_feedback_role_arn": "",
            "application_success_feedback_sample_rate": 0,
            "archive_policy": "",
            "arn": "arn:aws:sns:ap-northeast-1:058898200941:multi-region-spot-dev-spot-interruption-topic",
            "beginning_archive_time": "",
            "content_based_deduplication": false,
            "delivery_policy": "",
            "display_name": "",
            "fifo_throughput_scope": "",
            "fifo_topic": false,
            "firehose_failure_feedback_role_arn": "",
            "firehose_success_feedback_role_arn": "",
            "firehose_success_feedback_sample_rate": 0,
            "http_failure_feedback_role_arn": "",
            "http_success_feedback_role_arn": "",
            "http_success_feedback_sample_rate": 0,
            "id": "arn:aws:sns:ap-northeast-1:058898200941:multi-region-spot-dev-spot-interruption-topic",
            "kms_master_key_id": "",
            "lambda_failure_feedback_role_arn": "",
            "lambda_success_feedback_role_arn": "",
            "lambda_success_feedback_sample_rate": 0,
            "name": "multi-region-spot-dev-spot-interruption-topic",
            "name_prefix": "",
            "owner": "058898200941",
            "policy": "{\"Id\":\"__default_policy_ID\",\"Statement\":[{\"Action\":[\"SNS:GetTopicAttributes\",\"SNS:SetTopicAttributes\",\"SNS:AddPermission\",\"SNS:RemovePermission\",\"SNS:DeleteTopic\",\"SNS:Subscribe\",\"SNS:ListSubscriptionsByTopic\",\"SNS:Publish\"],\"Condition\":{\"StringEquals\":{\"AWS:SourceOwner\":\"058898200941\"}},\"Effect\":\"Allow\",\"Principal\":{\"AWS\":\"*\"},\"Resource\":\"arn:aws:sns:ap-northeast-1:058898200941:multi-region-spot-dev-spot-interruption-topic\",\"Sid\":\"__default_statement_ID\"}],\"Version\":\"2008-10-17\"}",
            "region": "ap-northeast-1",
            "signature_version": 0,
            "sqs_failure_feedback_role_arn": "",
            "sqs_success_feedback_role_arn": "",
            "sqs_success_feedback_sample_rate": 0,
            "tags": null,
            "tags_all": {},
            "tracing_config": ""
          },
          "sensitive_attributes": [],
          "private": "bnVsbA=="
        }
      ]
    },
    {
      "module": "module.event_bridge",
      "mode": "managed",
      "type": "aws_sns_topic_policy",
      "name": "policy",
      "provider": "provider[\"registry.terraform.io/hashicorp/aws\"]",
      "instances": [
        {
          "schema_version": 0,
          "attributes": {
            "arn": "arn:aws:sns:ap-northeast-1:058898200941:multi-region-spot-dev-spot-interruption-topic",
            "id": "arn:aws:sns:ap-northeast-1:058898200941:multi-region-spot-dev-spot-interruption-topic",
            "owner": "058898200941",
            "policy": "{\"Statement\":[{\"Action\":\"SNS:Publish\",\"Effect\":\"Allow\",\"Principal\":{\"Service\":\"events.amazonaws.com\"},\"Resource\":\"arn:aws:sns:ap-northeast-1:058898200941:multi-region-spot-dev-spot-interruption-topic\"}],\"Version\":\"2012-10-17\"}",
            "region": "ap-northeast-1"
          },
          "sensitive_attributes": [],
          "private": "bnVsbA==",
          "dependencies": [
            "module.event_bridge.aws_sns_topic.topic",
            "module.event_bridge.data.aws_iam_policy_document.sns_topic_policy"
          ]
        }
      ]
    },
    {
      "module": "module.event_bridge",
      "mode": "managed",
      "type": "aws_sns_topic_subscription",
      "name": "topic_subscription",
      "provider": "provider[\"registry.terraform.io/hashicorp/aws\"]",
      "instances": [
        {
          "schema_version": 0,
          "attributes": {
            "arn": "arn:aws:sns:ap-northeast-1:058898200941:multi-region-spot-dev-spot-interruption-topic:ce5a5841-629c-4b32-97b6-6a06f24b581a",
            "confirmation_timeout_in_minutes": 5,
            "confirmation_was_authenticated": false,
            "delivery_policy": "",
            "endpoint": "cguh1095@mail4.doshisha.ac.jp",
            "endpoint_auto_confirms": false,
            "filter_policy": "",
            "filter_policy_scope": "",
            "id": "arn:aws:sns:ap-northeast-1:058898200941:multi-region-spot-dev-spot-interruption-topic:ce5a5841-629c-4b32-97b6-6a06f24b581a",
            "owner_id": "058898200941",
            "pending_confirmation": true,
            "protocol": "email",
            "raw_message_delivery": false,
            "redrive_policy": "",
            "region": "ap-northeast-1",
            "replay_policy": "",
            "subscription_role_arn": "",
            "topic_arn": "arn:aws:sns:ap-northeast-1:058898200941:multi-region-spot-dev-spot-interruption-topic"
          },
          "sensitive_attributes": [],
          "private": "bnVsbA==",
          "dependencies": [
            "module.event_bridge.aws_sns_topic.topic"
          ]
        }
      ]
    },
    {
      "module": "module.event_bridge_frankfurt",
      "mode": "managed",
      "type": "aws_cloudwatch_event_rule",
      "name": "spot_local",
      "provider": "provider[\"registry.terraform.io/hashicorp/aws\"].euc1",
      "instances": [
        {
          "schema_version": 1,
          "attributes": {
            "arn": "arn:aws:events:eu-central-1:058898200941:rule/spot-interruption-local",
            "description": "",
            "event_bus_name": "default",
            "event_pattern": "{\"detail-type\":[\"EC2 Spot Instance Interruption Warning\"],\"source\":[\"aws.ec2\"]}",
            "force_destroy": false,
            "id": "spot-interruption-local",
            "is_enabled": true,
            "name": "spot-interruption-local",
            "name_prefix": "",
            "region": "eu-central-1",
            "role_arn": "",
            "schedule_expression": "",
            "state": "ENABLED",
            "tags": null,
            "tags_all": {}
          },
          "sensitive_attributes": [],
          "private": "eyJzY2hlbWFfdmVyc2lvbiI6IjEifQ=="
        }
      ]
    },
    {
      "module": "module.event_bridge_frankfurt",
      "mode": "managed",
      "type": "aws_cloudwatch_event_target",
      "name": "to_central_bus",
      "provider": "provider[\"registry.terraform.io/hashicorp/aws\"].euc1",
      "instances": [
        {
          "schema_version": 1,
          "attributes": {
            "appsync_target": [],
            "arn": "arn:aws:events:ap-northeast-1:058898200941:event-bus/central-spot-events",
            "batch_target": [],
            "dead_letter_config": [],
            "ecs_target": [],
            "event_bus_name": "default",
            "force_destroy": false,
            "http_target": [],
            "id": "spot-interruption-local-terraform-20260105115154116500000001",
            "input": "",
            "input_path": "",
            "input_transformer": [],
            "kinesis_target": [],
            "redshift_target": [],
            "region": "eu-central-1",
            "retry_policy": [],
            "role_arn": "arn:aws:iam::058898200941:role/dev-multi-region-spot-eventbridge-putevents-central",
            "rule": "spot-interruption-local",
            "run_command_targets": [],
            "sagemaker_pipeline_target": [],
            "sqs_target": [],
            "target_id": "terraform-20260105115154116500000001"
          },
          "sensitive_attributes": [],
          "private": "eyJzY2hlbWFfdmVyc2lvbiI6IjEifQ==",
          "dependencies": [
            "module.event_bridge.aws_iam_role.eventbridge_putevents_local",
            "module.event_bridge_frankfurt.aws_cloudwatch_event_rule.spot_local"
          ]
        }
      ]
    },
    {
      "module": "module.event_bridge_korea",
      "mode": "managed",
      "type": "aws_cloudwatch_event_rule",
      "name": "spot_local",
      "provider": "provider[\"registry.terraform.io/hashicorp/aws\"].apne2",
      "instances": [
        {
          "schema_version": 1,
          "attributes": {
            "arn": "arn:aws:events:ap-northeast-2:058898200941:rule/spot-interruption-local",
            "description": "",
            "event_bus_name": "default",
            "event_pattern": "{\"detail-type\":[\"EC2 Spot Instance Interruption Warning\"],\"source\":[\"aws.ec2\"]}",
            "force_destroy": false,
            "id": "spot-interruption-local",
            "is_enabled": true,
            "name": "spot-interruption-local",
            "name_prefix": "",
            "region": "ap-northeast-2",
            "role_arn": "",
            "schedule_expression": "",
            "state": "ENABLED",
            "tags": null,
            "tags_all": {}
          },
          "sensitive_attributes": [],
          "private": "eyJzY2hlbWFfdmVyc2lvbiI6IjEifQ=="
        }
      ]
    },
    {
      "module": "module.event_bridge_korea",
      "mode": "managed",
      "type": "aws_cloudwatch_event_target",
      "name": "to_central_bus",
      "provider": "provider[\"registry.terraform.io/hashicorp/aws\"].apne2",
      "instances": [
        {
          "schema_version": 1,
          "attributes": {
            "appsync_target": [],
            "arn": "arn:aws:events:ap-northeast-1:058898200941:event-bus/central-spot-events",
            "batch_target": [],
            "dead_letter_config": [],
            "ecs_target": [],
            "event_bus_name": "default",
            "force_destroy": false,
            "http_target": [],
            "id": "spot-interruption-local-terraform-20260105115153289900000001",
            "input": "",
            "input_path": "",
            "input_transformer": [],
            "kinesis_target": [],
            "redshift_target": [],
            "region": "ap-northeast-2",
            "retry_policy": [],
            "role_arn": "arn:aws:iam::058898200941:role/dev-multi-region-spot-eventbridge-putevents-central",
            "rule": "spot-interruption-local",
            "run_command_targets": [],
            "sagemaker_pipeline_target": [],
            "sqs_target": [],
            "target_id": "terraform-20260105115153289900000001"
          },
          "sensitive_attributes": [],
          "private": "eyJzY2hlbWFfdmVyc2lvbiI6IjEifQ==",
          "dependencies": [
            "module.event_bridge.aws_iam_role.eventbridge_putevents_local",
            "module.event_bridge_korea.aws_cloudwatch_event_rule.spot_local"
          ]
        }
      ]
    },
    {
      "module": "module.event_bridge_oregon",
      "mode": "managed",
      "type": "aws_cloudwatch_event_rule",
      "name": "spot_local",
      "provider": "provider[\"registry.terraform.io/hashicorp/aws\"].usw2",
      "instances": [
        {
          "schema_version": 1,
          "attributes": {
            "arn": "arn:aws:events:us-west-2:058898200941:rule/spot-interruption-local",
            "description": "",
            "event_bus_name": "default",
            "event_pattern": "{\"detail-type\":[\"EC2 Spot Instance Interruption Warning\"],\"source\":[\"aws.ec2\"]}",
            "force_destroy": false,
            "id": "spot-interruption-local",
            "is_enabled": true,
            "name": "spot-interruption-local",
            "name_prefix": "",
            "region": "us-west-2",
            "role_arn": "",
            "schedule_expression": "",
            "state": "ENABLED",
            "tags": null,
            "tags_all": {}
          },
          "sensitive_attributes": [],
          "private": "eyJzY2hlbWFfdmVyc2lvbiI6IjEifQ=="
        }
      ]
    },
    {
      "module": "module.event_bridge_oregon",
      "mode": "managed",
      "type": "aws_cloudwatch_event_target",
      "name": "to_central_bus",
      "provider": "provider[\"registry.terraform.io/hashicorp/aws\"].usw2",
      "instances": [
        {
          "schema_version": 1,
          "attributes": {
            "appsync_target": [],
            "arn": "arn:aws:events:ap-northeast-1:058898200941:event-bus/central-spot-events",
            "batch_target": [],
            "dead_letter_config": [],
            "ecs_target": [],
            "event_bus_name": "default",
            "force_destroy": false,
            "http_target": [],
            "id": "spot-interruption-local-terraform-20260105115153497400000001",
            "input": "",
            "input_path": "",
            "input_transformer": [],
            "kinesis_target": [],
            "redshift_target": [],
            "region": "us-west-2",
            "retry_policy": [],
            "role_arn": "arn:aws:iam::058898200941:role/dev-multi-region-spot-eventbridge-putevents-central",
            "rule": "spot-interruption-local",
            "run_command_targets": [],
            "sagemaker_pipeline_target": [],
            "sqs_target": [],
            "target_id": "terraform-20260105115153497400000001"
          },
          "sensitive_attributes": [],
          "private": "eyJzY2hlbWFfdmVyc2lvbiI6IjEifQ==",
          "dependencies": [
            "module.event_bridge.aws_iam_role.eventbridge_putevents_local",
            "module.event_bridge_oregon.aws_cloudwatch_event_rule.spot_local"
          ]
        }
      ]
    },
    {
      "module": "module.event_bridge_tokyo",
      "mode": "managed",
      "type": "aws_cloudwatch_event_rule",
      "name": "spot_local",
      "provider": "provider[\"registry.terraform.io/hashicorp/aws\"]",
      "instances": [
        {
          "schema_version": 1,
          "attributes": {
            "arn": "arn:aws:events:ap-northeast-1:058898200941:rule/spot-interruption-local",
            "description": "",
            "event_bus_name": "default",
            "event_pattern": "{\"detail-type\":[\"EC2 Spot Instance Interruption Warning\"],\"source\":[\"aws.ec2\"]}",
            "force_destroy": false,
            "id": "spot-interruption-local",
            "is_enabled": true,
            "name": "spot-interruption-local",
            "name_prefix": "",
            "region": "ap-northeast-1",
            "role_arn": "",
            "schedule_expression": "",
            "state": "ENABLED",
            "tags": null,
            "tags_all": {}
          },
          "sensitive_attributes": [],
          "private": "eyJzY2hlbWFfdmVyc2lvbiI6IjEifQ=="
        }
      ]
    },
    {
      "module": "module.event_bridge_tokyo",
      "mode": "managed",
      "type": "aws_cloudwatch_event_target",
      "name": "to_central_bus",
      "provider": "provider[\"registry.terraform.io/hashicorp/aws\"]",
      "instances": [
        {
          "schema_version": 1,
          "attributes": {
            "appsync_target": [],
            "arn": "arn:aws:events:ap-northeast-1:058898200941:event-bus/central-spot-events",
            "batch_target": [],
            "dead_letter_config": [],
            "ecs_target": [],
            "event_bus_name": "default",
            "force_destroy": false,
            "http_target": [],
            "id": "spot-interruption-local-terraform-20260105115153383600000003",
            "input": "",
            "input_path": "",
            "input_transformer": [],
            "kinesis_target": [],
            "redshift_target": [],
            "region": "ap-northeast-1",
            "retry_policy": [],
            "role_arn": "arn:aws:iam::058898200941:role/dev-multi-region-spot-eventbridge-putevents-central",
            "rule": "spot-interruption-local",
            "run_command_targets": [],
            "sagemaker_pipeline_target": [],
            "sqs_target": [],
            "target_id": "terraform-20260105115153383600000003"
          },
          "sensitive_attributes": [],
          "private": "eyJzY2hlbWFfdmVyc2lvbiI6IjEifQ==",
          "dependencies": [
            "module.event_bridge.aws_iam_role.eventbridge_putevents_local",
            "module.event_bridge_tokyo.aws_cloudwatch_event_rule.spot_local"
          ]
        }
      ]
    },
    {
      "module": "module.event_bridge_virginia",
      "mode": "managed",
      "type": "aws_cloudwatch_event_rule",
      "name": "spot_local",
      "provider": "provider[\"registry.terraform.io/hashicorp/aws\"].use1",
      "instances": [
        {
          "schema_version": 1,
          "attributes": {
            "arn": "arn:aws:events:us-east-1:058898200941:rule/spot-interruption-local",
            "description": "",
            "event_bus_name": "default",
            "event_pattern": "{\"detail-type\":[\"EC2 Spot Instance Interruption Warning\"],\"source\":[\"aws.ec2\"]}",
            "force_destroy": false,
            "id": "spot-interruption-local",
            "is_enabled": true,
            "name": "spot-interruption-local",
            "name_prefix": "",
            "region": "us-east-1",
            "role_arn": "",
            "schedule_expression": "",
            "state": "ENABLED",
            "tags": null,
            "tags_all": {}
          },
          "sensitive_attributes": [],
          "private": "eyJzY2hlbWFfdmVyc2lvbiI6IjEifQ=="
        }
      ]
    },
    {
      "module": "module.event_bridge_virginia",
      "mode": "managed",
      "type": "aws_cloudwatch_event_target",
      "name": "to_central_bus",
      "provider": "provider[\"registry.terraform.io/hashicorp/aws\"].use1",
      "instances": [
        {
          "schema_version": 1,
          "attributes": {
            "appsync_target": [],
            "arn": "arn:aws:events:ap-northeast-1:058898200941:event-bus/central-spot-events",
            "batch_target": [],
            "dead_letter_config": [],
            "ecs_target": [],
            "event_bus_name": "default",
            "force_destroy": false,
            "http_target": [],
            "id": "spot-interruption-local-terraform-20260105115153431300000001",
            "input": "",
            "input_path": "",
            "input_transformer": [],
            "kinesis_target": [],
            "redshift_target": [],
            "region": "us-east-1",
            "retry_policy": [],
            "role_arn": "arn:aws:iam::058898200941:role/dev-multi-region-spot-eventbridge-putevents-central",
            "rule": "spot-interruption-local",
            "run_command_targets": [],
            "sagemaker_pipeline_target": [],
            "sqs_target": [],
            "target_id": "terraform-20260105115153431300000001"
          },
          "sensitive_attributes": [],
          "private": "eyJzY2hlbWFfdmVyc2lvbiI6IjEifQ==",
          "dependencies": [
            "module.event_bridge.aws_iam_role.eventbridge_putevents_local",
            "module.event_bridge_virginia.aws_cloudwatch_event_rule.spot_local"
          ]
        }
      ]
    },
    {
      "module": "module.lambda_source_s3",
      "mode": "managed",
      "type": "aws_s3_bucket",
      "name": "data_src",
      "provider": "provider[\"registry.terraform.io/hashicorp/aws\"]",
      "instances": [
        {
          "schema_version": 0,
          "attributes": {
            "acceleration_status": "",
            "acl": null,
            "arn": "arn:aws:s3:::dev-multi-region-spot-data-source",
            "bucket": "dev-multi-region-spot-data-source",
            "bucket_domain_name": "dev-multi-region-spot-data-source.s3.amazonaws.com",
            "bucket_prefix": "",
            "bucket_region": "ap-northeast-1",
            "bucket_regional_domain_name": "dev-multi-region-spot-data-source.s3.ap-northeast-1.amazonaws.com",
            "cors_rule": [],
            "force_destroy": false,
            "grant": [
              {
                "id": "82435494269d3c9a2833264ff6b8aa263d6f3144b19bf891915077165e2620ec",
                "permissions": [
                  "FULL_CONTROL"
                ],
                "type": "CanonicalUser",
                "uri": ""
              }
            ],
            "hosted_zone_id": "Z2M4EHUR26P7ZW",
            "id": "dev-multi-region-spot-data-source",
            "lifecycle_rule": [],
            "logging": [],
            "object_lock_configuration": [],
            "object_lock_enabled": false,
            "policy": "",
            "region": "ap-northeast-1",
            "replication_configuration": [],
            "request_payer": "BucketOwner",
            "server_side_encryption_configuration": [
              {
                "rule": [
                  {
                    "apply_server_side_encryption_by_default": [
                      {
                        "kms_master_key_id": "",
                        "sse_algorithm": "AES256"
                      }
                    ],
                    "bucket_key_enabled": false
                  }
                ]
              }
            ],
            "tags": {
              "Env": "dev",
              "Name": "multi-region-spot-dev-s3-data-source",
              "Project": "multi-region-spot"
            },
            "tags_all": {
              "Env": "dev",
              "Name": "multi-region-spot-dev-s3-data-source",
              "Project": "multi-region-spot"
            },
            "timeouts": null,
            "versioning": [
              {
                "enabled": false,
                "mfa_delete": false
              }
            ],
            "website": [],
            "website_domain": null,
            "website_endpoint": null
          },
          "sensitive_attributes": [],
          "private": "eyJlMmJmYjczMC1lY2FhLTExZTYtOGY4OC0zNDM2M2JjN2M0YzAiOnsiY3JlYXRlIjoxMjAwMDAwMDAwMDAwLCJkZWxldGUiOjM2MDAwMDAwMDAwMDAsInJlYWQiOjEyMDAwMDAwMDAwMDAsInVwZGF0ZSI6MTIwMDAwMDAwMDAwMH19"
        }
      ]
    },
    {
      "module": "module.lambda_source_s3",
      "mode": "managed",
      "type": "aws_s3_bucket",
      "name": "lambda_src",
      "provider": "provider[\"registry.terraform.io/hashicorp/aws\"]",
      "instances": [
        {
          "schema_version": 0,
          "attributes": {
            "acceleration_status": "",
            "acl": null,
            "arn": "arn:aws:s3:::dev-multi-region-spot-lambda-source",
            "bucket": "dev-multi-region-spot-lambda-source",
            "bucket_domain_name": "dev-multi-region-spot-lambda-source.s3.amazonaws.com",
            "bucket_prefix": "",
            "bucket_region": "ap-northeast-1",
            "bucket_regional_domain_name": "dev-multi-region-spot-lambda-source.s3.ap-northeast-1.amazonaws.com",
            "cors_rule": [],
            "force_destroy": false,
            "grant": [
              {
                "id": "82435494269d3c9a2833264ff6b8aa263d6f3144b19bf891915077165e2620ec",
                "permissions": [
                  "FULL_CONTROL"
                ],
                "type": "CanonicalUser",
                "uri": ""
              }
            ],
            "hosted_zone_id": "Z2M4EHUR26P7ZW",
            "id": "dev-multi-region-spot-lambda-source",
            "lifecycle_rule": [],
            "logging": [],
            "object_lock_configuration": [],
            "object_lock_enabled": false,
            "policy": "",
            "region": "ap-northeast-1",
            "replication_configuration": [],
            "request_payer": "BucketOwner",
            "server_side_encryption_configuration": [
              {
                "rule": [
                  {
                    "apply_server_side_encryption_by_default": [
                      {
                        "kms_master_key_id": "",
                        "sse_algorithm": "AES256"
                      }
                    ],
                    "bucket_key_enabled": false
                  }
                ]
              }
            ],
            "tags": {
              "Env": "dev",
              "Name": "multi-region-spot-dev-s3-lambda-source",
              "Project": "multi-region-spot"
            },
            "tags_all": {
              "Env": "dev",
              "Name": "multi-region-spot-dev-s3-lambda-source",
              "Project": "multi-region-spot"
            },
            "timeouts": null,
            "versioning": [
              {
                "enabled": false,
                "mfa_delete": false
              }
            ],
            "website": [],
            "website_domain": null,
            "website_endpoint": null
          },
          "sensitive_attributes": [],
          "private": "eyJlMmJmYjczMC1lY2FhLTExZTYtOGY4OC0zNDM2M2JjN2M0YzAiOnsiY3JlYXRlIjoxMjAwMDAwMDAwMDAwLCJkZWxldGUiOjM2MDAwMDAwMDAwMDAsInJlYWQiOjEyMDAwMDAwMDAwMDAsInVwZGF0ZSI6MTIwMDAwMDAwMDAwMH19"
        }
      ]
    },
    {
      "module": "module.lambda_source_s3",
      "mode": "managed",
      "type": "aws_s3_object",
      "name": "data_csv",
      "provider": "provider[\"registry.terraform.io/hashicorp/aws\"]",
      "instances": [
        {
          "schema_version": 0,
          "attributes": {
            "acl": null,
            "arn": "arn:aws:s3:::dev-multi-region-spot-data-source/data_source/employee_data.csv",
            "bucket": "dev-multi-region-spot-data-source",
            "bucket_key_enabled": false,
            "cache_control": "",
            "checksum_algorithm": null,
            "checksum_crc32": "",
            "checksum_crc32c": "",
            "checksum_crc64nvme": "",
            "checksum_sha1": "",
            "checksum_sha256": "",
            "content": null,
            "content_base64": null,
            "content_disposition": "",
            "content_encoding": "",
            "content_language": "",
            "content_type": "application/octet-stream",
            "etag": "a7171b2b598a790574bd85aa59cf7880",
            "force_destroy": false,
            "id": "dev-multi-region-spot-data-source/data_source/employee_data.csv",
            "key": "data_source/employee_data.csv",
            "kms_key_id": null,
            "metadata": null,
            "object_lock_legal_hold_status": "",
            "object_lock_mode": "",
            "object_lock_retain_until_date": "",
            "override_provider": [],
            "region": "ap-northeast-1",
            "server_side_encryption": "AES256",
            "source": "./../../data_source/employee_data.csv",
            "source_hash": null,
            "storage_class": "STANDARD",
            "tags": null,
            "tags_all": {},
            "version_id": "",
            "website_redirect": ""
          },
          "sensitive_attributes": [],
          "private": "bnVsbA==",
          "dependencies": [
            "module.lambda_source_s3.aws_s3_bucket.data_src"
          ]
        }
      ]
    },
    {
      "module": "module.lambda_source_s3",
      "mode": "managed",
      "type": "aws_s3_object",
      "name": "lambda_zip",
      "provider": "provider[\"registry.terraform.io/hashicorp/aws\"]",
      "instances": [
        {
          "schema_version": 0,
          "attributes": {
            "acl": null,
            "arn": "arn:aws:s3:::dev-multi-region-spot-lambda-source/lambda_source/boot_spot.zip",
            "bucket": "dev-multi-region-spot-lambda-source",
            "bucket_key_enabled": false,
            "cache_control": "",
            "checksum_algorithm": null,
            "checksum_crc32": "",
            "checksum_crc32c": "",
            "checksum_crc64nvme": "",
            "checksum_sha1": "",
            "checksum_sha256": "",
            "content": null,
            "content_base64": null,
            "content_disposition": "",
            "content_encoding": "",
            "content_language": "",
            "content_type": "application/octet-stream",
            "etag": "8e47ba5d136239cd3943f3fced22f729",
            "force_destroy": false,
            "id": "dev-multi-region-spot-lambda-source/lambda_source/boot_spot.zip",
            "key": "lambda_source/boot_spot.zip",
            "kms_key_id": null,
            "metadata": null,
            "object_lock_legal_hold_status": "",
            "object_lock_mode": "",
            "object_lock_retain_until_date": "",
            "override_provider": [],
            "region": "ap-northeast-1",
            "server_side_encryption": "AES256",
            "source": "./../../lambda_source/boot_spot.zip",
            "source_hash": null,
            "storage_class": "STANDARD",
            "tags": null,
            "tags_all": {},
            "version_id": "",
            "website_redirect": ""
          },
          "sensitive_attributes": [],
          "private": "bnVsbA==",
          "dependencies": [
            "module.lambda_source_s3.aws_s3_bucket.lambda_src"
          ]
        }
      ]
    },
    {
      "module": "module.network_frankfurt",
      "mode": "managed",
      "type": "aws_internet_gateway",
      "name": "igw",
      "provider": "provider[\"registry.terraform.io/hashicorp/aws\"].euc1",
      "instances": [
        {
          "schema_version": 0,
          "attributes": {
            "arn": "arn:aws:ec2:eu-central-1:058898200941:internet-gateway/igw-0cfb467922a585879",
            "id": "igw-0cfb467922a585879",
            "owner_id": "058898200941",
            "region": "eu-central-1",
            "tags": {
              "Environment": "dev",
              "Name": "multi-region-spot-dev-igw",
              "Project": "multi-region-spot"
            },
            "tags_all": {
              "Environment": "dev",
              "Name": "multi-region-spot-dev-igw",
              "Project": "multi-region-spot"
            },
            "timeouts": null,
            "vpc_id": "vpc-091bb7eda63812b86"
          },
          "sensitive_attributes": [],
          "private": "eyJlMmJmYjczMC1lY2FhLTExZTYtOGY4OC0zNDM2M2JjN2M0YzAiOnsiY3JlYXRlIjoxMjAwMDAwMDAwMDAwLCJkZWxldGUiOjEyMDAwMDAwMDAwMDAsInVwZGF0ZSI6MTIwMDAwMDAwMDAwMH19",
          "dependencies": [
            "module.network_frankfurt.aws_vpc.vpc"
          ]
        }
      ]
    },
    {
      "module": "module.network_frankfurt",
      "mode": "managed",
      "type": "aws_route",
      "name": "public-route",
      "provider": "provider[\"registry.terraform.io/hashicorp/aws\"].euc1",
      "instances": [
        {
          "schema_version": 0,
          "attributes": {
            "carrier_gateway_id": "",
            "core_network_arn": "",
            "destination_cidr_block": "0.0.0.0/0",
            "destination_ipv6_cidr_block": "",
            "destination_prefix_list_id": "",
            "egress_only_gateway_id": "",
            "gateway_id": "igw-0cfb467922a585879",
            "id": "r-rtb-03d372cd158adc3871080289494",
            "instance_id": "",
            "instance_owner_id": "",
            "local_gateway_id": "",
            "nat_gateway_id": "",
            "network_interface_id": "",
            "origin": "CreateRoute",
            "region": "eu-central-1",
            "route_table_id": "rtb-03d372cd158adc387",
            "state": "active",
            "timeouts": null,
            "transit_gateway_id": "",
            "vpc_endpoint_id": "",
            "vpc_peering_connection_id": ""
          },
          "sensitive_attributes": [],
          "private": "eyJlMmJmYjczMC1lY2FhLTExZTYtOGY4OC0zNDM2M2JjN2M0YzAiOnsiY3JlYXRlIjozMDAwMDAwMDAwMDAsImRlbGV0ZSI6MzAwMDAwMDAwMDAwLCJ1cGRhdGUiOjEyMDAwMDAwMDAwMH19",
          "dependencies": [
            "module.network_frankfurt.aws_internet_gateway.igw",
            "module.network_frankfurt.aws_route_table.public_rt",
            "module.network_frankfurt.aws_vpc.vpc"
          ]
        }
      ]
    },
    {
      "module": "module.network_frankfurt",
      "mode": "managed",
      "type": "aws_route_table",
      "name": "public_rt",
      "provider": "provider[\"registry.terraform.io/hashicorp/aws\"].euc1",
      "instances": [
        {
          "schema_version": 0,
          "attributes": {
            "arn": "arn:aws:ec2:eu-central-1:058898200941:route-table/rtb-03d372cd158adc387",
            "id": "rtb-03d372cd158adc387",
            "owner_id": "058898200941",
            "propagating_vgws": [],
            "region": "eu-central-1",
            "route": [],
            "tags": {
              "Environment": "dev",
              "Name": "multi-region-spot-dev-public-route-table",
              "Project": "multi-region-spot"
            },
            "tags_all": {
              "Environment": "dev",
              "Name": "multi-region-spot-dev-public-route-table",
              "Project": "multi-region-spot"
            },
            "timeouts": null,
            "vpc_id": "vpc-091bb7eda63812b86"
          },
          "sensitive_attributes": [],
          "private": "eyJlMmJmYjczMC1lY2FhLTExZTYtOGY4OC0zNDM2M2JjN2M0YzAiOnsiY3JlYXRlIjozMDAwMDAwMDAwMDAsImRlbGV0ZSI6MzAwMDAwMDAwMDAwLCJ1cGRhdGUiOjEyMDAwMDAwMDAwMH19",
          "dependencies": [
            "module.network_frankfurt.aws_vpc.vpc"
          ]
        }
      ]
    },
    {
      "module": "module.network_frankfurt",
      "mode": "managed",
      "type": "aws_route_table_association",
      "name": "public_rt_association_1",
      "provider": "provider[\"registry.terraform.io/hashicorp/aws\"].euc1",
      "instances": [
        {
          "schema_version": 0,
          "attributes": {
            "gateway_id": "",
            "id": "rtbassoc-0db19eebbc415c415",
            "region": "eu-central-1",
            "route_table_id": "rtb-03d372cd158adc387",
            "subnet_id": "subnet-0c5d2d93b4f0ae8b7",
            "timeouts": null
          },
          "sensitive_attributes": [],
          "private": "eyJlMmJmYjczMC1lY2FhLTExZTYtOGY4OC0zNDM2M2JjN2M0YzAiOnsiY3JlYXRlIjozMDAwMDAwMDAwMDAsImRlbGV0ZSI6MzAwMDAwMDAwMDAwLCJ1cGRhdGUiOjEyMDAwMDAwMDAwMH19",
          "dependencies": [
            "module.network_frankfurt.aws_route_table.public_rt",
            "module.network_frankfurt.aws_subnet.public_subnet_1",
            "module.network_frankfurt.aws_vpc.vpc"
          ]
        }
      ]
    },
    {
      "module": "module.network_frankfurt",
      "mode": "managed",
      "type": "aws_route_table_association",
      "name": "public_rt_association_2",
      "provider": "provider[\"registry.terraform.io/hashicorp/aws\"].euc1",
      "instances": [
        {
          "schema_version": 0,
          "attributes": {
            "gateway_id": "",
            "id": "rtbassoc-073d95b0d3733f2e4",
            "region": "eu-central-1",
            "route_table_id": "rtb-03d372cd158adc387",
            "subnet_id": "subnet-04d765096d2f25516",
            "timeouts": null
          },
          "sensitive_attributes": [],
          "private": "eyJlMmJmYjczMC1lY2FhLTExZTYtOGY4OC0zNDM2M2JjN2M0YzAiOnsiY3JlYXRlIjozMDAwMDAwMDAwMDAsImRlbGV0ZSI6MzAwMDAwMDAwMDAwLCJ1cGRhdGUiOjEyMDAwMDAwMDAwMH19",
          "dependencies": [
            "module.network_frankfurt.aws_route_table.public_rt",
            "module.network_frankfurt.aws_subnet.public_subnet_2",
            "module.network_frankfurt.aws_vpc.vpc"
          ]
        }
      ]
    },
    {
      "module": "module.network_frankfurt",
      "mode": "managed",
      "type": "aws_subnet",
      "name": "public_subnet_1",
      "provider": "provider[\"registry.terraform.io/hashicorp/aws\"].euc1",
      "instances": [
        {
          "schema_version": 1,
          "attributes": {
            "arn": "arn:aws:ec2:eu-central-1:058898200941:subnet/subnet-0c5d2d93b4f0ae8b7",
            "assign_ipv6_address_on_creation": false,
            "availability_zone": "eu-central-1a",
            "availability_zone_id": "euc1-az2",
            "cidr_block": "10.5.1.0/24",
            "customer_owned_ipv4_pool": "",
            "enable_dns64": false,
            "enable_lni_at_device_index": 0,
            "enable_resource_name_dns_a_record_on_launch": false,
            "enable_resource_name_dns_aaaa_record_on_launch": false,
            "id": "subnet-0c5d2d93b4f0ae8b7",
            "ipv6_cidr_block": "",
            "ipv6_cidr_block_association_id": "",
            "ipv6_native": false,
            "map_customer_owned_ip_on_launch": false,
            "map_public_ip_on_launch": true,
            "outpost_arn": "",
            "owner_id": "058898200941",
            "private_dns_hostname_type_on_launch": "ip-name",
            "region": "eu-central-1",
            "tags": {
              "Environment": "dev",
              "Name": "multi-region-spot-dev-public-subnet-1",
              "Project": "multi-region-spot",
              "Type": "public"
            },
            "tags_all": {
              "Environment": "dev",
              "Name": "multi-region-spot-dev-public-subnet-1",
              "Project": "multi-region-spot",
              "Type": "public"
            },
            "timeouts": null,
            "vpc_id": "vpc-091bb7eda63812b86"
          },
          "sensitive_attributes": [],
          "private": "eyJlMmJmYjczMC1lY2FhLTExZTYtOGY4OC0zNDM2M2JjN2M0YzAiOnsiY3JlYXRlIjo2MDAwMDAwMDAwMDAsImRlbGV0ZSI6MTIwMDAwMDAwMDAwMH0sInNjaGVtYV92ZXJzaW9uIjoiMSJ9",
          "dependencies": [
            "module.network_frankfurt.aws_vpc.vpc"
          ]
        }
      ]
    },
    {
      "module": "module.network_frankfurt",
      "mode": "managed",
      "type": "aws_subnet",
      "name": "public_subnet_2",
      "provider": "provider[\"registry.terraform.io/hashicorp/aws\"].euc1",
      "instances": [
        {
          "schema_version": 1,
          "attributes": {
            "arn": "arn:aws:ec2:eu-central-1:058898200941:subnet/subnet-04d765096d2f25516",
            "assign_ipv6_address_on_creation": false,
            "availability_zone": "eu-central-1b",
            "availability_zone_id": "euc1-az3",
            "cidr_block": "10.5.2.0/24",
            "customer_owned_ipv4_pool": "",
            "enable_dns64": false,
            "enable_lni_at_device_index": 0,
            "enable_resource_name_dns_a_record_on_launch": false,
            "enable_resource_name_dns_aaaa_record_on_launch": false,
            "id": "subnet-04d765096d2f25516",
            "ipv6_cidr_block": "",
            "ipv6_cidr_block_association_id": "",
            "ipv6_native": false,
            "map_customer_owned_ip_on_launch": false,
            "map_public_ip_on_launch": true,
            "outpost_arn": "",
            "owner_id": "058898200941",
            "private_dns_hostname_type_on_launch": "ip-name",
            "region": "eu-central-1",
            "tags": {
              "Environment": "dev",
              "Name": "multi-region-spot-dev-public-subnet-2",
              "Project": "multi-region-spot",
              "Type": "public"
            },
            "tags_all": {
              "Environment": "dev",
              "Name": "multi-region-spot-dev-public-subnet-2",
              "Project": "multi-region-spot",
              "Type": "public"
            },
            "timeouts": null,
            "vpc_id": "vpc-091bb7eda63812b86"
          },
          "sensitive_attributes": [],
          "private": "eyJlMmJmYjczMC1lY2FhLTExZTYtOGY4OC0zNDM2M2JjN2M0YzAiOnsiY3JlYXRlIjo2MDAwMDAwMDAwMDAsImRlbGV0ZSI6MTIwMDAwMDAwMDAwMH0sInNjaGVtYV92ZXJzaW9uIjoiMSJ9",
          "dependencies": [
            "module.network_frankfurt.aws_vpc.vpc"
          ]
        }
      ]
    },
    {
      "module": "module.network_frankfurt",
      "mode": "managed",
      "type": "aws_vpc",
      "name": "vpc",
      "provider": "provider[\"registry.terraform.io/hashicorp/aws\"].euc1",
      "instances": [
        {
          "schema_version": 1,
          "attributes": {
            "arn": "arn:aws:ec2:eu-central-1:058898200941:vpc/vpc-091bb7eda63812b86",
            "assign_generated_ipv6_cidr_block": false,
            "cidr_block": "10.5.0.0/16",
            "default_network_acl_id": "acl-0f03c65d312c070d2",
            "default_route_table_id": "rtb-07d04d6264b28a44b",
            "default_security_group_id": "sg-097931a1369c6ae1a",
            "dhcp_options_id": "dopt-793ad910",
            "enable_dns_hostnames": true,
            "enable_dns_support": true,
            "enable_network_address_usage_metrics": false,
            "id": "vpc-091bb7eda63812b86",
            "instance_tenancy": "default",
            "ipv4_ipam_pool_id": null,
            "ipv4_netmask_length": null,
            "ipv6_association_id": "",
            "ipv6_cidr_block": "",
            "ipv6_cidr_block_network_border_group": "",
            "ipv6_ipam_pool_id": "",
            "ipv6_netmask_length": 0,
            "main_route_table_id": "rtb-07d04d6264b28a44b",
            "owner_id": "058898200941",
            "region": "eu-central-1",
            "tags": {
              "Environment": "dev",
              "Name": "multi-region-spot-dev-vpc",
              "Project": "multi-region-spot"
            },
            "tags_all": {
              "Environment": "dev",
              "Name": "multi-region-spot-dev-vpc",
              "Project": "multi-region-spot"
            }
          },
          "sensitive_attributes": [],
          "private": "eyJzY2hlbWFfdmVyc2lvbiI6IjEifQ=="
        }
      ]
    },
    {
      "module": "module.network_korea",
      "mode": "managed",
      "type": "aws_internet_gateway",
      "name": "igw",
      "provider": "provider[\"registry.terraform.io/hashicorp/aws\"].apne2",
      "instances": [
        {
          "schema_version": 0,
          "attributes": {
            "arn": "arn:aws:ec2:ap-northeast-2:058898200941:internet-gateway/igw-0d6474c4e823eb7d7",
            "id": "igw-0d6474c4e823eb7d7",
            "owner_id": "058898200941",
            "region": "ap-northeast-2",
            "tags": {
              "Environment": "dev",
              "Name": "multi-region-spot-dev-igw",
              "Project": "multi-region-spot"
            },
            "tags_all": {
              "Environment": "dev",
              "Name": "multi-region-spot-dev-igw",
              "Project": "multi-region-spot"
            },
            "timeouts": null,
            "vpc_id": "vpc-0298c02d50cd5f258"
          },
          "sensitive_attributes": [],
          "private": "eyJlMmJmYjczMC1lY2FhLTExZTYtOGY4OC0zNDM2M2JjN2M0YzAiOnsiY3JlYXRlIjoxMjAwMDAwMDAwMDAwLCJkZWxldGUiOjEyMDAwMDAwMDAwMDAsInVwZGF0ZSI6MTIwMDAwMDAwMDAwMH19",
          "dependencies": [
            "module.network_korea.aws_vpc.vpc"
          ]
        }
      ]
    },
    {
      "module": "module.network_korea",
      "mode": "managed",
      "type": "aws_route",
      "name": "public-route",
      "provider": "provider[\"registry.terraform.io/hashicorp/aws\"].apne2",
      "instances": [
        {
          "schema_version": 0,
          "attributes": {
            "carrier_gateway_id": "",
            "core_network_arn": "",
            "destination_cidr_block": "0.0.0.0/0",
            "destination_ipv6_cidr_block": "",
            "destination_prefix_list_id": "",
            "egress_only_gateway_id": "",
            "gateway_id": "igw-0d6474c4e823eb7d7",
            "id": "r-rtb-042800e6d4c6caa091080289494",
            "instance_id": "",
            "instance_owner_id": "",
            "local_gateway_id": "",
            "nat_gateway_id": "",
            "network_interface_id": "",
            "origin": "CreateRoute",
            "region": "ap-northeast-2",
            "route_table_id": "rtb-042800e6d4c6caa09",
            "state": "active",
            "timeouts": null,
            "transit_gateway_id": "",
            "vpc_endpoint_id": "",
            "vpc_peering_connection_id": ""
          },
          "sensitive_attributes": [],
          "private": "eyJlMmJmYjczMC1lY2FhLTExZTYtOGY4OC0zNDM2M2JjN2M0YzAiOnsiY3JlYXRlIjozMDAwMDAwMDAwMDAsImRlbGV0ZSI6MzAwMDAwMDAwMDAwLCJ1cGRhdGUiOjEyMDAwMDAwMDAwMH19",
          "dependencies": [
            "module.network_korea.aws_internet_gateway.igw",
            "module.network_korea.aws_route_table.public_rt",
            "module.network_korea.aws_vpc.vpc"
          ]
        }
      ]
    },
    {
      "module": "module.network_korea",
      "mode": "managed",
      "type": "aws_route_table",
      "name": "public_rt",
      "provider": "provider[\"registry.terraform.io/hashicorp/aws\"].apne2",
      "instances": [
        {
          "schema_version": 0,
          "attributes": {
            "arn": "arn:aws:ec2:ap-northeast-2:058898200941:route-table/rtb-042800e6d4c6caa09",
            "id": "rtb-042800e6d4c6caa09",
            "owner_id": "058898200941",
            "propagating_vgws": [],
            "region": "ap-northeast-2",
            "route": [],
            "tags": {
              "Environment": "dev",
              "Name": "multi-region-spot-dev-public-route-table",
              "Project": "multi-region-spot"
            },
            "tags_all": {
              "Environment": "dev",
              "Name": "multi-region-spot-dev-public-route-table",
              "Project": "multi-region-spot"
            },
            "timeouts": null,
            "vpc_id": "vpc-0298c02d50cd5f258"
          },
          "sensitive_attributes": [],
          "private": "eyJlMmJmYjczMC1lY2FhLTExZTYtOGY4OC0zNDM2M2JjN2M0YzAiOnsiY3JlYXRlIjozMDAwMDAwMDAwMDAsImRlbGV0ZSI6MzAwMDAwMDAwMDAwLCJ1cGRhdGUiOjEyMDAwMDAwMDAwMH19",
          "dependencies": [
            "module.network_korea.aws_vpc.vpc"
          ]
        }
      ]
    },
    {
      "module": "module.network_korea",
      "mode": "managed",
      "type": "aws_route_table_association",
      "name": "public_rt_association_1",
      "provider": "provider[\"registry.terraform.io/hashicorp/aws\"].apne2",
      "instances": [
        {
          "schema_version": 0,
          "attributes": {
            "gateway_id": "",
            "id": "rtbassoc-0ca25d8e4e9b01514",
            "region": "ap-northeast-2",
            "route_table_id": "rtb-042800e6d4c6caa09",
            "subnet_id": "subnet-0de8a21d29510faa8",
            "timeouts": null
          },
          "sensitive_attributes": [],
          "private": "eyJlMmJmYjczMC1lY2FhLTExZTYtOGY4OC0zNDM2M2JjN2M0YzAiOnsiY3JlYXRlIjozMDAwMDAwMDAwMDAsImRlbGV0ZSI6MzAwMDAwMDAwMDAwLCJ1cGRhdGUiOjEyMDAwMDAwMDAwMH19",
          "dependencies": [
            "module.network_korea.aws_route_table.public_rt",
            "module.network_korea.aws_subnet.public_subnet_1",
            "module.network_korea.aws_vpc.vpc"
          ]
        }
      ]
    },
    {
      "module": "module.network_korea",
      "mode": "managed",
      "type": "aws_route_table_association",
      "name": "public_rt_association_2",
      "provider": "provider[\"registry.terraform.io/hashicorp/aws\"].apne2",
      "instances": [
        {
          "schema_version": 0,
          "attributes": {
            "gateway_id": "",
            "id": "rtbassoc-015b955d11b101de1",
            "region": "ap-northeast-2",
            "route_table_id": "rtb-042800e6d4c6caa09",
            "subnet_id": "subnet-05b3fc3eb4e93133a",
            "timeouts": null
          },
          "sensitive_attributes": [],
          "private": "eyJlMmJmYjczMC1lY2FhLTExZTYtOGY4OC0zNDM2M2JjN2M0YzAiOnsiY3JlYXRlIjozMDAwMDAwMDAwMDAsImRlbGV0ZSI6MzAwMDAwMDAwMDAwLCJ1cGRhdGUiOjEyMDAwMDAwMDAwMH19",
          "dependencies": [
            "module.network_korea.aws_route_table.public_rt",
            "module.network_korea.aws_subnet.public_subnet_2",
            "module.network_korea.aws_vpc.vpc"
          ]
        }
      ]
    },
    {
      "module": "module.network_korea",
      "mode": "managed",
      "type": "aws_subnet",
      "name": "public_subnet_1",
      "provider": "provider[\"registry.terraform.io/hashicorp/aws\"].apne2",
      "instances": [
        {
          "schema_version": 1,
          "attributes": {
            "arn": "arn:aws:ec2:ap-northeast-2:058898200941:subnet/subnet-0de8a21d29510faa8",
            "assign_ipv6_address_on_creation": false,
            "availability_zone": "ap-northeast-2a",
            "availability_zone_id": "apne2-az1",
            "cidr_block": "10.2.1.0/24",
            "customer_owned_ipv4_pool": "",
            "enable_dns64": false,
            "enable_lni_at_device_index": 0,
            "enable_resource_name_dns_a_record_on_launch": false,
            "enable_resource_name_dns_aaaa_record_on_launch": false,
            "id": "subnet-0de8a21d29510faa8",
            "ipv6_cidr_block": "",
            "ipv6_cidr_block_association_id": "",
            "ipv6_native": false,
            "map_customer_owned_ip_on_launch": false,
            "map_public_ip_on_launch": true,
            "outpost_arn": "",
            "owner_id": "058898200941",
            "private_dns_hostname_type_on_launch": "ip-name",
            "region": "ap-northeast-2",
            "tags": {
              "Environment": "dev",
              "Name": "multi-region-spot-dev-public-subnet-1",
              "Project": "multi-region-spot",
              "Type": "public"
            },
            "tags_all": {
              "Environment": "dev",
              "Name": "multi-region-spot-dev-public-subnet-1",
              "Project": "multi-region-spot",
              "Type": "public"
            },
            "timeouts": null,
            "vpc_id": "vpc-0298c02d50cd5f258"
          },
          "sensitive_attributes": [],
          "private": "eyJlMmJmYjczMC1lY2FhLTExZTYtOGY4OC0zNDM2M2JjN2M0YzAiOnsiY3JlYXRlIjo2MDAwMDAwMDAwMDAsImRlbGV0ZSI6MTIwMDAwMDAwMDAwMH0sInNjaGVtYV92ZXJzaW9uIjoiMSJ9",
          "dependencies": [
            "module.network_korea.aws_vpc.vpc"
          ]
        }
      ]
    },
    {
      "module": "module.network_korea",
      "mode": "managed",
      "type": "aws_subnet",
      "name": "public_subnet_2",
      "provider": "provider[\"registry.terraform.io/hashicorp/aws\"].apne2",
      "instances": [
        {
          "schema_version": 1,
          "attributes": {
            "arn": "arn:aws:ec2:ap-northeast-2:058898200941:subnet/subnet-05b3fc3eb4e93133a",
            "assign_ipv6_address_on_creation": false,
            "availability_zone": "ap-northeast-2b",
            "availability_zone_id": "apne2-az2",
            "cidr_block": "10.2.2.0/24",
            "customer_owned_ipv4_pool": "",
            "enable_dns64": false,
            "enable_lni_at_device_index": 0,
            "enable_resource_name_dns_a_record_on_launch": false,
            "enable_resource_name_dns_aaaa_record_on_launch": false,
            "id": "subnet-05b3fc3eb4e93133a",
            "ipv6_cidr_block": "",
            "ipv6_cidr_block_association_id": "",
            "ipv6_native": false,
            "map_customer_owned_ip_on_launch": false,
            "map_public_ip_on_launch": true,
            "outpost_arn": "",
            "owner_id": "058898200941",
            "private_dns_hostname_type_on_launch": "ip-name",
            "region": "ap-northeast-2",
            "tags": {
              "Environment": "dev",
              "Name": "multi-region-spot-dev-public-subnet-2",
              "Project": "multi-region-spot",
              "Type": "public"
            },
            "tags_all": {
              "Environment": "dev",
              "Name": "multi-region-spot-dev-public-subnet-2",
              "Project": "multi-region-spot",
              "Type": "public"
            },
            "timeouts": null,
            "vpc_id": "vpc-0298c02d50cd5f258"
          },
          "sensitive_attributes": [],
          "private": "eyJlMmJmYjczMC1lY2FhLTExZTYtOGY4OC0zNDM2M2JjN2M0YzAiOnsiY3JlYXRlIjo2MDAwMDAwMDAwMDAsImRlbGV0ZSI6MTIwMDAwMDAwMDAwMH0sInNjaGVtYV92ZXJzaW9uIjoiMSJ9",
          "dependencies": [
            "module.network_korea.aws_vpc.vpc"
          ]
        }
      ]
    },
    {
      "module": "module.network_korea",
      "mode": "managed",
      "type": "aws_vpc",
      "name": "vpc",
      "provider": "provider[\"registry.terraform.io/hashicorp/aws\"].apne2",
      "instances": [
        {
          "schema_version": 1,
          "attributes": {
            "arn": "arn:aws:ec2:ap-northeast-2:058898200941:vpc/vpc-0298c02d50cd5f258",
            "assign_generated_ipv6_cidr_block": false,
            "cidr_block": "10.2.0.0/16",
            "default_network_acl_id": "acl-0b96a3849662659c1",
            "default_route_table_id": "rtb-0e138f85f86f01c12",
            "default_security_group_id": "sg-0d04658607458d2d1",
            "dhcp_options_id": "dopt-47a9c92c",
            "enable_dns_hostnames": true,
            "enable_dns_support": true,
            "enable_network_address_usage_metrics": false,
            "id": "vpc-0298c02d50cd5f258",
            "instance_tenancy": "default",
            "ipv4_ipam_pool_id": null,
            "ipv4_netmask_length": null,
            "ipv6_association_id": "",
            "ipv6_cidr_block": "",
            "ipv6_cidr_block_network_border_group": "",
            "ipv6_ipam_pool_id": "",
            "ipv6_netmask_length": 0,
            "main_route_table_id": "rtb-0e138f85f86f01c12",
            "owner_id": "058898200941",
            "region": "ap-northeast-2",
            "tags": {
              "Environment": "dev",
              "Name": "multi-region-spot-dev-vpc",
              "Project": "multi-region-spot"
            },
            "tags_all": {
              "Environment": "dev",
              "Name": "multi-region-spot-dev-vpc",
              "Project": "multi-region-spot"
            }
          },
          "sensitive_attributes": [],
          "private": "eyJzY2hlbWFfdmVyc2lvbiI6IjEifQ=="
        }
      ]
    },
    {
      "module": "module.network_oregon",
      "mode": "managed",
      "type": "aws_internet_gateway",
      "name": "igw",
      "provider": "provider[\"registry.terraform.io/hashicorp/aws\"].usw2",
      "instances": [
        {
          "schema_version": 0,
          "attributes": {
            "arn": "arn:aws:ec2:us-west-2:058898200941:internet-gateway/igw-05c376fa0ac2b520b",
            "id": "igw-05c376fa0ac2b520b",
            "owner_id": "058898200941",
            "region": "us-west-2",
            "tags": {
              "Environment": "dev",
              "Name": "multi-region-spot-dev-igw",
              "Project": "multi-region-spot"
            },
            "tags_all": {
              "Environment": "dev",
              "Name": "multi-region-spot-dev-igw",
              "Project": "multi-region-spot"
            },
            "timeouts": null,
            "vpc_id": "vpc-07cc01187f42d45bf"
          },
          "sensitive_attributes": [],
          "private": "eyJlMmJmYjczMC1lY2FhLTExZTYtOGY4OC0zNDM2M2JjN2M0YzAiOnsiY3JlYXRlIjoxMjAwMDAwMDAwMDAwLCJkZWxldGUiOjEyMDAwMDAwMDAwMDAsInVwZGF0ZSI6MTIwMDAwMDAwMDAwMH19",
          "dependencies": [
            "module.network_oregon.aws_vpc.vpc"
          ]
        }
      ]
    },
    {
      "module": "module.network_oregon",
      "mode": "managed",
      "type": "aws_route",
      "name": "public-route",
      "provider": "provider[\"registry.terraform.io/hashicorp/aws\"].usw2",
      "instances": [
        {
          "schema_version": 0,
          "attributes": {
            "carrier_gateway_id": "",
            "core_network_arn": "",
            "destination_cidr_block": "0.0.0.0/0",
            "destination_ipv6_cidr_block": "",
            "destination_prefix_list_id": "",
            "egress_only_gateway_id": "",
            "gateway_id": "igw-05c376fa0ac2b520b",
            "id": "r-rtb-00865d1b9ce3655d31080289494",
            "instance_id": "",
            "instance_owner_id": "",
            "local_gateway_id": "",
            "nat_gateway_id": "",
            "network_interface_id": "",
            "origin": "CreateRoute",
            "region": "us-west-2",
            "route_table_id": "rtb-00865d1b9ce3655d3",
            "state": "active",
            "timeouts": null,
            "transit_gateway_id": "",
            "vpc_endpoint_id": "",
            "vpc_peering_connection_id": ""
          },
          "sensitive_attributes": [],
          "private": "eyJlMmJmYjczMC1lY2FhLTExZTYtOGY4OC0zNDM2M2JjN2M0YzAiOnsiY3JlYXRlIjozMDAwMDAwMDAwMDAsImRlbGV0ZSI6MzAwMDAwMDAwMDAwLCJ1cGRhdGUiOjEyMDAwMDAwMDAwMH19",
          "dependencies": [
            "module.network_oregon.aws_internet_gateway.igw",
            "module.network_oregon.aws_route_table.public_rt",
            "module.network_oregon.aws_vpc.vpc"
          ]
        }
      ]
    },
    {
      "module": "module.network_oregon",
      "mode": "managed",
      "type": "aws_route_table",
      "name": "public_rt",
      "provider": "provider[\"registry.terraform.io/hashicorp/aws\"].usw2",
      "instances": [
        {
          "schema_version": 0,
          "attributes": {
            "arn": "arn:aws:ec2:us-west-2:058898200941:route-table/rtb-00865d1b9ce3655d3",
            "id": "rtb-00865d1b9ce3655d3",
            "owner_id": "058898200941",
            "propagating_vgws": [],
            "region": "us-west-2",
            "route": [],
            "tags": {
              "Environment": "dev",
              "Name": "multi-region-spot-dev-public-route-table",
              "Project": "multi-region-spot"
            },
            "tags_all": {
              "Environment": "dev",
              "Name": "multi-region-spot-dev-public-route-table",
              "Project": "multi-region-spot"
            },
            "timeouts": null,
            "vpc_id": "vpc-07cc01187f42d45bf"
          },
          "sensitive_attributes": [],
          "private": "eyJlMmJmYjczMC1lY2FhLTExZTYtOGY4OC0zNDM2M2JjN2M0YzAiOnsiY3JlYXRlIjozMDAwMDAwMDAwMDAsImRlbGV0ZSI6MzAwMDAwMDAwMDAwLCJ1cGRhdGUiOjEyMDAwMDAwMDAwMH19",
          "dependencies": [
            "module.network_oregon.aws_vpc.vpc"
          ]
        }
      ]
    },
    {
      "module": "module.network_oregon",
      "mode": "managed",
      "type": "aws_route_table_association",
      "name": "public_rt_association_1",
      "provider": "provider[\"registry.terraform.io/hashicorp/aws\"].usw2",
      "instances": [
        {
          "schema_version": 0,
          "attributes": {
            "gateway_id": "",
            "id": "rtbassoc-038aa44604e7b9bb8",
            "region": "us-west-2",
            "route_table_id": "rtb-00865d1b9ce3655d3",
            "subnet_id": "subnet-0a14ec24f35219386",
            "timeouts": null
          },
          "sensitive_attributes": [],
          "private": "eyJlMmJmYjczMC1lY2FhLTExZTYtOGY4OC0zNDM2M2JjN2M0YzAiOnsiY3JlYXRlIjozMDAwMDAwMDAwMDAsImRlbGV0ZSI6MzAwMDAwMDAwMDAwLCJ1cGRhdGUiOjEyMDAwMDAwMDAwMH19",
          "dependencies": [
            "module.network_oregon.aws_route_table.public_rt",
            "module.network_oregon.aws_subnet.public_subnet_1",
            "module.network_oregon.aws_vpc.vpc"
          ]
        }
      ]
    },
    {
      "module": "module.network_oregon",
      "mode": "managed",
      "type": "aws_route_table_association",
      "name": "public_rt_association_2",
      "provider": "provider[\"registry.terraform.io/hashicorp/aws\"].usw2",
      "instances": [
        {
          "schema_version": 0,
          "attributes": {
            "gateway_id": "",
            "id": "rtbassoc-0a0d22aa03f6342e2",
            "region": "us-west-2",
            "route_table_id": "rtb-00865d1b9ce3655d3",
            "subnet_id": "subnet-089a9ef236cb662cc",
            "timeouts": null
          },
          "sensitive_attributes": [],
          "private": "eyJlMmJmYjczMC1lY2FhLTExZTYtOGY4OC0zNDM2M2JjN2M0YzAiOnsiY3JlYXRlIjozMDAwMDAwMDAwMDAsImRlbGV0ZSI6MzAwMDAwMDAwMDAwLCJ1cGRhdGUiOjEyMDAwMDAwMDAwMH19",
          "dependencies": [
            "module.network_oregon.aws_route_table.public_rt",
            "module.network_oregon.aws_subnet.public_subnet_2",
            "module.network_oregon.aws_vpc.vpc"
          ]
        }
      ]
    },
    {
      "module": "module.network_oregon",
      "mode": "managed",
      "type": "aws_subnet",
      "name": "public_subnet_1",
      "provider": "provider[\"registry.terraform.io/hashicorp/aws\"].usw2",
      "instances": [
        {
          "schema_version": 1,
          "attributes": {
            "arn": "arn:aws:ec2:us-west-2:058898200941:subnet/subnet-0a14ec24f35219386",
            "assign_ipv6_address_on_creation": false,
            "availability_zone": "us-west-2a",
            "availability_zone_id": "usw2-az2",
            "cidr_block": "10.4.1.0/24",
            "customer_owned_ipv4_pool": "",
            "enable_dns64": false,
            "enable_lni_at_device_index": 0,
            "enable_resource_name_dns_a_record_on_launch": false,
            "enable_resource_name_dns_aaaa_record_on_launch": false,
            "id": "subnet-0a14ec24f35219386",
            "ipv6_cidr_block": "",
            "ipv6_cidr_block_association_id": "",
            "ipv6_native": false,
            "map_customer_owned_ip_on_launch": false,
            "map_public_ip_on_launch": true,
            "outpost_arn": "",
            "owner_id": "058898200941",
            "private_dns_hostname_type_on_launch": "ip-name",
            "region": "us-west-2",
            "tags": {
              "Environment": "dev",
              "Name": "multi-region-spot-dev-public-subnet-1",
              "Project": "multi-region-spot",
              "Type": "public"
            },
            "tags_all": {
              "Environment": "dev",
              "Name": "multi-region-spot-dev-public-subnet-1",
              "Project": "multi-region-spot",
              "Type": "public"
            },
            "timeouts": null,
            "vpc_id": "vpc-07cc01187f42d45bf"
          },
          "sensitive_attributes": [],
          "private": "eyJlMmJmYjczMC1lY2FhLTExZTYtOGY4OC0zNDM2M2JjN2M0YzAiOnsiY3JlYXRlIjo2MDAwMDAwMDAwMDAsImRlbGV0ZSI6MTIwMDAwMDAwMDAwMH0sInNjaGVtYV92ZXJzaW9uIjoiMSJ9",
          "dependencies": [
            "module.network_oregon.aws_vpc.vpc"
          ]
        }
      ]
    },
    {
      "module": "module.network_oregon",
      "mode": "managed",
      "type": "aws_subnet",
      "name": "public_subnet_2",
      "provider": "provider[\"registry.terraform.io/hashicorp/aws\"].usw2",
      "instances": [
        {
          "schema_version": 1,
          "attributes": {
            "arn": "arn:aws:ec2:us-west-2:058898200941:subnet/subnet-089a9ef236cb662cc",
            "assign_ipv6_address_on_creation": false,
            "availability_zone": "us-west-2b",
            "availability_zone_id": "usw2-az1",
            "cidr_block": "10.4.2.0/24",
            "customer_owned_ipv4_pool": "",
            "enable_dns64": false,
            "enable_lni_at_device_index": 0,
            "enable_resource_name_dns_a_record_on_launch": false,
            "enable_resource_name_dns_aaaa_record_on_launch": false,
            "id": "subnet-089a9ef236cb662cc",
            "ipv6_cidr_block": "",
            "ipv6_cidr_block_association_id": "",
            "ipv6_native": false,
            "map_customer_owned_ip_on_launch": false,
            "map_public_ip_on_launch": true,
            "outpost_arn": "",
            "owner_id": "058898200941",
            "private_dns_hostname_type_on_launch": "ip-name",
            "region": "us-west-2",
            "tags": {
              "Environment": "dev",
              "Name": "multi-region-spot-dev-public-subnet-2",
              "Project": "multi-region-spot",
              "Type": "public"
            },
            "tags_all": {
              "Environment": "dev",
              "Name": "multi-region-spot-dev-public-subnet-2",
              "Project": "multi-region-spot",
              "Type": "public"
            },
            "timeouts": null,
            "vpc_id": "vpc-07cc01187f42d45bf"
          },
          "sensitive_attributes": [],
          "private": "eyJlMmJmYjczMC1lY2FhLTExZTYtOGY4OC0zNDM2M2JjN2M0YzAiOnsiY3JlYXRlIjo2MDAwMDAwMDAwMDAsImRlbGV0ZSI6MTIwMDAwMDAwMDAwMH0sInNjaGVtYV92ZXJzaW9uIjoiMSJ9",
          "dependencies": [
            "module.network_oregon.aws_vpc.vpc"
          ]
        }
      ]
    },
    {
      "module": "module.network_oregon",
      "mode": "managed",
      "type": "aws_vpc",
      "name": "vpc",
      "provider": "provider[\"registry.terraform.io/hashicorp/aws\"].usw2",
      "instances": [
        {
          "schema_version": 1,
          "attributes": {
            "arn": "arn:aws:ec2:us-west-2:058898200941:vpc/vpc-07cc01187f42d45bf",
            "assign_generated_ipv6_cidr_block": false,
            "cidr_block": "10.4.0.0/16",
            "default_network_acl_id": "acl-01b54b8d9848023e7",
            "default_route_table_id": "rtb-0ecf22331ef11b197",
            "default_security_group_id": "sg-05ab22e1c9d202639",
            "dhcp_options_id": "dopt-41ea0c24",
            "enable_dns_hostnames": true,
            "enable_dns_support": true,
            "enable_network_address_usage_metrics": false,
            "id": "vpc-07cc01187f42d45bf",
            "instance_tenancy": "default",
            "ipv4_ipam_pool_id": null,
            "ipv4_netmask_length": null,
            "ipv6_association_id": "",
            "ipv6_cidr_block": "",
            "ipv6_cidr_block_network_border_group": "",
            "ipv6_ipam_pool_id": "",
            "ipv6_netmask_length": 0,
            "main_route_table_id": "rtb-0ecf22331ef11b197",
            "owner_id": "058898200941",
            "region": "us-west-2",
            "tags": {
              "Environment": "dev",
              "Name": "multi-region-spot-dev-vpc",
              "Project": "multi-region-spot"
            },
            "tags_all": {
              "Environment": "dev",
              "Name": "multi-region-spot-dev-vpc",
              "Project": "multi-region-spot"
            }
          },
          "sensitive_attributes": [],
          "private": "eyJzY2hlbWFfdmVyc2lvbiI6IjEifQ=="
        }
      ]
    },
    {
      "module": "module.network_tokyo",
      "mode": "managed",
      "type": "aws_internet_gateway",
      "name": "igw",
      "provider": "provider[\"registry.terraform.io/hashicorp/aws\"]",
      "instances": [
        {
          "schema_version": 0,
          "attributes": {
            "arn": "arn:aws:ec2:ap-northeast-1:058898200941:internet-gateway/igw-089b501c3c9eb46e5",
            "id": "igw-089b501c3c9eb46e5",
            "owner_id": "058898200941",
            "region": "ap-northeast-1",
            "tags": {
              "Environment": "dev",
              "Name": "multi-region-spot-dev-igw",
              "Project": "multi-region-spot"
            },
            "tags_all": {
              "Environment": "dev",
              "Name": "multi-region-spot-dev-igw",
              "Project": "multi-region-spot"
            },
            "timeouts": null,
            "vpc_id": "vpc-0f10b5c11825e4113"
          },
          "sensitive_attributes": [],
          "private": "eyJlMmJmYjczMC1lY2FhLTExZTYtOGY4OC0zNDM2M2JjN2M0YzAiOnsiY3JlYXRlIjoxMjAwMDAwMDAwMDAwLCJkZWxldGUiOjEyMDAwMDAwMDAwMDAsInVwZGF0ZSI6MTIwMDAwMDAwMDAwMH19",
          "dependencies": [
            "module.network_tokyo.aws_vpc.vpc"
          ]
        }
      ]
    },
    {
      "module": "module.network_tokyo",
      "mode": "managed",
      "type": "aws_route",
      "name": "public-route",
      "provider": "provider[\"registry.terraform.io/hashicorp/aws\"]",
      "instances": [
        {
          "schema_version": 0,
          "attributes": {
            "carrier_gateway_id": "",
            "core_network_arn": "",
            "destination_cidr_block": "0.0.0.0/0",
            "destination_ipv6_cidr_block": "",
            "destination_prefix_list_id": "",
            "egress_only_gateway_id": "",
            "gateway_id": "igw-089b501c3c9eb46e5",
            "id": "r-rtb-0e8a39e398fb5417c1080289494",
            "instance_id": "",
            "instance_owner_id": "",
            "local_gateway_id": "",
            "nat_gateway_id": "",
            "network_interface_id": "",
            "origin": "CreateRoute",
            "region": "ap-northeast-1",
            "route_table_id": "rtb-0e8a39e398fb5417c",
            "state": "active",
            "timeouts": null,
            "transit_gateway_id": "",
            "vpc_endpoint_id": "",
            "vpc_peering_connection_id": ""
          },
          "sensitive_attributes": [],
          "private": "eyJlMmJmYjczMC1lY2FhLTExZTYtOGY4OC0zNDM2M2JjN2M0YzAiOnsiY3JlYXRlIjozMDAwMDAwMDAwMDAsImRlbGV0ZSI6MzAwMDAwMDAwMDAwLCJ1cGRhdGUiOjEyMDAwMDAwMDAwMH19",
          "dependencies": [
            "module.network_tokyo.aws_internet_gateway.igw",
            "module.network_tokyo.aws_route_table.public_rt",
            "module.network_tokyo.aws_vpc.vpc"
          ]
        }
      ]
    },
    {
      "module": "module.network_tokyo",
      "mode": "managed",
      "type": "aws_route_table",
      "name": "public_rt",
      "provider": "provider[\"registry.terraform.io/hashicorp/aws\"]",
      "instances": [
        {
          "schema_version": 0,
          "attributes": {
            "arn": "arn:aws:ec2:ap-northeast-1:058898200941:route-table/rtb-0e8a39e398fb5417c",
            "id": "rtb-0e8a39e398fb5417c",
            "owner_id": "058898200941",
            "propagating_vgws": [],
            "region": "ap-northeast-1",
            "route": [],
            "tags": {
              "Environment": "dev",
              "Name": "multi-region-spot-dev-public-route-table",
              "Project": "multi-region-spot"
            },
            "tags_all": {
              "Environment": "dev",
              "Name": "multi-region-spot-dev-public-route-table",
              "Project": "multi-region-spot"
            },
            "timeouts": null,
            "vpc_id": "vpc-0f10b5c11825e4113"
          },
          "sensitive_attributes": [],
          "private": "eyJlMmJmYjczMC1lY2FhLTExZTYtOGY4OC0zNDM2M2JjN2M0YzAiOnsiY3JlYXRlIjozMDAwMDAwMDAwMDAsImRlbGV0ZSI6MzAwMDAwMDAwMDAwLCJ1cGRhdGUiOjEyMDAwMDAwMDAwMH19",
          "dependencies": [
            "module.network_tokyo.aws_vpc.vpc"
          ]
        }
      ]
    },
    {
      "module": "module.network_tokyo",
      "mode": "managed",
      "type": "aws_route_table_association",
      "name": "public_rt_association_1",
      "provider": "provider[\"registry.terraform.io/hashicorp/aws\"]",
      "instances": [
        {
          "schema_version": 0,
          "attributes": {
            "gateway_id": "",
            "id": "rtbassoc-06c48b9fe4c450ca1",
            "region": "ap-northeast-1",
            "route_table_id": "rtb-0e8a39e398fb5417c",
            "subnet_id": "subnet-0cba420eb7fe2d481",
            "timeouts": null
          },
          "sensitive_attributes": [],
          "private": "eyJlMmJmYjczMC1lY2FhLTExZTYtOGY4OC0zNDM2M2JjN2M0YzAiOnsiY3JlYXRlIjozMDAwMDAwMDAwMDAsImRlbGV0ZSI6MzAwMDAwMDAwMDAwLCJ1cGRhdGUiOjEyMDAwMDAwMDAwMH19",
          "dependencies": [
            "module.network_tokyo.aws_route_table.public_rt",
            "module.network_tokyo.aws_subnet.public_subnet_1",
            "module.network_tokyo.aws_vpc.vpc"
          ]
        }
      ]
    },
    {
      "module": "module.network_tokyo",
      "mode": "managed",
      "type": "aws_route_table_association",
      "name": "public_rt_association_2",
      "provider": "provider[\"registry.terraform.io/hashicorp/aws\"]",
      "instances": [
        {
          "schema_version": 0,
          "attributes": {
            "gateway_id": "",
            "id": "rtbassoc-0b5c9a31c5450c887",
            "region": "ap-northeast-1",
            "route_table_id": "rtb-0e8a39e398fb5417c",
            "subnet_id": "subnet-0d37edbb92170bf3f",
            "timeouts": null
          },
          "sensitive_attributes": [],
          "private": "eyJlMmJmYjczMC1lY2FhLTExZTYtOGY4OC0zNDM2M2JjN2M0YzAiOnsiY3JlYXRlIjozMDAwMDAwMDAwMDAsImRlbGV0ZSI6MzAwMDAwMDAwMDAwLCJ1cGRhdGUiOjEyMDAwMDAwMDAwMH19",
          "dependencies": [
            "module.network_tokyo.aws_route_table.public_rt",
            "module.network_tokyo.aws_subnet.public_subnet_2",
            "module.network_tokyo.aws_vpc.vpc"
          ]
        }
      ]
    },
    {
      "module": "module.network_tokyo",
      "mode": "managed",
      "type": "aws_subnet",
      "name": "public_subnet_1",
      "provider": "provider[\"registry.terraform.io/hashicorp/aws\"]",
      "instances": [
        {
          "schema_version": 1,
          "attributes": {
            "arn": "arn:aws:ec2:ap-northeast-1:058898200941:subnet/subnet-0cba420eb7fe2d481",
            "assign_ipv6_address_on_creation": false,
            "availability_zone": "ap-northeast-1c",
            "availability_zone_id": "apne1-az1",
            "cidr_block": "10.1.1.0/24",
            "customer_owned_ipv4_pool": "",
            "enable_dns64": false,
            "enable_lni_at_device_index": 0,
            "enable_resource_name_dns_a_record_on_launch": false,
            "enable_resource_name_dns_aaaa_record_on_launch": false,
            "id": "subnet-0cba420eb7fe2d481",
            "ipv6_cidr_block": "",
            "ipv6_cidr_block_association_id": "",
            "ipv6_native": false,
            "map_customer_owned_ip_on_launch": false,
            "map_public_ip_on_launch": true,
            "outpost_arn": "",
            "owner_id": "058898200941",
            "private_dns_hostname_type_on_launch": "ip-name",
            "region": "ap-northeast-1",
            "tags": {
              "Environment": "dev",
              "Name": "multi-region-spot-dev-public-subnet-1",
              "Project": "multi-region-spot",
              "Type": "public"
            },
            "tags_all": {
              "Environment": "dev",
              "Name": "multi-region-spot-dev-public-subnet-1",
              "Project": "multi-region-spot",
              "Type": "public"
            },
            "timeouts": null,
            "vpc_id": "vpc-0f10b5c11825e4113"
          },
          "sensitive_attributes": [],
          "private": "eyJlMmJmYjczMC1lY2FhLTExZTYtOGY4OC0zNDM2M2JjN2M0YzAiOnsiY3JlYXRlIjo2MDAwMDAwMDAwMDAsImRlbGV0ZSI6MTIwMDAwMDAwMDAwMH0sInNjaGVtYV92ZXJzaW9uIjoiMSJ9",
          "dependencies": [
            "module.network_tokyo.aws_vpc.vpc"
          ]
        }
      ]
    },
    {
      "module": "module.network_tokyo",
      "mode": "managed",
      "type": "aws_subnet",
      "name": "public_subnet_2",
      "provider": "provider[\"registry.terraform.io/hashicorp/aws\"]",
      "instances": [
        {
          "schema_version": 1,
          "attributes": {
            "arn": "arn:aws:ec2:ap-northeast-1:058898200941:subnet/subnet-0d37edbb92170bf3f",
            "assign_ipv6_address_on_creation": false,
            "availability_zone": "ap-northeast-1d",
            "availability_zone_id": "apne1-az2",
            "cidr_block": "10.1.2.0/24",
            "customer_owned_ipv4_pool": "",
            "enable_dns64": false,
            "enable_lni_at_device_index": 0,
            "enable_resource_name_dns_a_record_on_launch": false,
            "enable_resource_name_dns_aaaa_record_on_launch": false,
            "id": "subnet-0d37edbb92170bf3f",
            "ipv6_cidr_block": "",
            "ipv6_cidr_block_association_id": "",
            "ipv6_native": false,
            "map_customer_owned_ip_on_launch": false,
            "map_public_ip_on_launch": true,
            "outpost_arn": "",
            "owner_id": "058898200941",
            "private_dns_hostname_type_on_launch": "ip-name",
            "region": "ap-northeast-1",
            "tags": {
              "Environment": "dev",
              "Name": "multi-region-spot-dev-public-subnet-2",
              "Project": "multi-region-spot",
              "Type": "public"
            },
            "tags_all": {
              "Environment": "dev",
              "Name": "multi-region-spot-dev-public-subnet-2",
              "Project": "multi-region-spot",
              "Type": "public"
            },
            "timeouts": null,
            "vpc_id": "vpc-0f10b5c11825e4113"
          },
          "sensitive_attributes": [],
          "private": "eyJlMmJmYjczMC1lY2FhLTExZTYtOGY4OC0zNDM2M2JjN2M0YzAiOnsiY3JlYXRlIjo2MDAwMDAwMDAwMDAsImRlbGV0ZSI6MTIwMDAwMDAwMDAwMH0sInNjaGVtYV92ZXJzaW9uIjoiMSJ9",
          "dependencies": [
            "module.network_tokyo.aws_vpc.vpc"
          ]
        }
      ]
    },
    {
      "module": "module.network_tokyo",
      "mode": "managed",
      "type": "aws_vpc",
      "name": "vpc",
      "provider": "provider[\"registry.terraform.io/hashicorp/aws\"]",
      "instances": [
        {
          "schema_version": 1,
          "attributes": {
            "arn": "arn:aws:ec2:ap-northeast-1:058898200941:vpc/vpc-0f10b5c11825e4113",
            "assign_generated_ipv6_cidr_block": false,
            "cidr_block": "10.1.0.0/16",
            "default_network_acl_id": "acl-0e04dbafcd9c07f23",
            "default_route_table_id": "rtb-076e51a91b6d4d4a3",
            "default_security_group_id": "sg-07d324cc841446382",
            "dhcp_options_id": "dopt-64708a0c",
            "enable_dns_hostnames": true,
            "enable_dns_support": true,
            "enable_network_address_usage_metrics": false,
            "id": "vpc-0f10b5c11825e4113",
            "instance_tenancy": "default",
            "ipv4_ipam_pool_id": null,
            "ipv4_netmask_length": null,
            "ipv6_association_id": "",
            "ipv6_cidr_block": "",
            "ipv6_cidr_block_network_border_group": "",
            "ipv6_ipam_pool_id": "",
            "ipv6_netmask_length": 0,
            "main_route_table_id": "rtb-076e51a91b6d4d4a3",
            "owner_id": "058898200941",
            "region": "ap-northeast-1",
            "tags": {
              "Environment": "dev",
              "Name": "multi-region-spot-dev-vpc",
              "Project": "multi-region-spot"
            },
            "tags_all": {
              "Environment": "dev",
              "Name": "multi-region-spot-dev-vpc",
              "Project": "multi-region-spot"
            }
          },
          "sensitive_attributes": [],
          "private": "eyJzY2hlbWFfdmVyc2lvbiI6IjEifQ=="
        }
      ]
    },
    {
      "module": "module.network_virginia",
      "mode": "managed",
      "type": "aws_internet_gateway",
      "name": "igw",
      "provider": "provider[\"registry.terraform.io/hashicorp/aws\"].use1",
      "instances": [
        {
          "schema_version": 0,
          "attributes": {
            "arn": "arn:aws:ec2:us-east-1:058898200941:internet-gateway/igw-05f63a44a17ab3754",
            "id": "igw-05f63a44a17ab3754",
            "owner_id": "058898200941",
            "region": "us-east-1",
            "tags": {
              "Environment": "dev",
              "Name": "multi-region-spot-dev-igw",
              "Project": "multi-region-spot"
            },
            "tags_all": {
              "Environment": "dev",
              "Name": "multi-region-spot-dev-igw",
              "Project": "multi-region-spot"
            },
            "timeouts": null,
            "vpc_id": "vpc-00a916704e52f2425"
          },
          "sensitive_attributes": [],
          "private": "eyJlMmJmYjczMC1lY2FhLTExZTYtOGY4OC0zNDM2M2JjN2M0YzAiOnsiY3JlYXRlIjoxMjAwMDAwMDAwMDAwLCJkZWxldGUiOjEyMDAwMDAwMDAwMDAsInVwZGF0ZSI6MTIwMDAwMDAwMDAwMH19",
          "dependencies": [
            "module.network_virginia.aws_vpc.vpc"
          ]
        }
      ]
    },
    {
      "module": "module.network_virginia",
      "mode": "managed",
      "type": "aws_route",
      "name": "public-route",
      "provider": "provider[\"registry.terraform.io/hashicorp/aws\"].use1",
      "instances": [
        {
          "schema_version": 0,
          "attributes": {
            "carrier_gateway_id": "",
            "core_network_arn": "",
            "destination_cidr_block": "0.0.0.0/0",
            "destination_ipv6_cidr_block": "",
            "destination_prefix_list_id": "",
            "egress_only_gateway_id": "",
            "gateway_id": "igw-05f63a44a17ab3754",
            "id": "r-rtb-0b4183090bfb5f8e91080289494",
            "instance_id": "",
            "instance_owner_id": "",
            "local_gateway_id": "",
            "nat_gateway_id": "",
            "network_interface_id": "",
            "origin": "CreateRoute",
            "region": "us-east-1",
            "route_table_id": "rtb-0b4183090bfb5f8e9",
            "state": "active",
            "timeouts": null,
            "transit_gateway_id": "",
            "vpc_endpoint_id": "",
            "vpc_peering_connection_id": ""
          },
          "sensitive_attributes": [],
          "private": "eyJlMmJmYjczMC1lY2FhLTExZTYtOGY4OC0zNDM2M2JjN2M0YzAiOnsiY3JlYXRlIjozMDAwMDAwMDAwMDAsImRlbGV0ZSI6MzAwMDAwMDAwMDAwLCJ1cGRhdGUiOjEyMDAwMDAwMDAwMH19",
          "dependencies": [
            "module.network_virginia.aws_internet_gateway.igw",
            "module.network_virginia.aws_route_table.public_rt",
            "module.network_virginia.aws_vpc.vpc"
          ]
        }
      ]
    },
    {
      "module": "module.network_virginia",
      "mode": "managed",
      "type": "aws_route_table",
      "name": "public_rt",
      "provider": "provider[\"registry.terraform.io/hashicorp/aws\"].use1",
      "instances": [
        {
          "schema_version": 0,
          "attributes": {
            "arn": "arn:aws:ec2:us-east-1:058898200941:route-table/rtb-0b4183090bfb5f8e9",
            "id": "rtb-0b4183090bfb5f8e9",
            "owner_id": "058898200941",
            "propagating_vgws": [],
            "region": "us-east-1",
            "route": [],
            "tags": {
              "Environment": "dev",
              "Name": "multi-region-spot-dev-public-route-table",
              "Project": "multi-region-spot"
            },
            "tags_all": {
              "Environment": "dev",
              "Name": "multi-region-spot-dev-public-route-table",
              "Project": "multi-region-spot"
            },
            "timeouts": null,
            "vpc_id": "vpc-00a916704e52f2425"
          },
          "sensitive_attributes": [],
          "private": "eyJlMmJmYjczMC1lY2FhLTExZTYtOGY4OC0zNDM2M2JjN2M0YzAiOnsiY3JlYXRlIjozMDAwMDAwMDAwMDAsImRlbGV0ZSI6MzAwMDAwMDAwMDAwLCJ1cGRhdGUiOjEyMDAwMDAwMDAwMH19",
          "dependencies": [
            "module.network_virginia.aws_vpc.vpc"
          ]
        }
      ]
    },
    {
      "module": "module.network_virginia",
      "mode": "managed",
      "type": "aws_route_table_association",
      "name": "public_rt_association_1",
      "provider": "provider[\"registry.terraform.io/hashicorp/aws\"].use1",
      "instances": [
        {
          "schema_version": 0,
          "attributes": {
            "gateway_id": "",
            "id": "rtbassoc-00dcfd6083e8aa16e",
            "region": "us-east-1",
            "route_table_id": "rtb-0b4183090bfb5f8e9",
            "subnet_id": "subnet-06b7f9fc759c38c48",
            "timeouts": null
          },
          "sensitive_attributes": [],
          "private": "eyJlMmJmYjczMC1lY2FhLTExZTYtOGY4OC0zNDM2M2JjN2M0YzAiOnsiY3JlYXRlIjozMDAwMDAwMDAwMDAsImRlbGV0ZSI6MzAwMDAwMDAwMDAwLCJ1cGRhdGUiOjEyMDAwMDAwMDAwMH19",
          "dependencies": [
            "module.network_virginia.aws_route_table.public_rt",
            "module.network_virginia.aws_subnet.public_subnet_1",
            "module.network_virginia.aws_vpc.vpc"
          ]
        }
      ]
    },
    {
      "module": "module.network_virginia",
      "mode": "managed",
      "type": "aws_route_table_association",
      "name": "public_rt_association_2",
      "provider": "provider[\"registry.terraform.io/hashicorp/aws\"].use1",
      "instances": [
        {
          "schema_version": 0,
          "attributes": {
            "gateway_id": "",
            "id": "rtbassoc-041e936e4c40547ed",
            "region": "us-east-1",
            "route_table_id": "rtb-0b4183090bfb5f8e9",
            "subnet_id": "subnet-062025e1544820a85",
            "timeouts": null
          },
          "sensitive_attributes": [],
          "private": "eyJlMmJmYjczMC1lY2FhLTExZTYtOGY4OC0zNDM2M2JjN2M0YzAiOnsiY3JlYXRlIjozMDAwMDAwMDAwMDAsImRlbGV0ZSI6MzAwMDAwMDAwMDAwLCJ1cGRhdGUiOjEyMDAwMDAwMDAwMH19",
          "dependencies": [
            "module.network_virginia.aws_route_table.public_rt",
            "module.network_virginia.aws_subnet.public_subnet_2",
            "module.network_virginia.aws_vpc.vpc"
          ]
        }
      ]
    },
    {
      "module": "module.network_virginia",
      "mode": "managed",
      "type": "aws_subnet",
      "name": "public_subnet_1",
      "provider": "provider[\"registry.terraform.io/hashicorp/aws\"].use1",
      "instances": [
        {
          "schema_version": 1,
          "attributes": {
            "arn": "arn:aws:ec2:us-east-1:058898200941:subnet/subnet-06b7f9fc759c38c48",
            "assign_ipv6_address_on_creation": false,
            "availability_zone": "us-east-1b",
            "availability_zone_id": "use1-az4",
            "cidr_block": "10.3.1.0/24",
            "customer_owned_ipv4_pool": "",
            "enable_dns64": false,
            "enable_lni_at_device_index": 0,
            "enable_resource_name_dns_a_record_on_launch": false,
            "enable_resource_name_dns_aaaa_record_on_launch": false,
            "id": "subnet-06b7f9fc759c38c48",
            "ipv6_cidr_block": "",
            "ipv6_cidr_block_association_id": "",
            "ipv6_native": false,
            "map_customer_owned_ip_on_launch": false,
            "map_public_ip_on_launch": true,
            "outpost_arn": "",
            "owner_id": "058898200941",
            "private_dns_hostname_type_on_launch": "ip-name",
            "region": "us-east-1",
            "tags": {
              "Environment": "dev",
              "Name": "multi-region-spot-dev-public-subnet-1",
              "Project": "multi-region-spot",
              "Type": "public"
            },
            "tags_all": {
              "Environment": "dev",
              "Name": "multi-region-spot-dev-public-subnet-1",
              "Project": "multi-region-spot",
              "Type": "public"
            },
            "timeouts": null,
            "vpc_id": "vpc-00a916704e52f2425"
          },
          "sensitive_attributes": [],
          "private": "eyJlMmJmYjczMC1lY2FhLTExZTYtOGY4OC0zNDM2M2JjN2M0YzAiOnsiY3JlYXRlIjo2MDAwMDAwMDAwMDAsImRlbGV0ZSI6MTIwMDAwMDAwMDAwMH0sInNjaGVtYV92ZXJzaW9uIjoiMSJ9",
          "dependencies": [
            "module.network_virginia.aws_vpc.vpc"
          ]
        }
      ]
    },
    {
      "module": "module.network_virginia",
      "mode": "managed",
      "type": "aws_subnet",
      "name": "public_subnet_2",
      "provider": "provider[\"registry.terraform.io/hashicorp/aws\"].use1",
      "instances": [
        {
          "schema_version": 1,
          "attributes": {
            "arn": "arn:aws:ec2:us-east-1:058898200941:subnet/subnet-062025e1544820a85",
            "assign_ipv6_address_on_creation": false,
            "availability_zone": "us-east-1c",
            "availability_zone_id": "use1-az6",
            "cidr_block": "10.3.2.0/24",
            "customer_owned_ipv4_pool": "",
            "enable_dns64": false,
            "enable_lni_at_device_index": 0,
            "enable_resource_name_dns_a_record_on_launch": false,
            "enable_resource_name_dns_aaaa_record_on_launch": false,
            "id": "subnet-062025e1544820a85",
            "ipv6_cidr_block": "",
            "ipv6_cidr_block_association_id": "",
            "ipv6_native": false,
            "map_customer_owned_ip_on_launch": false,
            "map_public_ip_on_launch": true,
            "outpost_arn": "",
            "owner_id": "058898200941",
            "private_dns_hostname_type_on_launch": "ip-name",
            "region": "us-east-1",
            "tags": {
              "Environment": "dev",
              "Name": "multi-region-spot-dev-public-subnet-2",
              "Project": "multi-region-spot",
              "Type": "public"
            },
            "tags_all": {
              "Environment": "dev",
              "Name": "multi-region-spot-dev-public-subnet-2",
              "Project": "multi-region-spot",
              "Type": "public"
            },
            "timeouts": null,
            "vpc_id": "vpc-00a916704e52f2425"
          },
          "sensitive_attributes": [],
          "private": "eyJlMmJmYjczMC1lY2FhLTExZTYtOGY4OC0zNDM2M2JjN2M0YzAiOnsiY3JlYXRlIjo2MDAwMDAwMDAwMDAsImRlbGV0ZSI6MTIwMDAwMDAwMDAwMH0sInNjaGVtYV92ZXJzaW9uIjoiMSJ9",
          "dependencies": [
            "module.network_virginia.aws_vpc.vpc"
          ]
        }
      ]
    },
    {
      "module": "module.network_virginia",
      "mode": "managed",
      "type": "aws_vpc",
      "name": "vpc",
      "provider": "provider[\"registry.terraform.io/hashicorp/aws\"].use1",
      "instances": [
        {
          "schema_version": 1,
          "attributes": {
            "arn": "arn:aws:ec2:us-east-1:058898200941:vpc/vpc-00a916704e52f2425",
            "assign_generated_ipv6_cidr_block": false,
            "cidr_block": "10.3.0.0/16",
            "default_network_acl_id": "acl-0b7b3e9db52f82373",
            "default_route_table_id": "rtb-03cd7c1918281491f",
            "default_security_group_id": "sg-02dc88b1ed4490df0",
            "dhcp_options_id": "dopt-8d11ace9",
            "enable_dns_hostnames": true,
            "enable_dns_support": true,
            "enable_network_address_usage_metrics": false,
            "id": "vpc-00a916704e52f2425",
            "instance_tenancy": "default",
            "ipv4_ipam_pool_id": null,
            "ipv4_netmask_length": null,
            "ipv6_association_id": "",
            "ipv6_cidr_block": "",
            "ipv6_cidr_block_network_border_group": "",
            "ipv6_ipam_pool_id": "",
            "ipv6_netmask_length": 0,
            "main_route_table_id": "rtb-03cd7c1918281491f",
            "owner_id": "058898200941",
            "region": "us-east-1",
            "tags": {
              "Environment": "dev",
              "Name": "multi-region-spot-dev-vpc",
              "Project": "multi-region-spot"
            },
            "tags_all": {
              "Environment": "dev",
              "Name": "multi-region-spot-dev-vpc",
              "Project": "multi-region-spot"
            }
          },
          "sensitive_attributes": [],
          "private": "eyJzY2hlbWFfdmVyc2lvbiI6IjEifQ=="
        }
      ]
    },
    {
      "module": "module.security_frankfurt",
      "mode": "managed",
      "type": "aws_security_group",
      "name": "db_sg",
      "provider": "provider[\"registry.terraform.io/hashicorp/aws\"].euc1",
      "instances": [
        {
          "schema_version": 1,
          "attributes": {
            "arn": "arn:aws:ec2:eu-central-1:058898200941:security-group/sg-029427f4d7c94ee6e",
            "description": "Security group for DB server",
            "egress": [
              {
                "cidr_blocks": [
                  "0.0.0.0/0"
                ],
                "description": "",
                "from_port": 0,
                "ipv6_cidr_blocks": [],
                "prefix_list_ids": [],
                "protocol": "-1",
                "security_groups": [],
                "self": false,
                "to_port": 0
              }
            ],
            "id": "sg-029427f4d7c94ee6e",
            "ingress": [
              {
                "cidr_blocks": [
                  "0.0.0.0/0"
                ],
                "description": "",
                "from_port": 22,
                "ipv6_cidr_blocks": [],
                "prefix_list_ids": [],
                "protocol": "tcp",
                "security_groups": [],
                "self": false,
                "to_port": 22
              },
              {
                "cidr_blocks": [
                  "0.0.0.0/0"
                ],
                "description": "",
                "from_port": 3306,
                "ipv6_cidr_blocks": [],
                "prefix_list_ids": [],
                "protocol": "tcp",
                "security_groups": [],
                "self": false,
                "to_port": 3306
              }
            ],
            "name": "multi-region-spot-dev-db-sg",
            "name_prefix": "",
            "owner_id": "058898200941",
            "region": "eu-central-1",
            "revoke_rules_on_delete": false,
            "tags": null,
            "tags_all": {},
            "timeouts": null,
            "vpc_id": "vpc-091bb7eda63812b86"
          },
          "sensitive_attributes": [],
          "private": "eyJlMmJmYjczMC1lY2FhLTExZTYtOGY4OC0zNDM2M2JjN2M0YzAiOnsiY3JlYXRlIjo2MDAwMDAwMDAwMDAsImRlbGV0ZSI6OTAwMDAwMDAwMDAwfSwic2NoZW1hX3ZlcnNpb24iOiIxIn0=",
          "dependencies": [
            "module.network_frankfurt.aws_vpc.vpc"
          ]
        }
      ]
    },
    {
      "module": "module.security_korea",
      "mode": "managed",
      "type": "aws_security_group",
      "name": "db_sg",
      "provider": "provider[\"registry.terraform.io/hashicorp/aws\"].apne2",
      "instances": [
        {
          "schema_version": 1,
          "attributes": {
            "arn": "arn:aws:ec2:ap-northeast-2:058898200941:security-group/sg-0a386ba3ca10b75bf",
            "description": "Security group for DB server",
            "egress": [
              {
                "cidr_blocks": [
                  "0.0.0.0/0"
                ],
                "description": "",
                "from_port": 0,
                "ipv6_cidr_blocks": [],
                "prefix_list_ids": [],
                "protocol": "-1",
                "security_groups": [],
                "self": false,
                "to_port": 0
              }
            ],
            "id": "sg-0a386ba3ca10b75bf",
            "ingress": [
              {
                "cidr_blocks": [
                  "0.0.0.0/0"
                ],
                "description": "",
                "from_port": 22,
                "ipv6_cidr_blocks": [],
                "prefix_list_ids": [],
                "protocol": "tcp",
                "security_groups": [],
                "self": false,
                "to_port": 22
              },
              {
                "cidr_blocks": [
                  "0.0.0.0/0"
                ],
                "description": "",
                "from_port": 3306,
                "ipv6_cidr_blocks": [],
                "prefix_list_ids": [],
                "protocol": "tcp",
                "security_groups": [],
                "self": false,
                "to_port": 3306
              }
            ],
            "name": "multi-region-spot-dev-db-sg",
            "name_prefix": "",
            "owner_id": "058898200941",
            "region": "ap-northeast-2",
            "revoke_rules_on_delete": false,
            "tags": null,
            "tags_all": {},
            "timeouts": null,
            "vpc_id": "vpc-0298c02d50cd5f258"
          },
          "sensitive_attributes": [],
          "private": "eyJlMmJmYjczMC1lY2FhLTExZTYtOGY4OC0zNDM2M2JjN2M0YzAiOnsiY3JlYXRlIjo2MDAwMDAwMDAwMDAsImRlbGV0ZSI6OTAwMDAwMDAwMDAwfSwic2NoZW1hX3ZlcnNpb24iOiIxIn0=",
          "dependencies": [
            "module.network_korea.aws_vpc.vpc"
          ]
        }
      ]
    },
    {
      "module": "module.security_oregon",
      "mode": "managed",
      "type": "aws_security_group",
      "name": "db_sg",
      "provider": "provider[\"registry.terraform.io/hashicorp/aws\"].usw2",
      "instances": [
        {
          "schema_version": 1,
          "attributes": {
            "arn": "arn:aws:ec2:us-west-2:058898200941:security-group/sg-0dc5ab39f9d99b17b",
            "description": "Security group for DB server",
            "egress": [
              {
                "cidr_blocks": [
                  "0.0.0.0/0"
                ],
                "description": "",
                "from_port": 0,
                "ipv6_cidr_blocks": [],
                "prefix_list_ids": [],
                "protocol": "-1",
                "security_groups": [],
                "self": false,
                "to_port": 0
              }
            ],
            "id": "sg-0dc5ab39f9d99b17b",
            "ingress": [
              {
                "cidr_blocks": [
                  "0.0.0.0/0"
                ],
                "description": "",
                "from_port": 22,
                "ipv6_cidr_blocks": [],
                "prefix_list_ids": [],
                "protocol": "tcp",
                "security_groups": [],
                "self": false,
                "to_port": 22
              },
              {
                "cidr_blocks": [
                  "0.0.0.0/0"
                ],
                "description": "",
                "from_port": 3306,
                "ipv6_cidr_blocks": [],
                "prefix_list_ids": [],
                "protocol": "tcp",
                "security_groups": [],
                "self": false,
                "to_port": 3306
              }
            ],
            "name": "multi-region-spot-dev-db-sg",
            "name_prefix": "",
            "owner_id": "058898200941",
            "region": "us-west-2",
            "revoke_rules_on_delete": false,
            "tags": null,
            "tags_all": {},
            "timeouts": null,
            "vpc_id": "vpc-07cc01187f42d45bf"
          },
          "sensitive_attributes": [],
          "private": "eyJlMmJmYjczMC1lY2FhLTExZTYtOGY4OC0zNDM2M2JjN2M0YzAiOnsiY3JlYXRlIjo2MDAwMDAwMDAwMDAsImRlbGV0ZSI6OTAwMDAwMDAwMDAwfSwic2NoZW1hX3ZlcnNpb24iOiIxIn0=",
          "dependencies": [
            "module.network_oregon.aws_vpc.vpc"
          ]
        }
      ]
    },
    {
      "module": "module.security_tokyo",
      "mode": "managed",
      "type": "aws_security_group",
      "name": "db_sg",
      "provider": "provider[\"registry.terraform.io/hashicorp/aws\"]",
      "instances": [
        {
          "schema_version": 1,
          "attributes": {
            "arn": "arn:aws:ec2:ap-northeast-1:058898200941:security-group/sg-0778f94d813199c65",
            "description": "Security group for DB server",
            "egress": [
              {
                "cidr_blocks": [
                  "0.0.0.0/0"
                ],
                "description": "",
                "from_port": 0,
                "ipv6_cidr_blocks": [],
                "prefix_list_ids": [],
                "protocol": "-1",
                "security_groups": [],
                "self": false,
                "to_port": 0
              }
            ],
            "id": "sg-0778f94d813199c65",
            "ingress": [
              {
                "cidr_blocks": [
                  "0.0.0.0/0"
                ],
                "description": "",
                "from_port": 22,
                "ipv6_cidr_blocks": [],
                "prefix_list_ids": [],
                "protocol": "tcp",
                "security_groups": [],
                "self": false,
                "to_port": 22
              },
              {
                "cidr_blocks": [
                  "0.0.0.0/0"
                ],
                "description": "",
                "from_port": 3306,
                "ipv6_cidr_blocks": [],
                "prefix_list_ids": [],
                "protocol": "tcp",
                "security_groups": [],
                "self": false,
                "to_port": 3306
              }
            ],
            "name": "multi-region-spot-dev-db-sg",
            "name_prefix": "",
            "owner_id": "058898200941",
            "region": "ap-northeast-1",
            "revoke_rules_on_delete": false,
            "tags": null,
            "tags_all": {},
            "timeouts": null,
            "vpc_id": "vpc-0f10b5c11825e4113"
          },
          "sensitive_attributes": [],
          "private": "eyJlMmJmYjczMC1lY2FhLTExZTYtOGY4OC0zNDM2M2JjN2M0YzAiOnsiY3JlYXRlIjo2MDAwMDAwMDAwMDAsImRlbGV0ZSI6OTAwMDAwMDAwMDAwfSwic2NoZW1hX3ZlcnNpb24iOiIxIn0=",
          "dependencies": [
            "module.network_tokyo.aws_vpc.vpc"
          ]
        }
      ]
    },
    {
      "module": "module.security_virginia",
      "mode": "managed",
      "type": "aws_security_group",
      "name": "db_sg",
      "provider": "provider[\"registry.terraform.io/hashicorp/aws\"].use1",
      "instances": [
        {
          "schema_version": 1,
          "attributes": {
            "arn": "arn:aws:ec2:us-east-1:058898200941:security-group/sg-0720d96b9ca8349c8",
            "description": "Security group for DB server",
            "egress": [
              {
                "cidr_blocks": [
                  "0.0.0.0/0"
                ],
                "description": "",
                "from_port": 0,
                "ipv6_cidr_blocks": [],
                "prefix_list_ids": [],
                "protocol": "-1",
                "security_groups": [],
                "self": false,
                "to_port": 0
              }
            ],
            "id": "sg-0720d96b9ca8349c8",
            "ingress": [
              {
                "cidr_blocks": [
                  "0.0.0.0/0"
                ],
                "description": "",
                "from_port": 22,
                "ipv6_cidr_blocks": [],
                "prefix_list_ids": [],
                "protocol": "tcp",
                "security_groups": [],
                "self": false,
                "to_port": 22
              },
              {
                "cidr_blocks": [
                  "0.0.0.0/0"
                ],
                "description": "",
                "from_port": 3306,
                "ipv6_cidr_blocks": [],
                "prefix_list_ids": [],
                "protocol": "tcp",
                "security_groups": [],
                "self": false,
                "to_port": 3306
              }
            ],
            "name": "multi-region-spot-dev-db-sg",
            "name_prefix": "",
            "owner_id": "058898200941",
            "region": "us-east-1",
            "revoke_rules_on_delete": false,
            "tags": null,
            "tags_all": {},
            "timeouts": null,
            "vpc_id": "vpc-00a916704e52f2425"
          },
          "sensitive_attributes": [],
          "private": "eyJlMmJmYjczMC1lY2FhLTExZTYtOGY4OC0zNDM2M2JjN2M0YzAiOnsiY3JlYXRlIjo2MDAwMDAwMDAwMDAsImRlbGV0ZSI6OTAwMDAwMDAwMDAwfSwic2NoZW1hX3ZlcnNpb24iOiIxIn0=",
          "dependencies": [
            "module.network_virginia.aws_vpc.vpc"
          ]
        }
      ]
    }
  ],
  "check_results": null
}
