{
  "version": 4,
  "terraform_version": "1.11.4",
  "serial": 64,
  "lineage": "6c44888d-3af1-53e1-2ecf-5ae8f27c0a53",
  "outputs": {},
  "resources": [
    {
      "module": "module.event_bridge",
      "mode": "managed",
      "type": "aws_iam_role",
      "name": "lambda_role",
      "provider": "provider[\"registry.terraform.io/hashicorp/aws\"]",
      "instances": [
        {
          "schema_version": 0,
          "attributes": {
            "arn": "arn:aws:iam::058898200941:role/multi-region-spot-dev-lambda-role",
            "assume_role_policy": "{\"Statement\":[{\"Action\":\"sts:AssumeRole\",\"Effect\":\"Allow\",\"Principal\":{\"Service\":\"lambda.amazonaws.com\"}}],\"Version\":\"2012-10-17\"}",
            "create_date": "2025-12-09T15:23:22Z",
            "description": "",
            "force_detach_policies": false,
            "id": "multi-region-spot-dev-lambda-role",
            "inline_policy": [
              {
                "name": "multi-region-spot-dev-lambda-policy",
                "policy": "{\"Version\":\"2012-10-17\",\"Statement\":[{\"Action\":[\"ec2:DescribeInstances\",\"ec2:DetachVolume\",\"ec2:AttachVolume\",\"ec2:StartInstances\",\"ec2:StopInstances\",\"ec2:DescribeVolumes\",\"ec2:DescribeVolumeStatus\"],\"Effect\":\"Allow\",\"Resource\":\"*\"},{\"Action\":[\"logs:CreateLogGroup\",\"logs:CreateLogStream\",\"logs:PutLogEvents\"],\"Effect\":\"Allow\",\"Resource\":\"*\"},{\"Action\":[\"s3:GetObject\"],\"Effect\":\"Allow\",\"Resource\":\"*\"},{\"Action\":[\"ssm:GetParameter\",\"ssm:GetParameters\",\"ssm:DescribeParameters\",\"kms:Decrypt\"],\"Effect\":\"Allow\",\"Resource\":\"*\"}]}"
              }
            ],
            "managed_policy_arns": [],
            "max_session_duration": 3600,
            "name": "multi-region-spot-dev-lambda-role",
            "name_prefix": "",
            "path": "/",
            "permissions_boundary": "",
            "tags": {},
            "tags_all": {},
            "unique_id": "AROAQ3NU3HFWQMF65CQCX"
          },
          "sensitive_attributes": [],
          "private": "bnVsbA=="
        }
      ]
    },
    {
      "module": "module.event_bridge",
      "mode": "managed",
      "type": "aws_iam_role_policy",
      "name": "lambda_policy",
      "provider": "provider[\"registry.terraform.io/hashicorp/aws\"]",
      "instances": [
        {
          "schema_version": 0,
          "attributes": {
            "id": "multi-region-spot-dev-lambda-role:multi-region-spot-dev-lambda-policy",
            "name": "multi-region-spot-dev-lambda-policy",
            "name_prefix": "",
            "policy": "{\"Version\":\"2012-10-17\",\"Statement\":[{\"Action\":[\"ec2:RunInstances\",\"ec2:CreateTags\",\"ec2:DescribeInstances\",\"ec2:DetachVolume\",\"ec2:AttachVolume\",\"ec2:StartInstances\",\"ec2:StopInstances\",\"ec2:DescribeVolumes\",\"ec2:DescribeVolumeStatus\",\"ec2:DescribeImages\",\"ec2:DescribeSubnets\",\"ec2:DescribeSecurityGroups\"],\"Effect\":\"Allow\",\"Resource\":\"*\"},{\"Action\":[\"logs:CreateLogGroup\",\"logs:CreateLogStream\",\"logs:PutLogEvents\"],\"Effect\":\"Allow\",\"Resource\":\"*\"},{\"Action\":[\"s3:GetObject\"],\"Effect\":\"Allow\",\"Resource\":\"*\"},{\"Action\":[\"ssm:GetParameter\",\"ssm:GetParameters\",\"ssm:DescribeParameters\",\"kms:Decrypt\"],\"Effect\":\"Allow\",\"Resource\":\"*\"}]}",
            "role": "multi-region-spot-dev-lambda-role"
          },
          "sensitive_attributes": [],
          "private": "bnVsbA==",
          "dependencies": [
            "module.event_bridge.aws_iam_role.lambda_role"
          ]
        }
      ]
    },
    {
      "module": "module.event_bridge",
      "mode": "managed",
      "type": "aws_key_pair",
      "name": "keypair",
      "provider": "provider[\"registry.terraform.io/hashicorp/aws\"]",
      "instances": [
        {
          "schema_version": 1,
          "attributes": {
            "arn": "arn:aws:ec2:ap-northeast-1:058898200941:key-pair/multi-region-spot-dev-keypair",
            "fingerprint": "75:88:b5:8c:fd:96:bb:6f:37:1a:2c:d4:dd:92:db:dd",
            "id": "multi-region-spot-dev-keypair",
            "key_name": "multi-region-spot-dev-keypair",
            "key_name_prefix": "",
            "key_pair_id": "key-02620a86dbed4a73b",
            "key_type": "rsa",
            "public_key": "ssh-rsa AAAAB3NzaC1yc2EAAAADAQABAAABAQDSON7bo8vQSsxw1EvAqmVVBC4ZFJCHqCDRsmO8UiVJyhxgRQ79B112MRKjw9SUqoTNMUB/gL0aVuxHQz9GVFwNN335kXLAcSLKbyQq4/eet5An5HHXFyYz/tWmTGn0O/0A3E5BkKLc3LVsTSM2PBBXhbWSnZEOgB+CTlX9+TP8X54oIqenXs1h36CZxvBCuyzJ65+sdaIdzyadTiM0r9HPQOL1jOg+2wc/5Px0seHNTPUY5qMts85gPbJogaHNzdshsulnTo7xxaZHV+SlqmSZlFkkIEMDYdUpJhVYT/23slFsEoi5hPe5JLX5bami6vE+ChS/FjXjR4bBh5F1/q3Z naoki@surface-naoki",
            "region": "ap-northeast-1",
            "tags": {
              "Env": "dev",
              "Name": "multi-region-spot-dev-keypair",
              "Project": "multi-region-spot"
            },
            "tags_all": {
              "Env": "dev",
              "Name": "multi-region-spot-dev-keypair",
              "Project": "multi-region-spot"
            }
          },
          "sensitive_attributes": [],
          "private": "eyJzY2hlbWFfdmVyc2lvbiI6IjEifQ=="
        }
      ]
    },
    {
      "module": "module.event_bridge",
      "mode": "managed",
      "type": "aws_lambda_function",
      "name": "boot_spot",
      "provider": "provider[\"registry.terraform.io/hashicorp/aws\"]",
      "instances": [
        {
          "schema_version": 0,
          "attributes": {
            "architectures": [
              "x86_64"
            ],
            "arn": "arn:aws:lambda:ap-northeast-1:058898200941:function:multi-region-spot-dev-boot-spot",
            "capacity_provider_config": [],
            "code_sha256": "ze2817Y1oheu/OPYfki478UezZH3ZulkG6STpUjn57c=",
            "code_signing_config_arn": "",
            "dead_letter_config": [],
            "description": "",
            "durable_config": [],
            "environment": [
              {
                "variables": {
                  "KYENAME": "multi-region-spot-dev-keypair",
                  "SECURITYGROUPEIDS": "sg-0fe509ddcea5110c6",
                  "SUBNETID": "subnet-0ee4868030883cd48"
                }
              }
            ],
            "ephemeral_storage": [
              {
                "size": 512
              }
            ],
            "file_system_config": [],
            "filename": null,
            "function_name": "multi-region-spot-dev-boot-spot",
            "handler": "boot_spot.lambda_handler",
            "id": "multi-region-spot-dev-boot-spot",
            "image_config": [],
            "image_uri": "",
            "invoke_arn": "arn:aws:apigateway:ap-northeast-1:lambda:path/2015-03-31/functions/arn:aws:lambda:ap-northeast-1:058898200941:function:multi-region-spot-dev-boot-spot/invocations",
            "kms_key_arn": "",
            "last_modified": "2025-12-09T15:23:37.365+0000",
            "layers": [
              "arn:aws:lambda:ap-northeast-1:058898200941:layer:paramiko-layer:5"
            ],
            "logging_config": [
              {
                "application_log_level": "",
                "log_format": "Text",
                "log_group": "/aws/lambda/multi-region-spot-dev-boot-spot",
                "system_log_level": ""
              }
            ],
            "memory_size": 128,
            "package_type": "Zip",
            "publish": false,
            "publish_to": null,
            "qualified_arn": "arn:aws:lambda:ap-northeast-1:058898200941:function:multi-region-spot-dev-boot-spot:$LATEST",
            "qualified_invoke_arn": "arn:aws:apigateway:ap-northeast-1:lambda:path/2015-03-31/functions/arn:aws:lambda:ap-northeast-1:058898200941:function:multi-region-spot-dev-boot-spot:$LATEST/invocations",
            "region": "ap-northeast-1",
            "replace_security_groups_on_destroy": null,
            "replacement_security_group_ids": null,
            "reserved_concurrent_executions": -1,
            "role": "arn:aws:iam::058898200941:role/multi-region-spot-dev-lambda-role",
            "runtime": "python3.9",
            "s3_bucket": "dev-multi-region-spot-lambda-source",
            "s3_key": "lambda_source/boot_spot.zip",
            "s3_object_version": null,
            "signing_job_arn": "",
            "signing_profile_version_arn": "",
            "skip_destroy": false,
            "snap_start": [],
            "source_code_hash": "",
            "source_code_size": 767,
            "source_kms_key_arn": "",
            "tags": {
              "Env": "dev",
              "Name": "multi-region-spot-dev-lambda",
              "Project": "multi-region-spot"
            },
            "tags_all": {
              "Env": "dev",
              "Name": "multi-region-spot-dev-lambda",
              "Project": "multi-region-spot"
            },
            "tenancy_config": [],
            "timeout": 120,
            "timeouts": null,
            "tracing_config": [
              {
                "mode": "PassThrough"
              }
            ],
            "version": "$LATEST",
            "vpc_config": []
          },
          "sensitive_attributes": [],
          "private": "eyJlMmJmYjczMC1lY2FhLTExZTYtOGY4OC0zNDM2M2JjN2M0YzAiOnsiY3JlYXRlIjo2MDAwMDAwMDAwMDAsImRlbGV0ZSI6NjAwMDAwMDAwMDAwLCJ1cGRhdGUiOjYwMDAwMDAwMDAwMH19",
          "dependencies": [
            "module.event_bridge.aws_iam_role.lambda_role",
            "module.event_bridge.aws_key_pair.keypair",
            "module.event_bridge.aws_security_group.db_sg",
            "module.network.aws_subnet.public_subnet_1",
            "module.network.aws_vpc.vpc"
          ]
        }
      ]
    },
    {
      "module": "module.event_bridge",
      "mode": "managed",
      "type": "aws_security_group",
      "name": "db_sg",
      "provider": "provider[\"registry.terraform.io/hashicorp/aws\"]",
      "instances": [
        {
          "schema_version": 1,
          "attributes": {
            "arn": "arn:aws:ec2:ap-northeast-1:058898200941:security-group/sg-0fe509ddcea5110c6",
            "description": "Security group for DB server",
            "egress": [
              {
                "cidr_blocks": [
                  "0.0.0.0/0"
                ],
                "description": "",
                "from_port": 0,
                "ipv6_cidr_blocks": [],
                "prefix_list_ids": [],
                "protocol": "-1",
                "security_groups": [],
                "self": false,
                "to_port": 0
              }
            ],
            "id": "sg-0fe509ddcea5110c6",
            "ingress": [
              {
                "cidr_blocks": [
                  "0.0.0.0/0"
                ],
                "description": "",
                "from_port": 22,
                "ipv6_cidr_blocks": [],
                "prefix_list_ids": [],
                "protocol": "tcp",
                "security_groups": [],
                "self": false,
                "to_port": 22
              },
              {
                "cidr_blocks": [
                  "10.0.0.0/16"
                ],
                "description": "",
                "from_port": 3306,
                "ipv6_cidr_blocks": [],
                "prefix_list_ids": [],
                "protocol": "tcp",
                "security_groups": [],
                "self": false,
                "to_port": 3306
              }
            ],
            "name": "multi-region-spot-dev-db-sg",
            "name_prefix": "",
            "owner_id": "058898200941",
            "region": "ap-northeast-1",
            "revoke_rules_on_delete": false,
            "tags": {},
            "tags_all": {},
            "timeouts": null,
            "vpc_id": "vpc-02a33bcfd7e57815a"
          },
          "sensitive_attributes": [],
          "private": "eyJlMmJmYjczMC1lY2FhLTExZTYtOGY4OC0zNDM2M2JjN2M0YzAiOnsiY3JlYXRlIjo2MDAwMDAwMDAwMDAsImRlbGV0ZSI6OTAwMDAwMDAwMDAwfSwic2NoZW1hX3ZlcnNpb24iOiIxIn0=",
          "dependencies": [
            "module.network.aws_vpc.vpc"
          ]
        }
      ]
    },
    {
      "module": "module.lambda_source_s3",
      "mode": "managed",
      "type": "aws_s3_bucket",
      "name": "lambda_src",
      "provider": "provider[\"registry.terraform.io/hashicorp/aws\"]",
      "instances": [
        {
          "schema_version": 0,
          "attributes": {
            "acceleration_status": "",
            "acl": null,
            "arn": "arn:aws:s3:::dev-multi-region-spot-lambda-source",
            "bucket": "dev-multi-region-spot-lambda-source",
            "bucket_domain_name": "dev-multi-region-spot-lambda-source.s3.amazonaws.com",
            "bucket_prefix": "",
            "bucket_region": "ap-northeast-1",
            "bucket_regional_domain_name": "dev-multi-region-spot-lambda-source.s3.ap-northeast-1.amazonaws.com",
            "cors_rule": [],
            "force_destroy": false,
            "grant": [
              {
                "id": "82435494269d3c9a2833264ff6b8aa263d6f3144b19bf891915077165e2620ec",
                "permissions": [
                  "FULL_CONTROL"
                ],
                "type": "CanonicalUser",
                "uri": ""
              }
            ],
            "hosted_zone_id": "Z2M4EHUR26P7ZW",
            "id": "dev-multi-region-spot-lambda-source",
            "lifecycle_rule": [],
            "logging": [],
            "object_lock_configuration": [],
            "object_lock_enabled": false,
            "policy": "",
            "region": "ap-northeast-1",
            "replication_configuration": [],
            "request_payer": "BucketOwner",
            "server_side_encryption_configuration": [
              {
                "rule": [
                  {
                    "apply_server_side_encryption_by_default": [
                      {
                        "kms_master_key_id": "",
                        "sse_algorithm": "AES256"
                      }
                    ],
                    "bucket_key_enabled": false
                  }
                ]
              }
            ],
            "tags": {
              "Env": "dev",
              "Name": "multi-region-spot-dev-s3-lambda-source",
              "Project": "multi-region-spot"
            },
            "tags_all": {
              "Env": "dev",
              "Name": "multi-region-spot-dev-s3-lambda-source",
              "Project": "multi-region-spot"
            },
            "timeouts": null,
            "versioning": [
              {
                "enabled": false,
                "mfa_delete": false
              }
            ],
            "website": [],
            "website_domain": null,
            "website_endpoint": null
          },
          "sensitive_attributes": [],
          "private": "eyJlMmJmYjczMC1lY2FhLTExZTYtOGY4OC0zNDM2M2JjN2M0YzAiOnsiY3JlYXRlIjoxMjAwMDAwMDAwMDAwLCJkZWxldGUiOjM2MDAwMDAwMDAwMDAsInJlYWQiOjEyMDAwMDAwMDAwMDAsInVwZGF0ZSI6MTIwMDAwMDAwMDAwMH19"
        }
      ]
    },
    {
      "module": "module.lambda_source_s3",
      "mode": "managed",
      "type": "aws_s3_object",
      "name": "lambda_zip",
      "provider": "provider[\"registry.terraform.io/hashicorp/aws\"]",
      "instances": [
        {
          "schema_version": 0,
          "attributes": {
            "acl": null,
            "arn": "arn:aws:s3:::dev-multi-region-spot-lambda-source/lambda_source/boot_spot.zip",
            "bucket": "dev-multi-region-spot-lambda-source",
            "bucket_key_enabled": false,
            "cache_control": "",
            "checksum_algorithm": null,
            "checksum_crc32": "",
            "checksum_crc32c": "",
            "checksum_crc64nvme": "",
            "checksum_sha1": "",
            "checksum_sha256": "",
            "content": null,
            "content_base64": null,
            "content_disposition": "",
            "content_encoding": "",
            "content_language": "",
            "content_type": "application/octet-stream",
            "etag": "ec74a7283b0974530b9694bcc629a58e",
            "force_destroy": false,
            "id": "dev-multi-region-spot-lambda-source/lambda_source/boot_spot.zip",
            "key": "lambda_source/boot_spot.zip",
            "kms_key_id": null,
            "metadata": {},
            "object_lock_legal_hold_status": "",
            "object_lock_mode": "",
            "object_lock_retain_until_date": "",
            "override_provider": [],
            "region": "ap-northeast-1",
            "server_side_encryption": "AES256",
            "source": "./../../lambda_source/boot_spot.zip",
            "source_hash": null,
            "storage_class": "STANDARD",
            "tags": {},
            "tags_all": {},
            "version_id": "",
            "website_redirect": ""
          },
          "sensitive_attributes": [],
          "private": "bnVsbA==",
          "dependencies": [
            "module.lambda_source_s3.aws_s3_bucket.lambda_src"
          ]
        }
      ]
    },
    {
      "module": "module.network",
      "mode": "managed",
      "type": "aws_internet_gateway",
      "name": "igw",
      "provider": "provider[\"registry.terraform.io/hashicorp/aws\"]",
      "instances": [
        {
          "schema_version": 0,
          "attributes": {
            "arn": "arn:aws:ec2:ap-northeast-1:058898200941:internet-gateway/igw-0ca9121e4b334afb7",
            "id": "igw-0ca9121e4b334afb7",
            "owner_id": "058898200941",
            "region": "ap-northeast-1",
            "tags": {
              "Environment": "dev",
              "Name": "multi-region-spot-dev-igw",
              "Project": "multi-region-spot"
            },
            "tags_all": {
              "Environment": "dev",
              "Name": "multi-region-spot-dev-igw",
              "Project": "multi-region-spot"
            },
            "timeouts": null,
            "vpc_id": "vpc-02a33bcfd7e57815a"
          },
          "sensitive_attributes": [],
          "private": "eyJlMmJmYjczMC1lY2FhLTExZTYtOGY4OC0zNDM2M2JjN2M0YzAiOnsiY3JlYXRlIjoxMjAwMDAwMDAwMDAwLCJkZWxldGUiOjEyMDAwMDAwMDAwMDAsInVwZGF0ZSI6MTIwMDAwMDAwMDAwMH19",
          "dependencies": [
            "module.network.aws_vpc.vpc"
          ]
        }
      ]
    },
    {
      "module": "module.network",
      "mode": "managed",
      "type": "aws_route",
      "name": "public-route",
      "provider": "provider[\"registry.terraform.io/hashicorp/aws\"]",
      "instances": [
        {
          "schema_version": 0,
          "attributes": {
            "carrier_gateway_id": "",
            "core_network_arn": "",
            "destination_cidr_block": "0.0.0.0/0",
            "destination_ipv6_cidr_block": "",
            "destination_prefix_list_id": "",
            "egress_only_gateway_id": "",
            "gateway_id": "igw-0ca9121e4b334afb7",
            "id": "r-rtb-0304e70c1744d90ab1080289494",
            "instance_id": "",
            "instance_owner_id": "",
            "local_gateway_id": "",
            "nat_gateway_id": "",
            "network_interface_id": "",
            "origin": "CreateRoute",
            "region": "ap-northeast-1",
            "route_table_id": "rtb-0304e70c1744d90ab",
            "state": "active",
            "timeouts": null,
            "transit_gateway_id": "",
            "vpc_endpoint_id": "",
            "vpc_peering_connection_id": ""
          },
          "sensitive_attributes": [],
          "private": "eyJlMmJmYjczMC1lY2FhLTExZTYtOGY4OC0zNDM2M2JjN2M0YzAiOnsiY3JlYXRlIjozMDAwMDAwMDAwMDAsImRlbGV0ZSI6MzAwMDAwMDAwMDAwLCJ1cGRhdGUiOjEyMDAwMDAwMDAwMH19",
          "dependencies": [
            "module.network.aws_internet_gateway.igw",
            "module.network.aws_route_table.public_rt",
            "module.network.aws_vpc.vpc"
          ]
        }
      ]
    },
    {
      "module": "module.network",
      "mode": "managed",
      "type": "aws_route_table",
      "name": "public_rt",
      "provider": "provider[\"registry.terraform.io/hashicorp/aws\"]",
      "instances": [
        {
          "schema_version": 0,
          "attributes": {
            "arn": "arn:aws:ec2:ap-northeast-1:058898200941:route-table/rtb-0304e70c1744d90ab",
            "id": "rtb-0304e70c1744d90ab",
            "owner_id": "058898200941",
            "propagating_vgws": [],
            "region": "ap-northeast-1",
            "route": [
              {
                "carrier_gateway_id": "",
                "cidr_block": "0.0.0.0/0",
                "core_network_arn": "",
                "destination_prefix_list_id": "",
                "egress_only_gateway_id": "",
                "gateway_id": "igw-0ca9121e4b334afb7",
                "ipv6_cidr_block": "",
                "local_gateway_id": "",
                "nat_gateway_id": "",
                "network_interface_id": "",
                "transit_gateway_id": "",
                "vpc_endpoint_id": "",
                "vpc_peering_connection_id": ""
              }
            ],
            "tags": {
              "Environment": "dev",
              "Name": "multi-region-spot-dev-public-route-table",
              "Project": "multi-region-spot"
            },
            "tags_all": {
              "Environment": "dev",
              "Name": "multi-region-spot-dev-public-route-table",
              "Project": "multi-region-spot"
            },
            "timeouts": null,
            "vpc_id": "vpc-02a33bcfd7e57815a"
          },
          "sensitive_attributes": [],
          "private": "eyJlMmJmYjczMC1lY2FhLTExZTYtOGY4OC0zNDM2M2JjN2M0YzAiOnsiY3JlYXRlIjozMDAwMDAwMDAwMDAsImRlbGV0ZSI6MzAwMDAwMDAwMDAwLCJ1cGRhdGUiOjEyMDAwMDAwMDAwMH19",
          "dependencies": [
            "module.network.aws_vpc.vpc"
          ]
        }
      ]
    },
    {
      "module": "module.network",
      "mode": "managed",
      "type": "aws_route_table_association",
      "name": "public_rt_association_1",
      "provider": "provider[\"registry.terraform.io/hashicorp/aws\"]",
      "instances": [
        {
          "schema_version": 0,
          "attributes": {
            "gateway_id": "",
            "id": "rtbassoc-08947cd3487b5dd45",
            "region": "ap-northeast-1",
            "route_table_id": "rtb-0304e70c1744d90ab",
            "subnet_id": "subnet-0ee4868030883cd48",
            "timeouts": null
          },
          "sensitive_attributes": [],
          "private": "eyJlMmJmYjczMC1lY2FhLTExZTYtOGY4OC0zNDM2M2JjN2M0YzAiOnsiY3JlYXRlIjozMDAwMDAwMDAwMDAsImRlbGV0ZSI6MzAwMDAwMDAwMDAwLCJ1cGRhdGUiOjEyMDAwMDAwMDAwMH19",
          "dependencies": [
            "module.network.aws_route_table.public_rt",
            "module.network.aws_subnet.public_subnet_1",
            "module.network.aws_vpc.vpc"
          ]
        }
      ]
    },
    {
      "module": "module.network",
      "mode": "managed",
      "type": "aws_route_table_association",
      "name": "public_rt_association_2",
      "provider": "provider[\"registry.terraform.io/hashicorp/aws\"]",
      "instances": [
        {
          "schema_version": 0,
          "attributes": {
            "gateway_id": "",
            "id": "rtbassoc-0cbbe8ef76525614d",
            "region": "ap-northeast-1",
            "route_table_id": "rtb-0304e70c1744d90ab",
            "subnet_id": "subnet-0c334924e95baa8f2",
            "timeouts": null
          },
          "sensitive_attributes": [],
          "private": "eyJlMmJmYjczMC1lY2FhLTExZTYtOGY4OC0zNDM2M2JjN2M0YzAiOnsiY3JlYXRlIjozMDAwMDAwMDAwMDAsImRlbGV0ZSI6MzAwMDAwMDAwMDAwLCJ1cGRhdGUiOjEyMDAwMDAwMDAwMH19",
          "dependencies": [
            "module.network.aws_route_table.public_rt",
            "module.network.aws_subnet.public_subnet_2",
            "module.network.aws_vpc.vpc"
          ]
        }
      ]
    },
    {
      "module": "module.network",
      "mode": "managed",
      "type": "aws_subnet",
      "name": "public_subnet_1",
      "provider": "provider[\"registry.terraform.io/hashicorp/aws\"]",
      "instances": [
        {
          "schema_version": 1,
          "attributes": {
            "arn": "arn:aws:ec2:ap-northeast-1:058898200941:subnet/subnet-0ee4868030883cd48",
            "assign_ipv6_address_on_creation": false,
            "availability_zone": "ap-northeast-1c",
            "availability_zone_id": "apne1-az1",
            "cidr_block": "192.168.1.0/24",
            "customer_owned_ipv4_pool": "",
            "enable_dns64": false,
            "enable_lni_at_device_index": 0,
            "enable_resource_name_dns_a_record_on_launch": false,
            "enable_resource_name_dns_aaaa_record_on_launch": false,
            "id": "subnet-0ee4868030883cd48",
            "ipv6_cidr_block": "",
            "ipv6_cidr_block_association_id": "",
            "ipv6_native": false,
            "map_customer_owned_ip_on_launch": false,
            "map_public_ip_on_launch": false,
            "outpost_arn": "",
            "owner_id": "058898200941",
            "private_dns_hostname_type_on_launch": "ip-name",
            "region": "ap-northeast-1",
            "tags": {
              "Environment": "dev",
              "Name": "multi-region-spot-dev-public-subnet-1",
              "Project": "multi-region-spot",
              "Type": "public"
            },
            "tags_all": {
              "Environment": "dev",
              "Name": "multi-region-spot-dev-public-subnet-1",
              "Project": "multi-region-spot",
              "Type": "public"
            },
            "timeouts": null,
            "vpc_id": "vpc-02a33bcfd7e57815a"
          },
          "sensitive_attributes": [],
          "private": "eyJlMmJmYjczMC1lY2FhLTExZTYtOGY4OC0zNDM2M2JjN2M0YzAiOnsiY3JlYXRlIjo2MDAwMDAwMDAwMDAsImRlbGV0ZSI6MTIwMDAwMDAwMDAwMH0sInNjaGVtYV92ZXJzaW9uIjoiMSJ9",
          "dependencies": [
            "module.network.aws_vpc.vpc"
          ]
        }
      ]
    },
    {
      "module": "module.network",
      "mode": "managed",
      "type": "aws_subnet",
      "name": "public_subnet_2",
      "provider": "provider[\"registry.terraform.io/hashicorp/aws\"]",
      "instances": [
        {
          "schema_version": 1,
          "attributes": {
            "arn": "arn:aws:ec2:ap-northeast-1:058898200941:subnet/subnet-0c334924e95baa8f2",
            "assign_ipv6_address_on_creation": false,
            "availability_zone": "ap-northeast-1d",
            "availability_zone_id": "apne1-az2",
            "cidr_block": "192.168.2.0/24",
            "customer_owned_ipv4_pool": "",
            "enable_dns64": false,
            "enable_lni_at_device_index": 0,
            "enable_resource_name_dns_a_record_on_launch": false,
            "enable_resource_name_dns_aaaa_record_on_launch": false,
            "id": "subnet-0c334924e95baa8f2",
            "ipv6_cidr_block": "",
            "ipv6_cidr_block_association_id": "",
            "ipv6_native": false,
            "map_customer_owned_ip_on_launch": false,
            "map_public_ip_on_launch": false,
            "outpost_arn": "",
            "owner_id": "058898200941",
            "private_dns_hostname_type_on_launch": "ip-name",
            "region": "ap-northeast-1",
            "tags": {
              "Environment": "dev",
              "Name": "multi-region-spot-dev-public-subnet-2",
              "Project": "multi-region-spot",
              "Type": "public"
            },
            "tags_all": {
              "Environment": "dev",
              "Name": "multi-region-spot-dev-public-subnet-2",
              "Project": "multi-region-spot",
              "Type": "public"
            },
            "timeouts": null,
            "vpc_id": "vpc-02a33bcfd7e57815a"
          },
          "sensitive_attributes": [],
          "private": "eyJlMmJmYjczMC1lY2FhLTExZTYtOGY4OC0zNDM2M2JjN2M0YzAiOnsiY3JlYXRlIjo2MDAwMDAwMDAwMDAsImRlbGV0ZSI6MTIwMDAwMDAwMDAwMH0sInNjaGVtYV92ZXJzaW9uIjoiMSJ9",
          "dependencies": [
            "module.network.aws_vpc.vpc"
          ]
        }
      ]
    },
    {
      "module": "module.network",
      "mode": "managed",
      "type": "aws_vpc",
      "name": "vpc",
      "provider": "provider[\"registry.terraform.io/hashicorp/aws\"]",
      "instances": [
        {
          "schema_version": 1,
          "attributes": {
            "arn": "arn:aws:ec2:ap-northeast-1:058898200941:vpc/vpc-02a33bcfd7e57815a",
            "assign_generated_ipv6_cidr_block": false,
            "cidr_block": "192.168.0.0/16",
            "default_network_acl_id": "acl-00efa5adff70bacf9",
            "default_route_table_id": "rtb-060ae57e70cb6c122",
            "default_security_group_id": "sg-0d83bd8ee918e2024",
            "dhcp_options_id": "dopt-64708a0c",
            "enable_dns_hostnames": true,
            "enable_dns_support": true,
            "enable_network_address_usage_metrics": false,
            "id": "vpc-02a33bcfd7e57815a",
            "instance_tenancy": "default",
            "ipv4_ipam_pool_id": null,
            "ipv4_netmask_length": null,
            "ipv6_association_id": "",
            "ipv6_cidr_block": "",
            "ipv6_cidr_block_network_border_group": "",
            "ipv6_ipam_pool_id": "",
            "ipv6_netmask_length": 0,
            "main_route_table_id": "rtb-060ae57e70cb6c122",
            "owner_id": "058898200941",
            "region": "ap-northeast-1",
            "tags": {
              "Environment": "dev",
              "Name": "multi-region-spot-dev-vpc",
              "Project": "multi-region-spot"
            },
            "tags_all": {
              "Environment": "dev",
              "Name": "multi-region-spot-dev-vpc",
              "Project": "multi-region-spot"
            }
          },
          "sensitive_attributes": [],
          "private": "eyJzY2hlbWFfdmVyc2lvbiI6IjEifQ=="
        }
      ]
    }
  ],
  "check_results": null
}
