{
  "version": 4,
  "terraform_version": "1.11.4",
  "serial": 5234,
  "lineage": "6c44888d-3af1-53e1-2ecf-5ae8f27c0a53",
  "outputs": {},
  "resources": [
    {
      "mode": "managed",
      "type": "aws_key_pair",
      "name": "frankfurt",
      "provider": "provider[\"registry.terraform.io/hashicorp/aws\"].euc1",
      "instances": [
        {
          "schema_version": 1,
          "attributes": {
            "arn": "arn:aws:ec2:eu-central-1:058898200941:key-pair/multi-region-spot-dev-keypair",
            "fingerprint": "75:88:b5:8c:fd:96:bb:6f:37:1a:2c:d4:dd:92:db:dd",
            "id": "multi-region-spot-dev-keypair",
            "key_name": "multi-region-spot-dev-keypair",
            "key_name_prefix": "",
            "key_pair_id": "key-02b110d0506c98d0d",
            "key_type": "rsa",
            "public_key": "ssh-rsa AAAAB3NzaC1yc2EAAAADAQABAAABAQDSON7bo8vQSsxw1EvAqmVVBC4ZFJCHqCDRsmO8UiVJyhxgRQ79B112MRKjw9SUqoTNMUB/gL0aVuxHQz9GVFwNN335kXLAcSLKbyQq4/eet5An5HHXFyYz/tWmTGn0O/0A3E5BkKLc3LVsTSM2PBBXhbWSnZEOgB+CTlX9+TP8X54oIqenXs1h36CZxvBCuyzJ65+sdaIdzyadTiM0r9HPQOL1jOg+2wc/5Px0seHNTPUY5qMts85gPbJogaHNzdshsulnTo7xxaZHV+SlqmSZlFkkIEMDYdUpJhVYT/23slFsEoi5hPe5JLX5bami6vE+ChS/FjXjR4bBh5F1/q3Z naoki@surface-naoki",
            "region": "eu-central-1",
            "tags": {},
            "tags_all": {}
          },
          "sensitive_attributes": [],
          "private": "eyJzY2hlbWFfdmVyc2lvbiI6IjEifQ=="
        }
      ]
    },
    {
      "mode": "managed",
      "type": "aws_key_pair",
      "name": "ireland",
      "provider": "provider[\"registry.terraform.io/hashicorp/aws\"].euw1",
      "instances": [
        {
          "schema_version": 1,
          "attributes": {
            "arn": "arn:aws:ec2:eu-west-1:058898200941:key-pair/multi-region-spot-dev-keypair",
            "fingerprint": "75:88:b5:8c:fd:96:bb:6f:37:1a:2c:d4:dd:92:db:dd",
            "id": "multi-region-spot-dev-keypair",
            "key_name": "multi-region-spot-dev-keypair",
            "key_name_prefix": "",
            "key_pair_id": "key-08c599b662f0fab20",
            "key_type": "rsa",
            "public_key": "ssh-rsa AAAAB3NzaC1yc2EAAAADAQABAAABAQDSON7bo8vQSsxw1EvAqmVVBC4ZFJCHqCDRsmO8UiVJyhxgRQ79B112MRKjw9SUqoTNMUB/gL0aVuxHQz9GVFwNN335kXLAcSLKbyQq4/eet5An5HHXFyYz/tWmTGn0O/0A3E5BkKLc3LVsTSM2PBBXhbWSnZEOgB+CTlX9+TP8X54oIqenXs1h36CZxvBCuyzJ65+sdaIdzyadTiM0r9HPQOL1jOg+2wc/5Px0seHNTPUY5qMts85gPbJogaHNzdshsulnTo7xxaZHV+SlqmSZlFkkIEMDYdUpJhVYT/23slFsEoi5hPe5JLX5bami6vE+ChS/FjXjR4bBh5F1/q3Z naoki@surface-naoki",
            "region": "eu-west-1",
            "tags": {},
            "tags_all": {}
          },
          "sensitive_attributes": [],
          "private": "eyJzY2hlbWFfdmVyc2lvbiI6IjEifQ=="
        }
      ]
    },
    {
      "mode": "managed",
      "type": "aws_key_pair",
      "name": "oregon",
      "provider": "provider[\"registry.terraform.io/hashicorp/aws\"].usw2",
      "instances": [
        {
          "schema_version": 1,
          "attributes": {
            "arn": "arn:aws:ec2:us-west-2:058898200941:key-pair/multi-region-spot-dev-keypair",
            "fingerprint": "75:88:b5:8c:fd:96:bb:6f:37:1a:2c:d4:dd:92:db:dd",
            "id": "multi-region-spot-dev-keypair",
            "key_name": "multi-region-spot-dev-keypair",
            "key_name_prefix": "",
            "key_pair_id": "key-027b4cf029e059bdc",
            "key_type": "rsa",
            "public_key": "ssh-rsa AAAAB3NzaC1yc2EAAAADAQABAAABAQDSON7bo8vQSsxw1EvAqmVVBC4ZFJCHqCDRsmO8UiVJyhxgRQ79B112MRKjw9SUqoTNMUB/gL0aVuxHQz9GVFwNN335kXLAcSLKbyQq4/eet5An5HHXFyYz/tWmTGn0O/0A3E5BkKLc3LVsTSM2PBBXhbWSnZEOgB+CTlX9+TP8X54oIqenXs1h36CZxvBCuyzJ65+sdaIdzyadTiM0r9HPQOL1jOg+2wc/5Px0seHNTPUY5qMts85gPbJogaHNzdshsulnTo7xxaZHV+SlqmSZlFkkIEMDYdUpJhVYT/23slFsEoi5hPe5JLX5bami6vE+ChS/FjXjR4bBh5F1/q3Z naoki@surface-naoki",
            "region": "us-west-2",
            "tags": {},
            "tags_all": {}
          },
          "sensitive_attributes": [],
          "private": "eyJzY2hlbWFfdmVyc2lvbiI6IjEifQ=="
        }
      ]
    },
    {
      "mode": "managed",
      "type": "aws_key_pair",
      "name": "singapore",
      "provider": "provider[\"registry.terraform.io/hashicorp/aws\"].apse1",
      "instances": [
        {
          "schema_version": 1,
          "attributes": {
            "arn": "arn:aws:ec2:ap-southeast-1:058898200941:key-pair/multi-region-spot-dev-keypair",
            "fingerprint": "75:88:b5:8c:fd:96:bb:6f:37:1a:2c:d4:dd:92:db:dd",
            "id": "multi-region-spot-dev-keypair",
            "key_name": "multi-region-spot-dev-keypair",
            "key_name_prefix": "",
            "key_pair_id": "key-0f211e38ee485afc0",
            "key_type": "rsa",
            "public_key": "ssh-rsa AAAAB3NzaC1yc2EAAAADAQABAAABAQDSON7bo8vQSsxw1EvAqmVVBC4ZFJCHqCDRsmO8UiVJyhxgRQ79B112MRKjw9SUqoTNMUB/gL0aVuxHQz9GVFwNN335kXLAcSLKbyQq4/eet5An5HHXFyYz/tWmTGn0O/0A3E5BkKLc3LVsTSM2PBBXhbWSnZEOgB+CTlX9+TP8X54oIqenXs1h36CZxvBCuyzJ65+sdaIdzyadTiM0r9HPQOL1jOg+2wc/5Px0seHNTPUY5qMts85gPbJogaHNzdshsulnTo7xxaZHV+SlqmSZlFkkIEMDYdUpJhVYT/23slFsEoi5hPe5JLX5bami6vE+ChS/FjXjR4bBh5F1/q3Z naoki@surface-naoki",
            "region": "ap-southeast-1",
            "tags": {},
            "tags_all": {}
          },
          "sensitive_attributes": [],
          "private": "eyJzY2hlbWFfdmVyc2lvbiI6IjEifQ=="
        }
      ]
    },
    {
      "mode": "managed",
      "type": "aws_key_pair",
      "name": "tokyo",
      "provider": "provider[\"registry.terraform.io/hashicorp/aws\"]",
      "instances": [
        {
          "schema_version": 1,
          "attributes": {
            "arn": "arn:aws:ec2:ap-northeast-1:058898200941:key-pair/multi-region-spot-dev-keypair",
            "fingerprint": "75:88:b5:8c:fd:96:bb:6f:37:1a:2c:d4:dd:92:db:dd",
            "id": "multi-region-spot-dev-keypair",
            "key_name": "multi-region-spot-dev-keypair",
            "key_name_prefix": "",
            "key_pair_id": "key-0a909c9e14c91769c",
            "key_type": "rsa",
            "public_key": "ssh-rsa AAAAB3NzaC1yc2EAAAADAQABAAABAQDSON7bo8vQSsxw1EvAqmVVBC4ZFJCHqCDRsmO8UiVJyhxgRQ79B112MRKjw9SUqoTNMUB/gL0aVuxHQz9GVFwNN335kXLAcSLKbyQq4/eet5An5HHXFyYz/tWmTGn0O/0A3E5BkKLc3LVsTSM2PBBXhbWSnZEOgB+CTlX9+TP8X54oIqenXs1h36CZxvBCuyzJ65+sdaIdzyadTiM0r9HPQOL1jOg+2wc/5Px0seHNTPUY5qMts85gPbJogaHNzdshsulnTo7xxaZHV+SlqmSZlFkkIEMDYdUpJhVYT/23slFsEoi5hPe5JLX5bami6vE+ChS/FjXjR4bBh5F1/q3Z naoki@surface-naoki",
            "region": "ap-northeast-1",
            "tags": {},
            "tags_all": {}
          },
          "sensitive_attributes": [],
          "private": "eyJzY2hlbWFfdmVyc2lvbiI6IjEifQ=="
        }
      ]
    },
    {
      "mode": "managed",
      "type": "aws_key_pair",
      "name": "virginia",
      "provider": "provider[\"registry.terraform.io/hashicorp/aws\"].use1",
      "instances": [
        {
          "schema_version": 1,
          "attributes": {
            "arn": "arn:aws:ec2:us-east-1:058898200941:key-pair/multi-region-spot-dev-keypair",
            "fingerprint": "75:88:b5:8c:fd:96:bb:6f:37:1a:2c:d4:dd:92:db:dd",
            "id": "multi-region-spot-dev-keypair",
            "key_name": "multi-region-spot-dev-keypair",
            "key_name_prefix": "",
            "key_pair_id": "key-0626d5fd4db730d1a",
            "key_type": "rsa",
            "public_key": "ssh-rsa AAAAB3NzaC1yc2EAAAADAQABAAABAQDSON7bo8vQSsxw1EvAqmVVBC4ZFJCHqCDRsmO8UiVJyhxgRQ79B112MRKjw9SUqoTNMUB/gL0aVuxHQz9GVFwNN335kXLAcSLKbyQq4/eet5An5HHXFyYz/tWmTGn0O/0A3E5BkKLc3LVsTSM2PBBXhbWSnZEOgB+CTlX9+TP8X54oIqenXs1h36CZxvBCuyzJ65+sdaIdzyadTiM0r9HPQOL1jOg+2wc/5Px0seHNTPUY5qMts85gPbJogaHNzdshsulnTo7xxaZHV+SlqmSZlFkkIEMDYdUpJhVYT/23slFsEoi5hPe5JLX5bami6vE+ChS/FjXjR4bBh5F1/q3Z naoki@surface-naoki",
            "region": "us-east-1",
            "tags": {},
            "tags_all": {}
          },
          "sensitive_attributes": [],
          "private": "eyJzY2hlbWFfdmVyc2lvbiI6IjEifQ=="
        }
      ]
    },
    {
      "module": "module.event_bridge",
      "mode": "data",
      "type": "aws_iam_policy_document",
      "name": "sns_topic_policy",
      "provider": "provider[\"registry.terraform.io/hashicorp/aws\"]",
      "instances": [
        {
          "schema_version": 0,
          "attributes": {
            "id": "2664651463",
            "json": "{\n  \"Version\": \"2012-10-17\",\n  \"Statement\": [\n    {\n      \"Effect\": \"Allow\",\n      \"Action\": \"SNS:Publish\",\n      \"Resource\": \"arn:aws:sns:ap-northeast-1:058898200941:multi-region-spot-dev-spot-interruption-topic\",\n      \"Principal\": {\n        \"Service\": \"events.amazonaws.com\"\n      }\n    }\n  ]\n}",
            "minified_json": "{\"Version\":\"2012-10-17\",\"Statement\":[{\"Effect\":\"Allow\",\"Action\":\"SNS:Publish\",\"Resource\":\"arn:aws:sns:ap-northeast-1:058898200941:multi-region-spot-dev-spot-interruption-topic\",\"Principal\":{\"Service\":\"events.amazonaws.com\"}}]}",
            "override_json": null,
            "override_policy_documents": null,
            "policy_id": null,
            "source_json": null,
            "source_policy_documents": null,
            "statement": [
              {
                "actions": [
                  "SNS:Publish"
                ],
                "condition": [],
                "effect": "Allow",
                "not_actions": [],
                "not_principals": [],
                "not_resources": [],
                "principals": [
                  {
                    "identifiers": [
                      "events.amazonaws.com"
                    ],
                    "type": "Service"
                  }
                ],
                "resources": [
                  "arn:aws:sns:ap-northeast-1:058898200941:multi-region-spot-dev-spot-interruption-topic"
                ],
                "sid": ""
              }
            ],
            "version": "2012-10-17"
          },
          "sensitive_attributes": []
        }
      ]
    },
    {
      "module": "module.event_bridge",
      "mode": "managed",
      "type": "aws_cloudwatch_event_bus",
      "name": "central",
      "provider": "provider[\"registry.terraform.io/hashicorp/aws\"]",
      "instances": [
        {
          "schema_version": 0,
          "attributes": {
            "arn": "arn:aws:events:ap-northeast-1:058898200941:event-bus/central-spot-events",
            "dead_letter_config": [],
            "description": "",
            "event_source_name": null,
            "id": "central-spot-events",
            "kms_key_identifier": "",
            "log_config": [],
            "name": "central-spot-events",
            "region": "ap-northeast-1",
            "tags": {},
            "tags_all": {}
          },
          "sensitive_attributes": [],
          "private": "bnVsbA=="
        }
      ]
    },
    {
      "module": "module.event_bridge",
      "mode": "managed",
      "type": "aws_cloudwatch_event_bus_policy",
      "name": "allow_put_from_regions",
      "provider": "provider[\"registry.terraform.io/hashicorp/aws\"]",
      "instances": [
        {
          "schema_version": 0,
          "attributes": {
            "event_bus_name": "central-spot-events",
            "id": "central-spot-events",
            "policy": "{\"Statement\":[{\"Action\":\"events:PutEvents\",\"Effect\":\"Allow\",\"Principal\":{\"AWS\":\"*\"},\"Resource\":\"arn:aws:events:ap-northeast-1:058898200941:event-bus/central-spot-events\",\"Sid\":\"AllowPutEventsFromSameAccount\"}],\"Version\":\"2012-10-17\"}",
            "region": "ap-northeast-1"
          },
          "sensitive_attributes": [],
          "private": "bnVsbA==",
          "dependencies": [
            "module.event_bridge.aws_cloudwatch_event_bus.central"
          ]
        }
      ]
    },
    {
      "module": "module.event_bridge",
      "mode": "managed",
      "type": "aws_cloudwatch_event_rule",
      "name": "central_rule",
      "provider": "provider[\"registry.terraform.io/hashicorp/aws\"]",
      "instances": [
        {
          "schema_version": 1,
          "attributes": {
            "arn": "arn:aws:events:ap-northeast-1:058898200941:rule/central-spot-events/spot-interruption-central",
            "description": "",
            "event_bus_name": "central-spot-events",
            "event_pattern": "{\"detail-type\":[\"EC2 Spot Instance Interruption Warning\"],\"source\":[\"aws.ec2\"]}",
            "force_destroy": false,
            "id": "central-spot-events/spot-interruption-central",
            "is_enabled": true,
            "name": "spot-interruption-central",
            "name_prefix": "",
            "region": "ap-northeast-1",
            "role_arn": "",
            "schedule_expression": "",
            "state": "ENABLED",
            "tags": {},
            "tags_all": {}
          },
          "sensitive_attributes": [],
          "private": "eyJzY2hlbWFfdmVyc2lvbiI6IjEifQ==",
          "dependencies": [
            "module.event_bridge.aws_cloudwatch_event_bus.central"
          ]
        }
      ]
    },
    {
      "module": "module.event_bridge",
      "mode": "managed",
      "type": "aws_cloudwatch_event_rule",
      "name": "daily_boot_spot",
      "provider": "provider[\"registry.terraform.io/hashicorp/aws\"]",
      "instances": [
        {
          "schema_version": 1,
          "attributes": {
            "arn": "arn:aws:events:ap-northeast-1:058898200941:rule/multi-region-spot-dev-daily-boot-spot",
            "description": "Run boot_spot every 12 hours",
            "event_bus_name": "default",
            "event_pattern": null,
            "force_destroy": false,
            "id": "multi-region-spot-dev-daily-boot-spot",
            "is_enabled": true,
            "name": "multi-region-spot-dev-daily-boot-spot",
            "name_prefix": "",
            "region": "ap-northeast-1",
            "role_arn": "",
            "schedule_expression": "cron(0 */12 * * ? *)",
            "state": "ENABLED",
            "tags": {},
            "tags_all": {}
          },
          "sensitive_attributes": [],
          "private": "eyJzY2hlbWFfdmVyc2lvbiI6IjEifQ=="
        }
      ]
    },
    {
      "module": "module.event_bridge",
      "mode": "managed",
      "type": "aws_cloudwatch_event_target",
      "name": "central_lambda",
      "provider": "provider[\"registry.terraform.io/hashicorp/aws\"]",
      "instances": [
        {
          "schema_version": 1,
          "attributes": {
            "appsync_target": [],
            "arn": "arn:aws:lambda:ap-northeast-1:058898200941:function:multi-region-spot-dev-boot-spot",
            "batch_target": [],
            "dead_letter_config": [],
            "ecs_target": [],
            "event_bus_name": "central-spot-events",
            "force_destroy": false,
            "http_target": [],
            "id": "central-spot-events-spot-interruption-central-terraform-20260107160106081500000006",
            "input": "",
            "input_path": "",
            "input_transformer": [],
            "kinesis_target": [],
            "redshift_target": [],
            "region": "ap-northeast-1",
            "retry_policy": [],
            "role_arn": "",
            "rule": "spot-interruption-central",
            "run_command_targets": [],
            "sagemaker_pipeline_target": [],
            "sqs_target": [],
            "target_id": "terraform-20260107160106081500000006"
          },
          "sensitive_attributes": [],
          "private": "eyJzY2hlbWFfdmVyc2lvbiI6IjEifQ==",
          "dependencies": [
            "aws_key_pair.frankfurt",
            "aws_key_pair.ireland",
            "aws_key_pair.oregon",
            "aws_key_pair.singapore",
            "aws_key_pair.tokyo",
            "aws_key_pair.virginia",
            "module.event_bridge.aws_cloudwatch_event_bus.central",
            "module.event_bridge.aws_cloudwatch_event_rule.central_rule",
            "module.event_bridge.aws_iam_role.lambda_role",
            "module.event_bridge.aws_lambda_function.boot_spot",
            "module.network_frankfurt.aws_subnet.public_subnet_1",
            "module.network_frankfurt.aws_vpc.vpc",
            "module.network_ireland.aws_subnet.public_subnet_1",
            "module.network_ireland.aws_vpc.vpc",
            "module.network_oregon.aws_subnet.public_subnet_1",
            "module.network_oregon.aws_vpc.vpc",
            "module.network_singapore.aws_subnet.public_subnet_1",
            "module.network_singapore.aws_vpc.vpc",
            "module.network_tokyo.aws_subnet.public_subnet_1",
            "module.network_tokyo.aws_vpc.vpc",
            "module.network_virginia.aws_subnet.public_subnet_1",
            "module.network_virginia.aws_vpc.vpc",
            "module.security_frankfurt.aws_security_group.db_sg",
            "module.security_ireland.aws_security_group.db_sg",
            "module.security_oregon.aws_security_group.db_sg",
            "module.security_singapore.aws_security_group.db_sg",
            "module.security_tokyo.aws_security_group.db_sg",
            "module.security_virginia.aws_security_group.db_sg"
          ]
        }
      ]
    },
    {
      "module": "module.event_bridge",
      "mode": "managed",
      "type": "aws_cloudwatch_event_target",
      "name": "daily_boot_spot_target",
      "provider": "provider[\"registry.terraform.io/hashicorp/aws\"]",
      "instances": [
        {
          "schema_version": 1,
          "attributes": {
            "appsync_target": [],
            "arn": "arn:aws:lambda:ap-northeast-1:058898200941:function:multi-region-spot-dev-boot-spot",
            "batch_target": [],
            "dead_letter_config": [],
            "ecs_target": [],
            "event_bus_name": "default",
            "force_destroy": false,
            "http_target": [],
            "id": "multi-region-spot-dev-daily-boot-spot-DailyBootSpotLambda",
            "input": "",
            "input_path": "",
            "input_transformer": [],
            "kinesis_target": [],
            "redshift_target": [],
            "region": "ap-northeast-1",
            "retry_policy": [],
            "role_arn": "",
            "rule": "multi-region-spot-dev-daily-boot-spot",
            "run_command_targets": [],
            "sagemaker_pipeline_target": [],
            "sqs_target": [],
            "target_id": "DailyBootSpotLambda"
          },
          "sensitive_attributes": [],
          "private": "eyJzY2hlbWFfdmVyc2lvbiI6IjEifQ==",
          "dependencies": [
            "aws_key_pair.frankfurt",
            "aws_key_pair.ireland",
            "aws_key_pair.oregon",
            "aws_key_pair.singapore",
            "aws_key_pair.tokyo",
            "aws_key_pair.virginia",
            "module.event_bridge.aws_cloudwatch_event_rule.daily_boot_spot",
            "module.event_bridge.aws_iam_role.lambda_role",
            "module.event_bridge.aws_lambda_function.boot_spot",
            "module.network_frankfurt.aws_subnet.public_subnet_1",
            "module.network_frankfurt.aws_vpc.vpc",
            "module.network_ireland.aws_subnet.public_subnet_1",
            "module.network_ireland.aws_vpc.vpc",
            "module.network_oregon.aws_subnet.public_subnet_1",
            "module.network_oregon.aws_vpc.vpc",
            "module.network_singapore.aws_subnet.public_subnet_1",
            "module.network_singapore.aws_vpc.vpc",
            "module.network_tokyo.aws_subnet.public_subnet_1",
            "module.network_tokyo.aws_vpc.vpc",
            "module.network_virginia.aws_subnet.public_subnet_1",
            "module.network_virginia.aws_vpc.vpc",
            "module.security_frankfurt.aws_security_group.db_sg",
            "module.security_ireland.aws_security_group.db_sg",
            "module.security_oregon.aws_security_group.db_sg",
            "module.security_singapore.aws_security_group.db_sg",
            "module.security_tokyo.aws_security_group.db_sg",
            "module.security_virginia.aws_security_group.db_sg"
          ]
        }
      ]
    },
    {
      "module": "module.event_bridge",
      "mode": "managed",
      "type": "aws_cloudwatch_event_target",
      "name": "sns",
      "provider": "provider[\"registry.terraform.io/hashicorp/aws\"]",
      "instances": [
        {
          "schema_version": 1,
          "attributes": {
            "appsync_target": [],
            "arn": "arn:aws:sns:ap-northeast-1:058898200941:multi-region-spot-dev-spot-interruption-topic",
            "batch_target": [],
            "dead_letter_config": [],
            "ecs_target": [],
            "event_bus_name": "default",
            "force_destroy": false,
            "http_target": [],
            "id": "multi-region-spot-dev-daily-boot-spot-terraform-20260107160025255500000001",
            "input": "",
            "input_path": "",
            "input_transformer": [],
            "kinesis_target": [],
            "redshift_target": [],
            "region": "ap-northeast-1",
            "retry_policy": [],
            "role_arn": "",
            "rule": "multi-region-spot-dev-daily-boot-spot",
            "run_command_targets": [],
            "sagemaker_pipeline_target": [],
            "sqs_target": [],
            "target_id": "terraform-20260107160025255500000001"
          },
          "sensitive_attributes": [],
          "private": "eyJzY2hlbWFfdmVyc2lvbiI6IjEifQ==",
          "dependencies": [
            "module.event_bridge.aws_cloudwatch_event_rule.daily_boot_spot",
            "module.event_bridge.aws_sns_topic.topic"
          ]
        }
      ]
    },
    {
      "module": "module.event_bridge",
      "mode": "managed",
      "type": "aws_cloudwatch_event_target",
      "name": "sns_central",
      "provider": "provider[\"registry.terraform.io/hashicorp/aws\"]",
      "instances": [
        {
          "schema_version": 1,
          "attributes": {
            "appsync_target": [],
            "arn": "arn:aws:sns:ap-northeast-1:058898200941:multi-region-spot-dev-spot-interruption-topic",
            "batch_target": [],
            "dead_letter_config": [],
            "ecs_target": [],
            "event_bus_name": "central-spot-events",
            "force_destroy": false,
            "http_target": [],
            "id": "central-spot-events-spot-interruption-central-terraform-20260107160438400800000001",
            "input": "",
            "input_path": "",
            "input_transformer": [],
            "kinesis_target": [],
            "redshift_target": [],
            "region": "ap-northeast-1",
            "retry_policy": [],
            "role_arn": "",
            "rule": "spot-interruption-central",
            "run_command_targets": [],
            "sagemaker_pipeline_target": [],
            "sqs_target": [],
            "target_id": "terraform-20260107160438400800000001"
          },
          "sensitive_attributes": [],
          "private": "eyJzY2hlbWFfdmVyc2lvbiI6IjEifQ==",
          "dependencies": [
            "module.event_bridge.aws_cloudwatch_event_bus.central",
            "module.event_bridge.aws_cloudwatch_event_rule.central_rule",
            "module.event_bridge.aws_sns_topic.topic"
          ]
        }
      ]
    },
    {
      "module": "module.event_bridge",
      "mode": "managed",
      "type": "aws_cloudwatch_log_group",
      "name": "spot_log_group",
      "provider": "provider[\"registry.terraform.io/hashicorp/aws\"]",
      "instances": [
        {
          "schema_version": 0,
          "attributes": {
            "arn": "arn:aws:logs:ap-northeast-1:058898200941:log-group:/fis/logs/",
            "deletion_protection_enabled": false,
            "id": "/fis/logs/",
            "kms_key_id": "",
            "log_group_class": "STANDARD",
            "name": "/fis/logs/",
            "name_prefix": "",
            "region": "ap-northeast-1",
            "retention_in_days": 1,
            "skip_destroy": false,
            "tags": {},
            "tags_all": {}
          },
          "sensitive_attributes": [],
          "private": "bnVsbA=="
        }
      ]
    },
    {
      "module": "module.event_bridge",
      "mode": "managed",
      "type": "aws_iam_role",
      "name": "eventbridge_putevents_local",
      "provider": "provider[\"registry.terraform.io/hashicorp/aws\"]",
      "instances": [
        {
          "schema_version": 0,
          "attributes": {
            "arn": "arn:aws:iam::058898200941:role/dev-multi-region-spot-eventbridge-putevents-central",
            "assume_role_policy": "{\"Statement\":[{\"Action\":\"sts:AssumeRole\",\"Effect\":\"Allow\",\"Principal\":{\"Service\":\"events.amazonaws.com\"}}],\"Version\":\"2012-10-17\"}",
            "create_date": "2026-01-07T16:00:24Z",
            "description": "",
            "force_detach_policies": false,
            "id": "dev-multi-region-spot-eventbridge-putevents-central",
            "inline_policy": [
              {
                "name": "terraform-20260107160026182000000002",
                "policy": "{\"Version\":\"2012-10-17\",\"Statement\":[{\"Action\":\"events:PutEvents\",\"Effect\":\"Allow\",\"Resource\":\"arn:aws:events:ap-northeast-1:058898200941:event-bus/central-spot-events\"}]}"
              }
            ],
            "managed_policy_arns": [],
            "max_session_duration": 3600,
            "name": "dev-multi-region-spot-eventbridge-putevents-central",
            "name_prefix": "",
            "path": "/",
            "permissions_boundary": "",
            "tags": {},
            "tags_all": {},
            "unique_id": "AROAQ3NU3HFWT2AUIZTQN"
          },
          "sensitive_attributes": [],
          "private": "bnVsbA=="
        }
      ]
    },
    {
      "module": "module.event_bridge",
      "mode": "managed",
      "type": "aws_iam_role",
      "name": "fis_role",
      "provider": "provider[\"registry.terraform.io/hashicorp/aws\"]",
      "instances": [
        {
          "schema_version": 0,
          "attributes": {
            "arn": "arn:aws:iam::058898200941:role/multi-region-spot-dev-fis-role",
            "assume_role_policy": "{\"Statement\":[{\"Action\":\"sts:AssumeRole\",\"Effect\":\"Allow\",\"Principal\":{\"Service\":\"fis.amazonaws.com\"}}],\"Version\":\"2012-10-17\"}",
            "create_date": "2026-01-07T16:00:24Z",
            "description": "",
            "force_detach_policies": false,
            "id": "multi-region-spot-dev-fis-role",
            "inline_policy": [],
            "managed_policy_arns": [
              "arn:aws:iam::aws:policy/CloudWatchLogsFullAccess",
              "arn:aws:iam::aws:policy/service-role/AWSFaultInjectionSimulatorEC2Access"
            ],
            "max_session_duration": 3600,
            "name": "multi-region-spot-dev-fis-role",
            "name_prefix": "",
            "path": "/",
            "permissions_boundary": "",
            "tags": {},
            "tags_all": {},
            "unique_id": "AROAQ3NU3HFW2T3XHZIPU"
          },
          "sensitive_attributes": [],
          "private": "bnVsbA=="
        }
      ]
    },
    {
      "module": "module.event_bridge",
      "mode": "managed",
      "type": "aws_iam_role",
      "name": "lambda_role",
      "provider": "provider[\"registry.terraform.io/hashicorp/aws\"]",
      "instances": [
        {
          "schema_version": 0,
          "attributes": {
            "arn": "arn:aws:iam::058898200941:role/multi-region-spot-dev-lambda-role",
            "assume_role_policy": "{\"Statement\":[{\"Action\":\"sts:AssumeRole\",\"Effect\":\"Allow\",\"Principal\":{\"Service\":\"lambda.amazonaws.com\"}}],\"Version\":\"2012-10-17\"}",
            "create_date": "2026-01-07T16:00:24Z",
            "description": "",
            "force_detach_policies": false,
            "id": "multi-region-spot-dev-lambda-role",
            "inline_policy": [
              {
                "name": "multi-region-spot-dev-lambda-policy",
                "policy": "{\"Version\":\"2012-10-17\",\"Statement\":[{\"Action\":[\"ec2:RunInstances\",\"ec2:CreateTags\",\"ec2:DescribeInstances\",\"ec2:DetachVolume\",\"ec2:AttachVolume\",\"ec2:StartInstances\",\"ec2:StopInstances\",\"ec2:DescribeVolumes\",\"ec2:DescribeVolumeStatus\",\"ec2:DescribeImages\",\"ec2:DescribeSubnets\",\"ec2:DescribeSecurityGroups\",\"ec2:CopyImage\",\"ec2:RegisterImage\",\"ec2:GetSpotPlacementScores\",\"logs:CreateLogGroup\",\"logs:CreateLogStream\",\"logs:PutLogEvents\",\"logs:DescribeLogStreams\",\"ssm:GetParameter\",\"s3:GetObject\",\"iam:PassRole\",\"s3:PutObject\",\"s3:PutObjectAcl\",\"cloudwatch:PutMetricData\",\"fis:StartExperiment\"],\"Effect\":\"Allow\",\"Resource\":\"*\"},{\"Action\":[\"logs:CreateLogGroup\",\"logs:CreateLogStream\",\"logs:PutLogEvents\"],\"Effect\":\"Allow\",\"Resource\":\"*\"},{\"Action\":[\"s3:GetObject\"],\"Effect\":\"Allow\",\"Resource\":\"*\"},{\"Action\":[\"ssm:GetParameter\",\"ssm:GetParameters\",\"ssm:DescribeParameters\",\"kms:Decrypt\"],\"Effect\":\"Allow\",\"Resource\":\"*\"}]}"
              }
            ],
            "managed_policy_arns": [],
            "max_session_duration": 3600,
            "name": "multi-region-spot-dev-lambda-role",
            "name_prefix": "",
            "path": "/",
            "permissions_boundary": "",
            "tags": {},
            "tags_all": {},
            "unique_id": "AROAQ3NU3HFW4STRSVRXG"
          },
          "sensitive_attributes": [],
          "private": "bnVsbA=="
        }
      ]
    },
    {
      "module": "module.event_bridge",
      "mode": "managed",
      "type": "aws_iam_role_policy",
      "name": "lambda_policy",
      "provider": "provider[\"registry.terraform.io/hashicorp/aws\"]",
      "instances": [
        {
          "schema_version": 0,
          "attributes": {
            "id": "multi-region-spot-dev-lambda-role:multi-region-spot-dev-lambda-policy",
            "name": "multi-region-spot-dev-lambda-policy",
            "name_prefix": "",
            "policy": "{\"Version\":\"2012-10-17\",\"Statement\":[{\"Action\":[\"ec2:RunInstances\",\"ec2:CreateTags\",\"ec2:DescribeInstances\",\"ec2:DetachVolume\",\"ec2:AttachVolume\",\"ec2:StartInstances\",\"ec2:StopInstances\",\"ec2:DescribeVolumes\",\"ec2:DescribeVolumeStatus\",\"ec2:DescribeImages\",\"ec2:DescribeSubnets\",\"ec2:DescribeSecurityGroups\",\"ec2:CopyImage\",\"ec2:RegisterImage\",\"ec2:GetSpotPlacementScores\",\"logs:CreateLogGroup\",\"logs:CreateLogStream\",\"logs:PutLogEvents\",\"logs:DescribeLogStreams\",\"ssm:GetParameter\",\"s3:GetObject\",\"iam:PassRole\",\"s3:PutObject\",\"s3:PutObjectAcl\",\"cloudwatch:PutMetricData\",\"fis:StartExperiment\"],\"Effect\":\"Allow\",\"Resource\":\"*\"},{\"Action\":[\"logs:CreateLogGroup\",\"logs:CreateLogStream\",\"logs:PutLogEvents\"],\"Effect\":\"Allow\",\"Resource\":\"*\"},{\"Action\":[\"s3:GetObject\"],\"Effect\":\"Allow\",\"Resource\":\"*\"},{\"Action\":[\"ssm:GetParameter\",\"ssm:GetParameters\",\"ssm:DescribeParameters\",\"kms:Decrypt\"],\"Effect\":\"Allow\",\"Resource\":\"*\"}]}",
            "role": "multi-region-spot-dev-lambda-role"
          },
          "sensitive_attributes": [],
          "private": "bnVsbA==",
          "dependencies": [
            "module.event_bridge.aws_iam_role.lambda_role"
          ]
        }
      ]
    },
    {
      "module": "module.event_bridge",
      "mode": "managed",
      "type": "aws_iam_role_policy",
      "name": "putevents_policy",
      "provider": "provider[\"registry.terraform.io/hashicorp/aws\"]",
      "instances": [
        {
          "schema_version": 0,
          "attributes": {
            "id": "dev-multi-region-spot-eventbridge-putevents-central:terraform-20260107160026182000000002",
            "name": "terraform-20260107160026182000000002",
            "name_prefix": "terraform-",
            "policy": "{\"Version\":\"2012-10-17\",\"Statement\":[{\"Action\":\"events:PutEvents\",\"Effect\":\"Allow\",\"Resource\":\"arn:aws:events:ap-northeast-1:058898200941:event-bus/central-spot-events\"}]}",
            "role": "dev-multi-region-spot-eventbridge-putevents-central"
          },
          "sensitive_attributes": [],
          "private": "bnVsbA==",
          "dependencies": [
            "module.event_bridge.aws_cloudwatch_event_bus.central",
            "module.event_bridge.aws_iam_role.eventbridge_putevents_local"
          ]
        }
      ]
    },
    {
      "module": "module.event_bridge",
      "mode": "managed",
      "type": "aws_iam_role_policy_attachment",
      "name": "FIS-Logs-policy-attachment",
      "provider": "provider[\"registry.terraform.io/hashicorp/aws\"]",
      "instances": [
        {
          "schema_version": 0,
          "attributes": {
            "id": "multi-region-spot-dev-fis-role/arn:aws:iam::aws:policy/CloudWatchLogsFullAccess",
            "policy_arn": "arn:aws:iam::aws:policy/CloudWatchLogsFullAccess",
            "role": "multi-region-spot-dev-fis-role"
          },
          "sensitive_attributes": [],
          "private": "bnVsbA==",
          "dependencies": [
            "module.event_bridge.aws_iam_role.fis_role"
          ]
        }
      ]
    },
    {
      "module": "module.event_bridge",
      "mode": "managed",
      "type": "aws_iam_role_policy_attachment",
      "name": "FIS-policy-attachment",
      "provider": "provider[\"registry.terraform.io/hashicorp/aws\"]",
      "instances": [
        {
          "schema_version": 0,
          "attributes": {
            "id": "multi-region-spot-dev-fis-role/arn:aws:iam::aws:policy/service-role/AWSFaultInjectionSimulatorEC2Access",
            "policy_arn": "arn:aws:iam::aws:policy/service-role/AWSFaultInjectionSimulatorEC2Access",
            "role": "multi-region-spot-dev-fis-role"
          },
          "sensitive_attributes": [],
          "private": "bnVsbA==",
          "dependencies": [
            "module.event_bridge.aws_iam_role.fis_role"
          ]
        }
      ]
    },
    {
      "module": "module.event_bridge",
      "mode": "managed",
      "type": "aws_lambda_function",
      "name": "boot_spot",
      "provider": "provider[\"registry.terraform.io/hashicorp/aws\"]",
      "instances": [
        {
          "schema_version": 0,
          "attributes": {
            "architectures": [
              "x86_64"
            ],
            "arn": "arn:aws:lambda:ap-northeast-1:058898200941:function:multi-region-spot-dev-boot-spot",
            "capacity_provider_config": [],
            "code_sha256": "8rh5Ci0fcukdijqXLm+JlUW+COfaZPcIlTnVo5FkGUE=",
            "code_signing_config_arn": "",
            "dead_letter_config": [],
            "description": "",
            "durable_config": [],
            "environment": [
              {
                "variables": {
                  "KEYNAME_MAP": "{\"ap-northeast-1\":\"multi-region-spot-dev-keypair\",\"ap-southeast-1\":\"multi-region-spot-dev-keypair\",\"eu-central-1\":\"multi-region-spot-dev-keypair\",\"eu-west-1\":\"multi-region-spot-dev-keypair\",\"us-east-1\":\"multi-region-spot-dev-keypair\",\"us-west-2\":\"multi-region-spot-dev-keypair\"}",
                  "NETWORK_MAP": "{\"ap-northeast-1\":{\"subnet_id\":\"subnet-0b9833549506bcdea\",\"vpc_id\":\"vpc-06ab86976a43c72b4\"},\"ap-southeast-1\":{\"subnet_id\":\"subnet-021d4a1bba0664b7f\",\"vpc_id\":\"vpc-07a7851121edbb81e\"},\"eu-central-1\":{\"subnet_id\":\"subnet-0876b287ca3d71562\",\"vpc_id\":\"vpc-09f7d47c8568c9afa\"},\"eu-west-1\":{\"subnet_id\":\"subnet-032b0d5a638f29f34\",\"vpc_id\":\"vpc-05ea4b570883550fd\"},\"us-east-1\":{\"subnet_id\":\"subnet-01b49c60c17c0480c\",\"vpc_id\":\"vpc-004616919f64a657f\"},\"us-west-2\":{\"subnet_id\":\"subnet-0b2d898353135e84e\",\"vpc_id\":\"vpc-0281fc7e12b7448f7\"}}",
                  "S3_DATA_PATH": "s3://dev-multi-region-spot-data-source/data_source/employee_data.csv",
                  "SECURITY_GROUP_MAP": "{\"ap-northeast-1\":\"sg-087ffb2760ab82e54\",\"ap-southeast-1\":\"sg-0110d64a6229d2030\",\"eu-central-1\":\"sg-0a3adff50b59f8d9e\",\"eu-west-1\":\"sg-07d88d5b53d4b301c\",\"us-east-1\":\"sg-094b9f30ef2e6cb96\",\"us-west-2\":\"sg-074f729e321abc292\"}",
                  "SUBNETID": "subnet-0b9833549506bcdea"
                }
              }
            ],
            "ephemeral_storage": [
              {
                "size": 512
              }
            ],
            "file_system_config": [],
            "filename": null,
            "function_name": "multi-region-spot-dev-boot-spot",
            "handler": "boot_spot.lambda_handler",
            "id": "multi-region-spot-dev-boot-spot",
            "image_config": [],
            "image_uri": "",
            "invoke_arn": "arn:aws:apigateway:ap-northeast-1:lambda:path/2015-03-31/functions/arn:aws:lambda:ap-northeast-1:058898200941:function:multi-region-spot-dev-boot-spot/invocations",
            "kms_key_arn": "",
            "last_modified": "2026-01-18T15:53:52.000+0000",
            "layers": [
              "arn:aws:lambda:ap-northeast-1:058898200941:layer:paramiko-layer:5"
            ],
            "logging_config": [
              {
                "application_log_level": "",
                "log_format": "Text",
                "log_group": "/aws/lambda/multi-region-spot-dev-boot-spot",
                "system_log_level": ""
              }
            ],
            "memory_size": 128,
            "package_type": "Zip",
            "publish": false,
            "publish_to": null,
            "qualified_arn": "arn:aws:lambda:ap-northeast-1:058898200941:function:multi-region-spot-dev-boot-spot:$LATEST",
            "qualified_invoke_arn": "arn:aws:apigateway:ap-northeast-1:lambda:path/2015-03-31/functions/arn:aws:lambda:ap-northeast-1:058898200941:function:multi-region-spot-dev-boot-spot:$LATEST/invocations",
            "region": "ap-northeast-1",
            "replace_security_groups_on_destroy": null,
            "replacement_security_group_ids": null,
            "reserved_concurrent_executions": -1,
            "role": "arn:aws:iam::058898200941:role/multi-region-spot-dev-lambda-role",
            "runtime": "python3.9",
            "s3_bucket": "dev-multi-region-spot-lambda-source",
            "s3_key": "lambda_source/boot_spot.zip",
            "s3_object_version": null,
            "signing_job_arn": "",
            "signing_profile_version_arn": "",
            "skip_destroy": false,
            "snap_start": [],
            "source_code_hash": "",
            "source_code_size": 5467,
            "source_kms_key_arn": "",
            "tags": {
              "Env": "dev",
              "Name": "multi-region-spot-dev-lambda",
              "Project": "multi-region-spot"
            },
            "tags_all": {
              "Env": "dev",
              "Name": "multi-region-spot-dev-lambda",
              "Project": "multi-region-spot"
            },
            "tenancy_config": [],
            "timeout": 120,
            "timeouts": null,
            "tracing_config": [
              {
                "mode": "PassThrough"
              }
            ],
            "version": "$LATEST",
            "vpc_config": []
          },
          "sensitive_attributes": [],
          "private": "eyJlMmJmYjczMC1lY2FhLTExZTYtOGY4OC0zNDM2M2JjN2M0YzAiOnsiY3JlYXRlIjo2MDAwMDAwMDAwMDAsImRlbGV0ZSI6NjAwMDAwMDAwMDAwLCJ1cGRhdGUiOjYwMDAwMDAwMDAwMH19",
          "dependencies": [
            "aws_key_pair.frankfurt",
            "aws_key_pair.ireland",
            "aws_key_pair.oregon",
            "aws_key_pair.singapore",
            "aws_key_pair.tokyo",
            "aws_key_pair.virginia",
            "module.event_bridge.aws_iam_role.lambda_role",
            "module.network_frankfurt.aws_subnet.public_subnet_1",
            "module.network_frankfurt.aws_vpc.vpc",
            "module.network_ireland.aws_subnet.public_subnet_1",
            "module.network_ireland.aws_vpc.vpc",
            "module.network_oregon.aws_subnet.public_subnet_1",
            "module.network_oregon.aws_vpc.vpc",
            "module.network_singapore.aws_subnet.public_subnet_1",
            "module.network_singapore.aws_vpc.vpc",
            "module.network_tokyo.aws_subnet.public_subnet_1",
            "module.network_tokyo.aws_vpc.vpc",
            "module.network_virginia.aws_subnet.public_subnet_1",
            "module.network_virginia.aws_vpc.vpc",
            "module.security_frankfurt.aws_security_group.db_sg",
            "module.security_ireland.aws_security_group.db_sg",
            "module.security_oregon.aws_security_group.db_sg",
            "module.security_singapore.aws_security_group.db_sg",
            "module.security_tokyo.aws_security_group.db_sg",
            "module.security_virginia.aws_security_group.db_sg"
          ]
        }
      ]
    },
    {
      "module": "module.event_bridge",
      "mode": "managed",
      "type": "aws_lambda_permission",
      "name": "allow_eventbridge_central",
      "provider": "provider[\"registry.terraform.io/hashicorp/aws\"]",
      "instances": [
        {
          "schema_version": 0,
          "attributes": {
            "action": "lambda:InvokeFunction",
            "event_source_token": null,
            "function_name": "multi-region-spot-dev-boot-spot",
            "function_url_auth_type": null,
            "id": "AllowCentralEventBus",
            "principal": "events.amazonaws.com",
            "principal_org_id": null,
            "qualifier": "",
            "region": "ap-northeast-1",
            "source_account": null,
            "source_arn": "arn:aws:events:ap-northeast-1:058898200941:rule/central-spot-events/spot-interruption-central",
            "statement_id": "AllowCentralEventBus",
            "statement_id_prefix": ""
          },
          "sensitive_attributes": [],
          "private": "bnVsbA==",
          "dependencies": [
            "aws_key_pair.frankfurt",
            "aws_key_pair.ireland",
            "aws_key_pair.oregon",
            "aws_key_pair.singapore",
            "aws_key_pair.tokyo",
            "aws_key_pair.virginia",
            "module.event_bridge.aws_cloudwatch_event_bus.central",
            "module.event_bridge.aws_cloudwatch_event_rule.central_rule",
            "module.event_bridge.aws_iam_role.lambda_role",
            "module.event_bridge.aws_lambda_function.boot_spot",
            "module.network_frankfurt.aws_subnet.public_subnet_1",
            "module.network_frankfurt.aws_vpc.vpc",
            "module.network_ireland.aws_subnet.public_subnet_1",
            "module.network_ireland.aws_vpc.vpc",
            "module.network_oregon.aws_subnet.public_subnet_1",
            "module.network_oregon.aws_vpc.vpc",
            "module.network_singapore.aws_subnet.public_subnet_1",
            "module.network_singapore.aws_vpc.vpc",
            "module.network_tokyo.aws_subnet.public_subnet_1",
            "module.network_tokyo.aws_vpc.vpc",
            "module.network_virginia.aws_subnet.public_subnet_1",
            "module.network_virginia.aws_vpc.vpc",
            "module.security_frankfurt.aws_security_group.db_sg",
            "module.security_ireland.aws_security_group.db_sg",
            "module.security_oregon.aws_security_group.db_sg",
            "module.security_singapore.aws_security_group.db_sg",
            "module.security_tokyo.aws_security_group.db_sg",
            "module.security_virginia.aws_security_group.db_sg"
          ]
        }
      ]
    },
    {
      "module": "module.event_bridge",
      "mode": "managed",
      "type": "aws_lambda_permission",
      "name": "allow_eventbridge_daily",
      "provider": "provider[\"registry.terraform.io/hashicorp/aws\"]",
      "instances": [
        {
          "schema_version": 0,
          "attributes": {
            "action": "lambda:InvokeFunction",
            "event_source_token": null,
            "function_name": "multi-region-spot-dev-boot-spot",
            "function_url_auth_type": null,
            "id": "AllowExecutionFromEventBridgeDaily",
            "principal": "events.amazonaws.com",
            "principal_org_id": null,
            "qualifier": "",
            "region": "ap-northeast-1",
            "source_account": null,
            "source_arn": "arn:aws:events:ap-northeast-1:058898200941:rule/multi-region-spot-dev-daily-boot-spot",
            "statement_id": "AllowExecutionFromEventBridgeDaily",
            "statement_id_prefix": ""
          },
          "sensitive_attributes": [],
          "private": "bnVsbA==",
          "dependencies": [
            "aws_key_pair.frankfurt",
            "aws_key_pair.ireland",
            "aws_key_pair.oregon",
            "aws_key_pair.singapore",
            "aws_key_pair.tokyo",
            "aws_key_pair.virginia",
            "module.event_bridge.aws_cloudwatch_event_rule.daily_boot_spot",
            "module.event_bridge.aws_iam_role.lambda_role",
            "module.event_bridge.aws_lambda_function.boot_spot",
            "module.network_frankfurt.aws_subnet.public_subnet_1",
            "module.network_frankfurt.aws_vpc.vpc",
            "module.network_ireland.aws_subnet.public_subnet_1",
            "module.network_ireland.aws_vpc.vpc",
            "module.network_oregon.aws_subnet.public_subnet_1",
            "module.network_oregon.aws_vpc.vpc",
            "module.network_singapore.aws_subnet.public_subnet_1",
            "module.network_singapore.aws_vpc.vpc",
            "module.network_tokyo.aws_subnet.public_subnet_1",
            "module.network_tokyo.aws_vpc.vpc",
            "module.network_virginia.aws_subnet.public_subnet_1",
            "module.network_virginia.aws_vpc.vpc",
            "module.security_frankfurt.aws_security_group.db_sg",
            "module.security_ireland.aws_security_group.db_sg",
            "module.security_oregon.aws_security_group.db_sg",
            "module.security_singapore.aws_security_group.db_sg",
            "module.security_tokyo.aws_security_group.db_sg",
            "module.security_virginia.aws_security_group.db_sg"
          ]
        }
      ]
    },
    {
      "module": "module.event_bridge",
      "mode": "managed",
      "type": "aws_sns_topic",
      "name": "topic",
      "provider": "provider[\"registry.terraform.io/hashicorp/aws\"]",
      "instances": [
        {
          "schema_version": 0,
          "attributes": {
            "application_failure_feedback_role_arn": "",
            "application_success_feedback_role_arn": "",
            "application_success_feedback_sample_rate": 0,
            "archive_policy": "",
            "arn": "arn:aws:sns:ap-northeast-1:058898200941:multi-region-spot-dev-spot-interruption-topic",
            "beginning_archive_time": "",
            "content_based_deduplication": false,
            "delivery_policy": "",
            "display_name": "",
            "fifo_throughput_scope": "",
            "fifo_topic": false,
            "firehose_failure_feedback_role_arn": "",
            "firehose_success_feedback_role_arn": "",
            "firehose_success_feedback_sample_rate": 0,
            "http_failure_feedback_role_arn": "",
            "http_success_feedback_role_arn": "",
            "http_success_feedback_sample_rate": 0,
            "id": "arn:aws:sns:ap-northeast-1:058898200941:multi-region-spot-dev-spot-interruption-topic",
            "kms_master_key_id": "",
            "lambda_failure_feedback_role_arn": "",
            "lambda_success_feedback_role_arn": "",
            "lambda_success_feedback_sample_rate": 0,
            "name": "multi-region-spot-dev-spot-interruption-topic",
            "name_prefix": "",
            "owner": "058898200941",
            "policy": "{\"Statement\":[{\"Action\":\"SNS:Publish\",\"Effect\":\"Allow\",\"Principal\":{\"Service\":\"events.amazonaws.com\"},\"Resource\":\"arn:aws:sns:ap-northeast-1:058898200941:multi-region-spot-dev-spot-interruption-topic\"}],\"Version\":\"2012-10-17\"}",
            "region": "ap-northeast-1",
            "signature_version": 0,
            "sqs_failure_feedback_role_arn": "",
            "sqs_success_feedback_role_arn": "",
            "sqs_success_feedback_sample_rate": 0,
            "tags": {},
            "tags_all": {},
            "tracing_config": ""
          },
          "sensitive_attributes": [],
          "private": "bnVsbA=="
        }
      ]
    },
    {
      "module": "module.event_bridge",
      "mode": "managed",
      "type": "aws_sns_topic_policy",
      "name": "policy",
      "provider": "provider[\"registry.terraform.io/hashicorp/aws\"]",
      "instances": [
        {
          "schema_version": 0,
          "attributes": {
            "arn": "arn:aws:sns:ap-northeast-1:058898200941:multi-region-spot-dev-spot-interruption-topic",
            "id": "arn:aws:sns:ap-northeast-1:058898200941:multi-region-spot-dev-spot-interruption-topic",
            "owner": "058898200941",
            "policy": "{\"Statement\":[{\"Action\":\"SNS:Publish\",\"Effect\":\"Allow\",\"Principal\":{\"Service\":\"events.amazonaws.com\"},\"Resource\":\"arn:aws:sns:ap-northeast-1:058898200941:multi-region-spot-dev-spot-interruption-topic\"}],\"Version\":\"2012-10-17\"}",
            "region": "ap-northeast-1"
          },
          "sensitive_attributes": [],
          "private": "bnVsbA==",
          "dependencies": [
            "module.event_bridge.aws_sns_topic.topic",
            "module.event_bridge.data.aws_iam_policy_document.sns_topic_policy"
          ]
        }
      ]
    },
    {
      "module": "module.event_bridge",
      "mode": "managed",
      "type": "aws_sns_topic_subscription",
      "name": "topic_subscription",
      "provider": "provider[\"registry.terraform.io/hashicorp/aws\"]",
      "instances": [
        {
          "schema_version": 0,
          "attributes": {
            "arn": "arn:aws:sns:ap-northeast-1:058898200941:multi-region-spot-dev-spot-interruption-topic:675fbe26-ce5d-42d0-9143-728b13a00d6b",
            "confirmation_timeout_in_minutes": 5,
            "confirmation_was_authenticated": false,
            "delivery_policy": "",
            "endpoint": "cguh1095@mail4.doshisha.ac.jp",
            "endpoint_auto_confirms": false,
            "filter_policy": "",
            "filter_policy_scope": "",
            "id": "arn:aws:sns:ap-northeast-1:058898200941:multi-region-spot-dev-spot-interruption-topic:675fbe26-ce5d-42d0-9143-728b13a00d6b",
            "owner_id": "058898200941",
            "pending_confirmation": false,
            "protocol": "email",
            "raw_message_delivery": false,
            "redrive_policy": "",
            "region": "ap-northeast-1",
            "replay_policy": "",
            "subscription_role_arn": "",
            "topic_arn": "arn:aws:sns:ap-northeast-1:058898200941:multi-region-spot-dev-spot-interruption-topic"
          },
          "sensitive_attributes": [],
          "private": "bnVsbA==",
          "dependencies": [
            "module.event_bridge.aws_sns_topic.topic"
          ]
        }
      ]
    },
    {
      "module": "module.event_bridge_frankfurt",
      "mode": "managed",
      "type": "aws_cloudwatch_event_rule",
      "name": "spot_local",
      "provider": "provider[\"registry.terraform.io/hashicorp/aws\"].euc1",
      "instances": [
        {
          "schema_version": 1,
          "attributes": {
            "arn": "arn:aws:events:eu-central-1:058898200941:rule/spot-interruption-local",
            "description": "",
            "event_bus_name": "default",
            "event_pattern": "{\"detail-type\":[\"EC2 Spot Instance Interruption Warning\"],\"source\":[\"aws.ec2\"]}",
            "force_destroy": false,
            "id": "spot-interruption-local",
            "is_enabled": true,
            "name": "spot-interruption-local",
            "name_prefix": "",
            "region": "eu-central-1",
            "role_arn": "",
            "schedule_expression": "",
            "state": "ENABLED",
            "tags": {},
            "tags_all": {}
          },
          "sensitive_attributes": [],
          "private": "eyJzY2hlbWFfdmVyc2lvbiI6IjEifQ=="
        }
      ]
    },
    {
      "module": "module.event_bridge_frankfurt",
      "mode": "managed",
      "type": "aws_cloudwatch_event_target",
      "name": "to_central_bus",
      "provider": "provider[\"registry.terraform.io/hashicorp/aws\"].euc1",
      "instances": [
        {
          "schema_version": 1,
          "attributes": {
            "appsync_target": [],
            "arn": "arn:aws:events:ap-northeast-1:058898200941:event-bus/central-spot-events",
            "batch_target": [],
            "dead_letter_config": [],
            "ecs_target": [],
            "event_bus_name": "default",
            "force_destroy": false,
            "http_target": [],
            "id": "spot-interruption-local-terraform-20260107160027482000000001",
            "input": "",
            "input_path": "",
            "input_transformer": [],
            "kinesis_target": [],
            "redshift_target": [],
            "region": "eu-central-1",
            "retry_policy": [],
            "role_arn": "arn:aws:iam::058898200941:role/dev-multi-region-spot-eventbridge-putevents-central",
            "rule": "spot-interruption-local",
            "run_command_targets": [],
            "sagemaker_pipeline_target": [],
            "sqs_target": [],
            "target_id": "terraform-20260107160027482000000001"
          },
          "sensitive_attributes": [],
          "private": "eyJzY2hlbWFfdmVyc2lvbiI6IjEifQ==",
          "dependencies": [
            "module.event_bridge.aws_iam_role.eventbridge_putevents_local",
            "module.event_bridge_frankfurt.aws_cloudwatch_event_rule.spot_local"
          ]
        }
      ]
    },
    {
      "module": "module.event_bridge_ireland",
      "mode": "managed",
      "type": "aws_cloudwatch_event_rule",
      "name": "spot_local",
      "provider": "provider[\"registry.terraform.io/hashicorp/aws\"].euw1",
      "instances": [
        {
          "schema_version": 1,
          "attributes": {
            "arn": "arn:aws:events:eu-west-1:058898200941:rule/spot-interruption-local",
            "description": "",
            "event_bus_name": "default",
            "event_pattern": "{\"detail-type\":[\"EC2 Spot Instance Interruption Warning\"],\"source\":[\"aws.ec2\"]}",
            "force_destroy": false,
            "id": "spot-interruption-local",
            "is_enabled": true,
            "name": "spot-interruption-local",
            "name_prefix": "",
            "region": "eu-west-1",
            "role_arn": "",
            "schedule_expression": "",
            "state": "ENABLED",
            "tags": {},
            "tags_all": {}
          },
          "sensitive_attributes": [],
          "private": "eyJzY2hlbWFfdmVyc2lvbiI6IjEifQ=="
        }
      ]
    },
    {
      "module": "module.event_bridge_ireland",
      "mode": "managed",
      "type": "aws_cloudwatch_event_target",
      "name": "to_central_bus",
      "provider": "provider[\"registry.terraform.io/hashicorp/aws\"].euw1",
      "instances": [
        {
          "schema_version": 1,
          "attributes": {
            "appsync_target": [],
            "arn": "arn:aws:events:ap-northeast-1:058898200941:event-bus/central-spot-events",
            "batch_target": [],
            "dead_letter_config": [],
            "ecs_target": [],
            "event_bus_name": "default",
            "force_destroy": false,
            "http_target": [],
            "id": "spot-interruption-local-terraform-20260118145854679300000001",
            "input": "",
            "input_path": "",
            "input_transformer": [],
            "kinesis_target": [],
            "redshift_target": [],
            "region": "eu-west-1",
            "retry_policy": [],
            "role_arn": "arn:aws:iam::058898200941:role/dev-multi-region-spot-eventbridge-putevents-central",
            "rule": "spot-interruption-local",
            "run_command_targets": [],
            "sagemaker_pipeline_target": [],
            "sqs_target": [],
            "target_id": "terraform-20260118145854679300000001"
          },
          "sensitive_attributes": [],
          "private": "eyJzY2hlbWFfdmVyc2lvbiI6IjEifQ==",
          "dependencies": [
            "module.event_bridge.aws_iam_role.eventbridge_putevents_local",
            "module.event_bridge_ireland.aws_cloudwatch_event_rule.spot_local"
          ]
        }
      ]
    },
    {
      "module": "module.event_bridge_oregon",
      "mode": "managed",
      "type": "aws_cloudwatch_event_rule",
      "name": "spot_local",
      "provider": "provider[\"registry.terraform.io/hashicorp/aws\"].usw2",
      "instances": [
        {
          "schema_version": 1,
          "attributes": {
            "arn": "arn:aws:events:us-west-2:058898200941:rule/spot-interruption-local",
            "description": "",
            "event_bus_name": "default",
            "event_pattern": "{\"detail-type\":[\"EC2 Spot Instance Interruption Warning\"],\"source\":[\"aws.ec2\"]}",
            "force_destroy": false,
            "id": "spot-interruption-local",
            "is_enabled": true,
            "name": "spot-interruption-local",
            "name_prefix": "",
            "region": "us-west-2",
            "role_arn": "",
            "schedule_expression": "",
            "state": "ENABLED",
            "tags": {},
            "tags_all": {}
          },
          "sensitive_attributes": [],
          "private": "eyJzY2hlbWFfdmVyc2lvbiI6IjEifQ=="
        }
      ]
    },
    {
      "module": "module.event_bridge_oregon",
      "mode": "managed",
      "type": "aws_cloudwatch_event_target",
      "name": "to_central_bus",
      "provider": "provider[\"registry.terraform.io/hashicorp/aws\"].usw2",
      "instances": [
        {
          "schema_version": 1,
          "attributes": {
            "appsync_target": [],
            "arn": "arn:aws:events:ap-northeast-1:058898200941:event-bus/central-spot-events",
            "batch_target": [],
            "dead_letter_config": [],
            "ecs_target": [],
            "event_bus_name": "default",
            "force_destroy": false,
            "http_target": [],
            "id": "spot-interruption-local-terraform-20260107160026884500000001",
            "input": "",
            "input_path": "",
            "input_transformer": [],
            "kinesis_target": [],
            "redshift_target": [],
            "region": "us-west-2",
            "retry_policy": [],
            "role_arn": "arn:aws:iam::058898200941:role/dev-multi-region-spot-eventbridge-putevents-central",
            "rule": "spot-interruption-local",
            "run_command_targets": [],
            "sagemaker_pipeline_target": [],
            "sqs_target": [],
            "target_id": "terraform-20260107160026884500000001"
          },
          "sensitive_attributes": [],
          "private": "eyJzY2hlbWFfdmVyc2lvbiI6IjEifQ==",
          "dependencies": [
            "module.event_bridge.aws_iam_role.eventbridge_putevents_local",
            "module.event_bridge_oregon.aws_cloudwatch_event_rule.spot_local"
          ]
        }
      ]
    },
    {
      "module": "module.event_bridge_singapore",
      "mode": "managed",
      "type": "aws_cloudwatch_event_rule",
      "name": "spot_local",
      "provider": "provider[\"registry.terraform.io/hashicorp/aws\"].apse1",
      "instances": [
        {
          "schema_version": 1,
          "attributes": {
            "arn": "arn:aws:events:ap-southeast-1:058898200941:rule/spot-interruption-local",
            "description": "",
            "event_bus_name": "default",
            "event_pattern": "{\"detail-type\":[\"EC2 Spot Instance Interruption Warning\"],\"source\":[\"aws.ec2\"]}",
            "force_destroy": false,
            "id": "spot-interruption-local",
            "is_enabled": true,
            "name": "spot-interruption-local",
            "name_prefix": "",
            "region": "ap-southeast-1",
            "role_arn": "",
            "schedule_expression": "",
            "state": "ENABLED",
            "tags": {},
            "tags_all": {}
          },
          "sensitive_attributes": [],
          "private": "eyJzY2hlbWFfdmVyc2lvbiI6IjEifQ=="
        }
      ]
    },
    {
      "module": "module.event_bridge_singapore",
      "mode": "managed",
      "type": "aws_cloudwatch_event_target",
      "name": "to_central_bus",
      "provider": "provider[\"registry.terraform.io/hashicorp/aws\"].apse1",
      "instances": [
        {
          "schema_version": 1,
          "attributes": {
            "appsync_target": [],
            "arn": "arn:aws:events:ap-northeast-1:058898200941:event-bus/central-spot-events",
            "batch_target": [],
            "dead_letter_config": [],
            "ecs_target": [],
            "event_bus_name": "default",
            "force_destroy": false,
            "http_target": [],
            "id": "spot-interruption-local-terraform-20260118155229049600000001",
            "input": "",
            "input_path": "",
            "input_transformer": [],
            "kinesis_target": [],
            "redshift_target": [],
            "region": "ap-southeast-1",
            "retry_policy": [],
            "role_arn": "arn:aws:iam::058898200941:role/dev-multi-region-spot-eventbridge-putevents-central",
            "rule": "spot-interruption-local",
            "run_command_targets": [],
            "sagemaker_pipeline_target": [],
            "sqs_target": [],
            "target_id": "terraform-20260118155229049600000001"
          },
          "sensitive_attributes": [],
          "private": "eyJzY2hlbWFfdmVyc2lvbiI6IjEifQ==",
          "dependencies": [
            "module.event_bridge.aws_iam_role.eventbridge_putevents_local",
            "module.event_bridge_singapore.aws_cloudwatch_event_rule.spot_local"
          ]
        }
      ]
    },
    {
      "module": "module.event_bridge_tokyo",
      "mode": "managed",
      "type": "aws_cloudwatch_event_rule",
      "name": "spot_local",
      "provider": "provider[\"registry.terraform.io/hashicorp/aws\"]",
      "instances": [
        {
          "schema_version": 1,
          "attributes": {
            "arn": "arn:aws:events:ap-northeast-1:058898200941:rule/spot-interruption-local",
            "description": "",
            "event_bus_name": "default",
            "event_pattern": "{\"detail-type\":[\"EC2 Spot Instance Interruption Warning\"],\"source\":[\"aws.ec2\"]}",
            "force_destroy": false,
            "id": "spot-interruption-local",
            "is_enabled": true,
            "name": "spot-interruption-local",
            "name_prefix": "",
            "region": "ap-northeast-1",
            "role_arn": "",
            "schedule_expression": "",
            "state": "ENABLED",
            "tags": {},
            "tags_all": {}
          },
          "sensitive_attributes": [],
          "private": "eyJzY2hlbWFfdmVyc2lvbiI6IjEifQ=="
        }
      ]
    },
    {
      "module": "module.event_bridge_tokyo",
      "mode": "managed",
      "type": "aws_cloudwatch_event_target",
      "name": "to_central_bus",
      "provider": "provider[\"registry.terraform.io/hashicorp/aws\"]",
      "instances": [
        {
          "schema_version": 1,
          "attributes": {
            "appsync_target": [],
            "arn": "arn:aws:events:ap-northeast-1:058898200941:event-bus/central-spot-events",
            "batch_target": [],
            "dead_letter_config": [],
            "ecs_target": [],
            "event_bus_name": "default",
            "force_destroy": false,
            "http_target": [],
            "id": "spot-interruption-local-terraform-20260107160026778500000004",
            "input": "",
            "input_path": "",
            "input_transformer": [],
            "kinesis_target": [],
            "redshift_target": [],
            "region": "ap-northeast-1",
            "retry_policy": [],
            "role_arn": "arn:aws:iam::058898200941:role/dev-multi-region-spot-eventbridge-putevents-central",
            "rule": "spot-interruption-local",
            "run_command_targets": [],
            "sagemaker_pipeline_target": [],
            "sqs_target": [],
            "target_id": "terraform-20260107160026778500000004"
          },
          "sensitive_attributes": [],
          "private": "eyJzY2hlbWFfdmVyc2lvbiI6IjEifQ==",
          "dependencies": [
            "module.event_bridge.aws_iam_role.eventbridge_putevents_local",
            "module.event_bridge_tokyo.aws_cloudwatch_event_rule.spot_local"
          ]
        }
      ]
    },
    {
      "module": "module.event_bridge_virginia",
      "mode": "managed",
      "type": "aws_cloudwatch_event_rule",
      "name": "spot_local",
      "provider": "provider[\"registry.terraform.io/hashicorp/aws\"].use1",
      "instances": [
        {
          "schema_version": 1,
          "attributes": {
            "arn": "arn:aws:events:us-east-1:058898200941:rule/spot-interruption-local",
            "description": "",
            "event_bus_name": "default",
            "event_pattern": "{\"detail-type\":[\"EC2 Spot Instance Interruption Warning\"],\"source\":[\"aws.ec2\"]}",
            "force_destroy": false,
            "id": "spot-interruption-local",
            "is_enabled": true,
            "name": "spot-interruption-local",
            "name_prefix": "",
            "region": "us-east-1",
            "role_arn": "",
            "schedule_expression": "",
            "state": "ENABLED",
            "tags": {},
            "tags_all": {}
          },
          "sensitive_attributes": [],
          "private": "eyJzY2hlbWFfdmVyc2lvbiI6IjEifQ=="
        }
      ]
    },
    {
      "module": "module.event_bridge_virginia",
      "mode": "managed",
      "type": "aws_cloudwatch_event_target",
      "name": "to_central_bus",
      "provider": "provider[\"registry.terraform.io/hashicorp/aws\"].use1",
      "instances": [
        {
          "schema_version": 1,
          "attributes": {
            "appsync_target": [],
            "arn": "arn:aws:events:ap-northeast-1:058898200941:event-bus/central-spot-events",
            "batch_target": [],
            "dead_letter_config": [],
            "ecs_target": [],
            "event_bus_name": "default",
            "force_destroy": false,
            "http_target": [],
            "id": "spot-interruption-local-terraform-20260107160026848400000001",
            "input": "",
            "input_path": "",
            "input_transformer": [],
            "kinesis_target": [],
            "redshift_target": [],
            "region": "us-east-1",
            "retry_policy": [],
            "role_arn": "arn:aws:iam::058898200941:role/dev-multi-region-spot-eventbridge-putevents-central",
            "rule": "spot-interruption-local",
            "run_command_targets": [],
            "sagemaker_pipeline_target": [],
            "sqs_target": [],
            "target_id": "terraform-20260107160026848400000001"
          },
          "sensitive_attributes": [],
          "private": "eyJzY2hlbWFfdmVyc2lvbiI6IjEifQ==",
          "dependencies": [
            "module.event_bridge.aws_iam_role.eventbridge_putevents_local",
            "module.event_bridge_virginia.aws_cloudwatch_event_rule.spot_local"
          ]
        }
      ]
    },
    {
      "module": "module.lambda_source_s3",
      "mode": "managed",
      "type": "aws_s3_bucket",
      "name": "data_src",
      "provider": "provider[\"registry.terraform.io/hashicorp/aws\"]",
      "instances": [
        {
          "schema_version": 0,
          "attributes": {
            "acceleration_status": "",
            "acl": null,
            "arn": "arn:aws:s3:::dev-multi-region-spot-data-source",
            "bucket": "dev-multi-region-spot-data-source",
            "bucket_domain_name": "dev-multi-region-spot-data-source.s3.amazonaws.com",
            "bucket_prefix": "",
            "bucket_region": "ap-northeast-1",
            "bucket_regional_domain_name": "dev-multi-region-spot-data-source.s3.ap-northeast-1.amazonaws.com",
            "cors_rule": [],
            "force_destroy": false,
            "grant": [
              {
                "id": "82435494269d3c9a2833264ff6b8aa263d6f3144b19bf891915077165e2620ec",
                "permissions": [
                  "FULL_CONTROL"
                ],
                "type": "CanonicalUser",
                "uri": ""
              }
            ],
            "hosted_zone_id": "Z2M4EHUR26P7ZW",
            "id": "dev-multi-region-spot-data-source",
            "lifecycle_rule": [],
            "logging": [],
            "object_lock_configuration": [],
            "object_lock_enabled": false,
            "policy": "",
            "region": "ap-northeast-1",
            "replication_configuration": [],
            "request_payer": "BucketOwner",
            "server_side_encryption_configuration": [
              {
                "rule": [
                  {
                    "apply_server_side_encryption_by_default": [
                      {
                        "kms_master_key_id": "",
                        "sse_algorithm": "AES256"
                      }
                    ],
                    "bucket_key_enabled": false
                  }
                ]
              }
            ],
            "tags": {
              "Env": "dev",
              "Name": "multi-region-spot-dev-s3-data-source",
              "Project": "multi-region-spot"
            },
            "tags_all": {
              "Env": "dev",
              "Name": "multi-region-spot-dev-s3-data-source",
              "Project": "multi-region-spot"
            },
            "timeouts": null,
            "versioning": [
              {
                "enabled": false,
                "mfa_delete": false
              }
            ],
            "website": [],
            "website_domain": null,
            "website_endpoint": null
          },
          "sensitive_attributes": [],
          "private": "eyJlMmJmYjczMC1lY2FhLTExZTYtOGY4OC0zNDM2M2JjN2M0YzAiOnsiY3JlYXRlIjoxMjAwMDAwMDAwMDAwLCJkZWxldGUiOjM2MDAwMDAwMDAwMDAsInJlYWQiOjEyMDAwMDAwMDAwMDAsInVwZGF0ZSI6MTIwMDAwMDAwMDAwMH19"
        }
      ]
    },
    {
      "module": "module.lambda_source_s3",
      "mode": "managed",
      "type": "aws_s3_bucket",
      "name": "lambda_src",
      "provider": "provider[\"registry.terraform.io/hashicorp/aws\"]",
      "instances": [
        {
          "schema_version": 0,
          "attributes": {
            "acceleration_status": "",
            "acl": null,
            "arn": "arn:aws:s3:::dev-multi-region-spot-lambda-source",
            "bucket": "dev-multi-region-spot-lambda-source",
            "bucket_domain_name": "dev-multi-region-spot-lambda-source.s3.amazonaws.com",
            "bucket_prefix": "",
            "bucket_region": "ap-northeast-1",
            "bucket_regional_domain_name": "dev-multi-region-spot-lambda-source.s3.ap-northeast-1.amazonaws.com",
            "cors_rule": [],
            "force_destroy": false,
            "grant": [
              {
                "id": "82435494269d3c9a2833264ff6b8aa263d6f3144b19bf891915077165e2620ec",
                "permissions": [
                  "FULL_CONTROL"
                ],
                "type": "CanonicalUser",
                "uri": ""
              }
            ],
            "hosted_zone_id": "Z2M4EHUR26P7ZW",
            "id": "dev-multi-region-spot-lambda-source",
            "lifecycle_rule": [],
            "logging": [],
            "object_lock_configuration": [],
            "object_lock_enabled": false,
            "policy": "",
            "region": "ap-northeast-1",
            "replication_configuration": [],
            "request_payer": "BucketOwner",
            "server_side_encryption_configuration": [
              {
                "rule": [
                  {
                    "apply_server_side_encryption_by_default": [
                      {
                        "kms_master_key_id": "",
                        "sse_algorithm": "AES256"
                      }
                    ],
                    "bucket_key_enabled": false
                  }
                ]
              }
            ],
            "tags": {
              "Env": "dev",
              "Name": "multi-region-spot-dev-s3-lambda-source",
              "Project": "multi-region-spot"
            },
            "tags_all": {
              "Env": "dev",
              "Name": "multi-region-spot-dev-s3-lambda-source",
              "Project": "multi-region-spot"
            },
            "timeouts": null,
            "versioning": [
              {
                "enabled": false,
                "mfa_delete": false
              }
            ],
            "website": [],
            "website_domain": null,
            "website_endpoint": null
          },
          "sensitive_attributes": [],
          "private": "eyJlMmJmYjczMC1lY2FhLTExZTYtOGY4OC0zNDM2M2JjN2M0YzAiOnsiY3JlYXRlIjoxMjAwMDAwMDAwMDAwLCJkZWxldGUiOjM2MDAwMDAwMDAwMDAsInJlYWQiOjEyMDAwMDAwMDAwMDAsInVwZGF0ZSI6MTIwMDAwMDAwMDAwMH19"
        }
      ]
    },
    {
      "module": "module.lambda_source_s3",
      "mode": "managed",
      "type": "aws_s3_object",
      "name": "data_csv",
      "provider": "provider[\"registry.terraform.io/hashicorp/aws\"]",
      "instances": [
        {
          "schema_version": 0,
          "attributes": {
            "acl": null,
            "arn": "arn:aws:s3:::dev-multi-region-spot-data-source/data_source/employee_data.csv",
            "bucket": "dev-multi-region-spot-data-source",
            "bucket_key_enabled": false,
            "cache_control": "",
            "checksum_algorithm": null,
            "checksum_crc32": "",
            "checksum_crc32c": "",
            "checksum_crc64nvme": "",
            "checksum_sha1": "",
            "checksum_sha256": "",
            "content": null,
            "content_base64": null,
            "content_disposition": "",
            "content_encoding": "",
            "content_language": "",
            "content_type": "application/octet-stream",
            "etag": "a7171b2b598a790574bd85aa59cf7880",
            "force_destroy": false,
            "id": "dev-multi-region-spot-data-source/data_source/employee_data.csv",
            "key": "data_source/employee_data.csv",
            "kms_key_id": null,
            "metadata": {},
            "object_lock_legal_hold_status": "",
            "object_lock_mode": "",
            "object_lock_retain_until_date": "",
            "override_provider": [],
            "region": "ap-northeast-1",
            "server_side_encryption": "AES256",
            "source": "./../../data_source/employee_data.csv",
            "source_hash": null,
            "storage_class": "STANDARD",
            "tags": {},
            "tags_all": {},
            "version_id": "",
            "website_redirect": ""
          },
          "sensitive_attributes": [],
          "private": "bnVsbA==",
          "dependencies": [
            "module.lambda_source_s3.aws_s3_bucket.data_src"
          ]
        }
      ]
    },
    {
      "module": "module.lambda_source_s3",
      "mode": "managed",
      "type": "aws_s3_object",
      "name": "lambda_zip",
      "provider": "provider[\"registry.terraform.io/hashicorp/aws\"]",
      "instances": [
        {
          "schema_version": 0,
          "attributes": {
            "acl": null,
            "arn": "arn:aws:s3:::dev-multi-region-spot-lambda-source/lambda_source/boot_spot.zip",
            "bucket": "dev-multi-region-spot-lambda-source",
            "bucket_key_enabled": false,
            "cache_control": "",
            "checksum_algorithm": null,
            "checksum_crc32": "",
            "checksum_crc32c": "",
            "checksum_crc64nvme": "",
            "checksum_sha1": "",
            "checksum_sha256": "",
            "content": null,
            "content_base64": null,
            "content_disposition": "",
            "content_encoding": "",
            "content_language": "",
            "content_type": "application/octet-stream",
            "etag": "7f26c483a50b4acbe8746ff79d3646d3",
            "force_destroy": false,
            "id": "dev-multi-region-spot-lambda-source/lambda_source/boot_spot.zip",
            "key": "lambda_source/boot_spot.zip",
            "kms_key_id": null,
            "metadata": {},
            "object_lock_legal_hold_status": "",
            "object_lock_mode": "",
            "object_lock_retain_until_date": "",
            "override_provider": [],
            "region": "ap-northeast-1",
            "server_side_encryption": "AES256",
            "source": "./../../lambda_source/boot_spot.zip",
            "source_hash": null,
            "storage_class": "STANDARD",
            "tags": {},
            "tags_all": {},
            "version_id": "",
            "website_redirect": ""
          },
          "sensitive_attributes": [],
          "private": "bnVsbA==",
          "dependencies": [
            "module.lambda_source_s3.aws_s3_bucket.lambda_src"
          ]
        }
      ]
    },
    {
      "module": "module.network_frankfurt",
      "mode": "managed",
      "type": "aws_internet_gateway",
      "name": "igw",
      "provider": "provider[\"registry.terraform.io/hashicorp/aws\"].euc1",
      "instances": [
        {
          "schema_version": 0,
          "attributes": {
            "arn": "arn:aws:ec2:eu-central-1:058898200941:internet-gateway/igw-07db033533b9ed9be",
            "id": "igw-07db033533b9ed9be",
            "owner_id": "058898200941",
            "region": "eu-central-1",
            "tags": {
              "Environment": "dev",
              "Name": "multi-region-spot-dev-igw",
              "Project": "multi-region-spot"
            },
            "tags_all": {
              "Environment": "dev",
              "Name": "multi-region-spot-dev-igw",
              "Project": "multi-region-spot"
            },
            "timeouts": null,
            "vpc_id": "vpc-09f7d47c8568c9afa"
          },
          "sensitive_attributes": [],
          "private": "eyJlMmJmYjczMC1lY2FhLTExZTYtOGY4OC0zNDM2M2JjN2M0YzAiOnsiY3JlYXRlIjoxMjAwMDAwMDAwMDAwLCJkZWxldGUiOjEyMDAwMDAwMDAwMDAsInVwZGF0ZSI6MTIwMDAwMDAwMDAwMH19",
          "dependencies": [
            "module.network_frankfurt.aws_vpc.vpc"
          ]
        }
      ]
    },
    {
      "module": "module.network_frankfurt",
      "mode": "managed",
      "type": "aws_route",
      "name": "public-route",
      "provider": "provider[\"registry.terraform.io/hashicorp/aws\"].euc1",
      "instances": [
        {
          "schema_version": 0,
          "attributes": {
            "carrier_gateway_id": "",
            "core_network_arn": "",
            "destination_cidr_block": "0.0.0.0/0",
            "destination_ipv6_cidr_block": "",
            "destination_prefix_list_id": "",
            "egress_only_gateway_id": "",
            "gateway_id": "igw-07db033533b9ed9be",
            "id": "r-rtb-03dda28d91c296bc81080289494",
            "instance_id": "",
            "instance_owner_id": "",
            "local_gateway_id": "",
            "nat_gateway_id": "",
            "network_interface_id": "",
            "origin": "CreateRoute",
            "region": "eu-central-1",
            "route_table_id": "rtb-03dda28d91c296bc8",
            "state": "active",
            "timeouts": null,
            "transit_gateway_id": "",
            "vpc_endpoint_id": "",
            "vpc_peering_connection_id": ""
          },
          "sensitive_attributes": [],
          "private": "eyJlMmJmYjczMC1lY2FhLTExZTYtOGY4OC0zNDM2M2JjN2M0YzAiOnsiY3JlYXRlIjozMDAwMDAwMDAwMDAsImRlbGV0ZSI6MzAwMDAwMDAwMDAwLCJ1cGRhdGUiOjEyMDAwMDAwMDAwMH19",
          "dependencies": [
            "module.network_frankfurt.aws_internet_gateway.igw",
            "module.network_frankfurt.aws_route_table.public_rt",
            "module.network_frankfurt.aws_vpc.vpc"
          ]
        }
      ]
    },
    {
      "module": "module.network_frankfurt",
      "mode": "managed",
      "type": "aws_route_table",
      "name": "public_rt",
      "provider": "provider[\"registry.terraform.io/hashicorp/aws\"].euc1",
      "instances": [
        {
          "schema_version": 0,
          "attributes": {
            "arn": "arn:aws:ec2:eu-central-1:058898200941:route-table/rtb-03dda28d91c296bc8",
            "id": "rtb-03dda28d91c296bc8",
            "owner_id": "058898200941",
            "propagating_vgws": [],
            "region": "eu-central-1",
            "route": [
              {
                "carrier_gateway_id": "",
                "cidr_block": "0.0.0.0/0",
                "core_network_arn": "",
                "destination_prefix_list_id": "",
                "egress_only_gateway_id": "",
                "gateway_id": "igw-07db033533b9ed9be",
                "ipv6_cidr_block": "",
                "local_gateway_id": "",
                "nat_gateway_id": "",
                "network_interface_id": "",
                "transit_gateway_id": "",
                "vpc_endpoint_id": "",
                "vpc_peering_connection_id": ""
              }
            ],
            "tags": {
              "Environment": "dev",
              "Name": "multi-region-spot-dev-public-route-table",
              "Project": "multi-region-spot"
            },
            "tags_all": {
              "Environment": "dev",
              "Name": "multi-region-spot-dev-public-route-table",
              "Project": "multi-region-spot"
            },
            "timeouts": null,
            "vpc_id": "vpc-09f7d47c8568c9afa"
          },
          "sensitive_attributes": [],
          "private": "eyJlMmJmYjczMC1lY2FhLTExZTYtOGY4OC0zNDM2M2JjN2M0YzAiOnsiY3JlYXRlIjozMDAwMDAwMDAwMDAsImRlbGV0ZSI6MzAwMDAwMDAwMDAwLCJ1cGRhdGUiOjEyMDAwMDAwMDAwMH19",
          "dependencies": [
            "module.network_frankfurt.aws_vpc.vpc"
          ]
        }
      ]
    },
    {
      "module": "module.network_frankfurt",
      "mode": "managed",
      "type": "aws_route_table_association",
      "name": "public_rt_association_1",
      "provider": "provider[\"registry.terraform.io/hashicorp/aws\"].euc1",
      "instances": [
        {
          "schema_version": 0,
          "attributes": {
            "gateway_id": "",
            "id": "rtbassoc-0406dd4214353df27",
            "region": "eu-central-1",
            "route_table_id": "rtb-03dda28d91c296bc8",
            "subnet_id": "subnet-0876b287ca3d71562",
            "timeouts": null
          },
          "sensitive_attributes": [],
          "private": "eyJlMmJmYjczMC1lY2FhLTExZTYtOGY4OC0zNDM2M2JjN2M0YzAiOnsiY3JlYXRlIjozMDAwMDAwMDAwMDAsImRlbGV0ZSI6MzAwMDAwMDAwMDAwLCJ1cGRhdGUiOjEyMDAwMDAwMDAwMH19",
          "dependencies": [
            "module.network_frankfurt.aws_route_table.public_rt",
            "module.network_frankfurt.aws_subnet.public_subnet_1",
            "module.network_frankfurt.aws_vpc.vpc"
          ]
        }
      ]
    },
    {
      "module": "module.network_frankfurt",
      "mode": "managed",
      "type": "aws_route_table_association",
      "name": "public_rt_association_2",
      "provider": "provider[\"registry.terraform.io/hashicorp/aws\"].euc1",
      "instances": [
        {
          "schema_version": 0,
          "attributes": {
            "gateway_id": "",
            "id": "rtbassoc-095fb8da75ea195e7",
            "region": "eu-central-1",
            "route_table_id": "rtb-03dda28d91c296bc8",
            "subnet_id": "subnet-0e10ee8c319bec628",
            "timeouts": null
          },
          "sensitive_attributes": [],
          "private": "eyJlMmJmYjczMC1lY2FhLTExZTYtOGY4OC0zNDM2M2JjN2M0YzAiOnsiY3JlYXRlIjozMDAwMDAwMDAwMDAsImRlbGV0ZSI6MzAwMDAwMDAwMDAwLCJ1cGRhdGUiOjEyMDAwMDAwMDAwMH19",
          "dependencies": [
            "module.network_frankfurt.aws_route_table.public_rt",
            "module.network_frankfurt.aws_subnet.public_subnet_2",
            "module.network_frankfurt.aws_vpc.vpc"
          ]
        }
      ]
    },
    {
      "module": "module.network_frankfurt",
      "mode": "managed",
      "type": "aws_subnet",
      "name": "public_subnet_1",
      "provider": "provider[\"registry.terraform.io/hashicorp/aws\"].euc1",
      "instances": [
        {
          "schema_version": 1,
          "attributes": {
            "arn": "arn:aws:ec2:eu-central-1:058898200941:subnet/subnet-0876b287ca3d71562",
            "assign_ipv6_address_on_creation": false,
            "availability_zone": "eu-central-1a",
            "availability_zone_id": "euc1-az2",
            "cidr_block": "10.5.1.0/24",
            "customer_owned_ipv4_pool": "",
            "enable_dns64": false,
            "enable_lni_at_device_index": 0,
            "enable_resource_name_dns_a_record_on_launch": false,
            "enable_resource_name_dns_aaaa_record_on_launch": false,
            "id": "subnet-0876b287ca3d71562",
            "ipv6_cidr_block": "",
            "ipv6_cidr_block_association_id": "",
            "ipv6_native": false,
            "map_customer_owned_ip_on_launch": false,
            "map_public_ip_on_launch": true,
            "outpost_arn": "",
            "owner_id": "058898200941",
            "private_dns_hostname_type_on_launch": "ip-name",
            "region": "eu-central-1",
            "tags": {
              "Environment": "dev",
              "Name": "multi-region-spot-dev-public-subnet-1",
              "Project": "multi-region-spot",
              "Type": "public"
            },
            "tags_all": {
              "Environment": "dev",
              "Name": "multi-region-spot-dev-public-subnet-1",
              "Project": "multi-region-spot",
              "Type": "public"
            },
            "timeouts": null,
            "vpc_id": "vpc-09f7d47c8568c9afa"
          },
          "sensitive_attributes": [],
          "private": "eyJlMmJmYjczMC1lY2FhLTExZTYtOGY4OC0zNDM2M2JjN2M0YzAiOnsiY3JlYXRlIjo2MDAwMDAwMDAwMDAsImRlbGV0ZSI6MTIwMDAwMDAwMDAwMH0sInNjaGVtYV92ZXJzaW9uIjoiMSJ9",
          "dependencies": [
            "module.network_frankfurt.aws_vpc.vpc"
          ]
        }
      ]
    },
    {
      "module": "module.network_frankfurt",
      "mode": "managed",
      "type": "aws_subnet",
      "name": "public_subnet_2",
      "provider": "provider[\"registry.terraform.io/hashicorp/aws\"].euc1",
      "instances": [
        {
          "schema_version": 1,
          "attributes": {
            "arn": "arn:aws:ec2:eu-central-1:058898200941:subnet/subnet-0e10ee8c319bec628",
            "assign_ipv6_address_on_creation": false,
            "availability_zone": "eu-central-1b",
            "availability_zone_id": "euc1-az3",
            "cidr_block": "10.5.2.0/24",
            "customer_owned_ipv4_pool": "",
            "enable_dns64": false,
            "enable_lni_at_device_index": 0,
            "enable_resource_name_dns_a_record_on_launch": false,
            "enable_resource_name_dns_aaaa_record_on_launch": false,
            "id": "subnet-0e10ee8c319bec628",
            "ipv6_cidr_block": "",
            "ipv6_cidr_block_association_id": "",
            "ipv6_native": false,
            "map_customer_owned_ip_on_launch": false,
            "map_public_ip_on_launch": true,
            "outpost_arn": "",
            "owner_id": "058898200941",
            "private_dns_hostname_type_on_launch": "ip-name",
            "region": "eu-central-1",
            "tags": {
              "Environment": "dev",
              "Name": "multi-region-spot-dev-public-subnet-2",
              "Project": "multi-region-spot",
              "Type": "public"
            },
            "tags_all": {
              "Environment": "dev",
              "Name": "multi-region-spot-dev-public-subnet-2",
              "Project": "multi-region-spot",
              "Type": "public"
            },
            "timeouts": null,
            "vpc_id": "vpc-09f7d47c8568c9afa"
          },
          "sensitive_attributes": [],
          "private": "eyJlMmJmYjczMC1lY2FhLTExZTYtOGY4OC0zNDM2M2JjN2M0YzAiOnsiY3JlYXRlIjo2MDAwMDAwMDAwMDAsImRlbGV0ZSI6MTIwMDAwMDAwMDAwMH0sInNjaGVtYV92ZXJzaW9uIjoiMSJ9",
          "dependencies": [
            "module.network_frankfurt.aws_vpc.vpc"
          ]
        }
      ]
    },
    {
      "module": "module.network_frankfurt",
      "mode": "managed",
      "type": "aws_vpc",
      "name": "vpc",
      "provider": "provider[\"registry.terraform.io/hashicorp/aws\"].euc1",
      "instances": [
        {
          "schema_version": 1,
          "attributes": {
            "arn": "arn:aws:ec2:eu-central-1:058898200941:vpc/vpc-09f7d47c8568c9afa",
            "assign_generated_ipv6_cidr_block": false,
            "cidr_block": "10.5.0.0/16",
            "default_network_acl_id": "acl-0b1a43fc64b821d7f",
            "default_route_table_id": "rtb-06befe59d4e5b717b",
            "default_security_group_id": "sg-0e728c1153da410e1",
            "dhcp_options_id": "dopt-793ad910",
            "enable_dns_hostnames": true,
            "enable_dns_support": true,
            "enable_network_address_usage_metrics": false,
            "id": "vpc-09f7d47c8568c9afa",
            "instance_tenancy": "default",
            "ipv4_ipam_pool_id": null,
            "ipv4_netmask_length": null,
            "ipv6_association_id": "",
            "ipv6_cidr_block": "",
            "ipv6_cidr_block_network_border_group": "",
            "ipv6_ipam_pool_id": "",
            "ipv6_netmask_length": 0,
            "main_route_table_id": "rtb-06befe59d4e5b717b",
            "owner_id": "058898200941",
            "region": "eu-central-1",
            "tags": {
              "Environment": "dev",
              "Name": "multi-region-spot-dev-vpc",
              "Project": "multi-region-spot"
            },
            "tags_all": {
              "Environment": "dev",
              "Name": "multi-region-spot-dev-vpc",
              "Project": "multi-region-spot"
            }
          },
          "sensitive_attributes": [],
          "private": "eyJzY2hlbWFfdmVyc2lvbiI6IjEifQ=="
        }
      ]
    },
    {
      "module": "module.network_ireland",
      "mode": "managed",
      "type": "aws_internet_gateway",
      "name": "igw",
      "provider": "provider[\"registry.terraform.io/hashicorp/aws\"].euw1",
      "instances": [
        {
          "schema_version": 0,
          "attributes": {
            "arn": "arn:aws:ec2:eu-west-1:058898200941:internet-gateway/igw-07988b28989d48729",
            "id": "igw-07988b28989d48729",
            "owner_id": "058898200941",
            "region": "eu-west-1",
            "tags": {
              "Environment": "dev",
              "Name": "multi-region-spot-dev-igw",
              "Project": "multi-region-spot"
            },
            "tags_all": {
              "Environment": "dev",
              "Name": "multi-region-spot-dev-igw",
              "Project": "multi-region-spot"
            },
            "timeouts": null,
            "vpc_id": "vpc-05ea4b570883550fd"
          },
          "sensitive_attributes": [],
          "private": "eyJlMmJmYjczMC1lY2FhLTExZTYtOGY4OC0zNDM2M2JjN2M0YzAiOnsiY3JlYXRlIjoxMjAwMDAwMDAwMDAwLCJkZWxldGUiOjEyMDAwMDAwMDAwMDAsInVwZGF0ZSI6MTIwMDAwMDAwMDAwMH19",
          "dependencies": [
            "module.network_ireland.aws_vpc.vpc"
          ]
        }
      ]
    },
    {
      "module": "module.network_ireland",
      "mode": "managed",
      "type": "aws_route",
      "name": "public-route",
      "provider": "provider[\"registry.terraform.io/hashicorp/aws\"].euw1",
      "instances": [
        {
          "schema_version": 0,
          "attributes": {
            "carrier_gateway_id": "",
            "core_network_arn": "",
            "destination_cidr_block": "0.0.0.0/0",
            "destination_ipv6_cidr_block": "",
            "destination_prefix_list_id": "",
            "egress_only_gateway_id": "",
            "gateway_id": "igw-07988b28989d48729",
            "id": "r-rtb-0a5ae6c312b2833491080289494",
            "instance_id": "",
            "instance_owner_id": "",
            "local_gateway_id": "",
            "nat_gateway_id": "",
            "network_interface_id": "",
            "origin": "CreateRoute",
            "region": "eu-west-1",
            "route_table_id": "rtb-0a5ae6c312b283349",
            "state": "active",
            "timeouts": null,
            "transit_gateway_id": "",
            "vpc_endpoint_id": "",
            "vpc_peering_connection_id": ""
          },
          "sensitive_attributes": [],
          "private": "eyJlMmJmYjczMC1lY2FhLTExZTYtOGY4OC0zNDM2M2JjN2M0YzAiOnsiY3JlYXRlIjozMDAwMDAwMDAwMDAsImRlbGV0ZSI6MzAwMDAwMDAwMDAwLCJ1cGRhdGUiOjEyMDAwMDAwMDAwMH19",
          "dependencies": [
            "module.network_ireland.aws_internet_gateway.igw",
            "module.network_ireland.aws_route_table.public_rt",
            "module.network_ireland.aws_vpc.vpc"
          ]
        }
      ]
    },
    {
      "module": "module.network_ireland",
      "mode": "managed",
      "type": "aws_route_table",
      "name": "public_rt",
      "provider": "provider[\"registry.terraform.io/hashicorp/aws\"].euw1",
      "instances": [
        {
          "schema_version": 0,
          "attributes": {
            "arn": "arn:aws:ec2:eu-west-1:058898200941:route-table/rtb-0a5ae6c312b283349",
            "id": "rtb-0a5ae6c312b283349",
            "owner_id": "058898200941",
            "propagating_vgws": [],
            "region": "eu-west-1",
            "route": [
              {
                "carrier_gateway_id": "",
                "cidr_block": "0.0.0.0/0",
                "core_network_arn": "",
                "destination_prefix_list_id": "",
                "egress_only_gateway_id": "",
                "gateway_id": "igw-07988b28989d48729",
                "ipv6_cidr_block": "",
                "local_gateway_id": "",
                "nat_gateway_id": "",
                "network_interface_id": "",
                "transit_gateway_id": "",
                "vpc_endpoint_id": "",
                "vpc_peering_connection_id": ""
              }
            ],
            "tags": {
              "Environment": "dev",
              "Name": "multi-region-spot-dev-public-route-table",
              "Project": "multi-region-spot"
            },
            "tags_all": {
              "Environment": "dev",
              "Name": "multi-region-spot-dev-public-route-table",
              "Project": "multi-region-spot"
            },
            "timeouts": null,
            "vpc_id": "vpc-05ea4b570883550fd"
          },
          "sensitive_attributes": [],
          "private": "eyJlMmJmYjczMC1lY2FhLTExZTYtOGY4OC0zNDM2M2JjN2M0YzAiOnsiY3JlYXRlIjozMDAwMDAwMDAwMDAsImRlbGV0ZSI6MzAwMDAwMDAwMDAwLCJ1cGRhdGUiOjEyMDAwMDAwMDAwMH19",
          "dependencies": [
            "module.network_ireland.aws_vpc.vpc"
          ]
        }
      ]
    },
    {
      "module": "module.network_ireland",
      "mode": "managed",
      "type": "aws_route_table_association",
      "name": "public_rt_association_1",
      "provider": "provider[\"registry.terraform.io/hashicorp/aws\"].euw1",
      "instances": [
        {
          "schema_version": 0,
          "attributes": {
            "gateway_id": "",
            "id": "rtbassoc-05e46b67b1102f9af",
            "region": "eu-west-1",
            "route_table_id": "rtb-0a5ae6c312b283349",
            "subnet_id": "subnet-032b0d5a638f29f34",
            "timeouts": null
          },
          "sensitive_attributes": [],
          "private": "eyJlMmJmYjczMC1lY2FhLTExZTYtOGY4OC0zNDM2M2JjN2M0YzAiOnsiY3JlYXRlIjozMDAwMDAwMDAwMDAsImRlbGV0ZSI6MzAwMDAwMDAwMDAwLCJ1cGRhdGUiOjEyMDAwMDAwMDAwMH19",
          "dependencies": [
            "module.network_ireland.aws_route_table.public_rt",
            "module.network_ireland.aws_subnet.public_subnet_1",
            "module.network_ireland.aws_vpc.vpc"
          ]
        }
      ]
    },
    {
      "module": "module.network_ireland",
      "mode": "managed",
      "type": "aws_route_table_association",
      "name": "public_rt_association_2",
      "provider": "provider[\"registry.terraform.io/hashicorp/aws\"].euw1",
      "instances": [
        {
          "schema_version": 0,
          "attributes": {
            "gateway_id": "",
            "id": "rtbassoc-0a29275efa5a2775d",
            "region": "eu-west-1",
            "route_table_id": "rtb-0a5ae6c312b283349",
            "subnet_id": "subnet-01047837d688bacab",
            "timeouts": null
          },
          "sensitive_attributes": [],
          "private": "eyJlMmJmYjczMC1lY2FhLTExZTYtOGY4OC0zNDM2M2JjN2M0YzAiOnsiY3JlYXRlIjozMDAwMDAwMDAwMDAsImRlbGV0ZSI6MzAwMDAwMDAwMDAwLCJ1cGRhdGUiOjEyMDAwMDAwMDAwMH19",
          "dependencies": [
            "module.network_ireland.aws_route_table.public_rt",
            "module.network_ireland.aws_subnet.public_subnet_2",
            "module.network_ireland.aws_vpc.vpc"
          ]
        }
      ]
    },
    {
      "module": "module.network_ireland",
      "mode": "managed",
      "type": "aws_subnet",
      "name": "public_subnet_1",
      "provider": "provider[\"registry.terraform.io/hashicorp/aws\"].euw1",
      "instances": [
        {
          "schema_version": 1,
          "attributes": {
            "arn": "arn:aws:ec2:eu-west-1:058898200941:subnet/subnet-032b0d5a638f29f34",
            "assign_ipv6_address_on_creation": false,
            "availability_zone": "eu-west-1a",
            "availability_zone_id": "euw1-az2",
            "cidr_block": "10.6.1.0/24",
            "customer_owned_ipv4_pool": "",
            "enable_dns64": false,
            "enable_lni_at_device_index": 0,
            "enable_resource_name_dns_a_record_on_launch": false,
            "enable_resource_name_dns_aaaa_record_on_launch": false,
            "id": "subnet-032b0d5a638f29f34",
            "ipv6_cidr_block": "",
            "ipv6_cidr_block_association_id": "",
            "ipv6_native": false,
            "map_customer_owned_ip_on_launch": false,
            "map_public_ip_on_launch": true,
            "outpost_arn": "",
            "owner_id": "058898200941",
            "private_dns_hostname_type_on_launch": "ip-name",
            "region": "eu-west-1",
            "tags": {
              "Environment": "dev",
              "Name": "multi-region-spot-dev-public-subnet-1",
              "Project": "multi-region-spot",
              "Type": "public"
            },
            "tags_all": {
              "Environment": "dev",
              "Name": "multi-region-spot-dev-public-subnet-1",
              "Project": "multi-region-spot",
              "Type": "public"
            },
            "timeouts": null,
            "vpc_id": "vpc-05ea4b570883550fd"
          },
          "sensitive_attributes": [],
          "private": "eyJlMmJmYjczMC1lY2FhLTExZTYtOGY4OC0zNDM2M2JjN2M0YzAiOnsiY3JlYXRlIjo2MDAwMDAwMDAwMDAsImRlbGV0ZSI6MTIwMDAwMDAwMDAwMH0sInNjaGVtYV92ZXJzaW9uIjoiMSJ9",
          "dependencies": [
            "module.network_ireland.aws_vpc.vpc"
          ]
        }
      ]
    },
    {
      "module": "module.network_ireland",
      "mode": "managed",
      "type": "aws_subnet",
      "name": "public_subnet_2",
      "provider": "provider[\"registry.terraform.io/hashicorp/aws\"].euw1",
      "instances": [
        {
          "schema_version": 1,
          "attributes": {
            "arn": "arn:aws:ec2:eu-west-1:058898200941:subnet/subnet-01047837d688bacab",
            "assign_ipv6_address_on_creation": false,
            "availability_zone": "eu-west-1b",
            "availability_zone_id": "euw1-az1",
            "cidr_block": "10.6.2.0/24",
            "customer_owned_ipv4_pool": "",
            "enable_dns64": false,
            "enable_lni_at_device_index": 0,
            "enable_resource_name_dns_a_record_on_launch": false,
            "enable_resource_name_dns_aaaa_record_on_launch": false,
            "id": "subnet-01047837d688bacab",
            "ipv6_cidr_block": "",
            "ipv6_cidr_block_association_id": "",
            "ipv6_native": false,
            "map_customer_owned_ip_on_launch": false,
            "map_public_ip_on_launch": true,
            "outpost_arn": "",
            "owner_id": "058898200941",
            "private_dns_hostname_type_on_launch": "ip-name",
            "region": "eu-west-1",
            "tags": {
              "Environment": "dev",
              "Name": "multi-region-spot-dev-public-subnet-2",
              "Project": "multi-region-spot",
              "Type": "public"
            },
            "tags_all": {
              "Environment": "dev",
              "Name": "multi-region-spot-dev-public-subnet-2",
              "Project": "multi-region-spot",
              "Type": "public"
            },
            "timeouts": null,
            "vpc_id": "vpc-05ea4b570883550fd"
          },
          "sensitive_attributes": [],
          "private": "eyJlMmJmYjczMC1lY2FhLTExZTYtOGY4OC0zNDM2M2JjN2M0YzAiOnsiY3JlYXRlIjo2MDAwMDAwMDAwMDAsImRlbGV0ZSI6MTIwMDAwMDAwMDAwMH0sInNjaGVtYV92ZXJzaW9uIjoiMSJ9",
          "dependencies": [
            "module.network_ireland.aws_vpc.vpc"
          ]
        }
      ]
    },
    {
      "module": "module.network_ireland",
      "mode": "managed",
      "type": "aws_vpc",
      "name": "vpc",
      "provider": "provider[\"registry.terraform.io/hashicorp/aws\"].euw1",
      "instances": [
        {
          "schema_version": 1,
          "attributes": {
            "arn": "arn:aws:ec2:eu-west-1:058898200941:vpc/vpc-05ea4b570883550fd",
            "assign_generated_ipv6_cidr_block": false,
            "cidr_block": "10.6.0.0/16",
            "default_network_acl_id": "acl-00a049fd6b9fa6f02",
            "default_route_table_id": "rtb-0b2509345a428520e",
            "default_security_group_id": "sg-01de5d11f64a90157",
            "dhcp_options_id": "dopt-a52b39c7",
            "enable_dns_hostnames": true,
            "enable_dns_support": true,
            "enable_network_address_usage_metrics": false,
            "id": "vpc-05ea4b570883550fd",
            "instance_tenancy": "default",
            "ipv4_ipam_pool_id": null,
            "ipv4_netmask_length": null,
            "ipv6_association_id": "",
            "ipv6_cidr_block": "",
            "ipv6_cidr_block_network_border_group": "",
            "ipv6_ipam_pool_id": "",
            "ipv6_netmask_length": 0,
            "main_route_table_id": "rtb-0b2509345a428520e",
            "owner_id": "058898200941",
            "region": "eu-west-1",
            "tags": {
              "Environment": "dev",
              "Name": "multi-region-spot-dev-vpc",
              "Project": "multi-region-spot"
            },
            "tags_all": {
              "Environment": "dev",
              "Name": "multi-region-spot-dev-vpc",
              "Project": "multi-region-spot"
            }
          },
          "sensitive_attributes": [],
          "private": "eyJzY2hlbWFfdmVyc2lvbiI6IjEifQ=="
        }
      ]
    },
    {
      "module": "module.network_oregon",
      "mode": "managed",
      "type": "aws_internet_gateway",
      "name": "igw",
      "provider": "provider[\"registry.terraform.io/hashicorp/aws\"].usw2",
      "instances": [
        {
          "schema_version": 0,
          "attributes": {
            "arn": "arn:aws:ec2:us-west-2:058898200941:internet-gateway/igw-074ec60f93f227905",
            "id": "igw-074ec60f93f227905",
            "owner_id": "058898200941",
            "region": "us-west-2",
            "tags": {
              "Environment": "dev",
              "Name": "multi-region-spot-dev-igw",
              "Project": "multi-region-spot"
            },
            "tags_all": {
              "Environment": "dev",
              "Name": "multi-region-spot-dev-igw",
              "Project": "multi-region-spot"
            },
            "timeouts": null,
            "vpc_id": "vpc-0281fc7e12b7448f7"
          },
          "sensitive_attributes": [],
          "private": "eyJlMmJmYjczMC1lY2FhLTExZTYtOGY4OC0zNDM2M2JjN2M0YzAiOnsiY3JlYXRlIjoxMjAwMDAwMDAwMDAwLCJkZWxldGUiOjEyMDAwMDAwMDAwMDAsInVwZGF0ZSI6MTIwMDAwMDAwMDAwMH19",
          "dependencies": [
            "module.network_oregon.aws_vpc.vpc"
          ]
        }
      ]
    },
    {
      "module": "module.network_oregon",
      "mode": "managed",
      "type": "aws_route",
      "name": "public-route",
      "provider": "provider[\"registry.terraform.io/hashicorp/aws\"].usw2",
      "instances": [
        {
          "schema_version": 0,
          "attributes": {
            "carrier_gateway_id": "",
            "core_network_arn": "",
            "destination_cidr_block": "0.0.0.0/0",
            "destination_ipv6_cidr_block": "",
            "destination_prefix_list_id": "",
            "egress_only_gateway_id": "",
            "gateway_id": "igw-074ec60f93f227905",
            "id": "r-rtb-0201bbf727455b9d21080289494",
            "instance_id": "",
            "instance_owner_id": "",
            "local_gateway_id": "",
            "nat_gateway_id": "",
            "network_interface_id": "",
            "origin": "CreateRoute",
            "region": "us-west-2",
            "route_table_id": "rtb-0201bbf727455b9d2",
            "state": "active",
            "timeouts": null,
            "transit_gateway_id": "",
            "vpc_endpoint_id": "",
            "vpc_peering_connection_id": ""
          },
          "sensitive_attributes": [],
          "private": "eyJlMmJmYjczMC1lY2FhLTExZTYtOGY4OC0zNDM2M2JjN2M0YzAiOnsiY3JlYXRlIjozMDAwMDAwMDAwMDAsImRlbGV0ZSI6MzAwMDAwMDAwMDAwLCJ1cGRhdGUiOjEyMDAwMDAwMDAwMH19",
          "dependencies": [
            "module.network_oregon.aws_internet_gateway.igw",
            "module.network_oregon.aws_route_table.public_rt",
            "module.network_oregon.aws_vpc.vpc"
          ]
        }
      ]
    },
    {
      "module": "module.network_oregon",
      "mode": "managed",
      "type": "aws_route_table",
      "name": "public_rt",
      "provider": "provider[\"registry.terraform.io/hashicorp/aws\"].usw2",
      "instances": [
        {
          "schema_version": 0,
          "attributes": {
            "arn": "arn:aws:ec2:us-west-2:058898200941:route-table/rtb-0201bbf727455b9d2",
            "id": "rtb-0201bbf727455b9d2",
            "owner_id": "058898200941",
            "propagating_vgws": [],
            "region": "us-west-2",
            "route": [
              {
                "carrier_gateway_id": "",
                "cidr_block": "0.0.0.0/0",
                "core_network_arn": "",
                "destination_prefix_list_id": "",
                "egress_only_gateway_id": "",
                "gateway_id": "igw-074ec60f93f227905",
                "ipv6_cidr_block": "",
                "local_gateway_id": "",
                "nat_gateway_id": "",
                "network_interface_id": "",
                "transit_gateway_id": "",
                "vpc_endpoint_id": "",
                "vpc_peering_connection_id": ""
              }
            ],
            "tags": {
              "Environment": "dev",
              "Name": "multi-region-spot-dev-public-route-table",
              "Project": "multi-region-spot"
            },
            "tags_all": {
              "Environment": "dev",
              "Name": "multi-region-spot-dev-public-route-table",
              "Project": "multi-region-spot"
            },
            "timeouts": null,
            "vpc_id": "vpc-0281fc7e12b7448f7"
          },
          "sensitive_attributes": [],
          "private": "eyJlMmJmYjczMC1lY2FhLTExZTYtOGY4OC0zNDM2M2JjN2M0YzAiOnsiY3JlYXRlIjozMDAwMDAwMDAwMDAsImRlbGV0ZSI6MzAwMDAwMDAwMDAwLCJ1cGRhdGUiOjEyMDAwMDAwMDAwMH19",
          "dependencies": [
            "module.network_oregon.aws_vpc.vpc"
          ]
        }
      ]
    },
    {
      "module": "module.network_oregon",
      "mode": "managed",
      "type": "aws_route_table_association",
      "name": "public_rt_association_1",
      "provider": "provider[\"registry.terraform.io/hashicorp/aws\"].usw2",
      "instances": [
        {
          "schema_version": 0,
          "attributes": {
            "gateway_id": "",
            "id": "rtbassoc-07fd847ff6e2585da",
            "region": "us-west-2",
            "route_table_id": "rtb-0201bbf727455b9d2",
            "subnet_id": "subnet-0b2d898353135e84e",
            "timeouts": null
          },
          "sensitive_attributes": [],
          "private": "eyJlMmJmYjczMC1lY2FhLTExZTYtOGY4OC0zNDM2M2JjN2M0YzAiOnsiY3JlYXRlIjozMDAwMDAwMDAwMDAsImRlbGV0ZSI6MzAwMDAwMDAwMDAwLCJ1cGRhdGUiOjEyMDAwMDAwMDAwMH19",
          "dependencies": [
            "module.network_oregon.aws_route_table.public_rt",
            "module.network_oregon.aws_subnet.public_subnet_1",
            "module.network_oregon.aws_vpc.vpc"
          ]
        }
      ]
    },
    {
      "module": "module.network_oregon",
      "mode": "managed",
      "type": "aws_route_table_association",
      "name": "public_rt_association_2",
      "provider": "provider[\"registry.terraform.io/hashicorp/aws\"].usw2",
      "instances": [
        {
          "schema_version": 0,
          "attributes": {
            "gateway_id": "",
            "id": "rtbassoc-0384b0cbe8f06b996",
            "region": "us-west-2",
            "route_table_id": "rtb-0201bbf727455b9d2",
            "subnet_id": "subnet-03d2bfc93c338fe36",
            "timeouts": null
          },
          "sensitive_attributes": [],
          "private": "eyJlMmJmYjczMC1lY2FhLTExZTYtOGY4OC0zNDM2M2JjN2M0YzAiOnsiY3JlYXRlIjozMDAwMDAwMDAwMDAsImRlbGV0ZSI6MzAwMDAwMDAwMDAwLCJ1cGRhdGUiOjEyMDAwMDAwMDAwMH19",
          "dependencies": [
            "module.network_oregon.aws_route_table.public_rt",
            "module.network_oregon.aws_subnet.public_subnet_2",
            "module.network_oregon.aws_vpc.vpc"
          ]
        }
      ]
    },
    {
      "module": "module.network_oregon",
      "mode": "managed",
      "type": "aws_subnet",
      "name": "public_subnet_1",
      "provider": "provider[\"registry.terraform.io/hashicorp/aws\"].usw2",
      "instances": [
        {
          "schema_version": 1,
          "attributes": {
            "arn": "arn:aws:ec2:us-west-2:058898200941:subnet/subnet-0b2d898353135e84e",
            "assign_ipv6_address_on_creation": false,
            "availability_zone": "us-west-2a",
            "availability_zone_id": "usw2-az2",
            "cidr_block": "10.4.1.0/24",
            "customer_owned_ipv4_pool": "",
            "enable_dns64": false,
            "enable_lni_at_device_index": 0,
            "enable_resource_name_dns_a_record_on_launch": false,
            "enable_resource_name_dns_aaaa_record_on_launch": false,
            "id": "subnet-0b2d898353135e84e",
            "ipv6_cidr_block": "",
            "ipv6_cidr_block_association_id": "",
            "ipv6_native": false,
            "map_customer_owned_ip_on_launch": false,
            "map_public_ip_on_launch": true,
            "outpost_arn": "",
            "owner_id": "058898200941",
            "private_dns_hostname_type_on_launch": "ip-name",
            "region": "us-west-2",
            "tags": {
              "Environment": "dev",
              "Name": "multi-region-spot-dev-public-subnet-1",
              "Project": "multi-region-spot",
              "Type": "public"
            },
            "tags_all": {
              "Environment": "dev",
              "Name": "multi-region-spot-dev-public-subnet-1",
              "Project": "multi-region-spot",
              "Type": "public"
            },
            "timeouts": null,
            "vpc_id": "vpc-0281fc7e12b7448f7"
          },
          "sensitive_attributes": [],
          "private": "eyJlMmJmYjczMC1lY2FhLTExZTYtOGY4OC0zNDM2M2JjN2M0YzAiOnsiY3JlYXRlIjo2MDAwMDAwMDAwMDAsImRlbGV0ZSI6MTIwMDAwMDAwMDAwMH0sInNjaGVtYV92ZXJzaW9uIjoiMSJ9",
          "dependencies": [
            "module.network_oregon.aws_vpc.vpc"
          ]
        }
      ]
    },
    {
      "module": "module.network_oregon",
      "mode": "managed",
      "type": "aws_subnet",
      "name": "public_subnet_2",
      "provider": "provider[\"registry.terraform.io/hashicorp/aws\"].usw2",
      "instances": [
        {
          "schema_version": 1,
          "attributes": {
            "arn": "arn:aws:ec2:us-west-2:058898200941:subnet/subnet-03d2bfc93c338fe36",
            "assign_ipv6_address_on_creation": false,
            "availability_zone": "us-west-2b",
            "availability_zone_id": "usw2-az1",
            "cidr_block": "10.4.2.0/24",
            "customer_owned_ipv4_pool": "",
            "enable_dns64": false,
            "enable_lni_at_device_index": 0,
            "enable_resource_name_dns_a_record_on_launch": false,
            "enable_resource_name_dns_aaaa_record_on_launch": false,
            "id": "subnet-03d2bfc93c338fe36",
            "ipv6_cidr_block": "",
            "ipv6_cidr_block_association_id": "",
            "ipv6_native": false,
            "map_customer_owned_ip_on_launch": false,
            "map_public_ip_on_launch": true,
            "outpost_arn": "",
            "owner_id": "058898200941",
            "private_dns_hostname_type_on_launch": "ip-name",
            "region": "us-west-2",
            "tags": {
              "Environment": "dev",
              "Name": "multi-region-spot-dev-public-subnet-2",
              "Project": "multi-region-spot",
              "Type": "public"
            },
            "tags_all": {
              "Environment": "dev",
              "Name": "multi-region-spot-dev-public-subnet-2",
              "Project": "multi-region-spot",
              "Type": "public"
            },
            "timeouts": null,
            "vpc_id": "vpc-0281fc7e12b7448f7"
          },
          "sensitive_attributes": [],
          "private": "eyJlMmJmYjczMC1lY2FhLTExZTYtOGY4OC0zNDM2M2JjN2M0YzAiOnsiY3JlYXRlIjo2MDAwMDAwMDAwMDAsImRlbGV0ZSI6MTIwMDAwMDAwMDAwMH0sInNjaGVtYV92ZXJzaW9uIjoiMSJ9",
          "dependencies": [
            "module.network_oregon.aws_vpc.vpc"
          ]
        }
      ]
    },
    {
      "module": "module.network_oregon",
      "mode": "managed",
      "type": "aws_vpc",
      "name": "vpc",
      "provider": "provider[\"registry.terraform.io/hashicorp/aws\"].usw2",
      "instances": [
        {
          "schema_version": 1,
          "attributes": {
            "arn": "arn:aws:ec2:us-west-2:058898200941:vpc/vpc-0281fc7e12b7448f7",
            "assign_generated_ipv6_cidr_block": false,
            "cidr_block": "10.4.0.0/16",
            "default_network_acl_id": "acl-0b0d5405c8cc08f31",
            "default_route_table_id": "rtb-01673d7daded1ca2d",
            "default_security_group_id": "sg-0ef53e2f8cf5dbeae",
            "dhcp_options_id": "dopt-41ea0c24",
            "enable_dns_hostnames": true,
            "enable_dns_support": true,
            "enable_network_address_usage_metrics": false,
            "id": "vpc-0281fc7e12b7448f7",
            "instance_tenancy": "default",
            "ipv4_ipam_pool_id": null,
            "ipv4_netmask_length": null,
            "ipv6_association_id": "",
            "ipv6_cidr_block": "",
            "ipv6_cidr_block_network_border_group": "",
            "ipv6_ipam_pool_id": "",
            "ipv6_netmask_length": 0,
            "main_route_table_id": "rtb-01673d7daded1ca2d",
            "owner_id": "058898200941",
            "region": "us-west-2",
            "tags": {
              "Environment": "dev",
              "Name": "multi-region-spot-dev-vpc",
              "Project": "multi-region-spot"
            },
            "tags_all": {
              "Environment": "dev",
              "Name": "multi-region-spot-dev-vpc",
              "Project": "multi-region-spot"
            }
          },
          "sensitive_attributes": [],
          "private": "eyJzY2hlbWFfdmVyc2lvbiI6IjEifQ=="
        }
      ]
    },
    {
      "module": "module.network_singapore",
      "mode": "managed",
      "type": "aws_internet_gateway",
      "name": "igw",
      "provider": "provider[\"registry.terraform.io/hashicorp/aws\"].apse1",
      "instances": [
        {
          "schema_version": 0,
          "attributes": {
            "arn": "arn:aws:ec2:ap-southeast-1:058898200941:internet-gateway/igw-0157045cc57731883",
            "id": "igw-0157045cc57731883",
            "owner_id": "058898200941",
            "region": "ap-southeast-1",
            "tags": {
              "Environment": "dev",
              "Name": "multi-region-spot-dev-igw",
              "Project": "multi-region-spot"
            },
            "tags_all": {
              "Environment": "dev",
              "Name": "multi-region-spot-dev-igw",
              "Project": "multi-region-spot"
            },
            "timeouts": null,
            "vpc_id": "vpc-07a7851121edbb81e"
          },
          "sensitive_attributes": [],
          "private": "eyJlMmJmYjczMC1lY2FhLTExZTYtOGY4OC0zNDM2M2JjN2M0YzAiOnsiY3JlYXRlIjoxMjAwMDAwMDAwMDAwLCJkZWxldGUiOjEyMDAwMDAwMDAwMDAsInVwZGF0ZSI6MTIwMDAwMDAwMDAwMH19",
          "dependencies": [
            "module.network_singapore.aws_vpc.vpc"
          ]
        }
      ]
    },
    {
      "module": "module.network_singapore",
      "mode": "managed",
      "type": "aws_route",
      "name": "public-route",
      "provider": "provider[\"registry.terraform.io/hashicorp/aws\"].apse1",
      "instances": [
        {
          "schema_version": 0,
          "attributes": {
            "carrier_gateway_id": "",
            "core_network_arn": "",
            "destination_cidr_block": "0.0.0.0/0",
            "destination_ipv6_cidr_block": "",
            "destination_prefix_list_id": "",
            "egress_only_gateway_id": "",
            "gateway_id": "igw-0157045cc57731883",
            "id": "r-rtb-0eb25b2e3a5d9eb9e1080289494",
            "instance_id": "",
            "instance_owner_id": "",
            "local_gateway_id": "",
            "nat_gateway_id": "",
            "network_interface_id": "",
            "origin": "CreateRoute",
            "region": "ap-southeast-1",
            "route_table_id": "rtb-0eb25b2e3a5d9eb9e",
            "state": "active",
            "timeouts": null,
            "transit_gateway_id": "",
            "vpc_endpoint_id": "",
            "vpc_peering_connection_id": ""
          },
          "sensitive_attributes": [],
          "private": "eyJlMmJmYjczMC1lY2FhLTExZTYtOGY4OC0zNDM2M2JjN2M0YzAiOnsiY3JlYXRlIjozMDAwMDAwMDAwMDAsImRlbGV0ZSI6MzAwMDAwMDAwMDAwLCJ1cGRhdGUiOjEyMDAwMDAwMDAwMH19",
          "dependencies": [
            "module.network_singapore.aws_internet_gateway.igw",
            "module.network_singapore.aws_route_table.public_rt",
            "module.network_singapore.aws_vpc.vpc"
          ]
        }
      ]
    },
    {
      "module": "module.network_singapore",
      "mode": "managed",
      "type": "aws_route_table",
      "name": "public_rt",
      "provider": "provider[\"registry.terraform.io/hashicorp/aws\"].apse1",
      "instances": [
        {
          "schema_version": 0,
          "attributes": {
            "arn": "arn:aws:ec2:ap-southeast-1:058898200941:route-table/rtb-0eb25b2e3a5d9eb9e",
            "id": "rtb-0eb25b2e3a5d9eb9e",
            "owner_id": "058898200941",
            "propagating_vgws": [],
            "region": "ap-southeast-1",
            "route": [
              {
                "carrier_gateway_id": "",
                "cidr_block": "0.0.0.0/0",
                "core_network_arn": "",
                "destination_prefix_list_id": "",
                "egress_only_gateway_id": "",
                "gateway_id": "igw-0157045cc57731883",
                "ipv6_cidr_block": "",
                "local_gateway_id": "",
                "nat_gateway_id": "",
                "network_interface_id": "",
                "transit_gateway_id": "",
                "vpc_endpoint_id": "",
                "vpc_peering_connection_id": ""
              }
            ],
            "tags": {
              "Environment": "dev",
              "Name": "multi-region-spot-dev-public-route-table",
              "Project": "multi-region-spot"
            },
            "tags_all": {
              "Environment": "dev",
              "Name": "multi-region-spot-dev-public-route-table",
              "Project": "multi-region-spot"
            },
            "timeouts": null,
            "vpc_id": "vpc-07a7851121edbb81e"
          },
          "sensitive_attributes": [],
          "private": "eyJlMmJmYjczMC1lY2FhLTExZTYtOGY4OC0zNDM2M2JjN2M0YzAiOnsiY3JlYXRlIjozMDAwMDAwMDAwMDAsImRlbGV0ZSI6MzAwMDAwMDAwMDAwLCJ1cGRhdGUiOjEyMDAwMDAwMDAwMH19",
          "dependencies": [
            "module.network_singapore.aws_vpc.vpc"
          ]
        }
      ]
    },
    {
      "module": "module.network_singapore",
      "mode": "managed",
      "type": "aws_route_table_association",
      "name": "public_rt_association_1",
      "provider": "provider[\"registry.terraform.io/hashicorp/aws\"].apse1",
      "instances": [
        {
          "schema_version": 0,
          "attributes": {
            "gateway_id": "",
            "id": "rtbassoc-02193f5f6db5e4a9e",
            "region": "ap-southeast-1",
            "route_table_id": "rtb-0eb25b2e3a5d9eb9e",
            "subnet_id": "subnet-021d4a1bba0664b7f",
            "timeouts": null
          },
          "sensitive_attributes": [],
          "private": "eyJlMmJmYjczMC1lY2FhLTExZTYtOGY4OC0zNDM2M2JjN2M0YzAiOnsiY3JlYXRlIjozMDAwMDAwMDAwMDAsImRlbGV0ZSI6MzAwMDAwMDAwMDAwLCJ1cGRhdGUiOjEyMDAwMDAwMDAwMH19",
          "dependencies": [
            "module.network_singapore.aws_route_table.public_rt",
            "module.network_singapore.aws_subnet.public_subnet_1",
            "module.network_singapore.aws_vpc.vpc"
          ]
        }
      ]
    },
    {
      "module": "module.network_singapore",
      "mode": "managed",
      "type": "aws_route_table_association",
      "name": "public_rt_association_2",
      "provider": "provider[\"registry.terraform.io/hashicorp/aws\"].apse1",
      "instances": [
        {
          "schema_version": 0,
          "attributes": {
            "gateway_id": "",
            "id": "rtbassoc-05dea53f11264322a",
            "region": "ap-southeast-1",
            "route_table_id": "rtb-0eb25b2e3a5d9eb9e",
            "subnet_id": "subnet-007e6c5a2e7526da9",
            "timeouts": null
          },
          "sensitive_attributes": [],
          "private": "eyJlMmJmYjczMC1lY2FhLTExZTYtOGY4OC0zNDM2M2JjN2M0YzAiOnsiY3JlYXRlIjozMDAwMDAwMDAwMDAsImRlbGV0ZSI6MzAwMDAwMDAwMDAwLCJ1cGRhdGUiOjEyMDAwMDAwMDAwMH19",
          "dependencies": [
            "module.network_singapore.aws_route_table.public_rt",
            "module.network_singapore.aws_subnet.public_subnet_2",
            "module.network_singapore.aws_vpc.vpc"
          ]
        }
      ]
    },
    {
      "module": "module.network_singapore",
      "mode": "managed",
      "type": "aws_subnet",
      "name": "public_subnet_1",
      "provider": "provider[\"registry.terraform.io/hashicorp/aws\"].apse1",
      "instances": [
        {
          "schema_version": 1,
          "attributes": {
            "arn": "arn:aws:ec2:ap-southeast-1:058898200941:subnet/subnet-021d4a1bba0664b7f",
            "assign_ipv6_address_on_creation": false,
            "availability_zone": "ap-southeast-1a",
            "availability_zone_id": "apse1-az1",
            "cidr_block": "10.2.1.0/24",
            "customer_owned_ipv4_pool": "",
            "enable_dns64": false,
            "enable_lni_at_device_index": 0,
            "enable_resource_name_dns_a_record_on_launch": false,
            "enable_resource_name_dns_aaaa_record_on_launch": false,
            "id": "subnet-021d4a1bba0664b7f",
            "ipv6_cidr_block": "",
            "ipv6_cidr_block_association_id": "",
            "ipv6_native": false,
            "map_customer_owned_ip_on_launch": false,
            "map_public_ip_on_launch": true,
            "outpost_arn": "",
            "owner_id": "058898200941",
            "private_dns_hostname_type_on_launch": "ip-name",
            "region": "ap-southeast-1",
            "tags": {
              "Environment": "dev",
              "Name": "multi-region-spot-dev-public-subnet-1",
              "Project": "multi-region-spot",
              "Type": "public"
            },
            "tags_all": {
              "Environment": "dev",
              "Name": "multi-region-spot-dev-public-subnet-1",
              "Project": "multi-region-spot",
              "Type": "public"
            },
            "timeouts": null,
            "vpc_id": "vpc-07a7851121edbb81e"
          },
          "sensitive_attributes": [],
          "private": "eyJlMmJmYjczMC1lY2FhLTExZTYtOGY4OC0zNDM2M2JjN2M0YzAiOnsiY3JlYXRlIjo2MDAwMDAwMDAwMDAsImRlbGV0ZSI6MTIwMDAwMDAwMDAwMH0sInNjaGVtYV92ZXJzaW9uIjoiMSJ9",
          "dependencies": [
            "module.network_singapore.aws_vpc.vpc"
          ]
        }
      ]
    },
    {
      "module": "module.network_singapore",
      "mode": "managed",
      "type": "aws_subnet",
      "name": "public_subnet_2",
      "provider": "provider[\"registry.terraform.io/hashicorp/aws\"].apse1",
      "instances": [
        {
          "schema_version": 1,
          "attributes": {
            "arn": "arn:aws:ec2:ap-southeast-1:058898200941:subnet/subnet-007e6c5a2e7526da9",
            "assign_ipv6_address_on_creation": false,
            "availability_zone": "ap-southeast-1b",
            "availability_zone_id": "apse1-az2",
            "cidr_block": "10.2.2.0/24",
            "customer_owned_ipv4_pool": "",
            "enable_dns64": false,
            "enable_lni_at_device_index": 0,
            "enable_resource_name_dns_a_record_on_launch": false,
            "enable_resource_name_dns_aaaa_record_on_launch": false,
            "id": "subnet-007e6c5a2e7526da9",
            "ipv6_cidr_block": "",
            "ipv6_cidr_block_association_id": "",
            "ipv6_native": false,
            "map_customer_owned_ip_on_launch": false,
            "map_public_ip_on_launch": true,
            "outpost_arn": "",
            "owner_id": "058898200941",
            "private_dns_hostname_type_on_launch": "ip-name",
            "region": "ap-southeast-1",
            "tags": {
              "Environment": "dev",
              "Name": "multi-region-spot-dev-public-subnet-2",
              "Project": "multi-region-spot",
              "Type": "public"
            },
            "tags_all": {
              "Environment": "dev",
              "Name": "multi-region-spot-dev-public-subnet-2",
              "Project": "multi-region-spot",
              "Type": "public"
            },
            "timeouts": null,
            "vpc_id": "vpc-07a7851121edbb81e"
          },
          "sensitive_attributes": [],
          "private": "eyJlMmJmYjczMC1lY2FhLTExZTYtOGY4OC0zNDM2M2JjN2M0YzAiOnsiY3JlYXRlIjo2MDAwMDAwMDAwMDAsImRlbGV0ZSI6MTIwMDAwMDAwMDAwMH0sInNjaGVtYV92ZXJzaW9uIjoiMSJ9",
          "dependencies": [
            "module.network_singapore.aws_vpc.vpc"
          ]
        }
      ]
    },
    {
      "module": "module.network_singapore",
      "mode": "managed",
      "type": "aws_vpc",
      "name": "vpc",
      "provider": "provider[\"registry.terraform.io/hashicorp/aws\"].apse1",
      "instances": [
        {
          "schema_version": 1,
          "attributes": {
            "arn": "arn:aws:ec2:ap-southeast-1:058898200941:vpc/vpc-07a7851121edbb81e",
            "assign_generated_ipv6_cidr_block": false,
            "cidr_block": "10.2.0.0/16",
            "default_network_acl_id": "acl-08074ec3eaecc7db5",
            "default_route_table_id": "rtb-0a39630cc0fc2f8ca",
            "default_security_group_id": "sg-05852f5a2d44fd4fa",
            "dhcp_options_id": "dopt-b6fce7d4",
            "enable_dns_hostnames": true,
            "enable_dns_support": true,
            "enable_network_address_usage_metrics": false,
            "id": "vpc-07a7851121edbb81e",
            "instance_tenancy": "default",
            "ipv4_ipam_pool_id": null,
            "ipv4_netmask_length": null,
            "ipv6_association_id": "",
            "ipv6_cidr_block": "",
            "ipv6_cidr_block_network_border_group": "",
            "ipv6_ipam_pool_id": "",
            "ipv6_netmask_length": 0,
            "main_route_table_id": "rtb-0a39630cc0fc2f8ca",
            "owner_id": "058898200941",
            "region": "ap-southeast-1",
            "tags": {
              "Environment": "dev",
              "Name": "multi-region-spot-dev-vpc",
              "Project": "multi-region-spot"
            },
            "tags_all": {
              "Environment": "dev",
              "Name": "multi-region-spot-dev-vpc",
              "Project": "multi-region-spot"
            }
          },
          "sensitive_attributes": [],
          "private": "eyJzY2hlbWFfdmVyc2lvbiI6IjEifQ=="
        }
      ]
    },
    {
      "module": "module.network_tokyo",
      "mode": "managed",
      "type": "aws_internet_gateway",
      "name": "igw",
      "provider": "provider[\"registry.terraform.io/hashicorp/aws\"]",
      "instances": [
        {
          "schema_version": 0,
          "attributes": {
            "arn": "arn:aws:ec2:ap-northeast-1:058898200941:internet-gateway/igw-05f327115f40cb6fc",
            "id": "igw-05f327115f40cb6fc",
            "owner_id": "058898200941",
            "region": "ap-northeast-1",
            "tags": {
              "Environment": "dev",
              "Name": "multi-region-spot-dev-igw",
              "Project": "multi-region-spot"
            },
            "tags_all": {
              "Environment": "dev",
              "Name": "multi-region-spot-dev-igw",
              "Project": "multi-region-spot"
            },
            "timeouts": null,
            "vpc_id": "vpc-06ab86976a43c72b4"
          },
          "sensitive_attributes": [],
          "private": "eyJlMmJmYjczMC1lY2FhLTExZTYtOGY4OC0zNDM2M2JjN2M0YzAiOnsiY3JlYXRlIjoxMjAwMDAwMDAwMDAwLCJkZWxldGUiOjEyMDAwMDAwMDAwMDAsInVwZGF0ZSI6MTIwMDAwMDAwMDAwMH19",
          "dependencies": [
            "module.network_tokyo.aws_vpc.vpc"
          ]
        }
      ]
    },
    {
      "module": "module.network_tokyo",
      "mode": "managed",
      "type": "aws_route",
      "name": "public-route",
      "provider": "provider[\"registry.terraform.io/hashicorp/aws\"]",
      "instances": [
        {
          "schema_version": 0,
          "attributes": {
            "carrier_gateway_id": "",
            "core_network_arn": "",
            "destination_cidr_block": "0.0.0.0/0",
            "destination_ipv6_cidr_block": "",
            "destination_prefix_list_id": "",
            "egress_only_gateway_id": "",
            "gateway_id": "igw-05f327115f40cb6fc",
            "id": "r-rtb-0258ca99cbd1c72681080289494",
            "instance_id": "",
            "instance_owner_id": "",
            "local_gateway_id": "",
            "nat_gateway_id": "",
            "network_interface_id": "",
            "origin": "CreateRoute",
            "region": "ap-northeast-1",
            "route_table_id": "rtb-0258ca99cbd1c7268",
            "state": "active",
            "timeouts": null,
            "transit_gateway_id": "",
            "vpc_endpoint_id": "",
            "vpc_peering_connection_id": ""
          },
          "sensitive_attributes": [],
          "private": "eyJlMmJmYjczMC1lY2FhLTExZTYtOGY4OC0zNDM2M2JjN2M0YzAiOnsiY3JlYXRlIjozMDAwMDAwMDAwMDAsImRlbGV0ZSI6MzAwMDAwMDAwMDAwLCJ1cGRhdGUiOjEyMDAwMDAwMDAwMH19",
          "dependencies": [
            "module.network_tokyo.aws_internet_gateway.igw",
            "module.network_tokyo.aws_route_table.public_rt",
            "module.network_tokyo.aws_vpc.vpc"
          ]
        }
      ]
    },
    {
      "module": "module.network_tokyo",
      "mode": "managed",
      "type": "aws_route_table",
      "name": "public_rt",
      "provider": "provider[\"registry.terraform.io/hashicorp/aws\"]",
      "instances": [
        {
          "schema_version": 0,
          "attributes": {
            "arn": "arn:aws:ec2:ap-northeast-1:058898200941:route-table/rtb-0258ca99cbd1c7268",
            "id": "rtb-0258ca99cbd1c7268",
            "owner_id": "058898200941",
            "propagating_vgws": [],
            "region": "ap-northeast-1",
            "route": [
              {
                "carrier_gateway_id": "",
                "cidr_block": "0.0.0.0/0",
                "core_network_arn": "",
                "destination_prefix_list_id": "",
                "egress_only_gateway_id": "",
                "gateway_id": "igw-05f327115f40cb6fc",
                "ipv6_cidr_block": "",
                "local_gateway_id": "",
                "nat_gateway_id": "",
                "network_interface_id": "",
                "transit_gateway_id": "",
                "vpc_endpoint_id": "",
                "vpc_peering_connection_id": ""
              }
            ],
            "tags": {
              "Environment": "dev",
              "Name": "multi-region-spot-dev-public-route-table",
              "Project": "multi-region-spot"
            },
            "tags_all": {
              "Environment": "dev",
              "Name": "multi-region-spot-dev-public-route-table",
              "Project": "multi-region-spot"
            },
            "timeouts": null,
            "vpc_id": "vpc-06ab86976a43c72b4"
          },
          "sensitive_attributes": [],
          "private": "eyJlMmJmYjczMC1lY2FhLTExZTYtOGY4OC0zNDM2M2JjN2M0YzAiOnsiY3JlYXRlIjozMDAwMDAwMDAwMDAsImRlbGV0ZSI6MzAwMDAwMDAwMDAwLCJ1cGRhdGUiOjEyMDAwMDAwMDAwMH19",
          "dependencies": [
            "module.network_tokyo.aws_vpc.vpc"
          ]
        }
      ]
    },
    {
      "module": "module.network_tokyo",
      "mode": "managed",
      "type": "aws_route_table_association",
      "name": "public_rt_association_1",
      "provider": "provider[\"registry.terraform.io/hashicorp/aws\"]",
      "instances": [
        {
          "schema_version": 0,
          "attributes": {
            "gateway_id": "",
            "id": "rtbassoc-064c90677165d617a",
            "region": "ap-northeast-1",
            "route_table_id": "rtb-0258ca99cbd1c7268",
            "subnet_id": "subnet-0b9833549506bcdea",
            "timeouts": null
          },
          "sensitive_attributes": [],
          "private": "eyJlMmJmYjczMC1lY2FhLTExZTYtOGY4OC0zNDM2M2JjN2M0YzAiOnsiY3JlYXRlIjozMDAwMDAwMDAwMDAsImRlbGV0ZSI6MzAwMDAwMDAwMDAwLCJ1cGRhdGUiOjEyMDAwMDAwMDAwMH19",
          "dependencies": [
            "module.network_tokyo.aws_route_table.public_rt",
            "module.network_tokyo.aws_subnet.public_subnet_1",
            "module.network_tokyo.aws_vpc.vpc"
          ]
        }
      ]
    },
    {
      "module": "module.network_tokyo",
      "mode": "managed",
      "type": "aws_route_table_association",
      "name": "public_rt_association_2",
      "provider": "provider[\"registry.terraform.io/hashicorp/aws\"]",
      "instances": [
        {
          "schema_version": 0,
          "attributes": {
            "gateway_id": "",
            "id": "rtbassoc-0b5d7efb43d08ee8c",
            "region": "ap-northeast-1",
            "route_table_id": "rtb-0258ca99cbd1c7268",
            "subnet_id": "subnet-05d88af90016c8ab1",
            "timeouts": null
          },
          "sensitive_attributes": [],
          "private": "eyJlMmJmYjczMC1lY2FhLTExZTYtOGY4OC0zNDM2M2JjN2M0YzAiOnsiY3JlYXRlIjozMDAwMDAwMDAwMDAsImRlbGV0ZSI6MzAwMDAwMDAwMDAwLCJ1cGRhdGUiOjEyMDAwMDAwMDAwMH19",
          "dependencies": [
            "module.network_tokyo.aws_route_table.public_rt",
            "module.network_tokyo.aws_subnet.public_subnet_2",
            "module.network_tokyo.aws_vpc.vpc"
          ]
        }
      ]
    },
    {
      "module": "module.network_tokyo",
      "mode": "managed",
      "type": "aws_subnet",
      "name": "public_subnet_1",
      "provider": "provider[\"registry.terraform.io/hashicorp/aws\"]",
      "instances": [
        {
          "schema_version": 1,
          "attributes": {
            "arn": "arn:aws:ec2:ap-northeast-1:058898200941:subnet/subnet-0b9833549506bcdea",
            "assign_ipv6_address_on_creation": false,
            "availability_zone": "ap-northeast-1c",
            "availability_zone_id": "apne1-az1",
            "cidr_block": "10.1.1.0/24",
            "customer_owned_ipv4_pool": "",
            "enable_dns64": false,
            "enable_lni_at_device_index": 0,
            "enable_resource_name_dns_a_record_on_launch": false,
            "enable_resource_name_dns_aaaa_record_on_launch": false,
            "id": "subnet-0b9833549506bcdea",
            "ipv6_cidr_block": "",
            "ipv6_cidr_block_association_id": "",
            "ipv6_native": false,
            "map_customer_owned_ip_on_launch": false,
            "map_public_ip_on_launch": true,
            "outpost_arn": "",
            "owner_id": "058898200941",
            "private_dns_hostname_type_on_launch": "ip-name",
            "region": "ap-northeast-1",
            "tags": {
              "Environment": "dev",
              "Name": "multi-region-spot-dev-public-subnet-1",
              "Project": "multi-region-spot",
              "Type": "public"
            },
            "tags_all": {
              "Environment": "dev",
              "Name": "multi-region-spot-dev-public-subnet-1",
              "Project": "multi-region-spot",
              "Type": "public"
            },
            "timeouts": null,
            "vpc_id": "vpc-06ab86976a43c72b4"
          },
          "sensitive_attributes": [],
          "private": "eyJlMmJmYjczMC1lY2FhLTExZTYtOGY4OC0zNDM2M2JjN2M0YzAiOnsiY3JlYXRlIjo2MDAwMDAwMDAwMDAsImRlbGV0ZSI6MTIwMDAwMDAwMDAwMH0sInNjaGVtYV92ZXJzaW9uIjoiMSJ9",
          "dependencies": [
            "module.network_tokyo.aws_vpc.vpc"
          ]
        }
      ]
    },
    {
      "module": "module.network_tokyo",
      "mode": "managed",
      "type": "aws_subnet",
      "name": "public_subnet_2",
      "provider": "provider[\"registry.terraform.io/hashicorp/aws\"]",
      "instances": [
        {
          "schema_version": 1,
          "attributes": {
            "arn": "arn:aws:ec2:ap-northeast-1:058898200941:subnet/subnet-05d88af90016c8ab1",
            "assign_ipv6_address_on_creation": false,
            "availability_zone": "ap-northeast-1d",
            "availability_zone_id": "apne1-az2",
            "cidr_block": "10.1.2.0/24",
            "customer_owned_ipv4_pool": "",
            "enable_dns64": false,
            "enable_lni_at_device_index": 0,
            "enable_resource_name_dns_a_record_on_launch": false,
            "enable_resource_name_dns_aaaa_record_on_launch": false,
            "id": "subnet-05d88af90016c8ab1",
            "ipv6_cidr_block": "",
            "ipv6_cidr_block_association_id": "",
            "ipv6_native": false,
            "map_customer_owned_ip_on_launch": false,
            "map_public_ip_on_launch": true,
            "outpost_arn": "",
            "owner_id": "058898200941",
            "private_dns_hostname_type_on_launch": "ip-name",
            "region": "ap-northeast-1",
            "tags": {
              "Environment": "dev",
              "Name": "multi-region-spot-dev-public-subnet-2",
              "Project": "multi-region-spot",
              "Type": "public"
            },
            "tags_all": {
              "Environment": "dev",
              "Name": "multi-region-spot-dev-public-subnet-2",
              "Project": "multi-region-spot",
              "Type": "public"
            },
            "timeouts": null,
            "vpc_id": "vpc-06ab86976a43c72b4"
          },
          "sensitive_attributes": [],
          "private": "eyJlMmJmYjczMC1lY2FhLTExZTYtOGY4OC0zNDM2M2JjN2M0YzAiOnsiY3JlYXRlIjo2MDAwMDAwMDAwMDAsImRlbGV0ZSI6MTIwMDAwMDAwMDAwMH0sInNjaGVtYV92ZXJzaW9uIjoiMSJ9",
          "dependencies": [
            "module.network_tokyo.aws_vpc.vpc"
          ]
        }
      ]
    },
    {
      "module": "module.network_tokyo",
      "mode": "managed",
      "type": "aws_vpc",
      "name": "vpc",
      "provider": "provider[\"registry.terraform.io/hashicorp/aws\"]",
      "instances": [
        {
          "schema_version": 1,
          "attributes": {
            "arn": "arn:aws:ec2:ap-northeast-1:058898200941:vpc/vpc-06ab86976a43c72b4",
            "assign_generated_ipv6_cidr_block": false,
            "cidr_block": "10.1.0.0/16",
            "default_network_acl_id": "acl-083c0fdb5efb48684",
            "default_route_table_id": "rtb-096ba84782fb82379",
            "default_security_group_id": "sg-04cb35a8c6c7884e8",
            "dhcp_options_id": "dopt-64708a0c",
            "enable_dns_hostnames": true,
            "enable_dns_support": true,
            "enable_network_address_usage_metrics": false,
            "id": "vpc-06ab86976a43c72b4",
            "instance_tenancy": "default",
            "ipv4_ipam_pool_id": null,
            "ipv4_netmask_length": null,
            "ipv6_association_id": "",
            "ipv6_cidr_block": "",
            "ipv6_cidr_block_network_border_group": "",
            "ipv6_ipam_pool_id": "",
            "ipv6_netmask_length": 0,
            "main_route_table_id": "rtb-096ba84782fb82379",
            "owner_id": "058898200941",
            "region": "ap-northeast-1",
            "tags": {
              "Environment": "dev",
              "Name": "multi-region-spot-dev-vpc",
              "Project": "multi-region-spot"
            },
            "tags_all": {
              "Environment": "dev",
              "Name": "multi-region-spot-dev-vpc",
              "Project": "multi-region-spot"
            }
          },
          "sensitive_attributes": [],
          "private": "eyJzY2hlbWFfdmVyc2lvbiI6IjEifQ=="
        }
      ]
    },
    {
      "module": "module.network_virginia",
      "mode": "managed",
      "type": "aws_internet_gateway",
      "name": "igw",
      "provider": "provider[\"registry.terraform.io/hashicorp/aws\"].use1",
      "instances": [
        {
          "schema_version": 0,
          "attributes": {
            "arn": "arn:aws:ec2:us-east-1:058898200941:internet-gateway/igw-03e83a5393a889a81",
            "id": "igw-03e83a5393a889a81",
            "owner_id": "058898200941",
            "region": "us-east-1",
            "tags": {
              "Environment": "dev",
              "Name": "multi-region-spot-dev-igw",
              "Project": "multi-region-spot"
            },
            "tags_all": {
              "Environment": "dev",
              "Name": "multi-region-spot-dev-igw",
              "Project": "multi-region-spot"
            },
            "timeouts": null,
            "vpc_id": "vpc-004616919f64a657f"
          },
          "sensitive_attributes": [],
          "private": "eyJlMmJmYjczMC1lY2FhLTExZTYtOGY4OC0zNDM2M2JjN2M0YzAiOnsiY3JlYXRlIjoxMjAwMDAwMDAwMDAwLCJkZWxldGUiOjEyMDAwMDAwMDAwMDAsInVwZGF0ZSI6MTIwMDAwMDAwMDAwMH19",
          "dependencies": [
            "module.network_virginia.aws_vpc.vpc"
          ]
        }
      ]
    },
    {
      "module": "module.network_virginia",
      "mode": "managed",
      "type": "aws_route",
      "name": "public-route",
      "provider": "provider[\"registry.terraform.io/hashicorp/aws\"].use1",
      "instances": [
        {
          "schema_version": 0,
          "attributes": {
            "carrier_gateway_id": "",
            "core_network_arn": "",
            "destination_cidr_block": "0.0.0.0/0",
            "destination_ipv6_cidr_block": "",
            "destination_prefix_list_id": "",
            "egress_only_gateway_id": "",
            "gateway_id": "igw-03e83a5393a889a81",
            "id": "r-rtb-006dcaed550cdb7e11080289494",
            "instance_id": "",
            "instance_owner_id": "",
            "local_gateway_id": "",
            "nat_gateway_id": "",
            "network_interface_id": "",
            "origin": "CreateRoute",
            "region": "us-east-1",
            "route_table_id": "rtb-006dcaed550cdb7e1",
            "state": "active",
            "timeouts": null,
            "transit_gateway_id": "",
            "vpc_endpoint_id": "",
            "vpc_peering_connection_id": ""
          },
          "sensitive_attributes": [],
          "private": "eyJlMmJmYjczMC1lY2FhLTExZTYtOGY4OC0zNDM2M2JjN2M0YzAiOnsiY3JlYXRlIjozMDAwMDAwMDAwMDAsImRlbGV0ZSI6MzAwMDAwMDAwMDAwLCJ1cGRhdGUiOjEyMDAwMDAwMDAwMH19",
          "dependencies": [
            "module.network_virginia.aws_internet_gateway.igw",
            "module.network_virginia.aws_route_table.public_rt",
            "module.network_virginia.aws_vpc.vpc"
          ]
        }
      ]
    },
    {
      "module": "module.network_virginia",
      "mode": "managed",
      "type": "aws_route_table",
      "name": "public_rt",
      "provider": "provider[\"registry.terraform.io/hashicorp/aws\"].use1",
      "instances": [
        {
          "schema_version": 0,
          "attributes": {
            "arn": "arn:aws:ec2:us-east-1:058898200941:route-table/rtb-006dcaed550cdb7e1",
            "id": "rtb-006dcaed550cdb7e1",
            "owner_id": "058898200941",
            "propagating_vgws": [],
            "region": "us-east-1",
            "route": [
              {
                "carrier_gateway_id": "",
                "cidr_block": "0.0.0.0/0",
                "core_network_arn": "",
                "destination_prefix_list_id": "",
                "egress_only_gateway_id": "",
                "gateway_id": "igw-03e83a5393a889a81",
                "ipv6_cidr_block": "",
                "local_gateway_id": "",
                "nat_gateway_id": "",
                "network_interface_id": "",
                "transit_gateway_id": "",
                "vpc_endpoint_id": "",
                "vpc_peering_connection_id": ""
              }
            ],
            "tags": {
              "Environment": "dev",
              "Name": "multi-region-spot-dev-public-route-table",
              "Project": "multi-region-spot"
            },
            "tags_all": {
              "Environment": "dev",
              "Name": "multi-region-spot-dev-public-route-table",
              "Project": "multi-region-spot"
            },
            "timeouts": null,
            "vpc_id": "vpc-004616919f64a657f"
          },
          "sensitive_attributes": [],
          "private": "eyJlMmJmYjczMC1lY2FhLTExZTYtOGY4OC0zNDM2M2JjN2M0YzAiOnsiY3JlYXRlIjozMDAwMDAwMDAwMDAsImRlbGV0ZSI6MzAwMDAwMDAwMDAwLCJ1cGRhdGUiOjEyMDAwMDAwMDAwMH19",
          "dependencies": [
            "module.network_virginia.aws_vpc.vpc"
          ]
        }
      ]
    },
    {
      "module": "module.network_virginia",
      "mode": "managed",
      "type": "aws_route_table_association",
      "name": "public_rt_association_1",
      "provider": "provider[\"registry.terraform.io/hashicorp/aws\"].use1",
      "instances": [
        {
          "schema_version": 0,
          "attributes": {
            "gateway_id": "",
            "id": "rtbassoc-09aa7a2969ca60993",
            "region": "us-east-1",
            "route_table_id": "rtb-006dcaed550cdb7e1",
            "subnet_id": "subnet-01b49c60c17c0480c",
            "timeouts": null
          },
          "sensitive_attributes": [],
          "private": "eyJlMmJmYjczMC1lY2FhLTExZTYtOGY4OC0zNDM2M2JjN2M0YzAiOnsiY3JlYXRlIjozMDAwMDAwMDAwMDAsImRlbGV0ZSI6MzAwMDAwMDAwMDAwLCJ1cGRhdGUiOjEyMDAwMDAwMDAwMH19",
          "dependencies": [
            "module.network_virginia.aws_route_table.public_rt",
            "module.network_virginia.aws_subnet.public_subnet_1",
            "module.network_virginia.aws_vpc.vpc"
          ]
        }
      ]
    },
    {
      "module": "module.network_virginia",
      "mode": "managed",
      "type": "aws_route_table_association",
      "name": "public_rt_association_2",
      "provider": "provider[\"registry.terraform.io/hashicorp/aws\"].use1",
      "instances": [
        {
          "schema_version": 0,
          "attributes": {
            "gateway_id": "",
            "id": "rtbassoc-0a1ecec0c18a96186",
            "region": "us-east-1",
            "route_table_id": "rtb-006dcaed550cdb7e1",
            "subnet_id": "subnet-0107395ce23527351",
            "timeouts": null
          },
          "sensitive_attributes": [],
          "private": "eyJlMmJmYjczMC1lY2FhLTExZTYtOGY4OC0zNDM2M2JjN2M0YzAiOnsiY3JlYXRlIjozMDAwMDAwMDAwMDAsImRlbGV0ZSI6MzAwMDAwMDAwMDAwLCJ1cGRhdGUiOjEyMDAwMDAwMDAwMH19",
          "dependencies": [
            "module.network_virginia.aws_route_table.public_rt",
            "module.network_virginia.aws_subnet.public_subnet_2",
            "module.network_virginia.aws_vpc.vpc"
          ]
        }
      ]
    },
    {
      "module": "module.network_virginia",
      "mode": "managed",
      "type": "aws_subnet",
      "name": "public_subnet_1",
      "provider": "provider[\"registry.terraform.io/hashicorp/aws\"].use1",
      "instances": [
        {
          "schema_version": 1,
          "attributes": {
            "arn": "arn:aws:ec2:us-east-1:058898200941:subnet/subnet-01b49c60c17c0480c",
            "assign_ipv6_address_on_creation": false,
            "availability_zone": "us-east-1b",
            "availability_zone_id": "use1-az4",
            "cidr_block": "10.3.1.0/24",
            "customer_owned_ipv4_pool": "",
            "enable_dns64": false,
            "enable_lni_at_device_index": 0,
            "enable_resource_name_dns_a_record_on_launch": false,
            "enable_resource_name_dns_aaaa_record_on_launch": false,
            "id": "subnet-01b49c60c17c0480c",
            "ipv6_cidr_block": "",
            "ipv6_cidr_block_association_id": "",
            "ipv6_native": false,
            "map_customer_owned_ip_on_launch": false,
            "map_public_ip_on_launch": true,
            "outpost_arn": "",
            "owner_id": "058898200941",
            "private_dns_hostname_type_on_launch": "ip-name",
            "region": "us-east-1",
            "tags": {
              "Environment": "dev",
              "Name": "multi-region-spot-dev-public-subnet-1",
              "Project": "multi-region-spot",
              "Type": "public"
            },
            "tags_all": {
              "Environment": "dev",
              "Name": "multi-region-spot-dev-public-subnet-1",
              "Project": "multi-region-spot",
              "Type": "public"
            },
            "timeouts": null,
            "vpc_id": "vpc-004616919f64a657f"
          },
          "sensitive_attributes": [],
          "private": "eyJlMmJmYjczMC1lY2FhLTExZTYtOGY4OC0zNDM2M2JjN2M0YzAiOnsiY3JlYXRlIjo2MDAwMDAwMDAwMDAsImRlbGV0ZSI6MTIwMDAwMDAwMDAwMH0sInNjaGVtYV92ZXJzaW9uIjoiMSJ9",
          "dependencies": [
            "module.network_virginia.aws_vpc.vpc"
          ]
        }
      ]
    },
    {
      "module": "module.network_virginia",
      "mode": "managed",
      "type": "aws_subnet",
      "name": "public_subnet_2",
      "provider": "provider[\"registry.terraform.io/hashicorp/aws\"].use1",
      "instances": [
        {
          "schema_version": 1,
          "attributes": {
            "arn": "arn:aws:ec2:us-east-1:058898200941:subnet/subnet-0107395ce23527351",
            "assign_ipv6_address_on_creation": false,
            "availability_zone": "us-east-1c",
            "availability_zone_id": "use1-az6",
            "cidr_block": "10.3.2.0/24",
            "customer_owned_ipv4_pool": "",
            "enable_dns64": false,
            "enable_lni_at_device_index": 0,
            "enable_resource_name_dns_a_record_on_launch": false,
            "enable_resource_name_dns_aaaa_record_on_launch": false,
            "id": "subnet-0107395ce23527351",
            "ipv6_cidr_block": "",
            "ipv6_cidr_block_association_id": "",
            "ipv6_native": false,
            "map_customer_owned_ip_on_launch": false,
            "map_public_ip_on_launch": true,
            "outpost_arn": "",
            "owner_id": "058898200941",
            "private_dns_hostname_type_on_launch": "ip-name",
            "region": "us-east-1",
            "tags": {
              "Environment": "dev",
              "Name": "multi-region-spot-dev-public-subnet-2",
              "Project": "multi-region-spot",
              "Type": "public"
            },
            "tags_all": {
              "Environment": "dev",
              "Name": "multi-region-spot-dev-public-subnet-2",
              "Project": "multi-region-spot",
              "Type": "public"
            },
            "timeouts": null,
            "vpc_id": "vpc-004616919f64a657f"
          },
          "sensitive_attributes": [],
          "private": "eyJlMmJmYjczMC1lY2FhLTExZTYtOGY4OC0zNDM2M2JjN2M0YzAiOnsiY3JlYXRlIjo2MDAwMDAwMDAwMDAsImRlbGV0ZSI6MTIwMDAwMDAwMDAwMH0sInNjaGVtYV92ZXJzaW9uIjoiMSJ9",
          "dependencies": [
            "module.network_virginia.aws_vpc.vpc"
          ]
        }
      ]
    },
    {
      "module": "module.network_virginia",
      "mode": "managed",
      "type": "aws_vpc",
      "name": "vpc",
      "provider": "provider[\"registry.terraform.io/hashicorp/aws\"].use1",
      "instances": [
        {
          "schema_version": 1,
          "attributes": {
            "arn": "arn:aws:ec2:us-east-1:058898200941:vpc/vpc-004616919f64a657f",
            "assign_generated_ipv6_cidr_block": false,
            "cidr_block": "10.3.0.0/16",
            "default_network_acl_id": "acl-0409f7bc585a6c43a",
            "default_route_table_id": "rtb-0f4f653ba88401d7b",
            "default_security_group_id": "sg-01a511d4c8fa85b44",
            "dhcp_options_id": "dopt-8d11ace9",
            "enable_dns_hostnames": true,
            "enable_dns_support": true,
            "enable_network_address_usage_metrics": false,
            "id": "vpc-004616919f64a657f",
            "instance_tenancy": "default",
            "ipv4_ipam_pool_id": null,
            "ipv4_netmask_length": null,
            "ipv6_association_id": "",
            "ipv6_cidr_block": "",
            "ipv6_cidr_block_network_border_group": "",
            "ipv6_ipam_pool_id": "",
            "ipv6_netmask_length": 0,
            "main_route_table_id": "rtb-0f4f653ba88401d7b",
            "owner_id": "058898200941",
            "region": "us-east-1",
            "tags": {
              "Environment": "dev",
              "Name": "multi-region-spot-dev-vpc",
              "Project": "multi-region-spot"
            },
            "tags_all": {
              "Environment": "dev",
              "Name": "multi-region-spot-dev-vpc",
              "Project": "multi-region-spot"
            }
          },
          "sensitive_attributes": [],
          "private": "eyJzY2hlbWFfdmVyc2lvbiI6IjEifQ=="
        }
      ]
    },
    {
      "module": "module.security_frankfurt",
      "mode": "managed",
      "type": "aws_security_group",
      "name": "db_sg",
      "provider": "provider[\"registry.terraform.io/hashicorp/aws\"].euc1",
      "instances": [
        {
          "schema_version": 1,
          "attributes": {
            "arn": "arn:aws:ec2:eu-central-1:058898200941:security-group/sg-0a3adff50b59f8d9e",
            "description": "Security group for DB server",
            "egress": [
              {
                "cidr_blocks": [
                  "0.0.0.0/0"
                ],
                "description": "",
                "from_port": 0,
                "ipv6_cidr_blocks": [],
                "prefix_list_ids": [],
                "protocol": "-1",
                "security_groups": [],
                "self": false,
                "to_port": 0
              }
            ],
            "id": "sg-0a3adff50b59f8d9e",
            "ingress": [
              {
                "cidr_blocks": [
                  "0.0.0.0/0"
                ],
                "description": "",
                "from_port": 22,
                "ipv6_cidr_blocks": [],
                "prefix_list_ids": [],
                "protocol": "tcp",
                "security_groups": [],
                "self": false,
                "to_port": 22
              },
              {
                "cidr_blocks": [
                  "0.0.0.0/0"
                ],
                "description": "",
                "from_port": 3306,
                "ipv6_cidr_blocks": [],
                "prefix_list_ids": [],
                "protocol": "tcp",
                "security_groups": [],
                "self": false,
                "to_port": 3306
              }
            ],
            "name": "multi-region-spot-dev-db-sg",
            "name_prefix": "",
            "owner_id": "058898200941",
            "region": "eu-central-1",
            "revoke_rules_on_delete": false,
            "tags": {},
            "tags_all": {},
            "timeouts": null,
            "vpc_id": "vpc-09f7d47c8568c9afa"
          },
          "sensitive_attributes": [],
          "private": "eyJlMmJmYjczMC1lY2FhLTExZTYtOGY4OC0zNDM2M2JjN2M0YzAiOnsiY3JlYXRlIjo2MDAwMDAwMDAwMDAsImRlbGV0ZSI6OTAwMDAwMDAwMDAwfSwic2NoZW1hX3ZlcnNpb24iOiIxIn0=",
          "dependencies": [
            "module.network_frankfurt.aws_vpc.vpc"
          ]
        }
      ]
    },
    {
      "module": "module.security_ireland",
      "mode": "managed",
      "type": "aws_security_group",
      "name": "db_sg",
      "provider": "provider[\"registry.terraform.io/hashicorp/aws\"].euw1",
      "instances": [
        {
          "schema_version": 1,
          "attributes": {
            "arn": "arn:aws:ec2:eu-west-1:058898200941:security-group/sg-07d88d5b53d4b301c",
            "description": "Security group for DB server",
            "egress": [
              {
                "cidr_blocks": [
                  "0.0.0.0/0"
                ],
                "description": "",
                "from_port": 0,
                "ipv6_cidr_blocks": [],
                "prefix_list_ids": [],
                "protocol": "-1",
                "security_groups": [],
                "self": false,
                "to_port": 0
              }
            ],
            "id": "sg-07d88d5b53d4b301c",
            "ingress": [
              {
                "cidr_blocks": [
                  "0.0.0.0/0"
                ],
                "description": "",
                "from_port": 22,
                "ipv6_cidr_blocks": [],
                "prefix_list_ids": [],
                "protocol": "tcp",
                "security_groups": [],
                "self": false,
                "to_port": 22
              },
              {
                "cidr_blocks": [
                  "0.0.0.0/0"
                ],
                "description": "",
                "from_port": 3306,
                "ipv6_cidr_blocks": [],
                "prefix_list_ids": [],
                "protocol": "tcp",
                "security_groups": [],
                "self": false,
                "to_port": 3306
              }
            ],
            "name": "multi-region-spot-dev-db-sg",
            "name_prefix": "",
            "owner_id": "058898200941",
            "region": "eu-west-1",
            "revoke_rules_on_delete": false,
            "tags": {},
            "tags_all": {},
            "timeouts": null,
            "vpc_id": "vpc-05ea4b570883550fd"
          },
          "sensitive_attributes": [],
          "private": "eyJlMmJmYjczMC1lY2FhLTExZTYtOGY4OC0zNDM2M2JjN2M0YzAiOnsiY3JlYXRlIjo2MDAwMDAwMDAwMDAsImRlbGV0ZSI6OTAwMDAwMDAwMDAwfSwic2NoZW1hX3ZlcnNpb24iOiIxIn0=",
          "dependencies": [
            "module.network_ireland.aws_vpc.vpc"
          ]
        }
      ]
    },
    {
      "module": "module.security_oregon",
      "mode": "managed",
      "type": "aws_security_group",
      "name": "db_sg",
      "provider": "provider[\"registry.terraform.io/hashicorp/aws\"].usw2",
      "instances": [
        {
          "schema_version": 1,
          "attributes": {
            "arn": "arn:aws:ec2:us-west-2:058898200941:security-group/sg-074f729e321abc292",
            "description": "Security group for DB server",
            "egress": [
              {
                "cidr_blocks": [
                  "0.0.0.0/0"
                ],
                "description": "",
                "from_port": 0,
                "ipv6_cidr_blocks": [],
                "prefix_list_ids": [],
                "protocol": "-1",
                "security_groups": [],
                "self": false,
                "to_port": 0
              }
            ],
            "id": "sg-074f729e321abc292",
            "ingress": [
              {
                "cidr_blocks": [
                  "0.0.0.0/0"
                ],
                "description": "",
                "from_port": 22,
                "ipv6_cidr_blocks": [],
                "prefix_list_ids": [],
                "protocol": "tcp",
                "security_groups": [],
                "self": false,
                "to_port": 22
              },
              {
                "cidr_blocks": [
                  "0.0.0.0/0"
                ],
                "description": "",
                "from_port": 3306,
                "ipv6_cidr_blocks": [],
                "prefix_list_ids": [],
                "protocol": "tcp",
                "security_groups": [],
                "self": false,
                "to_port": 3306
              }
            ],
            "name": "multi-region-spot-dev-db-sg",
            "name_prefix": "",
            "owner_id": "058898200941",
            "region": "us-west-2",
            "revoke_rules_on_delete": false,
            "tags": {},
            "tags_all": {},
            "timeouts": null,
            "vpc_id": "vpc-0281fc7e12b7448f7"
          },
          "sensitive_attributes": [],
          "private": "eyJlMmJmYjczMC1lY2FhLTExZTYtOGY4OC0zNDM2M2JjN2M0YzAiOnsiY3JlYXRlIjo2MDAwMDAwMDAwMDAsImRlbGV0ZSI6OTAwMDAwMDAwMDAwfSwic2NoZW1hX3ZlcnNpb24iOiIxIn0=",
          "dependencies": [
            "module.network_oregon.aws_vpc.vpc"
          ]
        }
      ]
    },
    {
      "module": "module.security_singapore",
      "mode": "managed",
      "type": "aws_security_group",
      "name": "db_sg",
      "provider": "provider[\"registry.terraform.io/hashicorp/aws\"].apse1",
      "instances": [
        {
          "schema_version": 1,
          "attributes": {
            "arn": "arn:aws:ec2:ap-southeast-1:058898200941:security-group/sg-0110d64a6229d2030",
            "description": "Security group for DB server",
            "egress": [
              {
                "cidr_blocks": [
                  "0.0.0.0/0"
                ],
                "description": "",
                "from_port": 0,
                "ipv6_cidr_blocks": [],
                "prefix_list_ids": [],
                "protocol": "-1",
                "security_groups": [],
                "self": false,
                "to_port": 0
              }
            ],
            "id": "sg-0110d64a6229d2030",
            "ingress": [
              {
                "cidr_blocks": [
                  "0.0.0.0/0"
                ],
                "description": "",
                "from_port": 22,
                "ipv6_cidr_blocks": [],
                "prefix_list_ids": [],
                "protocol": "tcp",
                "security_groups": [],
                "self": false,
                "to_port": 22
              },
              {
                "cidr_blocks": [
                  "0.0.0.0/0"
                ],
                "description": "",
                "from_port": 3306,
                "ipv6_cidr_blocks": [],
                "prefix_list_ids": [],
                "protocol": "tcp",
                "security_groups": [],
                "self": false,
                "to_port": 3306
              }
            ],
            "name": "multi-region-spot-dev-db-sg",
            "name_prefix": "",
            "owner_id": "058898200941",
            "region": "ap-southeast-1",
            "revoke_rules_on_delete": false,
            "tags": {},
            "tags_all": {},
            "timeouts": null,
            "vpc_id": "vpc-07a7851121edbb81e"
          },
          "sensitive_attributes": [],
          "private": "eyJlMmJmYjczMC1lY2FhLTExZTYtOGY4OC0zNDM2M2JjN2M0YzAiOnsiY3JlYXRlIjo2MDAwMDAwMDAwMDAsImRlbGV0ZSI6OTAwMDAwMDAwMDAwfSwic2NoZW1hX3ZlcnNpb24iOiIxIn0=",
          "dependencies": [
            "module.network_singapore.aws_vpc.vpc"
          ]
        }
      ]
    },
    {
      "module": "module.security_tokyo",
      "mode": "managed",
      "type": "aws_security_group",
      "name": "db_sg",
      "provider": "provider[\"registry.terraform.io/hashicorp/aws\"]",
      "instances": [
        {
          "schema_version": 1,
          "attributes": {
            "arn": "arn:aws:ec2:ap-northeast-1:058898200941:security-group/sg-087ffb2760ab82e54",
            "description": "Security group for DB server",
            "egress": [
              {
                "cidr_blocks": [
                  "0.0.0.0/0"
                ],
                "description": "",
                "from_port": 0,
                "ipv6_cidr_blocks": [],
                "prefix_list_ids": [],
                "protocol": "-1",
                "security_groups": [],
                "self": false,
                "to_port": 0
              }
            ],
            "id": "sg-087ffb2760ab82e54",
            "ingress": [
              {
                "cidr_blocks": [
                  "0.0.0.0/0"
                ],
                "description": "",
                "from_port": 22,
                "ipv6_cidr_blocks": [],
                "prefix_list_ids": [],
                "protocol": "tcp",
                "security_groups": [],
                "self": false,
                "to_port": 22
              },
              {
                "cidr_blocks": [
                  "0.0.0.0/0"
                ],
                "description": "",
                "from_port": 3306,
                "ipv6_cidr_blocks": [],
                "prefix_list_ids": [],
                "protocol": "tcp",
                "security_groups": [],
                "self": false,
                "to_port": 3306
              }
            ],
            "name": "multi-region-spot-dev-db-sg",
            "name_prefix": "",
            "owner_id": "058898200941",
            "region": "ap-northeast-1",
            "revoke_rules_on_delete": false,
            "tags": {},
            "tags_all": {},
            "timeouts": null,
            "vpc_id": "vpc-06ab86976a43c72b4"
          },
          "sensitive_attributes": [],
          "private": "eyJlMmJmYjczMC1lY2FhLTExZTYtOGY4OC0zNDM2M2JjN2M0YzAiOnsiY3JlYXRlIjo2MDAwMDAwMDAwMDAsImRlbGV0ZSI6OTAwMDAwMDAwMDAwfSwic2NoZW1hX3ZlcnNpb24iOiIxIn0=",
          "dependencies": [
            "module.network_tokyo.aws_vpc.vpc"
          ]
        }
      ]
    },
    {
      "module": "module.security_virginia",
      "mode": "managed",
      "type": "aws_security_group",
      "name": "db_sg",
      "provider": "provider[\"registry.terraform.io/hashicorp/aws\"].use1",
      "instances": [
        {
          "schema_version": 1,
          "attributes": {
            "arn": "arn:aws:ec2:us-east-1:058898200941:security-group/sg-094b9f30ef2e6cb96",
            "description": "Security group for DB server",
            "egress": [
              {
                "cidr_blocks": [
                  "0.0.0.0/0"
                ],
                "description": "",
                "from_port": 0,
                "ipv6_cidr_blocks": [],
                "prefix_list_ids": [],
                "protocol": "-1",
                "security_groups": [],
                "self": false,
                "to_port": 0
              }
            ],
            "id": "sg-094b9f30ef2e6cb96",
            "ingress": [
              {
                "cidr_blocks": [
                  "0.0.0.0/0"
                ],
                "description": "",
                "from_port": 22,
                "ipv6_cidr_blocks": [],
                "prefix_list_ids": [],
                "protocol": "tcp",
                "security_groups": [],
                "self": false,
                "to_port": 22
              },
              {
                "cidr_blocks": [
                  "0.0.0.0/0"
                ],
                "description": "",
                "from_port": 3306,
                "ipv6_cidr_blocks": [],
                "prefix_list_ids": [],
                "protocol": "tcp",
                "security_groups": [],
                "self": false,
                "to_port": 3306
              }
            ],
            "name": "multi-region-spot-dev-db-sg",
            "name_prefix": "",
            "owner_id": "058898200941",
            "region": "us-east-1",
            "revoke_rules_on_delete": false,
            "tags": {},
            "tags_all": {},
            "timeouts": null,
            "vpc_id": "vpc-004616919f64a657f"
          },
          "sensitive_attributes": [],
          "private": "eyJlMmJmYjczMC1lY2FhLTExZTYtOGY4OC0zNDM2M2JjN2M0YzAiOnsiY3JlYXRlIjo2MDAwMDAwMDAwMDAsImRlbGV0ZSI6OTAwMDAwMDAwMDAwfSwic2NoZW1hX3ZlcnNpb24iOiIxIn0=",
          "dependencies": [
            "module.network_virginia.aws_vpc.vpc"
          ]
        }
      ]
    }
  ],
  "check_results": null
}
