{
  "version": 4,
  "terraform_version": "1.11.4",
  "serial": 5438,
  "lineage": "6c44888d-3af1-53e1-2ecf-5ae8f27c0a53",
  "outputs": {},
  "resources": [
    {
      "mode": "managed",
      "type": "aws_key_pair",
      "name": "frankfurt",
      "provider": "provider[\"registry.terraform.io/hashicorp/aws\"].euc1",
      "instances": [
        {
          "schema_version": 1,
          "attributes": {
            "arn": "arn:aws:ec2:eu-central-1:058898200941:key-pair/multi-region-spot-dev-keypair",
            "fingerprint": "75:88:b5:8c:fd:96:bb:6f:37:1a:2c:d4:dd:92:db:dd",
            "id": "multi-region-spot-dev-keypair",
            "key_name": "multi-region-spot-dev-keypair",
            "key_name_prefix": "",
            "key_pair_id": "key-0dda6d1b906eca7fb",
            "key_type": "rsa",
            "public_key": "ssh-rsa AAAAB3NzaC1yc2EAAAADAQABAAABAQDSON7bo8vQSsxw1EvAqmVVBC4ZFJCHqCDRsmO8UiVJyhxgRQ79B112MRKjw9SUqoTNMUB/gL0aVuxHQz9GVFwNN335kXLAcSLKbyQq4/eet5An5HHXFyYz/tWmTGn0O/0A3E5BkKLc3LVsTSM2PBBXhbWSnZEOgB+CTlX9+TP8X54oIqenXs1h36CZxvBCuyzJ65+sdaIdzyadTiM0r9HPQOL1jOg+2wc/5Px0seHNTPUY5qMts85gPbJogaHNzdshsulnTo7xxaZHV+SlqmSZlFkkIEMDYdUpJhVYT/23slFsEoi5hPe5JLX5bami6vE+ChS/FjXjR4bBh5F1/q3Z naoki@surface-naoki",
            "region": "eu-central-1",
            "tags": null,
            "tags_all": {}
          },
          "sensitive_attributes": [],
          "private": "eyJzY2hlbWFfdmVyc2lvbiI6IjEifQ=="
        }
      ]
    },
    {
      "mode": "managed",
      "type": "aws_key_pair",
      "name": "ireland",
      "provider": "provider[\"registry.terraform.io/hashicorp/aws\"].euw1",
      "instances": [
        {
          "schema_version": 1,
          "attributes": {
            "arn": "arn:aws:ec2:eu-west-1:058898200941:key-pair/multi-region-spot-dev-keypair",
            "fingerprint": "75:88:b5:8c:fd:96:bb:6f:37:1a:2c:d4:dd:92:db:dd",
            "id": "multi-region-spot-dev-keypair",
            "key_name": "multi-region-spot-dev-keypair",
            "key_name_prefix": "",
            "key_pair_id": "key-0e0f9afcc31fbb67f",
            "key_type": "rsa",
            "public_key": "ssh-rsa AAAAB3NzaC1yc2EAAAADAQABAAABAQDSON7bo8vQSsxw1EvAqmVVBC4ZFJCHqCDRsmO8UiVJyhxgRQ79B112MRKjw9SUqoTNMUB/gL0aVuxHQz9GVFwNN335kXLAcSLKbyQq4/eet5An5HHXFyYz/tWmTGn0O/0A3E5BkKLc3LVsTSM2PBBXhbWSnZEOgB+CTlX9+TP8X54oIqenXs1h36CZxvBCuyzJ65+sdaIdzyadTiM0r9HPQOL1jOg+2wc/5Px0seHNTPUY5qMts85gPbJogaHNzdshsulnTo7xxaZHV+SlqmSZlFkkIEMDYdUpJhVYT/23slFsEoi5hPe5JLX5bami6vE+ChS/FjXjR4bBh5F1/q3Z naoki@surface-naoki",
            "region": "eu-west-1",
            "tags": null,
            "tags_all": {}
          },
          "sensitive_attributes": [],
          "private": "eyJzY2hlbWFfdmVyc2lvbiI6IjEifQ=="
        }
      ]
    },
    {
      "mode": "managed",
      "type": "aws_key_pair",
      "name": "oregon",
      "provider": "provider[\"registry.terraform.io/hashicorp/aws\"].usw2",
      "instances": [
        {
          "schema_version": 1,
          "attributes": {
            "arn": "arn:aws:ec2:us-west-2:058898200941:key-pair/multi-region-spot-dev-keypair",
            "fingerprint": "75:88:b5:8c:fd:96:bb:6f:37:1a:2c:d4:dd:92:db:dd",
            "id": "multi-region-spot-dev-keypair",
            "key_name": "multi-region-spot-dev-keypair",
            "key_name_prefix": "",
            "key_pair_id": "key-04674bf87b13c123c",
            "key_type": "rsa",
            "public_key": "ssh-rsa AAAAB3NzaC1yc2EAAAADAQABAAABAQDSON7bo8vQSsxw1EvAqmVVBC4ZFJCHqCDRsmO8UiVJyhxgRQ79B112MRKjw9SUqoTNMUB/gL0aVuxHQz9GVFwNN335kXLAcSLKbyQq4/eet5An5HHXFyYz/tWmTGn0O/0A3E5BkKLc3LVsTSM2PBBXhbWSnZEOgB+CTlX9+TP8X54oIqenXs1h36CZxvBCuyzJ65+sdaIdzyadTiM0r9HPQOL1jOg+2wc/5Px0seHNTPUY5qMts85gPbJogaHNzdshsulnTo7xxaZHV+SlqmSZlFkkIEMDYdUpJhVYT/23slFsEoi5hPe5JLX5bami6vE+ChS/FjXjR4bBh5F1/q3Z naoki@surface-naoki",
            "region": "us-west-2",
            "tags": null,
            "tags_all": {}
          },
          "sensitive_attributes": [],
          "private": "eyJzY2hlbWFfdmVyc2lvbiI6IjEifQ=="
        }
      ]
    },
    {
      "mode": "managed",
      "type": "aws_key_pair",
      "name": "singapore",
      "provider": "provider[\"registry.terraform.io/hashicorp/aws\"].apse1",
      "instances": [
        {
          "schema_version": 1,
          "attributes": {
            "arn": "arn:aws:ec2:ap-southeast-1:058898200941:key-pair/multi-region-spot-dev-keypair",
            "fingerprint": "75:88:b5:8c:fd:96:bb:6f:37:1a:2c:d4:dd:92:db:dd",
            "id": "multi-region-spot-dev-keypair",
            "key_name": "multi-region-spot-dev-keypair",
            "key_name_prefix": "",
            "key_pair_id": "key-09af942fdb15c14fd",
            "key_type": "rsa",
            "public_key": "ssh-rsa AAAAB3NzaC1yc2EAAAADAQABAAABAQDSON7bo8vQSsxw1EvAqmVVBC4ZFJCHqCDRsmO8UiVJyhxgRQ79B112MRKjw9SUqoTNMUB/gL0aVuxHQz9GVFwNN335kXLAcSLKbyQq4/eet5An5HHXFyYz/tWmTGn0O/0A3E5BkKLc3LVsTSM2PBBXhbWSnZEOgB+CTlX9+TP8X54oIqenXs1h36CZxvBCuyzJ65+sdaIdzyadTiM0r9HPQOL1jOg+2wc/5Px0seHNTPUY5qMts85gPbJogaHNzdshsulnTo7xxaZHV+SlqmSZlFkkIEMDYdUpJhVYT/23slFsEoi5hPe5JLX5bami6vE+ChS/FjXjR4bBh5F1/q3Z naoki@surface-naoki",
            "region": "ap-southeast-1",
            "tags": null,
            "tags_all": {}
          },
          "sensitive_attributes": [],
          "private": "eyJzY2hlbWFfdmVyc2lvbiI6IjEifQ=="
        }
      ]
    },
    {
      "mode": "managed",
      "type": "aws_key_pair",
      "name": "tokyo",
      "provider": "provider[\"registry.terraform.io/hashicorp/aws\"]",
      "instances": [
        {
          "schema_version": 1,
          "attributes": {
            "arn": "arn:aws:ec2:ap-northeast-1:058898200941:key-pair/multi-region-spot-dev-keypair",
            "fingerprint": "75:88:b5:8c:fd:96:bb:6f:37:1a:2c:d4:dd:92:db:dd",
            "id": "multi-region-spot-dev-keypair",
            "key_name": "multi-region-spot-dev-keypair",
            "key_name_prefix": "",
            "key_pair_id": "key-0e1303b582cbce5ce",
            "key_type": "rsa",
            "public_key": "ssh-rsa AAAAB3NzaC1yc2EAAAADAQABAAABAQDSON7bo8vQSsxw1EvAqmVVBC4ZFJCHqCDRsmO8UiVJyhxgRQ79B112MRKjw9SUqoTNMUB/gL0aVuxHQz9GVFwNN335kXLAcSLKbyQq4/eet5An5HHXFyYz/tWmTGn0O/0A3E5BkKLc3LVsTSM2PBBXhbWSnZEOgB+CTlX9+TP8X54oIqenXs1h36CZxvBCuyzJ65+sdaIdzyadTiM0r9HPQOL1jOg+2wc/5Px0seHNTPUY5qMts85gPbJogaHNzdshsulnTo7xxaZHV+SlqmSZlFkkIEMDYdUpJhVYT/23slFsEoi5hPe5JLX5bami6vE+ChS/FjXjR4bBh5F1/q3Z naoki@surface-naoki",
            "region": "ap-northeast-1",
            "tags": null,
            "tags_all": {}
          },
          "sensitive_attributes": [],
          "private": "eyJzY2hlbWFfdmVyc2lvbiI6IjEifQ=="
        }
      ]
    },
    {
      "mode": "managed",
      "type": "aws_key_pair",
      "name": "virginia",
      "provider": "provider[\"registry.terraform.io/hashicorp/aws\"].use1",
      "instances": [
        {
          "schema_version": 1,
          "attributes": {
            "arn": "arn:aws:ec2:us-east-1:058898200941:key-pair/multi-region-spot-dev-keypair",
            "fingerprint": "75:88:b5:8c:fd:96:bb:6f:37:1a:2c:d4:dd:92:db:dd",
            "id": "multi-region-spot-dev-keypair",
            "key_name": "multi-region-spot-dev-keypair",
            "key_name_prefix": "",
            "key_pair_id": "key-07a973c072c3772a6",
            "key_type": "rsa",
            "public_key": "ssh-rsa AAAAB3NzaC1yc2EAAAADAQABAAABAQDSON7bo8vQSsxw1EvAqmVVBC4ZFJCHqCDRsmO8UiVJyhxgRQ79B112MRKjw9SUqoTNMUB/gL0aVuxHQz9GVFwNN335kXLAcSLKbyQq4/eet5An5HHXFyYz/tWmTGn0O/0A3E5BkKLc3LVsTSM2PBBXhbWSnZEOgB+CTlX9+TP8X54oIqenXs1h36CZxvBCuyzJ65+sdaIdzyadTiM0r9HPQOL1jOg+2wc/5Px0seHNTPUY5qMts85gPbJogaHNzdshsulnTo7xxaZHV+SlqmSZlFkkIEMDYdUpJhVYT/23slFsEoi5hPe5JLX5bami6vE+ChS/FjXjR4bBh5F1/q3Z naoki@surface-naoki",
            "region": "us-east-1",
            "tags": null,
            "tags_all": {}
          },
          "sensitive_attributes": [],
          "private": "eyJzY2hlbWFfdmVyc2lvbiI6IjEifQ=="
        }
      ]
    },
    {
      "module": "module.event_bridge",
      "mode": "data",
      "type": "aws_iam_policy_document",
      "name": "sns_topic_policy",
      "provider": "provider[\"registry.terraform.io/hashicorp/aws\"]",
      "instances": [
        {
          "schema_version": 0,
          "attributes": {
            "id": "2664651463",
            "json": "{\n  \"Version\": \"2012-10-17\",\n  \"Statement\": [\n    {\n      \"Effect\": \"Allow\",\n      \"Action\": \"SNS:Publish\",\n      \"Resource\": \"arn:aws:sns:ap-northeast-1:058898200941:multi-region-spot-dev-spot-interruption-topic\",\n      \"Principal\": {\n        \"Service\": \"events.amazonaws.com\"\n      }\n    }\n  ]\n}",
            "minified_json": "{\"Version\":\"2012-10-17\",\"Statement\":[{\"Effect\":\"Allow\",\"Action\":\"SNS:Publish\",\"Resource\":\"arn:aws:sns:ap-northeast-1:058898200941:multi-region-spot-dev-spot-interruption-topic\",\"Principal\":{\"Service\":\"events.amazonaws.com\"}}]}",
            "override_json": null,
            "override_policy_documents": null,
            "policy_id": null,
            "source_json": null,
            "source_policy_documents": null,
            "statement": [
              {
                "actions": [
                  "SNS:Publish"
                ],
                "condition": [],
                "effect": "Allow",
                "not_actions": [],
                "not_principals": [],
                "not_resources": [],
                "principals": [
                  {
                    "identifiers": [
                      "events.amazonaws.com"
                    ],
                    "type": "Service"
                  }
                ],
                "resources": [
                  "arn:aws:sns:ap-northeast-1:058898200941:multi-region-spot-dev-spot-interruption-topic"
                ],
                "sid": ""
              }
            ],
            "version": "2012-10-17"
          },
          "sensitive_attributes": []
        }
      ]
    },
    {
      "module": "module.event_bridge",
      "mode": "managed",
      "type": "aws_cloudwatch_event_bus",
      "name": "central",
      "provider": "provider[\"registry.terraform.io/hashicorp/aws\"]",
      "instances": [
        {
          "schema_version": 0,
          "attributes": {
            "arn": "arn:aws:events:ap-northeast-1:058898200941:event-bus/central-spot-events",
            "dead_letter_config": [],
            "description": "",
            "event_source_name": null,
            "id": "central-spot-events",
            "kms_key_identifier": "",
            "log_config": [],
            "name": "central-spot-events",
            "region": "ap-northeast-1",
            "tags": null,
            "tags_all": {}
          },
          "sensitive_attributes": [],
          "private": "bnVsbA=="
        }
      ]
    },
    {
      "module": "module.event_bridge",
      "mode": "managed",
      "type": "aws_cloudwatch_event_bus_policy",
      "name": "allow_put_from_regions",
      "provider": "provider[\"registry.terraform.io/hashicorp/aws\"]",
      "instances": [
        {
          "schema_version": 0,
          "attributes": {
            "event_bus_name": "central-spot-events",
            "id": "central-spot-events",
            "policy": "{\"Statement\":[{\"Action\":\"events:PutEvents\",\"Effect\":\"Allow\",\"Principal\":{\"AWS\":\"*\"},\"Resource\":\"arn:aws:events:ap-northeast-1:058898200941:event-bus/central-spot-events\",\"Sid\":\"AllowPutEventsFromSameAccount\"}],\"Version\":\"2012-10-17\"}",
            "region": "ap-northeast-1"
          },
          "sensitive_attributes": [],
          "private": "bnVsbA==",
          "dependencies": [
            "module.event_bridge.aws_cloudwatch_event_bus.central"
          ]
        }
      ]
    },
    {
      "module": "module.event_bridge",
      "mode": "managed",
      "type": "aws_cloudwatch_event_rule",
      "name": "central_rule",
      "provider": "provider[\"registry.terraform.io/hashicorp/aws\"]",
      "instances": [
        {
          "schema_version": 1,
          "attributes": {
            "arn": "arn:aws:events:ap-northeast-1:058898200941:rule/central-spot-events/spot-interruption-central",
            "description": "",
            "event_bus_name": "central-spot-events",
            "event_pattern": "{\"detail-type\":[\"EC2 Spot Instance Interruption Warning\"],\"source\":[\"aws.ec2\"]}",
            "force_destroy": false,
            "id": "central-spot-events/spot-interruption-central",
            "is_enabled": true,
            "name": "spot-interruption-central",
            "name_prefix": "",
            "region": "ap-northeast-1",
            "role_arn": "",
            "schedule_expression": "",
            "state": "ENABLED",
            "tags": null,
            "tags_all": {}
          },
          "sensitive_attributes": [],
          "private": "eyJzY2hlbWFfdmVyc2lvbiI6IjEifQ==",
          "dependencies": [
            "module.event_bridge.aws_cloudwatch_event_bus.central"
          ]
        }
      ]
    },
    {
      "module": "module.event_bridge",
      "mode": "managed",
      "type": "aws_cloudwatch_event_rule",
      "name": "daily_boot_spot",
      "provider": "provider[\"registry.terraform.io/hashicorp/aws\"]",
      "instances": [
        {
          "schema_version": 1,
          "attributes": {
            "arn": "arn:aws:events:ap-northeast-1:058898200941:rule/multi-region-spot-dev-daily-boot-spot",
            "description": "Run boot_spot every 12 hours",
            "event_bus_name": "default",
            "event_pattern": null,
            "force_destroy": false,
            "id": "multi-region-spot-dev-daily-boot-spot",
            "is_enabled": true,
            "name": "multi-region-spot-dev-daily-boot-spot",
            "name_prefix": "",
            "region": "ap-northeast-1",
            "role_arn": "",
            "schedule_expression": "cron(0 */12 * * ? *)",
            "state": "ENABLED",
            "tags": null,
            "tags_all": {}
          },
          "sensitive_attributes": [],
          "private": "eyJzY2hlbWFfdmVyc2lvbiI6IjEifQ=="
        }
      ]
    },
    {
      "module": "module.event_bridge",
      "mode": "managed",
      "type": "aws_cloudwatch_event_target",
      "name": "central_lambda",
      "provider": "provider[\"registry.terraform.io/hashicorp/aws\"]",
      "instances": [
        {
          "schema_version": 1,
          "attributes": {
            "appsync_target": [],
            "arn": "arn:aws:lambda:ap-northeast-1:058898200941:function:multi-region-spot-dev-boot-spot",
            "batch_target": [],
            "dead_letter_config": [],
            "ecs_target": [],
            "event_bus_name": "central-spot-events",
            "force_destroy": false,
            "http_target": [],
            "id": "central-spot-events-spot-interruption-central-terraform-20260217144257530100000006",
            "input": "",
            "input_path": "",
            "input_transformer": [],
            "kinesis_target": [],
            "redshift_target": [],
            "region": "ap-northeast-1",
            "retry_policy": [],
            "role_arn": "",
            "rule": "spot-interruption-central",
            "run_command_targets": [],
            "sagemaker_pipeline_target": [],
            "sqs_target": [],
            "target_id": "terraform-20260217144257530100000006"
          },
          "sensitive_attributes": [],
          "private": "eyJzY2hlbWFfdmVyc2lvbiI6IjEifQ==",
          "dependencies": [
            "aws_key_pair.frankfurt",
            "aws_key_pair.ireland",
            "aws_key_pair.oregon",
            "aws_key_pair.singapore",
            "aws_key_pair.tokyo",
            "aws_key_pair.virginia",
            "module.event_bridge.aws_cloudwatch_event_bus.central",
            "module.event_bridge.aws_cloudwatch_event_rule.central_rule",
            "module.event_bridge.aws_iam_role.lambda_role",
            "module.event_bridge.aws_lambda_function.boot_spot",
            "module.network_frankfurt.aws_subnet.public_subnet_1",
            "module.network_frankfurt.aws_vpc.vpc",
            "module.network_ireland.aws_subnet.public_subnet_1",
            "module.network_ireland.aws_vpc.vpc",
            "module.network_oregon.aws_subnet.public_subnet_1",
            "module.network_oregon.aws_vpc.vpc",
            "module.network_singapore.aws_subnet.public_subnet_1",
            "module.network_singapore.aws_vpc.vpc",
            "module.network_tokyo.aws_subnet.public_subnet_1",
            "module.network_tokyo.aws_vpc.vpc",
            "module.network_virginia.aws_subnet.public_subnet_1",
            "module.network_virginia.aws_vpc.vpc",
            "module.security_frankfurt.aws_security_group.db_sg",
            "module.security_ireland.aws_security_group.db_sg",
            "module.security_oregon.aws_security_group.db_sg",
            "module.security_singapore.aws_security_group.db_sg",
            "module.security_tokyo.aws_security_group.db_sg",
            "module.security_virginia.aws_security_group.db_sg"
          ]
        }
      ]
    },
    {
      "module": "module.event_bridge",
      "mode": "managed",
      "type": "aws_cloudwatch_event_target",
      "name": "daily_boot_spot_target",
      "provider": "provider[\"registry.terraform.io/hashicorp/aws\"]",
      "instances": [
        {
          "schema_version": 1,
          "attributes": {
            "appsync_target": [],
            "arn": "arn:aws:lambda:ap-northeast-1:058898200941:function:multi-region-spot-dev-boot-spot",
            "batch_target": [],
            "dead_letter_config": [],
            "ecs_target": [],
            "event_bus_name": "default",
            "force_destroy": false,
            "http_target": [],
            "id": "multi-region-spot-dev-daily-boot-spot-DailyBootSpotLambda",
            "input": "",
            "input_path": "",
            "input_transformer": [],
            "kinesis_target": [],
            "redshift_target": [],
            "region": "ap-northeast-1",
            "retry_policy": [],
            "role_arn": "",
            "rule": "multi-region-spot-dev-daily-boot-spot",
            "run_command_targets": [],
            "sagemaker_pipeline_target": [],
            "sqs_target": [],
            "target_id": "DailyBootSpotLambda"
          },
          "sensitive_attributes": [],
          "private": "eyJzY2hlbWFfdmVyc2lvbiI6IjEifQ==",
          "dependencies": [
            "aws_key_pair.frankfurt",
            "aws_key_pair.ireland",
            "aws_key_pair.oregon",
            "aws_key_pair.singapore",
            "aws_key_pair.tokyo",
            "aws_key_pair.virginia",
            "module.event_bridge.aws_cloudwatch_event_rule.daily_boot_spot",
            "module.event_bridge.aws_iam_role.lambda_role",
            "module.event_bridge.aws_lambda_function.boot_spot",
            "module.network_frankfurt.aws_subnet.public_subnet_1",
            "module.network_frankfurt.aws_vpc.vpc",
            "module.network_ireland.aws_subnet.public_subnet_1",
            "module.network_ireland.aws_vpc.vpc",
            "module.network_oregon.aws_subnet.public_subnet_1",
            "module.network_oregon.aws_vpc.vpc",
            "module.network_singapore.aws_subnet.public_subnet_1",
            "module.network_singapore.aws_vpc.vpc",
            "module.network_tokyo.aws_subnet.public_subnet_1",
            "module.network_tokyo.aws_vpc.vpc",
            "module.network_virginia.aws_subnet.public_subnet_1",
            "module.network_virginia.aws_vpc.vpc",
            "module.security_frankfurt.aws_security_group.db_sg",
            "module.security_ireland.aws_security_group.db_sg",
            "module.security_oregon.aws_security_group.db_sg",
            "module.security_singapore.aws_security_group.db_sg",
            "module.security_tokyo.aws_security_group.db_sg",
            "module.security_virginia.aws_security_group.db_sg"
          ]
        }
      ]
    },
    {
      "module": "module.event_bridge",
      "mode": "managed",
      "type": "aws_cloudwatch_event_target",
      "name": "sns",
      "provider": "provider[\"registry.terraform.io/hashicorp/aws\"]",
      "instances": [
        {
          "schema_version": 1,
          "attributes": {
            "appsync_target": [],
            "arn": "arn:aws:sns:ap-northeast-1:058898200941:multi-region-spot-dev-spot-interruption-topic",
            "batch_target": [],
            "dead_letter_config": [],
            "ecs_target": [],
            "event_bus_name": "default",
            "force_destroy": false,
            "http_target": [],
            "id": "multi-region-spot-dev-daily-boot-spot-terraform-20260217144215744700000001",
            "input": "",
            "input_path": "",
            "input_transformer": [],
            "kinesis_target": [],
            "redshift_target": [],
            "region": "ap-northeast-1",
            "retry_policy": [],
            "role_arn": "",
            "rule": "multi-region-spot-dev-daily-boot-spot",
            "run_command_targets": [],
            "sagemaker_pipeline_target": [],
            "sqs_target": [],
            "target_id": "terraform-20260217144215744700000001"
          },
          "sensitive_attributes": [],
          "private": "eyJzY2hlbWFfdmVyc2lvbiI6IjEifQ==",
          "dependencies": [
            "module.event_bridge.aws_cloudwatch_event_rule.daily_boot_spot",
            "module.event_bridge.aws_sns_topic.topic"
          ]
        }
      ]
    },
    {
      "module": "module.event_bridge",
      "mode": "managed",
      "type": "aws_cloudwatch_event_target",
      "name": "sns_central",
      "provider": "provider[\"registry.terraform.io/hashicorp/aws\"]",
      "instances": [
        {
          "schema_version": 1,
          "attributes": {
            "appsync_target": [],
            "arn": "arn:aws:sns:ap-northeast-1:058898200941:multi-region-spot-dev-spot-interruption-topic",
            "batch_target": [],
            "dead_letter_config": [],
            "ecs_target": [],
            "event_bus_name": "central-spot-events",
            "force_destroy": false,
            "http_target": [],
            "id": "central-spot-events-spot-interruption-central-terraform-20260217144218563200000003",
            "input": "",
            "input_path": "",
            "input_transformer": [],
            "kinesis_target": [],
            "redshift_target": [],
            "region": "ap-northeast-1",
            "retry_policy": [],
            "role_arn": "",
            "rule": "spot-interruption-central",
            "run_command_targets": [],
            "sagemaker_pipeline_target": [],
            "sqs_target": [],
            "target_id": "terraform-20260217144218563200000003"
          },
          "sensitive_attributes": [],
          "private": "eyJzY2hlbWFfdmVyc2lvbiI6IjEifQ==",
          "dependencies": [
            "module.event_bridge.aws_cloudwatch_event_bus.central",
            "module.event_bridge.aws_cloudwatch_event_rule.central_rule",
            "module.event_bridge.aws_sns_topic.topic"
          ]
        }
      ]
    },
    {
      "module": "module.event_bridge",
      "mode": "managed",
      "type": "aws_cloudwatch_log_group",
      "name": "spot_log_group",
      "provider": "provider[\"registry.terraform.io/hashicorp/aws\"]",
      "instances": [
        {
          "schema_version": 0,
          "attributes": {
            "arn": "arn:aws:logs:ap-northeast-1:058898200941:log-group:/fis/logs/",
            "deletion_protection_enabled": false,
            "id": "/fis/logs/",
            "kms_key_id": "",
            "log_group_class": "STANDARD",
            "name": "/fis/logs/",
            "name_prefix": "",
            "region": "ap-northeast-1",
            "retention_in_days": 1,
            "skip_destroy": false,
            "tags": null,
            "tags_all": {}
          },
          "sensitive_attributes": [],
          "private": "bnVsbA=="
        }
      ]
    },
    {
      "module": "module.event_bridge",
      "mode": "managed",
      "type": "aws_iam_role",
      "name": "eventbridge_putevents_local",
      "provider": "provider[\"registry.terraform.io/hashicorp/aws\"]",
      "instances": [
        {
          "schema_version": 0,
          "attributes": {
            "arn": "arn:aws:iam::058898200941:role/dev-multi-region-spot-eventbridge-putevents-central",
            "assume_role_policy": "{\"Statement\":[{\"Action\":\"sts:AssumeRole\",\"Effect\":\"Allow\",\"Principal\":{\"Service\":\"events.amazonaws.com\"}}],\"Version\":\"2012-10-17\"}",
            "create_date": "2026-02-17T14:42:13Z",
            "description": "",
            "force_detach_policies": false,
            "id": "dev-multi-region-spot-eventbridge-putevents-central",
            "inline_policy": [],
            "managed_policy_arns": [],
            "max_session_duration": 3600,
            "name": "dev-multi-region-spot-eventbridge-putevents-central",
            "name_prefix": "",
            "path": "/",
            "permissions_boundary": "",
            "tags": null,
            "tags_all": {},
            "unique_id": "AROAQ3NU3HFWV3WJOCWPW"
          },
          "sensitive_attributes": [],
          "private": "bnVsbA=="
        }
      ]
    },
    {
      "module": "module.event_bridge",
      "mode": "managed",
      "type": "aws_iam_role",
      "name": "fis_role",
      "provider": "provider[\"registry.terraform.io/hashicorp/aws\"]",
      "instances": [
        {
          "schema_version": 0,
          "attributes": {
            "arn": "arn:aws:iam::058898200941:role/multi-region-spot-dev-fis-role",
            "assume_role_policy": "{\"Statement\":[{\"Action\":\"sts:AssumeRole\",\"Effect\":\"Allow\",\"Principal\":{\"Service\":\"fis.amazonaws.com\"}}],\"Version\":\"2012-10-17\"}",
            "create_date": "2026-02-17T14:42:13Z",
            "description": "",
            "force_detach_policies": false,
            "id": "multi-region-spot-dev-fis-role",
            "inline_policy": [],
            "managed_policy_arns": [],
            "max_session_duration": 3600,
            "name": "multi-region-spot-dev-fis-role",
            "name_prefix": "",
            "path": "/",
            "permissions_boundary": "",
            "tags": null,
            "tags_all": {},
            "unique_id": "AROAQ3NU3HFWVPHW2W2ZA"
          },
          "sensitive_attributes": [],
          "private": "bnVsbA=="
        }
      ]
    },
    {
      "module": "module.event_bridge",
      "mode": "managed",
      "type": "aws_iam_role",
      "name": "lambda_role",
      "provider": "provider[\"registry.terraform.io/hashicorp/aws\"]",
      "instances": [
        {
          "schema_version": 0,
          "attributes": {
            "arn": "arn:aws:iam::058898200941:role/multi-region-spot-dev-lambda-role",
            "assume_role_policy": "{\"Statement\":[{\"Action\":\"sts:AssumeRole\",\"Effect\":\"Allow\",\"Principal\":{\"Service\":\"lambda.amazonaws.com\"}}],\"Version\":\"2012-10-17\"}",
            "create_date": "2026-02-17T14:42:13Z",
            "description": "",
            "force_detach_policies": false,
            "id": "multi-region-spot-dev-lambda-role",
            "inline_policy": [],
            "managed_policy_arns": [],
            "max_session_duration": 3600,
            "name": "multi-region-spot-dev-lambda-role",
            "name_prefix": "",
            "path": "/",
            "permissions_boundary": "",
            "tags": null,
            "tags_all": {},
            "unique_id": "AROAQ3NU3HFW7AFJ6A5RJ"
          },
          "sensitive_attributes": [],
          "private": "bnVsbA=="
        }
      ]
    },
    {
      "module": "module.event_bridge",
      "mode": "managed",
      "type": "aws_iam_role_policy",
      "name": "lambda_policy",
      "provider": "provider[\"registry.terraform.io/hashicorp/aws\"]",
      "instances": [
        {
          "schema_version": 0,
          "attributes": {
            "id": "multi-region-spot-dev-lambda-role:multi-region-spot-dev-lambda-policy",
            "name": "multi-region-spot-dev-lambda-policy",
            "name_prefix": "",
            "policy": "{\"Version\":\"2012-10-17\",\"Statement\":[{\"Action\":[\"ec2:RunInstances\",\"ec2:CreateTags\",\"ec2:DescribeInstances\",\"ec2:DetachVolume\",\"ec2:AttachVolume\",\"ec2:StartInstances\",\"ec2:StopInstances\",\"ec2:DescribeVolumes\",\"ec2:DescribeVolumeStatus\",\"ec2:DescribeImages\",\"ec2:DescribeSubnets\",\"ec2:DescribeSecurityGroups\",\"ec2:CopyImage\",\"ec2:RegisterImage\",\"ec2:GetSpotPlacementScores\",\"logs:CreateLogGroup\",\"logs:CreateLogStream\",\"logs:PutLogEvents\",\"logs:DescribeLogStreams\",\"ssm:GetParameter\",\"s3:GetObject\",\"iam:PassRole\",\"s3:PutObject\",\"s3:PutObjectAcl\",\"cloudwatch:PutMetricData\",\"fis:StartExperiment\"],\"Effect\":\"Allow\",\"Resource\":\"*\"},{\"Action\":[\"logs:CreateLogGroup\",\"logs:CreateLogStream\",\"logs:PutLogEvents\"],\"Effect\":\"Allow\",\"Resource\":\"*\"},{\"Action\":[\"s3:GetObject\"],\"Effect\":\"Allow\",\"Resource\":\"*\"},{\"Action\":[\"ssm:GetParameter\",\"ssm:GetParameters\",\"ssm:DescribeParameters\",\"kms:Decrypt\"],\"Effect\":\"Allow\",\"Resource\":\"*\"}]}",
            "role": "multi-region-spot-dev-lambda-role"
          },
          "sensitive_attributes": [],
          "private": "bnVsbA==",
          "dependencies": [
            "module.event_bridge.aws_iam_role.lambda_role"
          ]
        }
      ]
    },
    {
      "module": "module.event_bridge",
      "mode": "managed",
      "type": "aws_iam_role_policy",
      "name": "putevents_policy",
      "provider": "provider[\"registry.terraform.io/hashicorp/aws\"]",
      "instances": [
        {
          "schema_version": 0,
          "attributes": {
            "id": "dev-multi-region-spot-eventbridge-putevents-central:terraform-20260217144218558200000002",
            "name": "terraform-20260217144218558200000002",
            "name_prefix": "terraform-",
            "policy": "{\"Version\":\"2012-10-17\",\"Statement\":[{\"Action\":\"events:PutEvents\",\"Effect\":\"Allow\",\"Resource\":\"arn:aws:events:ap-northeast-1:058898200941:event-bus/central-spot-events\"}]}",
            "role": "dev-multi-region-spot-eventbridge-putevents-central"
          },
          "sensitive_attributes": [],
          "private": "bnVsbA==",
          "dependencies": [
            "module.event_bridge.aws_cloudwatch_event_bus.central",
            "module.event_bridge.aws_iam_role.eventbridge_putevents_local"
          ]
        }
      ]
    },
    {
      "module": "module.event_bridge",
      "mode": "managed",
      "type": "aws_iam_role_policy_attachment",
      "name": "FIS-Logs-policy-attachment",
      "provider": "provider[\"registry.terraform.io/hashicorp/aws\"]",
      "instances": [
        {
          "schema_version": 0,
          "attributes": {
            "id": "multi-region-spot-dev-fis-role/arn:aws:iam::aws:policy/CloudWatchLogsFullAccess",
            "policy_arn": "arn:aws:iam::aws:policy/CloudWatchLogsFullAccess",
            "role": "multi-region-spot-dev-fis-role"
          },
          "sensitive_attributes": [],
          "private": "bnVsbA==",
          "dependencies": [
            "module.event_bridge.aws_iam_role.fis_role"
          ]
        }
      ]
    },
    {
      "module": "module.event_bridge",
      "mode": "managed",
      "type": "aws_iam_role_policy_attachment",
      "name": "FIS-policy-attachment",
      "provider": "provider[\"registry.terraform.io/hashicorp/aws\"]",
      "instances": [
        {
          "schema_version": 0,
          "attributes": {
            "id": "multi-region-spot-dev-fis-role/arn:aws:iam::aws:policy/service-role/AWSFaultInjectionSimulatorEC2Access",
            "policy_arn": "arn:aws:iam::aws:policy/service-role/AWSFaultInjectionSimulatorEC2Access",
            "role": "multi-region-spot-dev-fis-role"
          },
          "sensitive_attributes": [],
          "private": "bnVsbA==",
          "dependencies": [
            "module.event_bridge.aws_iam_role.fis_role"
          ]
        }
      ]
    },
    {
      "module": "module.event_bridge",
      "mode": "managed",
      "type": "aws_lambda_function",
      "name": "boot_spot",
      "provider": "provider[\"registry.terraform.io/hashicorp/aws\"]",
      "instances": [
        {
          "schema_version": 0,
          "attributes": {
            "architectures": [
              "x86_64"
            ],
            "arn": "arn:aws:lambda:ap-northeast-1:058898200941:function:multi-region-spot-dev-boot-spot",
            "capacity_provider_config": [],
            "code_sha256": "0Qkkzw3a6VRKa55aAYAIgNBqg6JOXfBvRBN0UukvIYM=",
            "code_signing_config_arn": "",
            "dead_letter_config": [],
            "description": "",
            "durable_config": [],
            "environment": [
              {
                "variables": {
                  "KEYNAME_MAP": "{\"ap-northeast-1\":\"multi-region-spot-dev-keypair\",\"ap-southeast-1\":\"multi-region-spot-dev-keypair\",\"eu-central-1\":\"multi-region-spot-dev-keypair\",\"eu-west-1\":\"multi-region-spot-dev-keypair\",\"us-east-1\":\"multi-region-spot-dev-keypair\",\"us-west-2\":\"multi-region-spot-dev-keypair\"}",
                  "NETWORK_MAP": "{\"ap-northeast-1\":{\"subnet_id\":\"subnet-003bb77a7c58c6b20\",\"vpc_id\":\"vpc-08e60d235b562628b\"},\"ap-southeast-1\":{\"subnet_id\":\"subnet-0457013243501924b\",\"vpc_id\":\"vpc-0c9b35a938db9c97b\"},\"eu-central-1\":{\"subnet_id\":\"subnet-0914732cf12e14114\",\"vpc_id\":\"vpc-07eed7bfda9a3625f\"},\"eu-west-1\":{\"subnet_id\":\"subnet-02122fc0e78569300\",\"vpc_id\":\"vpc-0eca811af4bddcddb\"},\"us-east-1\":{\"subnet_id\":\"subnet-03f6dbb39645dadc2\",\"vpc_id\":\"vpc-056bc1a570ff256fe\"},\"us-west-2\":{\"subnet_id\":\"subnet-004c94a5d45787e5d\",\"vpc_id\":\"vpc-02bf82a70df5623e7\"}}",
                  "S3_DATA_PATH": "s3://dev-multi-region-spot-data-source/data_source/employee_data.csv",
                  "SECURITY_GROUP_MAP": "{\"ap-northeast-1\":\"sg-09bb3fa40a726b5cd\",\"ap-southeast-1\":\"sg-049ded8cd1817ab66\",\"eu-central-1\":\"sg-03af9ac3d83889196\",\"eu-west-1\":\"sg-05f26fe55f9394ba7\",\"us-east-1\":\"sg-024488b6581819307\",\"us-west-2\":\"sg-0437f25781eb96f86\"}",
                  "SUBNETID": "subnet-003bb77a7c58c6b20"
                }
              }
            ],
            "ephemeral_storage": [
              {
                "size": 512
              }
            ],
            "file_system_config": [],
            "filename": null,
            "function_name": "multi-region-spot-dev-boot-spot",
            "handler": "boot_spot.lambda_handler",
            "id": "multi-region-spot-dev-boot-spot",
            "image_config": [],
            "image_uri": "",
            "invoke_arn": "arn:aws:apigateway:ap-northeast-1:lambda:path/2015-03-31/functions/arn:aws:lambda:ap-northeast-1:058898200941:function:multi-region-spot-dev-boot-spot/invocations",
            "kms_key_arn": "",
            "last_modified": "2026-02-17T14:42:50.334+0000",
            "layers": [
              "arn:aws:lambda:ap-northeast-1:058898200941:layer:paramiko-layer:5"
            ],
            "logging_config": [
              {
                "application_log_level": "",
                "log_format": "Text",
                "log_group": "/aws/lambda/multi-region-spot-dev-boot-spot",
                "system_log_level": ""
              }
            ],
            "memory_size": 128,
            "package_type": "Zip",
            "publish": false,
            "publish_to": null,
            "qualified_arn": "arn:aws:lambda:ap-northeast-1:058898200941:function:multi-region-spot-dev-boot-spot:$LATEST",
            "qualified_invoke_arn": "arn:aws:apigateway:ap-northeast-1:lambda:path/2015-03-31/functions/arn:aws:lambda:ap-northeast-1:058898200941:function:multi-region-spot-dev-boot-spot:$LATEST/invocations",
            "region": "ap-northeast-1",
            "replace_security_groups_on_destroy": null,
            "replacement_security_group_ids": null,
            "reserved_concurrent_executions": -1,
            "role": "arn:aws:iam::058898200941:role/multi-region-spot-dev-lambda-role",
            "runtime": "python3.9",
            "s3_bucket": "dev-multi-region-spot-lambda-source",
            "s3_key": "lambda_source/boot_spot.zip",
            "s3_object_version": null,
            "signing_job_arn": "",
            "signing_profile_version_arn": "",
            "skip_destroy": false,
            "snap_start": [],
            "source_code_hash": "",
            "source_code_size": 6295,
            "source_kms_key_arn": "",
            "tags": {
              "Env": "dev",
              "Name": "multi-region-spot-dev-lambda",
              "Project": "multi-region-spot"
            },
            "tags_all": {
              "Env": "dev",
              "Name": "multi-region-spot-dev-lambda",
              "Project": "multi-region-spot"
            },
            "tenancy_config": [],
            "timeout": 900,
            "timeouts": null,
            "tracing_config": [
              {
                "mode": "PassThrough"
              }
            ],
            "version": "$LATEST",
            "vpc_config": []
          },
          "sensitive_attributes": [],
          "private": "eyJlMmJmYjczMC1lY2FhLTExZTYtOGY4OC0zNDM2M2JjN2M0YzAiOnsiY3JlYXRlIjo2MDAwMDAwMDAwMDAsImRlbGV0ZSI6NjAwMDAwMDAwMDAwLCJ1cGRhdGUiOjYwMDAwMDAwMDAwMH19",
          "dependencies": [
            "aws_key_pair.frankfurt",
            "aws_key_pair.ireland",
            "aws_key_pair.oregon",
            "aws_key_pair.singapore",
            "aws_key_pair.tokyo",
            "aws_key_pair.virginia",
            "module.event_bridge.aws_iam_role.lambda_role",
            "module.network_frankfurt.aws_subnet.public_subnet_1",
            "module.network_frankfurt.aws_vpc.vpc",
            "module.network_ireland.aws_subnet.public_subnet_1",
            "module.network_ireland.aws_vpc.vpc",
            "module.network_oregon.aws_subnet.public_subnet_1",
            "module.network_oregon.aws_vpc.vpc",
            "module.network_singapore.aws_subnet.public_subnet_1",
            "module.network_singapore.aws_vpc.vpc",
            "module.network_tokyo.aws_subnet.public_subnet_1",
            "module.network_tokyo.aws_vpc.vpc",
            "module.network_virginia.aws_subnet.public_subnet_1",
            "module.network_virginia.aws_vpc.vpc",
            "module.security_frankfurt.aws_security_group.db_sg",
            "module.security_ireland.aws_security_group.db_sg",
            "module.security_oregon.aws_security_group.db_sg",
            "module.security_singapore.aws_security_group.db_sg",
            "module.security_tokyo.aws_security_group.db_sg",
            "module.security_virginia.aws_security_group.db_sg"
          ]
        }
      ]
    },
    {
      "module": "module.event_bridge",
      "mode": "managed",
      "type": "aws_lambda_permission",
      "name": "allow_eventbridge_central",
      "provider": "provider[\"registry.terraform.io/hashicorp/aws\"]",
      "instances": [
        {
          "schema_version": 0,
          "attributes": {
            "action": "lambda:InvokeFunction",
            "event_source_token": null,
            "function_name": "multi-region-spot-dev-boot-spot",
            "function_url_auth_type": null,
            "id": "AllowCentralEventBus",
            "principal": "events.amazonaws.com",
            "principal_org_id": null,
            "qualifier": "",
            "region": "ap-northeast-1",
            "source_account": null,
            "source_arn": "arn:aws:events:ap-northeast-1:058898200941:rule/central-spot-events/spot-interruption-central",
            "statement_id": "AllowCentralEventBus",
            "statement_id_prefix": ""
          },
          "sensitive_attributes": [],
          "private": "bnVsbA==",
          "dependencies": [
            "aws_key_pair.frankfurt",
            "aws_key_pair.ireland",
            "aws_key_pair.oregon",
            "aws_key_pair.singapore",
            "aws_key_pair.tokyo",
            "aws_key_pair.virginia",
            "module.event_bridge.aws_cloudwatch_event_bus.central",
            "module.event_bridge.aws_cloudwatch_event_rule.central_rule",
            "module.event_bridge.aws_iam_role.lambda_role",
            "module.event_bridge.aws_lambda_function.boot_spot",
            "module.network_frankfurt.aws_subnet.public_subnet_1",
            "module.network_frankfurt.aws_vpc.vpc",
            "module.network_ireland.aws_subnet.public_subnet_1",
            "module.network_ireland.aws_vpc.vpc",
            "module.network_oregon.aws_subnet.public_subnet_1",
            "module.network_oregon.aws_vpc.vpc",
            "module.network_singapore.aws_subnet.public_subnet_1",
            "module.network_singapore.aws_vpc.vpc",
            "module.network_tokyo.aws_subnet.public_subnet_1",
            "module.network_tokyo.aws_vpc.vpc",
            "module.network_virginia.aws_subnet.public_subnet_1",
            "module.network_virginia.aws_vpc.vpc",
            "module.security_frankfurt.aws_security_group.db_sg",
            "module.security_ireland.aws_security_group.db_sg",
            "module.security_oregon.aws_security_group.db_sg",
            "module.security_singapore.aws_security_group.db_sg",
            "module.security_tokyo.aws_security_group.db_sg",
            "module.security_virginia.aws_security_group.db_sg"
          ]
        }
      ]
    },
    {
      "module": "module.event_bridge",
      "mode": "managed",
      "type": "aws_lambda_permission",
      "name": "allow_eventbridge_daily",
      "provider": "provider[\"registry.terraform.io/hashicorp/aws\"]",
      "instances": [
        {
          "schema_version": 0,
          "attributes": {
            "action": "lambda:InvokeFunction",
            "event_source_token": null,
            "function_name": "multi-region-spot-dev-boot-spot",
            "function_url_auth_type": null,
            "id": "AllowExecutionFromEventBridgeDaily",
            "principal": "events.amazonaws.com",
            "principal_org_id": null,
            "qualifier": "",
            "region": "ap-northeast-1",
            "source_account": null,
            "source_arn": "arn:aws:events:ap-northeast-1:058898200941:rule/multi-region-spot-dev-daily-boot-spot",
            "statement_id": "AllowExecutionFromEventBridgeDaily",
            "statement_id_prefix": ""
          },
          "sensitive_attributes": [],
          "private": "bnVsbA==",
          "dependencies": [
            "aws_key_pair.frankfurt",
            "aws_key_pair.ireland",
            "aws_key_pair.oregon",
            "aws_key_pair.singapore",
            "aws_key_pair.tokyo",
            "aws_key_pair.virginia",
            "module.event_bridge.aws_cloudwatch_event_rule.daily_boot_spot",
            "module.event_bridge.aws_iam_role.lambda_role",
            "module.event_bridge.aws_lambda_function.boot_spot",
            "module.network_frankfurt.aws_subnet.public_subnet_1",
            "module.network_frankfurt.aws_vpc.vpc",
            "module.network_ireland.aws_subnet.public_subnet_1",
            "module.network_ireland.aws_vpc.vpc",
            "module.network_oregon.aws_subnet.public_subnet_1",
            "module.network_oregon.aws_vpc.vpc",
            "module.network_singapore.aws_subnet.public_subnet_1",
            "module.network_singapore.aws_vpc.vpc",
            "module.network_tokyo.aws_subnet.public_subnet_1",
            "module.network_tokyo.aws_vpc.vpc",
            "module.network_virginia.aws_subnet.public_subnet_1",
            "module.network_virginia.aws_vpc.vpc",
            "module.security_frankfurt.aws_security_group.db_sg",
            "module.security_ireland.aws_security_group.db_sg",
            "module.security_oregon.aws_security_group.db_sg",
            "module.security_singapore.aws_security_group.db_sg",
            "module.security_tokyo.aws_security_group.db_sg",
            "module.security_virginia.aws_security_group.db_sg"
          ]
        }
      ]
    },
    {
      "module": "module.event_bridge",
      "mode": "managed",
      "type": "aws_sns_topic",
      "name": "topic",
      "provider": "provider[\"registry.terraform.io/hashicorp/aws\"]",
      "instances": [
        {
          "schema_version": 0,
          "attributes": {
            "application_failure_feedback_role_arn": "",
            "application_success_feedback_role_arn": "",
            "application_success_feedback_sample_rate": 0,
            "archive_policy": "",
            "arn": "arn:aws:sns:ap-northeast-1:058898200941:multi-region-spot-dev-spot-interruption-topic",
            "beginning_archive_time": "",
            "content_based_deduplication": false,
            "delivery_policy": "",
            "display_name": "",
            "fifo_throughput_scope": "",
            "fifo_topic": false,
            "firehose_failure_feedback_role_arn": "",
            "firehose_success_feedback_role_arn": "",
            "firehose_success_feedback_sample_rate": 0,
            "http_failure_feedback_role_arn": "",
            "http_success_feedback_role_arn": "",
            "http_success_feedback_sample_rate": 0,
            "id": "arn:aws:sns:ap-northeast-1:058898200941:multi-region-spot-dev-spot-interruption-topic",
            "kms_master_key_id": "",
            "lambda_failure_feedback_role_arn": "",
            "lambda_success_feedback_role_arn": "",
            "lambda_success_feedback_sample_rate": 0,
            "name": "multi-region-spot-dev-spot-interruption-topic",
            "name_prefix": "",
            "owner": "058898200941",
            "policy": "{\"Id\":\"__default_policy_ID\",\"Statement\":[{\"Action\":[\"SNS:GetTopicAttributes\",\"SNS:SetTopicAttributes\",\"SNS:AddPermission\",\"SNS:RemovePermission\",\"SNS:DeleteTopic\",\"SNS:Subscribe\",\"SNS:ListSubscriptionsByTopic\",\"SNS:Publish\"],\"Condition\":{\"StringEquals\":{\"AWS:SourceOwner\":\"058898200941\"}},\"Effect\":\"Allow\",\"Principal\":{\"AWS\":\"*\"},\"Resource\":\"arn:aws:sns:ap-northeast-1:058898200941:multi-region-spot-dev-spot-interruption-topic\",\"Sid\":\"__default_statement_ID\"}],\"Version\":\"2008-10-17\"}",
            "region": "ap-northeast-1",
            "signature_version": 0,
            "sqs_failure_feedback_role_arn": "",
            "sqs_success_feedback_role_arn": "",
            "sqs_success_feedback_sample_rate": 0,
            "tags": null,
            "tags_all": {},
            "tracing_config": ""
          },
          "sensitive_attributes": [],
          "private": "bnVsbA=="
        }
      ]
    },
    {
      "module": "module.event_bridge",
      "mode": "managed",
      "type": "aws_sns_topic_policy",
      "name": "policy",
      "provider": "provider[\"registry.terraform.io/hashicorp/aws\"]",
      "instances": [
        {
          "schema_version": 0,
          "attributes": {
            "arn": "arn:aws:sns:ap-northeast-1:058898200941:multi-region-spot-dev-spot-interruption-topic",
            "id": "arn:aws:sns:ap-northeast-1:058898200941:multi-region-spot-dev-spot-interruption-topic",
            "owner": "058898200941",
            "policy": "{\"Statement\":[{\"Action\":\"SNS:Publish\",\"Effect\":\"Allow\",\"Principal\":{\"Service\":\"events.amazonaws.com\"},\"Resource\":\"arn:aws:sns:ap-northeast-1:058898200941:multi-region-spot-dev-spot-interruption-topic\"}],\"Version\":\"2012-10-17\"}",
            "region": "ap-northeast-1"
          },
          "sensitive_attributes": [],
          "private": "bnVsbA==",
          "dependencies": [
            "module.event_bridge.aws_sns_topic.topic",
            "module.event_bridge.data.aws_iam_policy_document.sns_topic_policy"
          ]
        }
      ]
    },
    {
      "module": "module.event_bridge",
      "mode": "managed",
      "type": "aws_sns_topic_subscription",
      "name": "topic_subscription",
      "provider": "provider[\"registry.terraform.io/hashicorp/aws\"]",
      "instances": [
        {
          "schema_version": 0,
          "attributes": {
            "arn": "arn:aws:sns:ap-northeast-1:058898200941:multi-region-spot-dev-spot-interruption-topic:22e02362-8182-4fa2-a8d7-61e2764415d8",
            "confirmation_timeout_in_minutes": 5,
            "confirmation_was_authenticated": false,
            "delivery_policy": "",
            "endpoint": "cguh1095@mail4.doshisha.ac.jp",
            "endpoint_auto_confirms": false,
            "filter_policy": "",
            "filter_policy_scope": "",
            "id": "arn:aws:sns:ap-northeast-1:058898200941:multi-region-spot-dev-spot-interruption-topic:22e02362-8182-4fa2-a8d7-61e2764415d8",
            "owner_id": "058898200941",
            "pending_confirmation": true,
            "protocol": "email",
            "raw_message_delivery": false,
            "redrive_policy": "",
            "region": "ap-northeast-1",
            "replay_policy": "",
            "subscription_role_arn": "",
            "topic_arn": "arn:aws:sns:ap-northeast-1:058898200941:multi-region-spot-dev-spot-interruption-topic"
          },
          "sensitive_attributes": [],
          "private": "bnVsbA==",
          "dependencies": [
            "module.event_bridge.aws_sns_topic.topic"
          ]
        }
      ]
    },
    {
      "module": "module.event_bridge_frankfurt",
      "mode": "managed",
      "type": "aws_cloudwatch_event_rule",
      "name": "spot_local",
      "provider": "provider[\"registry.terraform.io/hashicorp/aws\"].euc1",
      "instances": [
        {
          "schema_version": 1,
          "attributes": {
            "arn": "arn:aws:events:eu-central-1:058898200941:rule/spot-interruption-local",
            "description": "",
            "event_bus_name": "default",
            "event_pattern": "{\"detail-type\":[\"EC2 Spot Instance Interruption Warning\"],\"source\":[\"aws.ec2\"]}",
            "force_destroy": false,
            "id": "spot-interruption-local",
            "is_enabled": true,
            "name": "spot-interruption-local",
            "name_prefix": "",
            "region": "eu-central-1",
            "role_arn": "",
            "schedule_expression": "",
            "state": "ENABLED",
            "tags": null,
            "tags_all": {}
          },
          "sensitive_attributes": [],
          "private": "eyJzY2hlbWFfdmVyc2lvbiI6IjEifQ=="
        }
      ]
    },
    {
      "module": "module.event_bridge_frankfurt",
      "mode": "managed",
      "type": "aws_cloudwatch_event_target",
      "name": "to_central_bus",
      "provider": "provider[\"registry.terraform.io/hashicorp/aws\"].euc1",
      "instances": [
        {
          "schema_version": 1,
          "attributes": {
            "appsync_target": [],
            "arn": "arn:aws:events:ap-northeast-1:058898200941:event-bus/central-spot-events",
            "batch_target": [],
            "dead_letter_config": [],
            "ecs_target": [],
            "event_bus_name": "default",
            "force_destroy": false,
            "http_target": [],
            "id": "spot-interruption-local-terraform-20260217144219506900000001",
            "input": "",
            "input_path": "",
            "input_transformer": [],
            "kinesis_target": [],
            "redshift_target": [],
            "region": "eu-central-1",
            "retry_policy": [],
            "role_arn": "arn:aws:iam::058898200941:role/dev-multi-region-spot-eventbridge-putevents-central",
            "rule": "spot-interruption-local",
            "run_command_targets": [],
            "sagemaker_pipeline_target": [],
            "sqs_target": [],
            "target_id": "terraform-20260217144219506900000001"
          },
          "sensitive_attributes": [],
          "private": "eyJzY2hlbWFfdmVyc2lvbiI6IjEifQ==",
          "dependencies": [
            "module.event_bridge.aws_iam_role.eventbridge_putevents_local",
            "module.event_bridge_frankfurt.aws_cloudwatch_event_rule.spot_local"
          ]
        }
      ]
    },
    {
      "module": "module.event_bridge_ireland",
      "mode": "managed",
      "type": "aws_cloudwatch_event_rule",
      "name": "spot_local",
      "provider": "provider[\"registry.terraform.io/hashicorp/aws\"].euw1",
      "instances": [
        {
          "schema_version": 1,
          "attributes": {
            "arn": "arn:aws:events:eu-west-1:058898200941:rule/spot-interruption-local",
            "description": "",
            "event_bus_name": "default",
            "event_pattern": "{\"detail-type\":[\"EC2 Spot Instance Interruption Warning\"],\"source\":[\"aws.ec2\"]}",
            "force_destroy": false,
            "id": "spot-interruption-local",
            "is_enabled": true,
            "name": "spot-interruption-local",
            "name_prefix": "",
            "region": "eu-west-1",
            "role_arn": "",
            "schedule_expression": "",
            "state": "ENABLED",
            "tags": null,
            "tags_all": {}
          },
          "sensitive_attributes": [],
          "private": "eyJzY2hlbWFfdmVyc2lvbiI6IjEifQ=="
        }
      ]
    },
    {
      "module": "module.event_bridge_ireland",
      "mode": "managed",
      "type": "aws_cloudwatch_event_target",
      "name": "to_central_bus",
      "provider": "provider[\"registry.terraform.io/hashicorp/aws\"].euw1",
      "instances": [
        {
          "schema_version": 1,
          "attributes": {
            "appsync_target": [],
            "arn": "arn:aws:events:ap-northeast-1:058898200941:event-bus/central-spot-events",
            "batch_target": [],
            "dead_letter_config": [],
            "ecs_target": [],
            "event_bus_name": "default",
            "force_destroy": false,
            "http_target": [],
            "id": "spot-interruption-local-terraform-20260217144219280300000001",
            "input": "",
            "input_path": "",
            "input_transformer": [],
            "kinesis_target": [],
            "redshift_target": [],
            "region": "eu-west-1",
            "retry_policy": [],
            "role_arn": "arn:aws:iam::058898200941:role/dev-multi-region-spot-eventbridge-putevents-central",
            "rule": "spot-interruption-local",
            "run_command_targets": [],
            "sagemaker_pipeline_target": [],
            "sqs_target": [],
            "target_id": "terraform-20260217144219280300000001"
          },
          "sensitive_attributes": [],
          "private": "eyJzY2hlbWFfdmVyc2lvbiI6IjEifQ==",
          "dependencies": [
            "module.event_bridge.aws_iam_role.eventbridge_putevents_local",
            "module.event_bridge_ireland.aws_cloudwatch_event_rule.spot_local"
          ]
        }
      ]
    },
    {
      "module": "module.event_bridge_oregon",
      "mode": "managed",
      "type": "aws_cloudwatch_event_rule",
      "name": "spot_local",
      "provider": "provider[\"registry.terraform.io/hashicorp/aws\"].usw2",
      "instances": [
        {
          "schema_version": 1,
          "attributes": {
            "arn": "arn:aws:events:us-west-2:058898200941:rule/spot-interruption-local",
            "description": "",
            "event_bus_name": "default",
            "event_pattern": "{\"detail-type\":[\"EC2 Spot Instance Interruption Warning\"],\"source\":[\"aws.ec2\"]}",
            "force_destroy": false,
            "id": "spot-interruption-local",
            "is_enabled": true,
            "name": "spot-interruption-local",
            "name_prefix": "",
            "region": "us-west-2",
            "role_arn": "",
            "schedule_expression": "",
            "state": "ENABLED",
            "tags": null,
            "tags_all": {}
          },
          "sensitive_attributes": [],
          "private": "eyJzY2hlbWFfdmVyc2lvbiI6IjEifQ=="
        }
      ]
    },
    {
      "module": "module.event_bridge_oregon",
      "mode": "managed",
      "type": "aws_cloudwatch_event_target",
      "name": "to_central_bus",
      "provider": "provider[\"registry.terraform.io/hashicorp/aws\"].usw2",
      "instances": [
        {
          "schema_version": 1,
          "attributes": {
            "appsync_target": [],
            "arn": "arn:aws:events:ap-northeast-1:058898200941:event-bus/central-spot-events",
            "batch_target": [],
            "dead_letter_config": [],
            "ecs_target": [],
            "event_bus_name": "default",
            "force_destroy": false,
            "http_target": [],
            "id": "spot-interruption-local-terraform-20260217144219376900000001",
            "input": "",
            "input_path": "",
            "input_transformer": [],
            "kinesis_target": [],
            "redshift_target": [],
            "region": "us-west-2",
            "retry_policy": [],
            "role_arn": "arn:aws:iam::058898200941:role/dev-multi-region-spot-eventbridge-putevents-central",
            "rule": "spot-interruption-local",
            "run_command_targets": [],
            "sagemaker_pipeline_target": [],
            "sqs_target": [],
            "target_id": "terraform-20260217144219376900000001"
          },
          "sensitive_attributes": [],
          "private": "eyJzY2hlbWFfdmVyc2lvbiI6IjEifQ==",
          "dependencies": [
            "module.event_bridge.aws_iam_role.eventbridge_putevents_local",
            "module.event_bridge_oregon.aws_cloudwatch_event_rule.spot_local"
          ]
        }
      ]
    },
    {
      "module": "module.event_bridge_singapore",
      "mode": "managed",
      "type": "aws_cloudwatch_event_rule",
      "name": "spot_local",
      "provider": "provider[\"registry.terraform.io/hashicorp/aws\"].apse1",
      "instances": [
        {
          "schema_version": 1,
          "attributes": {
            "arn": "arn:aws:events:ap-southeast-1:058898200941:rule/spot-interruption-local",
            "description": "",
            "event_bus_name": "default",
            "event_pattern": "{\"detail-type\":[\"EC2 Spot Instance Interruption Warning\"],\"source\":[\"aws.ec2\"]}",
            "force_destroy": false,
            "id": "spot-interruption-local",
            "is_enabled": true,
            "name": "spot-interruption-local",
            "name_prefix": "",
            "region": "ap-southeast-1",
            "role_arn": "",
            "schedule_expression": "",
            "state": "ENABLED",
            "tags": null,
            "tags_all": {}
          },
          "sensitive_attributes": [],
          "private": "eyJzY2hlbWFfdmVyc2lvbiI6IjEifQ=="
        }
      ]
    },
    {
      "module": "module.event_bridge_singapore",
      "mode": "managed",
      "type": "aws_cloudwatch_event_target",
      "name": "to_central_bus",
      "provider": "provider[\"registry.terraform.io/hashicorp/aws\"].apse1",
      "instances": [
        {
          "schema_version": 1,
          "attributes": {
            "appsync_target": [],
            "arn": "arn:aws:events:ap-northeast-1:058898200941:event-bus/central-spot-events",
            "batch_target": [],
            "dead_letter_config": [],
            "ecs_target": [],
            "event_bus_name": "default",
            "force_destroy": false,
            "http_target": [],
            "id": "spot-interruption-local-terraform-20260217144219262600000001",
            "input": "",
            "input_path": "",
            "input_transformer": [],
            "kinesis_target": [],
            "redshift_target": [],
            "region": "ap-southeast-1",
            "retry_policy": [],
            "role_arn": "arn:aws:iam::058898200941:role/dev-multi-region-spot-eventbridge-putevents-central",
            "rule": "spot-interruption-local",
            "run_command_targets": [],
            "sagemaker_pipeline_target": [],
            "sqs_target": [],
            "target_id": "terraform-20260217144219262600000001"
          },
          "sensitive_attributes": [],
          "private": "eyJzY2hlbWFfdmVyc2lvbiI6IjEifQ==",
          "dependencies": [
            "module.event_bridge.aws_iam_role.eventbridge_putevents_local",
            "module.event_bridge_singapore.aws_cloudwatch_event_rule.spot_local"
          ]
        }
      ]
    },
    {
      "module": "module.event_bridge_tokyo",
      "mode": "managed",
      "type": "aws_cloudwatch_event_rule",
      "name": "spot_local",
      "provider": "provider[\"registry.terraform.io/hashicorp/aws\"]",
      "instances": [
        {
          "schema_version": 1,
          "attributes": {
            "arn": "arn:aws:events:ap-northeast-1:058898200941:rule/spot-interruption-local",
            "description": "",
            "event_bus_name": "default",
            "event_pattern": "{\"detail-type\":[\"EC2 Spot Instance Interruption Warning\"],\"source\":[\"aws.ec2\"]}",
            "force_destroy": false,
            "id": "spot-interruption-local",
            "is_enabled": true,
            "name": "spot-interruption-local",
            "name_prefix": "",
            "region": "ap-northeast-1",
            "role_arn": "",
            "schedule_expression": "",
            "state": "ENABLED",
            "tags": null,
            "tags_all": {}
          },
          "sensitive_attributes": [],
          "private": "eyJzY2hlbWFfdmVyc2lvbiI6IjEifQ=="
        }
      ]
    },
    {
      "module": "module.event_bridge_tokyo",
      "mode": "managed",
      "type": "aws_cloudwatch_event_target",
      "name": "to_central_bus",
      "provider": "provider[\"registry.terraform.io/hashicorp/aws\"]",
      "instances": [
        {
          "schema_version": 1,
          "attributes": {
            "appsync_target": [],
            "arn": "arn:aws:events:ap-northeast-1:058898200941:event-bus/central-spot-events",
            "batch_target": [],
            "dead_letter_config": [],
            "ecs_target": [],
            "event_bus_name": "default",
            "force_destroy": false,
            "http_target": [],
            "id": "spot-interruption-local-terraform-20260217144219154100000004",
            "input": "",
            "input_path": "",
            "input_transformer": [],
            "kinesis_target": [],
            "redshift_target": [],
            "region": "ap-northeast-1",
            "retry_policy": [],
            "role_arn": "arn:aws:iam::058898200941:role/dev-multi-region-spot-eventbridge-putevents-central",
            "rule": "spot-interruption-local",
            "run_command_targets": [],
            "sagemaker_pipeline_target": [],
            "sqs_target": [],
            "target_id": "terraform-20260217144219154100000004"
          },
          "sensitive_attributes": [],
          "private": "eyJzY2hlbWFfdmVyc2lvbiI6IjEifQ==",
          "dependencies": [
            "module.event_bridge.aws_iam_role.eventbridge_putevents_local",
            "module.event_bridge_tokyo.aws_cloudwatch_event_rule.spot_local"
          ]
        }
      ]
    },
    {
      "module": "module.event_bridge_virginia",
      "mode": "managed",
      "type": "aws_cloudwatch_event_rule",
      "name": "spot_local",
      "provider": "provider[\"registry.terraform.io/hashicorp/aws\"].use1",
      "instances": [
        {
          "schema_version": 1,
          "attributes": {
            "arn": "arn:aws:events:us-east-1:058898200941:rule/spot-interruption-local",
            "description": "",
            "event_bus_name": "default",
            "event_pattern": "{\"detail-type\":[\"EC2 Spot Instance Interruption Warning\"],\"source\":[\"aws.ec2\"]}",
            "force_destroy": false,
            "id": "spot-interruption-local",
            "is_enabled": true,
            "name": "spot-interruption-local",
            "name_prefix": "",
            "region": "us-east-1",
            "role_arn": "",
            "schedule_expression": "",
            "state": "ENABLED",
            "tags": null,
            "tags_all": {}
          },
          "sensitive_attributes": [],
          "private": "eyJzY2hlbWFfdmVyc2lvbiI6IjEifQ=="
        }
      ]
    },
    {
      "module": "module.event_bridge_virginia",
      "mode": "managed",
      "type": "aws_cloudwatch_event_target",
      "name": "to_central_bus",
      "provider": "provider[\"registry.terraform.io/hashicorp/aws\"].use1",
      "instances": [
        {
          "schema_version": 1,
          "attributes": {
            "appsync_target": [],
            "arn": "arn:aws:events:ap-northeast-1:058898200941:event-bus/central-spot-events",
            "batch_target": [],
            "dead_letter_config": [],
            "ecs_target": [],
            "event_bus_name": "default",
            "force_destroy": false,
            "http_target": [],
            "id": "spot-interruption-local-terraform-20260217144219055800000001",
            "input": "",
            "input_path": "",
            "input_transformer": [],
            "kinesis_target": [],
            "redshift_target": [],
            "region": "us-east-1",
            "retry_policy": [],
            "role_arn": "arn:aws:iam::058898200941:role/dev-multi-region-spot-eventbridge-putevents-central",
            "rule": "spot-interruption-local",
            "run_command_targets": [],
            "sagemaker_pipeline_target": [],
            "sqs_target": [],
            "target_id": "terraform-20260217144219055800000001"
          },
          "sensitive_attributes": [],
          "private": "eyJzY2hlbWFfdmVyc2lvbiI6IjEifQ==",
          "dependencies": [
            "module.event_bridge.aws_iam_role.eventbridge_putevents_local",
            "module.event_bridge_virginia.aws_cloudwatch_event_rule.spot_local"
          ]
        }
      ]
    },
    {
      "module": "module.lambda_source_s3",
      "mode": "managed",
      "type": "aws_s3_bucket",
      "name": "data_src",
      "provider": "provider[\"registry.terraform.io/hashicorp/aws\"]",
      "instances": [
        {
          "schema_version": 0,
          "attributes": {
            "acceleration_status": "",
            "acl": null,
            "arn": "arn:aws:s3:::dev-multi-region-spot-data-source",
            "bucket": "dev-multi-region-spot-data-source",
            "bucket_domain_name": "dev-multi-region-spot-data-source.s3.amazonaws.com",
            "bucket_prefix": "",
            "bucket_region": "ap-northeast-1",
            "bucket_regional_domain_name": "dev-multi-region-spot-data-source.s3.ap-northeast-1.amazonaws.com",
            "cors_rule": [],
            "force_destroy": false,
            "grant": [
              {
                "id": "82435494269d3c9a2833264ff6b8aa263d6f3144b19bf891915077165e2620ec",
                "permissions": [
                  "FULL_CONTROL"
                ],
                "type": "CanonicalUser",
                "uri": ""
              }
            ],
            "hosted_zone_id": "Z2M4EHUR26P7ZW",
            "id": "dev-multi-region-spot-data-source",
            "lifecycle_rule": [],
            "logging": [],
            "object_lock_configuration": [],
            "object_lock_enabled": false,
            "policy": "",
            "region": "ap-northeast-1",
            "replication_configuration": [],
            "request_payer": "BucketOwner",
            "server_side_encryption_configuration": [
              {
                "rule": [
                  {
                    "apply_server_side_encryption_by_default": [
                      {
                        "kms_master_key_id": "",
                        "sse_algorithm": "AES256"
                      }
                    ],
                    "bucket_key_enabled": false
                  }
                ]
              }
            ],
            "tags": {
              "Env": "dev",
              "Name": "multi-region-spot-dev-s3-data-source",
              "Project": "multi-region-spot"
            },
            "tags_all": {
              "Env": "dev",
              "Name": "multi-region-spot-dev-s3-data-source",
              "Project": "multi-region-spot"
            },
            "timeouts": null,
            "versioning": [
              {
                "enabled": false,
                "mfa_delete": false
              }
            ],
            "website": [],
            "website_domain": null,
            "website_endpoint": null
          },
          "sensitive_attributes": [],
          "private": "eyJlMmJmYjczMC1lY2FhLTExZTYtOGY4OC0zNDM2M2JjN2M0YzAiOnsiY3JlYXRlIjoxMjAwMDAwMDAwMDAwLCJkZWxldGUiOjM2MDAwMDAwMDAwMDAsInJlYWQiOjEyMDAwMDAwMDAwMDAsInVwZGF0ZSI6MTIwMDAwMDAwMDAwMH19"
        }
      ]
    },
    {
      "module": "module.lambda_source_s3",
      "mode": "managed",
      "type": "aws_s3_bucket",
      "name": "lambda_src",
      "provider": "provider[\"registry.terraform.io/hashicorp/aws\"]",
      "instances": [
        {
          "schema_version": 0,
          "attributes": {
            "acceleration_status": "",
            "acl": null,
            "arn": "arn:aws:s3:::dev-multi-region-spot-lambda-source",
            "bucket": "dev-multi-region-spot-lambda-source",
            "bucket_domain_name": "dev-multi-region-spot-lambda-source.s3.amazonaws.com",
            "bucket_prefix": "",
            "bucket_region": "ap-northeast-1",
            "bucket_regional_domain_name": "dev-multi-region-spot-lambda-source.s3.ap-northeast-1.amazonaws.com",
            "cors_rule": [],
            "force_destroy": false,
            "grant": [
              {
                "id": "82435494269d3c9a2833264ff6b8aa263d6f3144b19bf891915077165e2620ec",
                "permissions": [
                  "FULL_CONTROL"
                ],
                "type": "CanonicalUser",
                "uri": ""
              }
            ],
            "hosted_zone_id": "Z2M4EHUR26P7ZW",
            "id": "dev-multi-region-spot-lambda-source",
            "lifecycle_rule": [],
            "logging": [],
            "object_lock_configuration": [],
            "object_lock_enabled": false,
            "policy": "",
            "region": "ap-northeast-1",
            "replication_configuration": [],
            "request_payer": "BucketOwner",
            "server_side_encryption_configuration": [
              {
                "rule": [
                  {
                    "apply_server_side_encryption_by_default": [
                      {
                        "kms_master_key_id": "",
                        "sse_algorithm": "AES256"
                      }
                    ],
                    "bucket_key_enabled": false
                  }
                ]
              }
            ],
            "tags": {
              "Env": "dev",
              "Name": "multi-region-spot-dev-s3-lambda-source",
              "Project": "multi-region-spot"
            },
            "tags_all": {
              "Env": "dev",
              "Name": "multi-region-spot-dev-s3-lambda-source",
              "Project": "multi-region-spot"
            },
            "timeouts": null,
            "versioning": [
              {
                "enabled": false,
                "mfa_delete": false
              }
            ],
            "website": [],
            "website_domain": null,
            "website_endpoint": null
          },
          "sensitive_attributes": [],
          "private": "eyJlMmJmYjczMC1lY2FhLTExZTYtOGY4OC0zNDM2M2JjN2M0YzAiOnsiY3JlYXRlIjoxMjAwMDAwMDAwMDAwLCJkZWxldGUiOjM2MDAwMDAwMDAwMDAsInJlYWQiOjEyMDAwMDAwMDAwMDAsInVwZGF0ZSI6MTIwMDAwMDAwMDAwMH19"
        }
      ]
    },
    {
      "module": "module.lambda_source_s3",
      "mode": "managed",
      "type": "aws_s3_object",
      "name": "data_csv",
      "provider": "provider[\"registry.terraform.io/hashicorp/aws\"]",
      "instances": [
        {
          "schema_version": 0,
          "attributes": {
            "acl": null,
            "arn": "arn:aws:s3:::dev-multi-region-spot-data-source/data_source/employee_data.csv",
            "bucket": "dev-multi-region-spot-data-source",
            "bucket_key_enabled": false,
            "cache_control": "",
            "checksum_algorithm": null,
            "checksum_crc32": "",
            "checksum_crc32c": "",
            "checksum_crc64nvme": "",
            "checksum_sha1": "",
            "checksum_sha256": "",
            "content": null,
            "content_base64": null,
            "content_disposition": "",
            "content_encoding": "",
            "content_language": "",
            "content_type": "application/octet-stream",
            "etag": "a7171b2b598a790574bd85aa59cf7880",
            "force_destroy": false,
            "id": "dev-multi-region-spot-data-source/data_source/employee_data.csv",
            "key": "data_source/employee_data.csv",
            "kms_key_id": null,
            "metadata": null,
            "object_lock_legal_hold_status": "",
            "object_lock_mode": "",
            "object_lock_retain_until_date": "",
            "override_provider": [],
            "region": "ap-northeast-1",
            "server_side_encryption": "AES256",
            "source": "./../../data_source/employee_data.csv",
            "source_hash": null,
            "storage_class": "STANDARD",
            "tags": null,
            "tags_all": {},
            "version_id": "",
            "website_redirect": ""
          },
          "sensitive_attributes": [],
          "private": "bnVsbA==",
          "dependencies": [
            "module.lambda_source_s3.aws_s3_bucket.data_src"
          ]
        }
      ]
    },
    {
      "module": "module.lambda_source_s3",
      "mode": "managed",
      "type": "aws_s3_object",
      "name": "lambda_zip",
      "provider": "provider[\"registry.terraform.io/hashicorp/aws\"]",
      "instances": [
        {
          "schema_version": 0,
          "attributes": {
            "acl": null,
            "arn": "arn:aws:s3:::dev-multi-region-spot-lambda-source/lambda_source/boot_spot.zip",
            "bucket": "dev-multi-region-spot-lambda-source",
            "bucket_key_enabled": false,
            "cache_control": "",
            "checksum_algorithm": null,
            "checksum_crc32": "",
            "checksum_crc32c": "",
            "checksum_crc64nvme": "",
            "checksum_sha1": "",
            "checksum_sha256": "",
            "content": null,
            "content_base64": null,
            "content_disposition": "",
            "content_encoding": "",
            "content_language": "",
            "content_type": "application/octet-stream",
            "etag": "c313fbefb8df667a8f15dbc375f289a3",
            "force_destroy": false,
            "id": "dev-multi-region-spot-lambda-source/lambda_source/boot_spot.zip",
            "key": "lambda_source/boot_spot.zip",
            "kms_key_id": null,
            "metadata": null,
            "object_lock_legal_hold_status": "",
            "object_lock_mode": "",
            "object_lock_retain_until_date": "",
            "override_provider": [],
            "region": "ap-northeast-1",
            "server_side_encryption": "AES256",
            "source": "./../../lambda_source/boot_spot.zip",
            "source_hash": null,
            "storage_class": "STANDARD",
            "tags": null,
            "tags_all": {},
            "version_id": "",
            "website_redirect": ""
          },
          "sensitive_attributes": [],
          "private": "bnVsbA==",
          "dependencies": [
            "module.lambda_source_s3.aws_s3_bucket.lambda_src"
          ]
        }
      ]
    },
    {
      "module": "module.network_frankfurt",
      "mode": "managed",
      "type": "aws_internet_gateway",
      "name": "igw",
      "provider": "provider[\"registry.terraform.io/hashicorp/aws\"].euc1",
      "instances": [
        {
          "schema_version": 0,
          "attributes": {
            "arn": "arn:aws:ec2:eu-central-1:058898200941:internet-gateway/igw-042bd971d9a15447b",
            "id": "igw-042bd971d9a15447b",
            "owner_id": "058898200941",
            "region": "eu-central-1",
            "tags": {
              "Environment": "dev",
              "Name": "multi-region-spot-dev-igw",
              "Project": "multi-region-spot"
            },
            "tags_all": {
              "Environment": "dev",
              "Name": "multi-region-spot-dev-igw",
              "Project": "multi-region-spot"
            },
            "timeouts": null,
            "vpc_id": "vpc-07eed7bfda9a3625f"
          },
          "sensitive_attributes": [],
          "private": "eyJlMmJmYjczMC1lY2FhLTExZTYtOGY4OC0zNDM2M2JjN2M0YzAiOnsiY3JlYXRlIjoxMjAwMDAwMDAwMDAwLCJkZWxldGUiOjEyMDAwMDAwMDAwMDAsInVwZGF0ZSI6MTIwMDAwMDAwMDAwMH19",
          "dependencies": [
            "module.network_frankfurt.aws_vpc.vpc"
          ]
        }
      ]
    },
    {
      "module": "module.network_frankfurt",
      "mode": "managed",
      "type": "aws_route",
      "name": "public-route",
      "provider": "provider[\"registry.terraform.io/hashicorp/aws\"].euc1",
      "instances": [
        {
          "schema_version": 0,
          "attributes": {
            "carrier_gateway_id": "",
            "core_network_arn": "",
            "destination_cidr_block": "0.0.0.0/0",
            "destination_ipv6_cidr_block": "",
            "destination_prefix_list_id": "",
            "egress_only_gateway_id": "",
            "gateway_id": "igw-042bd971d9a15447b",
            "id": "r-rtb-0ed53a01c131010f21080289494",
            "instance_id": "",
            "instance_owner_id": "",
            "local_gateway_id": "",
            "nat_gateway_id": "",
            "network_interface_id": "",
            "origin": "CreateRoute",
            "region": "eu-central-1",
            "route_table_id": "rtb-0ed53a01c131010f2",
            "state": "active",
            "timeouts": null,
            "transit_gateway_id": "",
            "vpc_endpoint_id": "",
            "vpc_peering_connection_id": ""
          },
          "sensitive_attributes": [],
          "private": "eyJlMmJmYjczMC1lY2FhLTExZTYtOGY4OC0zNDM2M2JjN2M0YzAiOnsiY3JlYXRlIjozMDAwMDAwMDAwMDAsImRlbGV0ZSI6MzAwMDAwMDAwMDAwLCJ1cGRhdGUiOjEyMDAwMDAwMDAwMH19",
          "dependencies": [
            "module.network_frankfurt.aws_internet_gateway.igw",
            "module.network_frankfurt.aws_route_table.public_rt",
            "module.network_frankfurt.aws_vpc.vpc"
          ]
        }
      ]
    },
    {
      "module": "module.network_frankfurt",
      "mode": "managed",
      "type": "aws_route_table",
      "name": "public_rt",
      "provider": "provider[\"registry.terraform.io/hashicorp/aws\"].euc1",
      "instances": [
        {
          "schema_version": 0,
          "attributes": {
            "arn": "arn:aws:ec2:eu-central-1:058898200941:route-table/rtb-0ed53a01c131010f2",
            "id": "rtb-0ed53a01c131010f2",
            "owner_id": "058898200941",
            "propagating_vgws": [],
            "region": "eu-central-1",
            "route": [],
            "tags": {
              "Environment": "dev",
              "Name": "multi-region-spot-dev-public-route-table",
              "Project": "multi-region-spot"
            },
            "tags_all": {
              "Environment": "dev",
              "Name": "multi-region-spot-dev-public-route-table",
              "Project": "multi-region-spot"
            },
            "timeouts": null,
            "vpc_id": "vpc-07eed7bfda9a3625f"
          },
          "sensitive_attributes": [],
          "private": "eyJlMmJmYjczMC1lY2FhLTExZTYtOGY4OC0zNDM2M2JjN2M0YzAiOnsiY3JlYXRlIjozMDAwMDAwMDAwMDAsImRlbGV0ZSI6MzAwMDAwMDAwMDAwLCJ1cGRhdGUiOjEyMDAwMDAwMDAwMH19",
          "dependencies": [
            "module.network_frankfurt.aws_vpc.vpc"
          ]
        }
      ]
    },
    {
      "module": "module.network_frankfurt",
      "mode": "managed",
      "type": "aws_route_table_association",
      "name": "public_rt_association_1",
      "provider": "provider[\"registry.terraform.io/hashicorp/aws\"].euc1",
      "instances": [
        {
          "schema_version": 0,
          "attributes": {
            "gateway_id": "",
            "id": "rtbassoc-0f625b9a55720de94",
            "region": "eu-central-1",
            "route_table_id": "rtb-0ed53a01c131010f2",
            "subnet_id": "subnet-0914732cf12e14114",
            "timeouts": null
          },
          "sensitive_attributes": [],
          "private": "eyJlMmJmYjczMC1lY2FhLTExZTYtOGY4OC0zNDM2M2JjN2M0YzAiOnsiY3JlYXRlIjozMDAwMDAwMDAwMDAsImRlbGV0ZSI6MzAwMDAwMDAwMDAwLCJ1cGRhdGUiOjEyMDAwMDAwMDAwMH19",
          "dependencies": [
            "module.network_frankfurt.aws_route_table.public_rt",
            "module.network_frankfurt.aws_subnet.public_subnet_1",
            "module.network_frankfurt.aws_vpc.vpc"
          ]
        }
      ]
    },
    {
      "module": "module.network_frankfurt",
      "mode": "managed",
      "type": "aws_route_table_association",
      "name": "public_rt_association_2",
      "provider": "provider[\"registry.terraform.io/hashicorp/aws\"].euc1",
      "instances": [
        {
          "schema_version": 0,
          "attributes": {
            "gateway_id": "",
            "id": "rtbassoc-0f7e33ce1a1f12429",
            "region": "eu-central-1",
            "route_table_id": "rtb-0ed53a01c131010f2",
            "subnet_id": "subnet-0241532c09e21fc7a",
            "timeouts": null
          },
          "sensitive_attributes": [],
          "private": "eyJlMmJmYjczMC1lY2FhLTExZTYtOGY4OC0zNDM2M2JjN2M0YzAiOnsiY3JlYXRlIjozMDAwMDAwMDAwMDAsImRlbGV0ZSI6MzAwMDAwMDAwMDAwLCJ1cGRhdGUiOjEyMDAwMDAwMDAwMH19",
          "dependencies": [
            "module.network_frankfurt.aws_route_table.public_rt",
            "module.network_frankfurt.aws_subnet.public_subnet_2",
            "module.network_frankfurt.aws_vpc.vpc"
          ]
        }
      ]
    },
    {
      "module": "module.network_frankfurt",
      "mode": "managed",
      "type": "aws_subnet",
      "name": "public_subnet_1",
      "provider": "provider[\"registry.terraform.io/hashicorp/aws\"].euc1",
      "instances": [
        {
          "schema_version": 1,
          "attributes": {
            "arn": "arn:aws:ec2:eu-central-1:058898200941:subnet/subnet-0914732cf12e14114",
            "assign_ipv6_address_on_creation": false,
            "availability_zone": "eu-central-1a",
            "availability_zone_id": "euc1-az2",
            "cidr_block": "10.5.1.0/24",
            "customer_owned_ipv4_pool": "",
            "enable_dns64": false,
            "enable_lni_at_device_index": 0,
            "enable_resource_name_dns_a_record_on_launch": false,
            "enable_resource_name_dns_aaaa_record_on_launch": false,
            "id": "subnet-0914732cf12e14114",
            "ipv6_cidr_block": "",
            "ipv6_cidr_block_association_id": "",
            "ipv6_native": false,
            "map_customer_owned_ip_on_launch": false,
            "map_public_ip_on_launch": true,
            "outpost_arn": "",
            "owner_id": "058898200941",
            "private_dns_hostname_type_on_launch": "ip-name",
            "region": "eu-central-1",
            "tags": {
              "Environment": "dev",
              "Name": "multi-region-spot-dev-public-subnet-1",
              "Project": "multi-region-spot",
              "Type": "public"
            },
            "tags_all": {
              "Environment": "dev",
              "Name": "multi-region-spot-dev-public-subnet-1",
              "Project": "multi-region-spot",
              "Type": "public"
            },
            "timeouts": null,
            "vpc_id": "vpc-07eed7bfda9a3625f"
          },
          "sensitive_attributes": [],
          "private": "eyJlMmJmYjczMC1lY2FhLTExZTYtOGY4OC0zNDM2M2JjN2M0YzAiOnsiY3JlYXRlIjo2MDAwMDAwMDAwMDAsImRlbGV0ZSI6MTIwMDAwMDAwMDAwMH0sInNjaGVtYV92ZXJzaW9uIjoiMSJ9",
          "dependencies": [
            "module.network_frankfurt.aws_vpc.vpc"
          ]
        }
      ]
    },
    {
      "module": "module.network_frankfurt",
      "mode": "managed",
      "type": "aws_subnet",
      "name": "public_subnet_2",
      "provider": "provider[\"registry.terraform.io/hashicorp/aws\"].euc1",
      "instances": [
        {
          "schema_version": 1,
          "attributes": {
            "arn": "arn:aws:ec2:eu-central-1:058898200941:subnet/subnet-0241532c09e21fc7a",
            "assign_ipv6_address_on_creation": false,
            "availability_zone": "eu-central-1b",
            "availability_zone_id": "euc1-az3",
            "cidr_block": "10.5.2.0/24",
            "customer_owned_ipv4_pool": "",
            "enable_dns64": false,
            "enable_lni_at_device_index": 0,
            "enable_resource_name_dns_a_record_on_launch": false,
            "enable_resource_name_dns_aaaa_record_on_launch": false,
            "id": "subnet-0241532c09e21fc7a",
            "ipv6_cidr_block": "",
            "ipv6_cidr_block_association_id": "",
            "ipv6_native": false,
            "map_customer_owned_ip_on_launch": false,
            "map_public_ip_on_launch": true,
            "outpost_arn": "",
            "owner_id": "058898200941",
            "private_dns_hostname_type_on_launch": "ip-name",
            "region": "eu-central-1",
            "tags": {
              "Environment": "dev",
              "Name": "multi-region-spot-dev-public-subnet-2",
              "Project": "multi-region-spot",
              "Type": "public"
            },
            "tags_all": {
              "Environment": "dev",
              "Name": "multi-region-spot-dev-public-subnet-2",
              "Project": "multi-region-spot",
              "Type": "public"
            },
            "timeouts": null,
            "vpc_id": "vpc-07eed7bfda9a3625f"
          },
          "sensitive_attributes": [],
          "private": "eyJlMmJmYjczMC1lY2FhLTExZTYtOGY4OC0zNDM2M2JjN2M0YzAiOnsiY3JlYXRlIjo2MDAwMDAwMDAwMDAsImRlbGV0ZSI6MTIwMDAwMDAwMDAwMH0sInNjaGVtYV92ZXJzaW9uIjoiMSJ9",
          "dependencies": [
            "module.network_frankfurt.aws_vpc.vpc"
          ]
        }
      ]
    },
    {
      "module": "module.network_frankfurt",
      "mode": "managed",
      "type": "aws_vpc",
      "name": "vpc",
      "provider": "provider[\"registry.terraform.io/hashicorp/aws\"].euc1",
      "instances": [
        {
          "schema_version": 1,
          "attributes": {
            "arn": "arn:aws:ec2:eu-central-1:058898200941:vpc/vpc-07eed7bfda9a3625f",
            "assign_generated_ipv6_cidr_block": false,
            "cidr_block": "10.5.0.0/16",
            "default_network_acl_id": "acl-0a27136503c463749",
            "default_route_table_id": "rtb-069de5d8abc989d2e",
            "default_security_group_id": "sg-0cee722213292b254",
            "dhcp_options_id": "dopt-793ad910",
            "enable_dns_hostnames": true,
            "enable_dns_support": true,
            "enable_network_address_usage_metrics": false,
            "id": "vpc-07eed7bfda9a3625f",
            "instance_tenancy": "default",
            "ipv4_ipam_pool_id": null,
            "ipv4_netmask_length": null,
            "ipv6_association_id": "",
            "ipv6_cidr_block": "",
            "ipv6_cidr_block_network_border_group": "",
            "ipv6_ipam_pool_id": "",
            "ipv6_netmask_length": 0,
            "main_route_table_id": "rtb-069de5d8abc989d2e",
            "owner_id": "058898200941",
            "region": "eu-central-1",
            "tags": {
              "Environment": "dev",
              "Name": "multi-region-spot-dev-vpc",
              "Project": "multi-region-spot"
            },
            "tags_all": {
              "Environment": "dev",
              "Name": "multi-region-spot-dev-vpc",
              "Project": "multi-region-spot"
            }
          },
          "sensitive_attributes": [],
          "private": "eyJzY2hlbWFfdmVyc2lvbiI6IjEifQ=="
        }
      ]
    },
    {
      "module": "module.network_ireland",
      "mode": "managed",
      "type": "aws_internet_gateway",
      "name": "igw",
      "provider": "provider[\"registry.terraform.io/hashicorp/aws\"].euw1",
      "instances": [
        {
          "schema_version": 0,
          "attributes": {
            "arn": "arn:aws:ec2:eu-west-1:058898200941:internet-gateway/igw-0f0fb05883c474be4",
            "id": "igw-0f0fb05883c474be4",
            "owner_id": "058898200941",
            "region": "eu-west-1",
            "tags": {
              "Environment": "dev",
              "Name": "multi-region-spot-dev-igw",
              "Project": "multi-region-spot"
            },
            "tags_all": {
              "Environment": "dev",
              "Name": "multi-region-spot-dev-igw",
              "Project": "multi-region-spot"
            },
            "timeouts": null,
            "vpc_id": "vpc-0eca811af4bddcddb"
          },
          "sensitive_attributes": [],
          "private": "eyJlMmJmYjczMC1lY2FhLTExZTYtOGY4OC0zNDM2M2JjN2M0YzAiOnsiY3JlYXRlIjoxMjAwMDAwMDAwMDAwLCJkZWxldGUiOjEyMDAwMDAwMDAwMDAsInVwZGF0ZSI6MTIwMDAwMDAwMDAwMH19",
          "dependencies": [
            "module.network_ireland.aws_vpc.vpc"
          ]
        }
      ]
    },
    {
      "module": "module.network_ireland",
      "mode": "managed",
      "type": "aws_route",
      "name": "public-route",
      "provider": "provider[\"registry.terraform.io/hashicorp/aws\"].euw1",
      "instances": [
        {
          "schema_version": 0,
          "attributes": {
            "carrier_gateway_id": "",
            "core_network_arn": "",
            "destination_cidr_block": "0.0.0.0/0",
            "destination_ipv6_cidr_block": "",
            "destination_prefix_list_id": "",
            "egress_only_gateway_id": "",
            "gateway_id": "igw-0f0fb05883c474be4",
            "id": "r-rtb-094e8a696a41d2f721080289494",
            "instance_id": "",
            "instance_owner_id": "",
            "local_gateway_id": "",
            "nat_gateway_id": "",
            "network_interface_id": "",
            "origin": "CreateRoute",
            "region": "eu-west-1",
            "route_table_id": "rtb-094e8a696a41d2f72",
            "state": "active",
            "timeouts": null,
            "transit_gateway_id": "",
            "vpc_endpoint_id": "",
            "vpc_peering_connection_id": ""
          },
          "sensitive_attributes": [],
          "private": "eyJlMmJmYjczMC1lY2FhLTExZTYtOGY4OC0zNDM2M2JjN2M0YzAiOnsiY3JlYXRlIjozMDAwMDAwMDAwMDAsImRlbGV0ZSI6MzAwMDAwMDAwMDAwLCJ1cGRhdGUiOjEyMDAwMDAwMDAwMH19",
          "dependencies": [
            "module.network_ireland.aws_internet_gateway.igw",
            "module.network_ireland.aws_route_table.public_rt",
            "module.network_ireland.aws_vpc.vpc"
          ]
        }
      ]
    },
    {
      "module": "module.network_ireland",
      "mode": "managed",
      "type": "aws_route_table",
      "name": "public_rt",
      "provider": "provider[\"registry.terraform.io/hashicorp/aws\"].euw1",
      "instances": [
        {
          "schema_version": 0,
          "attributes": {
            "arn": "arn:aws:ec2:eu-west-1:058898200941:route-table/rtb-094e8a696a41d2f72",
            "id": "rtb-094e8a696a41d2f72",
            "owner_id": "058898200941",
            "propagating_vgws": [],
            "region": "eu-west-1",
            "route": [],
            "tags": {
              "Environment": "dev",
              "Name": "multi-region-spot-dev-public-route-table",
              "Project": "multi-region-spot"
            },
            "tags_all": {
              "Environment": "dev",
              "Name": "multi-region-spot-dev-public-route-table",
              "Project": "multi-region-spot"
            },
            "timeouts": null,
            "vpc_id": "vpc-0eca811af4bddcddb"
          },
          "sensitive_attributes": [],
          "private": "eyJlMmJmYjczMC1lY2FhLTExZTYtOGY4OC0zNDM2M2JjN2M0YzAiOnsiY3JlYXRlIjozMDAwMDAwMDAwMDAsImRlbGV0ZSI6MzAwMDAwMDAwMDAwLCJ1cGRhdGUiOjEyMDAwMDAwMDAwMH19",
          "dependencies": [
            "module.network_ireland.aws_vpc.vpc"
          ]
        }
      ]
    },
    {
      "module": "module.network_ireland",
      "mode": "managed",
      "type": "aws_route_table_association",
      "name": "public_rt_association_1",
      "provider": "provider[\"registry.terraform.io/hashicorp/aws\"].euw1",
      "instances": [
        {
          "schema_version": 0,
          "attributes": {
            "gateway_id": "",
            "id": "rtbassoc-06445eebc5b3fc2c8",
            "region": "eu-west-1",
            "route_table_id": "rtb-094e8a696a41d2f72",
            "subnet_id": "subnet-02122fc0e78569300",
            "timeouts": null
          },
          "sensitive_attributes": [],
          "private": "eyJlMmJmYjczMC1lY2FhLTExZTYtOGY4OC0zNDM2M2JjN2M0YzAiOnsiY3JlYXRlIjozMDAwMDAwMDAwMDAsImRlbGV0ZSI6MzAwMDAwMDAwMDAwLCJ1cGRhdGUiOjEyMDAwMDAwMDAwMH19",
          "dependencies": [
            "module.network_ireland.aws_route_table.public_rt",
            "module.network_ireland.aws_subnet.public_subnet_1",
            "module.network_ireland.aws_vpc.vpc"
          ]
        }
      ]
    },
    {
      "module": "module.network_ireland",
      "mode": "managed",
      "type": "aws_route_table_association",
      "name": "public_rt_association_2",
      "provider": "provider[\"registry.terraform.io/hashicorp/aws\"].euw1",
      "instances": [
        {
          "schema_version": 0,
          "attributes": {
            "gateway_id": "",
            "id": "rtbassoc-06ef747362f227cdb",
            "region": "eu-west-1",
            "route_table_id": "rtb-094e8a696a41d2f72",
            "subnet_id": "subnet-073a8ec09422fa6d2",
            "timeouts": null
          },
          "sensitive_attributes": [],
          "private": "eyJlMmJmYjczMC1lY2FhLTExZTYtOGY4OC0zNDM2M2JjN2M0YzAiOnsiY3JlYXRlIjozMDAwMDAwMDAwMDAsImRlbGV0ZSI6MzAwMDAwMDAwMDAwLCJ1cGRhdGUiOjEyMDAwMDAwMDAwMH19",
          "dependencies": [
            "module.network_ireland.aws_route_table.public_rt",
            "module.network_ireland.aws_subnet.public_subnet_2",
            "module.network_ireland.aws_vpc.vpc"
          ]
        }
      ]
    },
    {
      "module": "module.network_ireland",
      "mode": "managed",
      "type": "aws_subnet",
      "name": "public_subnet_1",
      "provider": "provider[\"registry.terraform.io/hashicorp/aws\"].euw1",
      "instances": [
        {
          "schema_version": 1,
          "attributes": {
            "arn": "arn:aws:ec2:eu-west-1:058898200941:subnet/subnet-02122fc0e78569300",
            "assign_ipv6_address_on_creation": false,
            "availability_zone": "eu-west-1a",
            "availability_zone_id": "euw1-az2",
            "cidr_block": "10.6.1.0/24",
            "customer_owned_ipv4_pool": "",
            "enable_dns64": false,
            "enable_lni_at_device_index": 0,
            "enable_resource_name_dns_a_record_on_launch": false,
            "enable_resource_name_dns_aaaa_record_on_launch": false,
            "id": "subnet-02122fc0e78569300",
            "ipv6_cidr_block": "",
            "ipv6_cidr_block_association_id": "",
            "ipv6_native": false,
            "map_customer_owned_ip_on_launch": false,
            "map_public_ip_on_launch": true,
            "outpost_arn": "",
            "owner_id": "058898200941",
            "private_dns_hostname_type_on_launch": "ip-name",
            "region": "eu-west-1",
            "tags": {
              "Environment": "dev",
              "Name": "multi-region-spot-dev-public-subnet-1",
              "Project": "multi-region-spot",
              "Type": "public"
            },
            "tags_all": {
              "Environment": "dev",
              "Name": "multi-region-spot-dev-public-subnet-1",
              "Project": "multi-region-spot",
              "Type": "public"
            },
            "timeouts": null,
            "vpc_id": "vpc-0eca811af4bddcddb"
          },
          "sensitive_attributes": [],
          "private": "eyJlMmJmYjczMC1lY2FhLTExZTYtOGY4OC0zNDM2M2JjN2M0YzAiOnsiY3JlYXRlIjo2MDAwMDAwMDAwMDAsImRlbGV0ZSI6MTIwMDAwMDAwMDAwMH0sInNjaGVtYV92ZXJzaW9uIjoiMSJ9",
          "dependencies": [
            "module.network_ireland.aws_vpc.vpc"
          ]
        }
      ]
    },
    {
      "module": "module.network_ireland",
      "mode": "managed",
      "type": "aws_subnet",
      "name": "public_subnet_2",
      "provider": "provider[\"registry.terraform.io/hashicorp/aws\"].euw1",
      "instances": [
        {
          "schema_version": 1,
          "attributes": {
            "arn": "arn:aws:ec2:eu-west-1:058898200941:subnet/subnet-073a8ec09422fa6d2",
            "assign_ipv6_address_on_creation": false,
            "availability_zone": "eu-west-1b",
            "availability_zone_id": "euw1-az1",
            "cidr_block": "10.6.2.0/24",
            "customer_owned_ipv4_pool": "",
            "enable_dns64": false,
            "enable_lni_at_device_index": 0,
            "enable_resource_name_dns_a_record_on_launch": false,
            "enable_resource_name_dns_aaaa_record_on_launch": false,
            "id": "subnet-073a8ec09422fa6d2",
            "ipv6_cidr_block": "",
            "ipv6_cidr_block_association_id": "",
            "ipv6_native": false,
            "map_customer_owned_ip_on_launch": false,
            "map_public_ip_on_launch": true,
            "outpost_arn": "",
            "owner_id": "058898200941",
            "private_dns_hostname_type_on_launch": "ip-name",
            "region": "eu-west-1",
            "tags": {
              "Environment": "dev",
              "Name": "multi-region-spot-dev-public-subnet-2",
              "Project": "multi-region-spot",
              "Type": "public"
            },
            "tags_all": {
              "Environment": "dev",
              "Name": "multi-region-spot-dev-public-subnet-2",
              "Project": "multi-region-spot",
              "Type": "public"
            },
            "timeouts": null,
            "vpc_id": "vpc-0eca811af4bddcddb"
          },
          "sensitive_attributes": [],
          "private": "eyJlMmJmYjczMC1lY2FhLTExZTYtOGY4OC0zNDM2M2JjN2M0YzAiOnsiY3JlYXRlIjo2MDAwMDAwMDAwMDAsImRlbGV0ZSI6MTIwMDAwMDAwMDAwMH0sInNjaGVtYV92ZXJzaW9uIjoiMSJ9",
          "dependencies": [
            "module.network_ireland.aws_vpc.vpc"
          ]
        }
      ]
    },
    {
      "module": "module.network_ireland",
      "mode": "managed",
      "type": "aws_vpc",
      "name": "vpc",
      "provider": "provider[\"registry.terraform.io/hashicorp/aws\"].euw1",
      "instances": [
        {
          "schema_version": 1,
          "attributes": {
            "arn": "arn:aws:ec2:eu-west-1:058898200941:vpc/vpc-0eca811af4bddcddb",
            "assign_generated_ipv6_cidr_block": false,
            "cidr_block": "10.6.0.0/16",
            "default_network_acl_id": "acl-071d3e8530e096f8d",
            "default_route_table_id": "rtb-0dfbf366d037ac6d9",
            "default_security_group_id": "sg-047d937c5f305a073",
            "dhcp_options_id": "dopt-a52b39c7",
            "enable_dns_hostnames": true,
            "enable_dns_support": true,
            "enable_network_address_usage_metrics": false,
            "id": "vpc-0eca811af4bddcddb",
            "instance_tenancy": "default",
            "ipv4_ipam_pool_id": null,
            "ipv4_netmask_length": null,
            "ipv6_association_id": "",
            "ipv6_cidr_block": "",
            "ipv6_cidr_block_network_border_group": "",
            "ipv6_ipam_pool_id": "",
            "ipv6_netmask_length": 0,
            "main_route_table_id": "rtb-0dfbf366d037ac6d9",
            "owner_id": "058898200941",
            "region": "eu-west-1",
            "tags": {
              "Environment": "dev",
              "Name": "multi-region-spot-dev-vpc",
              "Project": "multi-region-spot"
            },
            "tags_all": {
              "Environment": "dev",
              "Name": "multi-region-spot-dev-vpc",
              "Project": "multi-region-spot"
            }
          },
          "sensitive_attributes": [],
          "private": "eyJzY2hlbWFfdmVyc2lvbiI6IjEifQ=="
        }
      ]
    },
    {
      "module": "module.network_oregon",
      "mode": "managed",
      "type": "aws_internet_gateway",
      "name": "igw",
      "provider": "provider[\"registry.terraform.io/hashicorp/aws\"].usw2",
      "instances": [
        {
          "schema_version": 0,
          "attributes": {
            "arn": "arn:aws:ec2:us-west-2:058898200941:internet-gateway/igw-08a34b9d561bb42df",
            "id": "igw-08a34b9d561bb42df",
            "owner_id": "058898200941",
            "region": "us-west-2",
            "tags": {
              "Environment": "dev",
              "Name": "multi-region-spot-dev-igw",
              "Project": "multi-region-spot"
            },
            "tags_all": {
              "Environment": "dev",
              "Name": "multi-region-spot-dev-igw",
              "Project": "multi-region-spot"
            },
            "timeouts": null,
            "vpc_id": "vpc-02bf82a70df5623e7"
          },
          "sensitive_attributes": [],
          "private": "eyJlMmJmYjczMC1lY2FhLTExZTYtOGY4OC0zNDM2M2JjN2M0YzAiOnsiY3JlYXRlIjoxMjAwMDAwMDAwMDAwLCJkZWxldGUiOjEyMDAwMDAwMDAwMDAsInVwZGF0ZSI6MTIwMDAwMDAwMDAwMH19",
          "dependencies": [
            "module.network_oregon.aws_vpc.vpc"
          ]
        }
      ]
    },
    {
      "module": "module.network_oregon",
      "mode": "managed",
      "type": "aws_route",
      "name": "public-route",
      "provider": "provider[\"registry.terraform.io/hashicorp/aws\"].usw2",
      "instances": [
        {
          "schema_version": 0,
          "attributes": {
            "carrier_gateway_id": "",
            "core_network_arn": "",
            "destination_cidr_block": "0.0.0.0/0",
            "destination_ipv6_cidr_block": "",
            "destination_prefix_list_id": "",
            "egress_only_gateway_id": "",
            "gateway_id": "igw-08a34b9d561bb42df",
            "id": "r-rtb-07c083e78982680d31080289494",
            "instance_id": "",
            "instance_owner_id": "",
            "local_gateway_id": "",
            "nat_gateway_id": "",
            "network_interface_id": "",
            "origin": "CreateRoute",
            "region": "us-west-2",
            "route_table_id": "rtb-07c083e78982680d3",
            "state": "active",
            "timeouts": null,
            "transit_gateway_id": "",
            "vpc_endpoint_id": "",
            "vpc_peering_connection_id": ""
          },
          "sensitive_attributes": [],
          "private": "eyJlMmJmYjczMC1lY2FhLTExZTYtOGY4OC0zNDM2M2JjN2M0YzAiOnsiY3JlYXRlIjozMDAwMDAwMDAwMDAsImRlbGV0ZSI6MzAwMDAwMDAwMDAwLCJ1cGRhdGUiOjEyMDAwMDAwMDAwMH19",
          "dependencies": [
            "module.network_oregon.aws_internet_gateway.igw",
            "module.network_oregon.aws_route_table.public_rt",
            "module.network_oregon.aws_vpc.vpc"
          ]
        }
      ]
    },
    {
      "module": "module.network_oregon",
      "mode": "managed",
      "type": "aws_route_table",
      "name": "public_rt",
      "provider": "provider[\"registry.terraform.io/hashicorp/aws\"].usw2",
      "instances": [
        {
          "schema_version": 0,
          "attributes": {
            "arn": "arn:aws:ec2:us-west-2:058898200941:route-table/rtb-07c083e78982680d3",
            "id": "rtb-07c083e78982680d3",
            "owner_id": "058898200941",
            "propagating_vgws": [],
            "region": "us-west-2",
            "route": [],
            "tags": {
              "Environment": "dev",
              "Name": "multi-region-spot-dev-public-route-table",
              "Project": "multi-region-spot"
            },
            "tags_all": {
              "Environment": "dev",
              "Name": "multi-region-spot-dev-public-route-table",
              "Project": "multi-region-spot"
            },
            "timeouts": null,
            "vpc_id": "vpc-02bf82a70df5623e7"
          },
          "sensitive_attributes": [],
          "private": "eyJlMmJmYjczMC1lY2FhLTExZTYtOGY4OC0zNDM2M2JjN2M0YzAiOnsiY3JlYXRlIjozMDAwMDAwMDAwMDAsImRlbGV0ZSI6MzAwMDAwMDAwMDAwLCJ1cGRhdGUiOjEyMDAwMDAwMDAwMH19",
          "dependencies": [
            "module.network_oregon.aws_vpc.vpc"
          ]
        }
      ]
    },
    {
      "module": "module.network_oregon",
      "mode": "managed",
      "type": "aws_route_table_association",
      "name": "public_rt_association_1",
      "provider": "provider[\"registry.terraform.io/hashicorp/aws\"].usw2",
      "instances": [
        {
          "schema_version": 0,
          "attributes": {
            "gateway_id": "",
            "id": "rtbassoc-0451fd293650f12a4",
            "region": "us-west-2",
            "route_table_id": "rtb-07c083e78982680d3",
            "subnet_id": "subnet-004c94a5d45787e5d",
            "timeouts": null
          },
          "sensitive_attributes": [],
          "private": "eyJlMmJmYjczMC1lY2FhLTExZTYtOGY4OC0zNDM2M2JjN2M0YzAiOnsiY3JlYXRlIjozMDAwMDAwMDAwMDAsImRlbGV0ZSI6MzAwMDAwMDAwMDAwLCJ1cGRhdGUiOjEyMDAwMDAwMDAwMH19",
          "dependencies": [
            "module.network_oregon.aws_route_table.public_rt",
            "module.network_oregon.aws_subnet.public_subnet_1",
            "module.network_oregon.aws_vpc.vpc"
          ]
        }
      ]
    },
    {
      "module": "module.network_oregon",
      "mode": "managed",
      "type": "aws_route_table_association",
      "name": "public_rt_association_2",
      "provider": "provider[\"registry.terraform.io/hashicorp/aws\"].usw2",
      "instances": [
        {
          "schema_version": 0,
          "attributes": {
            "gateway_id": "",
            "id": "rtbassoc-08acb21bb9958f679",
            "region": "us-west-2",
            "route_table_id": "rtb-07c083e78982680d3",
            "subnet_id": "subnet-0986f5036341430e4",
            "timeouts": null
          },
          "sensitive_attributes": [],
          "private": "eyJlMmJmYjczMC1lY2FhLTExZTYtOGY4OC0zNDM2M2JjN2M0YzAiOnsiY3JlYXRlIjozMDAwMDAwMDAwMDAsImRlbGV0ZSI6MzAwMDAwMDAwMDAwLCJ1cGRhdGUiOjEyMDAwMDAwMDAwMH19",
          "dependencies": [
            "module.network_oregon.aws_route_table.public_rt",
            "module.network_oregon.aws_subnet.public_subnet_2",
            "module.network_oregon.aws_vpc.vpc"
          ]
        }
      ]
    },
    {
      "module": "module.network_oregon",
      "mode": "managed",
      "type": "aws_subnet",
      "name": "public_subnet_1",
      "provider": "provider[\"registry.terraform.io/hashicorp/aws\"].usw2",
      "instances": [
        {
          "schema_version": 1,
          "attributes": {
            "arn": "arn:aws:ec2:us-west-2:058898200941:subnet/subnet-004c94a5d45787e5d",
            "assign_ipv6_address_on_creation": false,
            "availability_zone": "us-west-2a",
            "availability_zone_id": "usw2-az2",
            "cidr_block": "10.4.1.0/24",
            "customer_owned_ipv4_pool": "",
            "enable_dns64": false,
            "enable_lni_at_device_index": 0,
            "enable_resource_name_dns_a_record_on_launch": false,
            "enable_resource_name_dns_aaaa_record_on_launch": false,
            "id": "subnet-004c94a5d45787e5d",
            "ipv6_cidr_block": "",
            "ipv6_cidr_block_association_id": "",
            "ipv6_native": false,
            "map_customer_owned_ip_on_launch": false,
            "map_public_ip_on_launch": true,
            "outpost_arn": "",
            "owner_id": "058898200941",
            "private_dns_hostname_type_on_launch": "ip-name",
            "region": "us-west-2",
            "tags": {
              "Environment": "dev",
              "Name": "multi-region-spot-dev-public-subnet-1",
              "Project": "multi-region-spot",
              "Type": "public"
            },
            "tags_all": {
              "Environment": "dev",
              "Name": "multi-region-spot-dev-public-subnet-1",
              "Project": "multi-region-spot",
              "Type": "public"
            },
            "timeouts": null,
            "vpc_id": "vpc-02bf82a70df5623e7"
          },
          "sensitive_attributes": [],
          "private": "eyJlMmJmYjczMC1lY2FhLTExZTYtOGY4OC0zNDM2M2JjN2M0YzAiOnsiY3JlYXRlIjo2MDAwMDAwMDAwMDAsImRlbGV0ZSI6MTIwMDAwMDAwMDAwMH0sInNjaGVtYV92ZXJzaW9uIjoiMSJ9",
          "dependencies": [
            "module.network_oregon.aws_vpc.vpc"
          ]
        }
      ]
    },
    {
      "module": "module.network_oregon",
      "mode": "managed",
      "type": "aws_subnet",
      "name": "public_subnet_2",
      "provider": "provider[\"registry.terraform.io/hashicorp/aws\"].usw2",
      "instances": [
        {
          "schema_version": 1,
          "attributes": {
            "arn": "arn:aws:ec2:us-west-2:058898200941:subnet/subnet-0986f5036341430e4",
            "assign_ipv6_address_on_creation": false,
            "availability_zone": "us-west-2b",
            "availability_zone_id": "usw2-az1",
            "cidr_block": "10.4.2.0/24",
            "customer_owned_ipv4_pool": "",
            "enable_dns64": false,
            "enable_lni_at_device_index": 0,
            "enable_resource_name_dns_a_record_on_launch": false,
            "enable_resource_name_dns_aaaa_record_on_launch": false,
            "id": "subnet-0986f5036341430e4",
            "ipv6_cidr_block": "",
            "ipv6_cidr_block_association_id": "",
            "ipv6_native": false,
            "map_customer_owned_ip_on_launch": false,
            "map_public_ip_on_launch": true,
            "outpost_arn": "",
            "owner_id": "058898200941",
            "private_dns_hostname_type_on_launch": "ip-name",
            "region": "us-west-2",
            "tags": {
              "Environment": "dev",
              "Name": "multi-region-spot-dev-public-subnet-2",
              "Project": "multi-region-spot",
              "Type": "public"
            },
            "tags_all": {
              "Environment": "dev",
              "Name": "multi-region-spot-dev-public-subnet-2",
              "Project": "multi-region-spot",
              "Type": "public"
            },
            "timeouts": null,
            "vpc_id": "vpc-02bf82a70df5623e7"
          },
          "sensitive_attributes": [],
          "private": "eyJlMmJmYjczMC1lY2FhLTExZTYtOGY4OC0zNDM2M2JjN2M0YzAiOnsiY3JlYXRlIjo2MDAwMDAwMDAwMDAsImRlbGV0ZSI6MTIwMDAwMDAwMDAwMH0sInNjaGVtYV92ZXJzaW9uIjoiMSJ9",
          "dependencies": [
            "module.network_oregon.aws_vpc.vpc"
          ]
        }
      ]
    },
    {
      "module": "module.network_oregon",
      "mode": "managed",
      "type": "aws_vpc",
      "name": "vpc",
      "provider": "provider[\"registry.terraform.io/hashicorp/aws\"].usw2",
      "instances": [
        {
          "schema_version": 1,
          "attributes": {
            "arn": "arn:aws:ec2:us-west-2:058898200941:vpc/vpc-02bf82a70df5623e7",
            "assign_generated_ipv6_cidr_block": false,
            "cidr_block": "10.4.0.0/16",
            "default_network_acl_id": "acl-08b24729ef17c23de",
            "default_route_table_id": "rtb-0b921b24073881674",
            "default_security_group_id": "sg-001bc11b7fed9259b",
            "dhcp_options_id": "dopt-41ea0c24",
            "enable_dns_hostnames": true,
            "enable_dns_support": true,
            "enable_network_address_usage_metrics": false,
            "id": "vpc-02bf82a70df5623e7",
            "instance_tenancy": "default",
            "ipv4_ipam_pool_id": null,
            "ipv4_netmask_length": null,
            "ipv6_association_id": "",
            "ipv6_cidr_block": "",
            "ipv6_cidr_block_network_border_group": "",
            "ipv6_ipam_pool_id": "",
            "ipv6_netmask_length": 0,
            "main_route_table_id": "rtb-0b921b24073881674",
            "owner_id": "058898200941",
            "region": "us-west-2",
            "tags": {
              "Environment": "dev",
              "Name": "multi-region-spot-dev-vpc",
              "Project": "multi-region-spot"
            },
            "tags_all": {
              "Environment": "dev",
              "Name": "multi-region-spot-dev-vpc",
              "Project": "multi-region-spot"
            }
          },
          "sensitive_attributes": [],
          "private": "eyJzY2hlbWFfdmVyc2lvbiI6IjEifQ=="
        }
      ]
    },
    {
      "module": "module.network_singapore",
      "mode": "managed",
      "type": "aws_internet_gateway",
      "name": "igw",
      "provider": "provider[\"registry.terraform.io/hashicorp/aws\"].apse1",
      "instances": [
        {
          "schema_version": 0,
          "attributes": {
            "arn": "arn:aws:ec2:ap-southeast-1:058898200941:internet-gateway/igw-007edf2ec7443173a",
            "id": "igw-007edf2ec7443173a",
            "owner_id": "058898200941",
            "region": "ap-southeast-1",
            "tags": {
              "Environment": "dev",
              "Name": "multi-region-spot-dev-igw",
              "Project": "multi-region-spot"
            },
            "tags_all": {
              "Environment": "dev",
              "Name": "multi-region-spot-dev-igw",
              "Project": "multi-region-spot"
            },
            "timeouts": null,
            "vpc_id": "vpc-0c9b35a938db9c97b"
          },
          "sensitive_attributes": [],
          "private": "eyJlMmJmYjczMC1lY2FhLTExZTYtOGY4OC0zNDM2M2JjN2M0YzAiOnsiY3JlYXRlIjoxMjAwMDAwMDAwMDAwLCJkZWxldGUiOjEyMDAwMDAwMDAwMDAsInVwZGF0ZSI6MTIwMDAwMDAwMDAwMH19",
          "dependencies": [
            "module.network_singapore.aws_vpc.vpc"
          ]
        }
      ]
    },
    {
      "module": "module.network_singapore",
      "mode": "managed",
      "type": "aws_route",
      "name": "public-route",
      "provider": "provider[\"registry.terraform.io/hashicorp/aws\"].apse1",
      "instances": [
        {
          "schema_version": 0,
          "attributes": {
            "carrier_gateway_id": "",
            "core_network_arn": "",
            "destination_cidr_block": "0.0.0.0/0",
            "destination_ipv6_cidr_block": "",
            "destination_prefix_list_id": "",
            "egress_only_gateway_id": "",
            "gateway_id": "igw-007edf2ec7443173a",
            "id": "r-rtb-02256ea5d1e0c78421080289494",
            "instance_id": "",
            "instance_owner_id": "",
            "local_gateway_id": "",
            "nat_gateway_id": "",
            "network_interface_id": "",
            "origin": "CreateRoute",
            "region": "ap-southeast-1",
            "route_table_id": "rtb-02256ea5d1e0c7842",
            "state": "active",
            "timeouts": null,
            "transit_gateway_id": "",
            "vpc_endpoint_id": "",
            "vpc_peering_connection_id": ""
          },
          "sensitive_attributes": [],
          "private": "eyJlMmJmYjczMC1lY2FhLTExZTYtOGY4OC0zNDM2M2JjN2M0YzAiOnsiY3JlYXRlIjozMDAwMDAwMDAwMDAsImRlbGV0ZSI6MzAwMDAwMDAwMDAwLCJ1cGRhdGUiOjEyMDAwMDAwMDAwMH19",
          "dependencies": [
            "module.network_singapore.aws_internet_gateway.igw",
            "module.network_singapore.aws_route_table.public_rt",
            "module.network_singapore.aws_vpc.vpc"
          ]
        }
      ]
    },
    {
      "module": "module.network_singapore",
      "mode": "managed",
      "type": "aws_route_table",
      "name": "public_rt",
      "provider": "provider[\"registry.terraform.io/hashicorp/aws\"].apse1",
      "instances": [
        {
          "schema_version": 0,
          "attributes": {
            "arn": "arn:aws:ec2:ap-southeast-1:058898200941:route-table/rtb-02256ea5d1e0c7842",
            "id": "rtb-02256ea5d1e0c7842",
            "owner_id": "058898200941",
            "propagating_vgws": [],
            "region": "ap-southeast-1",
            "route": [],
            "tags": {
              "Environment": "dev",
              "Name": "multi-region-spot-dev-public-route-table",
              "Project": "multi-region-spot"
            },
            "tags_all": {
              "Environment": "dev",
              "Name": "multi-region-spot-dev-public-route-table",
              "Project": "multi-region-spot"
            },
            "timeouts": null,
            "vpc_id": "vpc-0c9b35a938db9c97b"
          },
          "sensitive_attributes": [],
          "private": "eyJlMmJmYjczMC1lY2FhLTExZTYtOGY4OC0zNDM2M2JjN2M0YzAiOnsiY3JlYXRlIjozMDAwMDAwMDAwMDAsImRlbGV0ZSI6MzAwMDAwMDAwMDAwLCJ1cGRhdGUiOjEyMDAwMDAwMDAwMH19",
          "dependencies": [
            "module.network_singapore.aws_vpc.vpc"
          ]
        }
      ]
    },
    {
      "module": "module.network_singapore",
      "mode": "managed",
      "type": "aws_route_table_association",
      "name": "public_rt_association_1",
      "provider": "provider[\"registry.terraform.io/hashicorp/aws\"].apse1",
      "instances": [
        {
          "schema_version": 0,
          "attributes": {
            "gateway_id": "",
            "id": "rtbassoc-0c0be8f366890a70e",
            "region": "ap-southeast-1",
            "route_table_id": "rtb-02256ea5d1e0c7842",
            "subnet_id": "subnet-0457013243501924b",
            "timeouts": null
          },
          "sensitive_attributes": [],
          "private": "eyJlMmJmYjczMC1lY2FhLTExZTYtOGY4OC0zNDM2M2JjN2M0YzAiOnsiY3JlYXRlIjozMDAwMDAwMDAwMDAsImRlbGV0ZSI6MzAwMDAwMDAwMDAwLCJ1cGRhdGUiOjEyMDAwMDAwMDAwMH19",
          "dependencies": [
            "module.network_singapore.aws_route_table.public_rt",
            "module.network_singapore.aws_subnet.public_subnet_1",
            "module.network_singapore.aws_vpc.vpc"
          ]
        }
      ]
    },
    {
      "module": "module.network_singapore",
      "mode": "managed",
      "type": "aws_route_table_association",
      "name": "public_rt_association_2",
      "provider": "provider[\"registry.terraform.io/hashicorp/aws\"].apse1",
      "instances": [
        {
          "schema_version": 0,
          "attributes": {
            "gateway_id": "",
            "id": "rtbassoc-0bd8fde59dced85fb",
            "region": "ap-southeast-1",
            "route_table_id": "rtb-02256ea5d1e0c7842",
            "subnet_id": "subnet-0c687f629568689bf",
            "timeouts": null
          },
          "sensitive_attributes": [],
          "private": "eyJlMmJmYjczMC1lY2FhLTExZTYtOGY4OC0zNDM2M2JjN2M0YzAiOnsiY3JlYXRlIjozMDAwMDAwMDAwMDAsImRlbGV0ZSI6MzAwMDAwMDAwMDAwLCJ1cGRhdGUiOjEyMDAwMDAwMDAwMH19",
          "dependencies": [
            "module.network_singapore.aws_route_table.public_rt",
            "module.network_singapore.aws_subnet.public_subnet_2",
            "module.network_singapore.aws_vpc.vpc"
          ]
        }
      ]
    },
    {
      "module": "module.network_singapore",
      "mode": "managed",
      "type": "aws_subnet",
      "name": "public_subnet_1",
      "provider": "provider[\"registry.terraform.io/hashicorp/aws\"].apse1",
      "instances": [
        {
          "schema_version": 1,
          "attributes": {
            "arn": "arn:aws:ec2:ap-southeast-1:058898200941:subnet/subnet-0457013243501924b",
            "assign_ipv6_address_on_creation": false,
            "availability_zone": "ap-southeast-1a",
            "availability_zone_id": "apse1-az1",
            "cidr_block": "10.2.1.0/24",
            "customer_owned_ipv4_pool": "",
            "enable_dns64": false,
            "enable_lni_at_device_index": 0,
            "enable_resource_name_dns_a_record_on_launch": false,
            "enable_resource_name_dns_aaaa_record_on_launch": false,
            "id": "subnet-0457013243501924b",
            "ipv6_cidr_block": "",
            "ipv6_cidr_block_association_id": "",
            "ipv6_native": false,
            "map_customer_owned_ip_on_launch": false,
            "map_public_ip_on_launch": true,
            "outpost_arn": "",
            "owner_id": "058898200941",
            "private_dns_hostname_type_on_launch": "ip-name",
            "region": "ap-southeast-1",
            "tags": {
              "Environment": "dev",
              "Name": "multi-region-spot-dev-public-subnet-1",
              "Project": "multi-region-spot",
              "Type": "public"
            },
            "tags_all": {
              "Environment": "dev",
              "Name": "multi-region-spot-dev-public-subnet-1",
              "Project": "multi-region-spot",
              "Type": "public"
            },
            "timeouts": null,
            "vpc_id": "vpc-0c9b35a938db9c97b"
          },
          "sensitive_attributes": [],
          "private": "eyJlMmJmYjczMC1lY2FhLTExZTYtOGY4OC0zNDM2M2JjN2M0YzAiOnsiY3JlYXRlIjo2MDAwMDAwMDAwMDAsImRlbGV0ZSI6MTIwMDAwMDAwMDAwMH0sInNjaGVtYV92ZXJzaW9uIjoiMSJ9",
          "dependencies": [
            "module.network_singapore.aws_vpc.vpc"
          ]
        }
      ]
    },
    {
      "module": "module.network_singapore",
      "mode": "managed",
      "type": "aws_subnet",
      "name": "public_subnet_2",
      "provider": "provider[\"registry.terraform.io/hashicorp/aws\"].apse1",
      "instances": [
        {
          "schema_version": 1,
          "attributes": {
            "arn": "arn:aws:ec2:ap-southeast-1:058898200941:subnet/subnet-0c687f629568689bf",
            "assign_ipv6_address_on_creation": false,
            "availability_zone": "ap-southeast-1b",
            "availability_zone_id": "apse1-az2",
            "cidr_block": "10.2.2.0/24",
            "customer_owned_ipv4_pool": "",
            "enable_dns64": false,
            "enable_lni_at_device_index": 0,
            "enable_resource_name_dns_a_record_on_launch": false,
            "enable_resource_name_dns_aaaa_record_on_launch": false,
            "id": "subnet-0c687f629568689bf",
            "ipv6_cidr_block": "",
            "ipv6_cidr_block_association_id": "",
            "ipv6_native": false,
            "map_customer_owned_ip_on_launch": false,
            "map_public_ip_on_launch": true,
            "outpost_arn": "",
            "owner_id": "058898200941",
            "private_dns_hostname_type_on_launch": "ip-name",
            "region": "ap-southeast-1",
            "tags": {
              "Environment": "dev",
              "Name": "multi-region-spot-dev-public-subnet-2",
              "Project": "multi-region-spot",
              "Type": "public"
            },
            "tags_all": {
              "Environment": "dev",
              "Name": "multi-region-spot-dev-public-subnet-2",
              "Project": "multi-region-spot",
              "Type": "public"
            },
            "timeouts": null,
            "vpc_id": "vpc-0c9b35a938db9c97b"
          },
          "sensitive_attributes": [],
          "private": "eyJlMmJmYjczMC1lY2FhLTExZTYtOGY4OC0zNDM2M2JjN2M0YzAiOnsiY3JlYXRlIjo2MDAwMDAwMDAwMDAsImRlbGV0ZSI6MTIwMDAwMDAwMDAwMH0sInNjaGVtYV92ZXJzaW9uIjoiMSJ9",
          "dependencies": [
            "module.network_singapore.aws_vpc.vpc"
          ]
        }
      ]
    },
    {
      "module": "module.network_singapore",
      "mode": "managed",
      "type": "aws_vpc",
      "name": "vpc",
      "provider": "provider[\"registry.terraform.io/hashicorp/aws\"].apse1",
      "instances": [
        {
          "schema_version": 1,
          "attributes": {
            "arn": "arn:aws:ec2:ap-southeast-1:058898200941:vpc/vpc-0c9b35a938db9c97b",
            "assign_generated_ipv6_cidr_block": false,
            "cidr_block": "10.2.0.0/16",
            "default_network_acl_id": "acl-0662b966e66a656b0",
            "default_route_table_id": "rtb-0585ddff1da6ae5c4",
            "default_security_group_id": "sg-06026da504e3dab34",
            "dhcp_options_id": "dopt-b6fce7d4",
            "enable_dns_hostnames": true,
            "enable_dns_support": true,
            "enable_network_address_usage_metrics": false,
            "id": "vpc-0c9b35a938db9c97b",
            "instance_tenancy": "default",
            "ipv4_ipam_pool_id": null,
            "ipv4_netmask_length": null,
            "ipv6_association_id": "",
            "ipv6_cidr_block": "",
            "ipv6_cidr_block_network_border_group": "",
            "ipv6_ipam_pool_id": "",
            "ipv6_netmask_length": 0,
            "main_route_table_id": "rtb-0585ddff1da6ae5c4",
            "owner_id": "058898200941",
            "region": "ap-southeast-1",
            "tags": {
              "Environment": "dev",
              "Name": "multi-region-spot-dev-vpc",
              "Project": "multi-region-spot"
            },
            "tags_all": {
              "Environment": "dev",
              "Name": "multi-region-spot-dev-vpc",
              "Project": "multi-region-spot"
            }
          },
          "sensitive_attributes": [],
          "private": "eyJzY2hlbWFfdmVyc2lvbiI6IjEifQ=="
        }
      ]
    },
    {
      "module": "module.network_tokyo",
      "mode": "managed",
      "type": "aws_internet_gateway",
      "name": "igw",
      "provider": "provider[\"registry.terraform.io/hashicorp/aws\"]",
      "instances": [
        {
          "schema_version": 0,
          "attributes": {
            "arn": "arn:aws:ec2:ap-northeast-1:058898200941:internet-gateway/igw-0775559acf202d994",
            "id": "igw-0775559acf202d994",
            "owner_id": "058898200941",
            "region": "ap-northeast-1",
            "tags": {
              "Environment": "dev",
              "Name": "multi-region-spot-dev-igw",
              "Project": "multi-region-spot"
            },
            "tags_all": {
              "Environment": "dev",
              "Name": "multi-region-spot-dev-igw",
              "Project": "multi-region-spot"
            },
            "timeouts": null,
            "vpc_id": "vpc-08e60d235b562628b"
          },
          "sensitive_attributes": [],
          "private": "eyJlMmJmYjczMC1lY2FhLTExZTYtOGY4OC0zNDM2M2JjN2M0YzAiOnsiY3JlYXRlIjoxMjAwMDAwMDAwMDAwLCJkZWxldGUiOjEyMDAwMDAwMDAwMDAsInVwZGF0ZSI6MTIwMDAwMDAwMDAwMH19",
          "dependencies": [
            "module.network_tokyo.aws_vpc.vpc"
          ]
        }
      ]
    },
    {
      "module": "module.network_tokyo",
      "mode": "managed",
      "type": "aws_route",
      "name": "public-route",
      "provider": "provider[\"registry.terraform.io/hashicorp/aws\"]",
      "instances": [
        {
          "schema_version": 0,
          "attributes": {
            "carrier_gateway_id": "",
            "core_network_arn": "",
            "destination_cidr_block": "0.0.0.0/0",
            "destination_ipv6_cidr_block": "",
            "destination_prefix_list_id": "",
            "egress_only_gateway_id": "",
            "gateway_id": "igw-0775559acf202d994",
            "id": "r-rtb-004156f9bc0bf29351080289494",
            "instance_id": "",
            "instance_owner_id": "",
            "local_gateway_id": "",
            "nat_gateway_id": "",
            "network_interface_id": "",
            "origin": "CreateRoute",
            "region": "ap-northeast-1",
            "route_table_id": "rtb-004156f9bc0bf2935",
            "state": "active",
            "timeouts": null,
            "transit_gateway_id": "",
            "vpc_endpoint_id": "",
            "vpc_peering_connection_id": ""
          },
          "sensitive_attributes": [],
          "private": "eyJlMmJmYjczMC1lY2FhLTExZTYtOGY4OC0zNDM2M2JjN2M0YzAiOnsiY3JlYXRlIjozMDAwMDAwMDAwMDAsImRlbGV0ZSI6MzAwMDAwMDAwMDAwLCJ1cGRhdGUiOjEyMDAwMDAwMDAwMH19",
          "dependencies": [
            "module.network_tokyo.aws_internet_gateway.igw",
            "module.network_tokyo.aws_route_table.public_rt",
            "module.network_tokyo.aws_vpc.vpc"
          ]
        }
      ]
    },
    {
      "module": "module.network_tokyo",
      "mode": "managed",
      "type": "aws_route_table",
      "name": "public_rt",
      "provider": "provider[\"registry.terraform.io/hashicorp/aws\"]",
      "instances": [
        {
          "schema_version": 0,
          "attributes": {
            "arn": "arn:aws:ec2:ap-northeast-1:058898200941:route-table/rtb-004156f9bc0bf2935",
            "id": "rtb-004156f9bc0bf2935",
            "owner_id": "058898200941",
            "propagating_vgws": [],
            "region": "ap-northeast-1",
            "route": [],
            "tags": {
              "Environment": "dev",
              "Name": "multi-region-spot-dev-public-route-table",
              "Project": "multi-region-spot"
            },
            "tags_all": {
              "Environment": "dev",
              "Name": "multi-region-spot-dev-public-route-table",
              "Project": "multi-region-spot"
            },
            "timeouts": null,
            "vpc_id": "vpc-08e60d235b562628b"
          },
          "sensitive_attributes": [],
          "private": "eyJlMmJmYjczMC1lY2FhLTExZTYtOGY4OC0zNDM2M2JjN2M0YzAiOnsiY3JlYXRlIjozMDAwMDAwMDAwMDAsImRlbGV0ZSI6MzAwMDAwMDAwMDAwLCJ1cGRhdGUiOjEyMDAwMDAwMDAwMH19",
          "dependencies": [
            "module.network_tokyo.aws_vpc.vpc"
          ]
        }
      ]
    },
    {
      "module": "module.network_tokyo",
      "mode": "managed",
      "type": "aws_route_table_association",
      "name": "public_rt_association_1",
      "provider": "provider[\"registry.terraform.io/hashicorp/aws\"]",
      "instances": [
        {
          "schema_version": 0,
          "attributes": {
            "gateway_id": "",
            "id": "rtbassoc-01020dc7aeb0bf6c5",
            "region": "ap-northeast-1",
            "route_table_id": "rtb-004156f9bc0bf2935",
            "subnet_id": "subnet-003bb77a7c58c6b20",
            "timeouts": null
          },
          "sensitive_attributes": [],
          "private": "eyJlMmJmYjczMC1lY2FhLTExZTYtOGY4OC0zNDM2M2JjN2M0YzAiOnsiY3JlYXRlIjozMDAwMDAwMDAwMDAsImRlbGV0ZSI6MzAwMDAwMDAwMDAwLCJ1cGRhdGUiOjEyMDAwMDAwMDAwMH19",
          "dependencies": [
            "module.network_tokyo.aws_route_table.public_rt",
            "module.network_tokyo.aws_subnet.public_subnet_1",
            "module.network_tokyo.aws_vpc.vpc"
          ]
        }
      ]
    },
    {
      "module": "module.network_tokyo",
      "mode": "managed",
      "type": "aws_route_table_association",
      "name": "public_rt_association_2",
      "provider": "provider[\"registry.terraform.io/hashicorp/aws\"]",
      "instances": [
        {
          "schema_version": 0,
          "attributes": {
            "gateway_id": "",
            "id": "rtbassoc-0dc0daf05333ba91b",
            "region": "ap-northeast-1",
            "route_table_id": "rtb-004156f9bc0bf2935",
            "subnet_id": "subnet-0edfd4923154ad206",
            "timeouts": null
          },
          "sensitive_attributes": [],
          "private": "eyJlMmJmYjczMC1lY2FhLTExZTYtOGY4OC0zNDM2M2JjN2M0YzAiOnsiY3JlYXRlIjozMDAwMDAwMDAwMDAsImRlbGV0ZSI6MzAwMDAwMDAwMDAwLCJ1cGRhdGUiOjEyMDAwMDAwMDAwMH19",
          "dependencies": [
            "module.network_tokyo.aws_route_table.public_rt",
            "module.network_tokyo.aws_subnet.public_subnet_2",
            "module.network_tokyo.aws_vpc.vpc"
          ]
        }
      ]
    },
    {
      "module": "module.network_tokyo",
      "mode": "managed",
      "type": "aws_subnet",
      "name": "public_subnet_1",
      "provider": "provider[\"registry.terraform.io/hashicorp/aws\"]",
      "instances": [
        {
          "schema_version": 1,
          "attributes": {
            "arn": "arn:aws:ec2:ap-northeast-1:058898200941:subnet/subnet-003bb77a7c58c6b20",
            "assign_ipv6_address_on_creation": false,
            "availability_zone": "ap-northeast-1c",
            "availability_zone_id": "apne1-az1",
            "cidr_block": "10.1.1.0/24",
            "customer_owned_ipv4_pool": "",
            "enable_dns64": false,
            "enable_lni_at_device_index": 0,
            "enable_resource_name_dns_a_record_on_launch": false,
            "enable_resource_name_dns_aaaa_record_on_launch": false,
            "id": "subnet-003bb77a7c58c6b20",
            "ipv6_cidr_block": "",
            "ipv6_cidr_block_association_id": "",
            "ipv6_native": false,
            "map_customer_owned_ip_on_launch": false,
            "map_public_ip_on_launch": true,
            "outpost_arn": "",
            "owner_id": "058898200941",
            "private_dns_hostname_type_on_launch": "ip-name",
            "region": "ap-northeast-1",
            "tags": {
              "Environment": "dev",
              "Name": "multi-region-spot-dev-public-subnet-1",
              "Project": "multi-region-spot",
              "Type": "public"
            },
            "tags_all": {
              "Environment": "dev",
              "Name": "multi-region-spot-dev-public-subnet-1",
              "Project": "multi-region-spot",
              "Type": "public"
            },
            "timeouts": null,
            "vpc_id": "vpc-08e60d235b562628b"
          },
          "sensitive_attributes": [],
          "private": "eyJlMmJmYjczMC1lY2FhLTExZTYtOGY4OC0zNDM2M2JjN2M0YzAiOnsiY3JlYXRlIjo2MDAwMDAwMDAwMDAsImRlbGV0ZSI6MTIwMDAwMDAwMDAwMH0sInNjaGVtYV92ZXJzaW9uIjoiMSJ9",
          "dependencies": [
            "module.network_tokyo.aws_vpc.vpc"
          ]
        }
      ]
    },
    {
      "module": "module.network_tokyo",
      "mode": "managed",
      "type": "aws_subnet",
      "name": "public_subnet_2",
      "provider": "provider[\"registry.terraform.io/hashicorp/aws\"]",
      "instances": [
        {
          "schema_version": 1,
          "attributes": {
            "arn": "arn:aws:ec2:ap-northeast-1:058898200941:subnet/subnet-0edfd4923154ad206",
            "assign_ipv6_address_on_creation": false,
            "availability_zone": "ap-northeast-1d",
            "availability_zone_id": "apne1-az2",
            "cidr_block": "10.1.2.0/24",
            "customer_owned_ipv4_pool": "",
            "enable_dns64": false,
            "enable_lni_at_device_index": 0,
            "enable_resource_name_dns_a_record_on_launch": false,
            "enable_resource_name_dns_aaaa_record_on_launch": false,
            "id": "subnet-0edfd4923154ad206",
            "ipv6_cidr_block": "",
            "ipv6_cidr_block_association_id": "",
            "ipv6_native": false,
            "map_customer_owned_ip_on_launch": false,
            "map_public_ip_on_launch": true,
            "outpost_arn": "",
            "owner_id": "058898200941",
            "private_dns_hostname_type_on_launch": "ip-name",
            "region": "ap-northeast-1",
            "tags": {
              "Environment": "dev",
              "Name": "multi-region-spot-dev-public-subnet-2",
              "Project": "multi-region-spot",
              "Type": "public"
            },
            "tags_all": {
              "Environment": "dev",
              "Name": "multi-region-spot-dev-public-subnet-2",
              "Project": "multi-region-spot",
              "Type": "public"
            },
            "timeouts": null,
            "vpc_id": "vpc-08e60d235b562628b"
          },
          "sensitive_attributes": [],
          "private": "eyJlMmJmYjczMC1lY2FhLTExZTYtOGY4OC0zNDM2M2JjN2M0YzAiOnsiY3JlYXRlIjo2MDAwMDAwMDAwMDAsImRlbGV0ZSI6MTIwMDAwMDAwMDAwMH0sInNjaGVtYV92ZXJzaW9uIjoiMSJ9",
          "dependencies": [
            "module.network_tokyo.aws_vpc.vpc"
          ]
        }
      ]
    },
    {
      "module": "module.network_tokyo",
      "mode": "managed",
      "type": "aws_vpc",
      "name": "vpc",
      "provider": "provider[\"registry.terraform.io/hashicorp/aws\"]",
      "instances": [
        {
          "schema_version": 1,
          "attributes": {
            "arn": "arn:aws:ec2:ap-northeast-1:058898200941:vpc/vpc-08e60d235b562628b",
            "assign_generated_ipv6_cidr_block": false,
            "cidr_block": "10.1.0.0/16",
            "default_network_acl_id": "acl-00f3fdbff55632a03",
            "default_route_table_id": "rtb-0d1a2f13055d67bc1",
            "default_security_group_id": "sg-051be8777242434ec",
            "dhcp_options_id": "dopt-64708a0c",
            "enable_dns_hostnames": true,
            "enable_dns_support": true,
            "enable_network_address_usage_metrics": false,
            "id": "vpc-08e60d235b562628b",
            "instance_tenancy": "default",
            "ipv4_ipam_pool_id": null,
            "ipv4_netmask_length": null,
            "ipv6_association_id": "",
            "ipv6_cidr_block": "",
            "ipv6_cidr_block_network_border_group": "",
            "ipv6_ipam_pool_id": "",
            "ipv6_netmask_length": 0,
            "main_route_table_id": "rtb-0d1a2f13055d67bc1",
            "owner_id": "058898200941",
            "region": "ap-northeast-1",
            "tags": {
              "Environment": "dev",
              "Name": "multi-region-spot-dev-vpc",
              "Project": "multi-region-spot"
            },
            "tags_all": {
              "Environment": "dev",
              "Name": "multi-region-spot-dev-vpc",
              "Project": "multi-region-spot"
            }
          },
          "sensitive_attributes": [],
          "private": "eyJzY2hlbWFfdmVyc2lvbiI6IjEifQ=="
        }
      ]
    },
    {
      "module": "module.network_virginia",
      "mode": "managed",
      "type": "aws_internet_gateway",
      "name": "igw",
      "provider": "provider[\"registry.terraform.io/hashicorp/aws\"].use1",
      "instances": [
        {
          "schema_version": 0,
          "attributes": {
            "arn": "arn:aws:ec2:us-east-1:058898200941:internet-gateway/igw-0b9e219a8e9017a20",
            "id": "igw-0b9e219a8e9017a20",
            "owner_id": "058898200941",
            "region": "us-east-1",
            "tags": {
              "Environment": "dev",
              "Name": "multi-region-spot-dev-igw",
              "Project": "multi-region-spot"
            },
            "tags_all": {
              "Environment": "dev",
              "Name": "multi-region-spot-dev-igw",
              "Project": "multi-region-spot"
            },
            "timeouts": null,
            "vpc_id": "vpc-056bc1a570ff256fe"
          },
          "sensitive_attributes": [],
          "private": "eyJlMmJmYjczMC1lY2FhLTExZTYtOGY4OC0zNDM2M2JjN2M0YzAiOnsiY3JlYXRlIjoxMjAwMDAwMDAwMDAwLCJkZWxldGUiOjEyMDAwMDAwMDAwMDAsInVwZGF0ZSI6MTIwMDAwMDAwMDAwMH19",
          "dependencies": [
            "module.network_virginia.aws_vpc.vpc"
          ]
        }
      ]
    },
    {
      "module": "module.network_virginia",
      "mode": "managed",
      "type": "aws_route",
      "name": "public-route",
      "provider": "provider[\"registry.terraform.io/hashicorp/aws\"].use1",
      "instances": [
        {
          "schema_version": 0,
          "attributes": {
            "carrier_gateway_id": "",
            "core_network_arn": "",
            "destination_cidr_block": "0.0.0.0/0",
            "destination_ipv6_cidr_block": "",
            "destination_prefix_list_id": "",
            "egress_only_gateway_id": "",
            "gateway_id": "igw-0b9e219a8e9017a20",
            "id": "r-rtb-0eedef20ef590df501080289494",
            "instance_id": "",
            "instance_owner_id": "",
            "local_gateway_id": "",
            "nat_gateway_id": "",
            "network_interface_id": "",
            "origin": "CreateRoute",
            "region": "us-east-1",
            "route_table_id": "rtb-0eedef20ef590df50",
            "state": "active",
            "timeouts": null,
            "transit_gateway_id": "",
            "vpc_endpoint_id": "",
            "vpc_peering_connection_id": ""
          },
          "sensitive_attributes": [],
          "private": "eyJlMmJmYjczMC1lY2FhLTExZTYtOGY4OC0zNDM2M2JjN2M0YzAiOnsiY3JlYXRlIjozMDAwMDAwMDAwMDAsImRlbGV0ZSI6MzAwMDAwMDAwMDAwLCJ1cGRhdGUiOjEyMDAwMDAwMDAwMH19",
          "dependencies": [
            "module.network_virginia.aws_internet_gateway.igw",
            "module.network_virginia.aws_route_table.public_rt",
            "module.network_virginia.aws_vpc.vpc"
          ]
        }
      ]
    },
    {
      "module": "module.network_virginia",
      "mode": "managed",
      "type": "aws_route_table",
      "name": "public_rt",
      "provider": "provider[\"registry.terraform.io/hashicorp/aws\"].use1",
      "instances": [
        {
          "schema_version": 0,
          "attributes": {
            "arn": "arn:aws:ec2:us-east-1:058898200941:route-table/rtb-0eedef20ef590df50",
            "id": "rtb-0eedef20ef590df50",
            "owner_id": "058898200941",
            "propagating_vgws": [],
            "region": "us-east-1",
            "route": [],
            "tags": {
              "Environment": "dev",
              "Name": "multi-region-spot-dev-public-route-table",
              "Project": "multi-region-spot"
            },
            "tags_all": {
              "Environment": "dev",
              "Name": "multi-region-spot-dev-public-route-table",
              "Project": "multi-region-spot"
            },
            "timeouts": null,
            "vpc_id": "vpc-056bc1a570ff256fe"
          },
          "sensitive_attributes": [],
          "private": "eyJlMmJmYjczMC1lY2FhLTExZTYtOGY4OC0zNDM2M2JjN2M0YzAiOnsiY3JlYXRlIjozMDAwMDAwMDAwMDAsImRlbGV0ZSI6MzAwMDAwMDAwMDAwLCJ1cGRhdGUiOjEyMDAwMDAwMDAwMH19",
          "dependencies": [
            "module.network_virginia.aws_vpc.vpc"
          ]
        }
      ]
    },
    {
      "module": "module.network_virginia",
      "mode": "managed",
      "type": "aws_route_table_association",
      "name": "public_rt_association_1",
      "provider": "provider[\"registry.terraform.io/hashicorp/aws\"].use1",
      "instances": [
        {
          "schema_version": 0,
          "attributes": {
            "gateway_id": "",
            "id": "rtbassoc-0fd1838eba3cbc6cb",
            "region": "us-east-1",
            "route_table_id": "rtb-0eedef20ef590df50",
            "subnet_id": "subnet-03f6dbb39645dadc2",
            "timeouts": null
          },
          "sensitive_attributes": [],
          "private": "eyJlMmJmYjczMC1lY2FhLTExZTYtOGY4OC0zNDM2M2JjN2M0YzAiOnsiY3JlYXRlIjozMDAwMDAwMDAwMDAsImRlbGV0ZSI6MzAwMDAwMDAwMDAwLCJ1cGRhdGUiOjEyMDAwMDAwMDAwMH19",
          "dependencies": [
            "module.network_virginia.aws_route_table.public_rt",
            "module.network_virginia.aws_subnet.public_subnet_1",
            "module.network_virginia.aws_vpc.vpc"
          ]
        }
      ]
    },
    {
      "module": "module.network_virginia",
      "mode": "managed",
      "type": "aws_route_table_association",
      "name": "public_rt_association_2",
      "provider": "provider[\"registry.terraform.io/hashicorp/aws\"].use1",
      "instances": [
        {
          "schema_version": 0,
          "attributes": {
            "gateway_id": "",
            "id": "rtbassoc-0371550e7e43dcfc2",
            "region": "us-east-1",
            "route_table_id": "rtb-0eedef20ef590df50",
            "subnet_id": "subnet-0287ca751bb3d0f2c",
            "timeouts": null
          },
          "sensitive_attributes": [],
          "private": "eyJlMmJmYjczMC1lY2FhLTExZTYtOGY4OC0zNDM2M2JjN2M0YzAiOnsiY3JlYXRlIjozMDAwMDAwMDAwMDAsImRlbGV0ZSI6MzAwMDAwMDAwMDAwLCJ1cGRhdGUiOjEyMDAwMDAwMDAwMH19",
          "dependencies": [
            "module.network_virginia.aws_route_table.public_rt",
            "module.network_virginia.aws_subnet.public_subnet_2",
            "module.network_virginia.aws_vpc.vpc"
          ]
        }
      ]
    },
    {
      "module": "module.network_virginia",
      "mode": "managed",
      "type": "aws_subnet",
      "name": "public_subnet_1",
      "provider": "provider[\"registry.terraform.io/hashicorp/aws\"].use1",
      "instances": [
        {
          "schema_version": 1,
          "attributes": {
            "arn": "arn:aws:ec2:us-east-1:058898200941:subnet/subnet-03f6dbb39645dadc2",
            "assign_ipv6_address_on_creation": false,
            "availability_zone": "us-east-1b",
            "availability_zone_id": "use1-az4",
            "cidr_block": "10.3.1.0/24",
            "customer_owned_ipv4_pool": "",
            "enable_dns64": false,
            "enable_lni_at_device_index": 0,
            "enable_resource_name_dns_a_record_on_launch": false,
            "enable_resource_name_dns_aaaa_record_on_launch": false,
            "id": "subnet-03f6dbb39645dadc2",
            "ipv6_cidr_block": "",
            "ipv6_cidr_block_association_id": "",
            "ipv6_native": false,
            "map_customer_owned_ip_on_launch": false,
            "map_public_ip_on_launch": true,
            "outpost_arn": "",
            "owner_id": "058898200941",
            "private_dns_hostname_type_on_launch": "ip-name",
            "region": "us-east-1",
            "tags": {
              "Environment": "dev",
              "Name": "multi-region-spot-dev-public-subnet-1",
              "Project": "multi-region-spot",
              "Type": "public"
            },
            "tags_all": {
              "Environment": "dev",
              "Name": "multi-region-spot-dev-public-subnet-1",
              "Project": "multi-region-spot",
              "Type": "public"
            },
            "timeouts": null,
            "vpc_id": "vpc-056bc1a570ff256fe"
          },
          "sensitive_attributes": [],
          "private": "eyJlMmJmYjczMC1lY2FhLTExZTYtOGY4OC0zNDM2M2JjN2M0YzAiOnsiY3JlYXRlIjo2MDAwMDAwMDAwMDAsImRlbGV0ZSI6MTIwMDAwMDAwMDAwMH0sInNjaGVtYV92ZXJzaW9uIjoiMSJ9",
          "dependencies": [
            "module.network_virginia.aws_vpc.vpc"
          ]
        }
      ]
    },
    {
      "module": "module.network_virginia",
      "mode": "managed",
      "type": "aws_subnet",
      "name": "public_subnet_2",
      "provider": "provider[\"registry.terraform.io/hashicorp/aws\"].use1",
      "instances": [
        {
          "schema_version": 1,
          "attributes": {
            "arn": "arn:aws:ec2:us-east-1:058898200941:subnet/subnet-0287ca751bb3d0f2c",
            "assign_ipv6_address_on_creation": false,
            "availability_zone": "us-east-1c",
            "availability_zone_id": "use1-az6",
            "cidr_block": "10.3.2.0/24",
            "customer_owned_ipv4_pool": "",
            "enable_dns64": false,
            "enable_lni_at_device_index": 0,
            "enable_resource_name_dns_a_record_on_launch": false,
            "enable_resource_name_dns_aaaa_record_on_launch": false,
            "id": "subnet-0287ca751bb3d0f2c",
            "ipv6_cidr_block": "",
            "ipv6_cidr_block_association_id": "",
            "ipv6_native": false,
            "map_customer_owned_ip_on_launch": false,
            "map_public_ip_on_launch": true,
            "outpost_arn": "",
            "owner_id": "058898200941",
            "private_dns_hostname_type_on_launch": "ip-name",
            "region": "us-east-1",
            "tags": {
              "Environment": "dev",
              "Name": "multi-region-spot-dev-public-subnet-2",
              "Project": "multi-region-spot",
              "Type": "public"
            },
            "tags_all": {
              "Environment": "dev",
              "Name": "multi-region-spot-dev-public-subnet-2",
              "Project": "multi-region-spot",
              "Type": "public"
            },
            "timeouts": null,
            "vpc_id": "vpc-056bc1a570ff256fe"
          },
          "sensitive_attributes": [],
          "private": "eyJlMmJmYjczMC1lY2FhLTExZTYtOGY4OC0zNDM2M2JjN2M0YzAiOnsiY3JlYXRlIjo2MDAwMDAwMDAwMDAsImRlbGV0ZSI6MTIwMDAwMDAwMDAwMH0sInNjaGVtYV92ZXJzaW9uIjoiMSJ9",
          "dependencies": [
            "module.network_virginia.aws_vpc.vpc"
          ]
        }
      ]
    },
    {
      "module": "module.network_virginia",
      "mode": "managed",
      "type": "aws_vpc",
      "name": "vpc",
      "provider": "provider[\"registry.terraform.io/hashicorp/aws\"].use1",
      "instances": [
        {
          "schema_version": 1,
          "attributes": {
            "arn": "arn:aws:ec2:us-east-1:058898200941:vpc/vpc-056bc1a570ff256fe",
            "assign_generated_ipv6_cidr_block": false,
            "cidr_block": "10.3.0.0/16",
            "default_network_acl_id": "acl-04c871d591a0104af",
            "default_route_table_id": "rtb-0283e7f9fbe52a4bc",
            "default_security_group_id": "sg-07fa5483bfb895728",
            "dhcp_options_id": "dopt-8d11ace9",
            "enable_dns_hostnames": true,
            "enable_dns_support": true,
            "enable_network_address_usage_metrics": false,
            "id": "vpc-056bc1a570ff256fe",
            "instance_tenancy": "default",
            "ipv4_ipam_pool_id": null,
            "ipv4_netmask_length": null,
            "ipv6_association_id": "",
            "ipv6_cidr_block": "",
            "ipv6_cidr_block_network_border_group": "",
            "ipv6_ipam_pool_id": "",
            "ipv6_netmask_length": 0,
            "main_route_table_id": "rtb-0283e7f9fbe52a4bc",
            "owner_id": "058898200941",
            "region": "us-east-1",
            "tags": {
              "Environment": "dev",
              "Name": "multi-region-spot-dev-vpc",
              "Project": "multi-region-spot"
            },
            "tags_all": {
              "Environment": "dev",
              "Name": "multi-region-spot-dev-vpc",
              "Project": "multi-region-spot"
            }
          },
          "sensitive_attributes": [],
          "private": "eyJzY2hlbWFfdmVyc2lvbiI6IjEifQ=="
        }
      ]
    },
    {
      "module": "module.security_frankfurt",
      "mode": "managed",
      "type": "aws_security_group",
      "name": "db_sg",
      "provider": "provider[\"registry.terraform.io/hashicorp/aws\"].euc1",
      "instances": [
        {
          "schema_version": 1,
          "attributes": {
            "arn": "arn:aws:ec2:eu-central-1:058898200941:security-group/sg-03af9ac3d83889196",
            "description": "Security group for DB server",
            "egress": [
              {
                "cidr_blocks": [
                  "0.0.0.0/0"
                ],
                "description": "",
                "from_port": 0,
                "ipv6_cidr_blocks": [],
                "prefix_list_ids": [],
                "protocol": "-1",
                "security_groups": [],
                "self": false,
                "to_port": 0
              }
            ],
            "id": "sg-03af9ac3d83889196",
            "ingress": [
              {
                "cidr_blocks": [
                  "0.0.0.0/0"
                ],
                "description": "",
                "from_port": 22,
                "ipv6_cidr_blocks": [],
                "prefix_list_ids": [],
                "protocol": "tcp",
                "security_groups": [],
                "self": false,
                "to_port": 22
              },
              {
                "cidr_blocks": [
                  "0.0.0.0/0"
                ],
                "description": "",
                "from_port": 3306,
                "ipv6_cidr_blocks": [],
                "prefix_list_ids": [],
                "protocol": "tcp",
                "security_groups": [],
                "self": false,
                "to_port": 3306
              }
            ],
            "name": "multi-region-spot-dev-db-sg",
            "name_prefix": "",
            "owner_id": "058898200941",
            "region": "eu-central-1",
            "revoke_rules_on_delete": false,
            "tags": null,
            "tags_all": {},
            "timeouts": null,
            "vpc_id": "vpc-07eed7bfda9a3625f"
          },
          "sensitive_attributes": [],
          "private": "eyJlMmJmYjczMC1lY2FhLTExZTYtOGY4OC0zNDM2M2JjN2M0YzAiOnsiY3JlYXRlIjo2MDAwMDAwMDAwMDAsImRlbGV0ZSI6OTAwMDAwMDAwMDAwfSwic2NoZW1hX3ZlcnNpb24iOiIxIn0=",
          "dependencies": [
            "module.network_frankfurt.aws_vpc.vpc"
          ]
        }
      ]
    },
    {
      "module": "module.security_ireland",
      "mode": "managed",
      "type": "aws_security_group",
      "name": "db_sg",
      "provider": "provider[\"registry.terraform.io/hashicorp/aws\"].euw1",
      "instances": [
        {
          "schema_version": 1,
          "attributes": {
            "arn": "arn:aws:ec2:eu-west-1:058898200941:security-group/sg-05f26fe55f9394ba7",
            "description": "Security group for DB server",
            "egress": [
              {
                "cidr_blocks": [
                  "0.0.0.0/0"
                ],
                "description": "",
                "from_port": 0,
                "ipv6_cidr_blocks": [],
                "prefix_list_ids": [],
                "protocol": "-1",
                "security_groups": [],
                "self": false,
                "to_port": 0
              }
            ],
            "id": "sg-05f26fe55f9394ba7",
            "ingress": [
              {
                "cidr_blocks": [
                  "0.0.0.0/0"
                ],
                "description": "",
                "from_port": 22,
                "ipv6_cidr_blocks": [],
                "prefix_list_ids": [],
                "protocol": "tcp",
                "security_groups": [],
                "self": false,
                "to_port": 22
              },
              {
                "cidr_blocks": [
                  "0.0.0.0/0"
                ],
                "description": "",
                "from_port": 3306,
                "ipv6_cidr_blocks": [],
                "prefix_list_ids": [],
                "protocol": "tcp",
                "security_groups": [],
                "self": false,
                "to_port": 3306
              }
            ],
            "name": "multi-region-spot-dev-db-sg",
            "name_prefix": "",
            "owner_id": "058898200941",
            "region": "eu-west-1",
            "revoke_rules_on_delete": false,
            "tags": null,
            "tags_all": {},
            "timeouts": null,
            "vpc_id": "vpc-0eca811af4bddcddb"
          },
          "sensitive_attributes": [],
          "private": "eyJlMmJmYjczMC1lY2FhLTExZTYtOGY4OC0zNDM2M2JjN2M0YzAiOnsiY3JlYXRlIjo2MDAwMDAwMDAwMDAsImRlbGV0ZSI6OTAwMDAwMDAwMDAwfSwic2NoZW1hX3ZlcnNpb24iOiIxIn0=",
          "dependencies": [
            "module.network_ireland.aws_vpc.vpc"
          ]
        }
      ]
    },
    {
      "module": "module.security_oregon",
      "mode": "managed",
      "type": "aws_security_group",
      "name": "db_sg",
      "provider": "provider[\"registry.terraform.io/hashicorp/aws\"].usw2",
      "instances": [
        {
          "schema_version": 1,
          "attributes": {
            "arn": "arn:aws:ec2:us-west-2:058898200941:security-group/sg-0437f25781eb96f86",
            "description": "Security group for DB server",
            "egress": [
              {
                "cidr_blocks": [
                  "0.0.0.0/0"
                ],
                "description": "",
                "from_port": 0,
                "ipv6_cidr_blocks": [],
                "prefix_list_ids": [],
                "protocol": "-1",
                "security_groups": [],
                "self": false,
                "to_port": 0
              }
            ],
            "id": "sg-0437f25781eb96f86",
            "ingress": [
              {
                "cidr_blocks": [
                  "0.0.0.0/0"
                ],
                "description": "",
                "from_port": 22,
                "ipv6_cidr_blocks": [],
                "prefix_list_ids": [],
                "protocol": "tcp",
                "security_groups": [],
                "self": false,
                "to_port": 22
              },
              {
                "cidr_blocks": [
                  "0.0.0.0/0"
                ],
                "description": "",
                "from_port": 3306,
                "ipv6_cidr_blocks": [],
                "prefix_list_ids": [],
                "protocol": "tcp",
                "security_groups": [],
                "self": false,
                "to_port": 3306
              }
            ],
            "name": "multi-region-spot-dev-db-sg",
            "name_prefix": "",
            "owner_id": "058898200941",
            "region": "us-west-2",
            "revoke_rules_on_delete": false,
            "tags": null,
            "tags_all": {},
            "timeouts": null,
            "vpc_id": "vpc-02bf82a70df5623e7"
          },
          "sensitive_attributes": [],
          "private": "eyJlMmJmYjczMC1lY2FhLTExZTYtOGY4OC0zNDM2M2JjN2M0YzAiOnsiY3JlYXRlIjo2MDAwMDAwMDAwMDAsImRlbGV0ZSI6OTAwMDAwMDAwMDAwfSwic2NoZW1hX3ZlcnNpb24iOiIxIn0=",
          "dependencies": [
            "module.network_oregon.aws_vpc.vpc"
          ]
        }
      ]
    },
    {
      "module": "module.security_singapore",
      "mode": "managed",
      "type": "aws_security_group",
      "name": "db_sg",
      "provider": "provider[\"registry.terraform.io/hashicorp/aws\"].apse1",
      "instances": [
        {
          "schema_version": 1,
          "attributes": {
            "arn": "arn:aws:ec2:ap-southeast-1:058898200941:security-group/sg-049ded8cd1817ab66",
            "description": "Security group for DB server",
            "egress": [
              {
                "cidr_blocks": [
                  "0.0.0.0/0"
                ],
                "description": "",
                "from_port": 0,
                "ipv6_cidr_blocks": [],
                "prefix_list_ids": [],
                "protocol": "-1",
                "security_groups": [],
                "self": false,
                "to_port": 0
              }
            ],
            "id": "sg-049ded8cd1817ab66",
            "ingress": [
              {
                "cidr_blocks": [
                  "0.0.0.0/0"
                ],
                "description": "",
                "from_port": 22,
                "ipv6_cidr_blocks": [],
                "prefix_list_ids": [],
                "protocol": "tcp",
                "security_groups": [],
                "self": false,
                "to_port": 22
              },
              {
                "cidr_blocks": [
                  "0.0.0.0/0"
                ],
                "description": "",
                "from_port": 3306,
                "ipv6_cidr_blocks": [],
                "prefix_list_ids": [],
                "protocol": "tcp",
                "security_groups": [],
                "self": false,
                "to_port": 3306
              }
            ],
            "name": "multi-region-spot-dev-db-sg",
            "name_prefix": "",
            "owner_id": "058898200941",
            "region": "ap-southeast-1",
            "revoke_rules_on_delete": false,
            "tags": null,
            "tags_all": {},
            "timeouts": null,
            "vpc_id": "vpc-0c9b35a938db9c97b"
          },
          "sensitive_attributes": [],
          "private": "eyJlMmJmYjczMC1lY2FhLTExZTYtOGY4OC0zNDM2M2JjN2M0YzAiOnsiY3JlYXRlIjo2MDAwMDAwMDAwMDAsImRlbGV0ZSI6OTAwMDAwMDAwMDAwfSwic2NoZW1hX3ZlcnNpb24iOiIxIn0=",
          "dependencies": [
            "module.network_singapore.aws_vpc.vpc"
          ]
        }
      ]
    },
    {
      "module": "module.security_tokyo",
      "mode": "managed",
      "type": "aws_security_group",
      "name": "db_sg",
      "provider": "provider[\"registry.terraform.io/hashicorp/aws\"]",
      "instances": [
        {
          "schema_version": 1,
          "attributes": {
            "arn": "arn:aws:ec2:ap-northeast-1:058898200941:security-group/sg-09bb3fa40a726b5cd",
            "description": "Security group for DB server",
            "egress": [
              {
                "cidr_blocks": [
                  "0.0.0.0/0"
                ],
                "description": "",
                "from_port": 0,
                "ipv6_cidr_blocks": [],
                "prefix_list_ids": [],
                "protocol": "-1",
                "security_groups": [],
                "self": false,
                "to_port": 0
              }
            ],
            "id": "sg-09bb3fa40a726b5cd",
            "ingress": [
              {
                "cidr_blocks": [
                  "0.0.0.0/0"
                ],
                "description": "",
                "from_port": 22,
                "ipv6_cidr_blocks": [],
                "prefix_list_ids": [],
                "protocol": "tcp",
                "security_groups": [],
                "self": false,
                "to_port": 22
              },
              {
                "cidr_blocks": [
                  "0.0.0.0/0"
                ],
                "description": "",
                "from_port": 3306,
                "ipv6_cidr_blocks": [],
                "prefix_list_ids": [],
                "protocol": "tcp",
                "security_groups": [],
                "self": false,
                "to_port": 3306
              }
            ],
            "name": "multi-region-spot-dev-db-sg",
            "name_prefix": "",
            "owner_id": "058898200941",
            "region": "ap-northeast-1",
            "revoke_rules_on_delete": false,
            "tags": null,
            "tags_all": {},
            "timeouts": null,
            "vpc_id": "vpc-08e60d235b562628b"
          },
          "sensitive_attributes": [],
          "private": "eyJlMmJmYjczMC1lY2FhLTExZTYtOGY4OC0zNDM2M2JjN2M0YzAiOnsiY3JlYXRlIjo2MDAwMDAwMDAwMDAsImRlbGV0ZSI6OTAwMDAwMDAwMDAwfSwic2NoZW1hX3ZlcnNpb24iOiIxIn0=",
          "dependencies": [
            "module.network_tokyo.aws_vpc.vpc"
          ]
        }
      ]
    },
    {
      "module": "module.security_virginia",
      "mode": "managed",
      "type": "aws_security_group",
      "name": "db_sg",
      "provider": "provider[\"registry.terraform.io/hashicorp/aws\"].use1",
      "instances": [
        {
          "schema_version": 1,
          "attributes": {
            "arn": "arn:aws:ec2:us-east-1:058898200941:security-group/sg-024488b6581819307",
            "description": "Security group for DB server",
            "egress": [
              {
                "cidr_blocks": [
                  "0.0.0.0/0"
                ],
                "description": "",
                "from_port": 0,
                "ipv6_cidr_blocks": [],
                "prefix_list_ids": [],
                "protocol": "-1",
                "security_groups": [],
                "self": false,
                "to_port": 0
              }
            ],
            "id": "sg-024488b6581819307",
            "ingress": [
              {
                "cidr_blocks": [
                  "0.0.0.0/0"
                ],
                "description": "",
                "from_port": 22,
                "ipv6_cidr_blocks": [],
                "prefix_list_ids": [],
                "protocol": "tcp",
                "security_groups": [],
                "self": false,
                "to_port": 22
              },
              {
                "cidr_blocks": [
                  "0.0.0.0/0"
                ],
                "description": "",
                "from_port": 3306,
                "ipv6_cidr_blocks": [],
                "prefix_list_ids": [],
                "protocol": "tcp",
                "security_groups": [],
                "self": false,
                "to_port": 3306
              }
            ],
            "name": "multi-region-spot-dev-db-sg",
            "name_prefix": "",
            "owner_id": "058898200941",
            "region": "us-east-1",
            "revoke_rules_on_delete": false,
            "tags": null,
            "tags_all": {},
            "timeouts": null,
            "vpc_id": "vpc-056bc1a570ff256fe"
          },
          "sensitive_attributes": [],
          "private": "eyJlMmJmYjczMC1lY2FhLTExZTYtOGY4OC0zNDM2M2JjN2M0YzAiOnsiY3JlYXRlIjo2MDAwMDAwMDAwMDAsImRlbGV0ZSI6OTAwMDAwMDAwMDAwfSwic2NoZW1hX3ZlcnNpb24iOiIxIn0=",
          "dependencies": [
            "module.network_virginia.aws_vpc.vpc"
          ]
        }
      ]
    }
  ],
  "check_results": null
}
